{
  "lockfileVersion": 1,
  "configVersion": 1,
  "workspaces": {
    "": {
      "dependencies": {
        "@restatedev/restate-sdk": "^1.10.1",
        "@restatedev/restate-sdk-clients": "^1.10.1",
      },
    },
  },
  "packages": {
    "@restatedev/restate-sdk": ["@restatedev/restate-sdk@1.10.1", "", { "dependencies": { "@restatedev/restate-sdk-core": "1.10.1" } }, "sha512-EMvCvFAhxfJedgmrsk6SvGp4oMwnT1uIFFvD0xw7rT/8fbU/rXjRrH8seODv/wRxX4sZXZN+6KFLuz1XZPjCCw=="],

    "@restatedev/restate-sdk-clients": ["@restatedev/restate-sdk-clients@1.10.1", "", { "dependencies": { "@restatedev/restate-sdk-core": "1.10.1" } }, "sha512-xjNW1T8vP++InKysLZpq3GAym7/drsDgTMmvWvRQIVw/55NaAAq9+EbRcSxjEqeZHeTDOwGPIANhdj2v6yKT0g=="],

    "@restatedev/restate-sdk-core": ["@restatedev/restate-sdk-core@1.10.1", "", {}, "sha512-R7aECLYCja9mP8aHf+e+PUyz5jEgqggN+4ZPBw1kJ4zrXPY5Z/9m7Bq+gCJcY/Ga80iwI0PyJ5uu7xl9tWRPsg=="],
  }
}
