{
  "version": 4,
  "terraform_version": "1.9.8",
  "serial": 292,
  "lineage": "44728fb9-1496-8bc7-baf3-1537e3fa064d",
  "outputs": {},
  "resources": [
    {
      "module": "module.dev_cluster",
      "mode": "data",
      "type": "aws_availability_zones",
      "name": "available",
      "provider": "module.dev_cluster.provider[\"registry.terraform.io/hashicorp/aws\"]",
      "instances": [
        {
          "schema_version": 0,
          "attributes": {
            "all_availability_zones": null,
            "exclude_names": null,
            "exclude_zone_ids": null,
            "filter": null,
            "group_names": [
              "ap-south-1"
            ],
            "id": "ap-south-1",
            "names": [
              "ap-south-1a",
              "ap-south-1b",
              "ap-south-1c"
            ],
            "state": null,
            "timeouts": null,
            "zone_ids": [
              "aps1-az1",
              "aps1-az3",
              "aps1-az2"
            ]
          },
          "sensitive_attributes": []
        }
      ]
    },
    {
      "module": "module.dev_cluster",
      "mode": "data",
      "type": "aws_eks_cluster",
      "name": "cluster",
      "provider": "module.dev_cluster.provider[\"registry.terraform.io/hashicorp/aws\"]",
      "instances": []
    },
    {
      "module": "module.dev_cluster",
      "mode": "data",
      "type": "aws_eks_cluster_auth",
      "name": "cluster",
      "provider": "module.dev_cluster.provider[\"registry.terraform.io/hashicorp/aws\"]",
      "instances": []
    },
    {
      "module": "module.dev_cluster.module.eks",
      "mode": "data",
      "type": "aws_caller_identity",
      "name": "current",
      "provider": "module.dev_cluster.provider[\"registry.terraform.io/hashicorp/aws\"]",
      "instances": [
        {
          "schema_version": 0,
          "attributes": {
            "account_id": "224264690046",
            "arn": "arn:aws:iam::224264690046:user/Litmus",
            "id": "224264690046",
            "user_id": "AIDATINZXTF7DWECQ2SWM"
          },
          "sensitive_attributes": []
        }
      ]
    },
    {
      "module": "module.dev_cluster.module.eks",
      "mode": "data",
      "type": "aws_eks_addon_version",
      "name": "this",
      "provider": "module.dev_cluster.provider[\"registry.terraform.io/hashicorp/aws\"]",
      "instances": []
    },
    {
      "module": "module.dev_cluster.module.eks",
      "mode": "data",
      "type": "aws_iam_policy_document",
      "name": "assume_role_policy",
      "provider": "module.dev_cluster.provider[\"registry.terraform.io/hashicorp/aws\"]",
      "instances": [
        {
          "index_key": 0,
          "schema_version": 0,
          "attributes": {
            "id": "2764486067",
            "json": "{\n  \"Version\": \"2012-10-17\",\n  \"Statement\": [\n    {\n      \"Sid\": \"EKSClusterAssumeRole\",\n      \"Effect\": \"Allow\",\n      \"Action\": \"sts:AssumeRole\",\n      \"Principal\": {\n        \"Service\": \"eks.amazonaws.com\"\n      }\n    }\n  ]\n}",
            "minified_json": "{\"Version\":\"2012-10-17\",\"Statement\":[{\"Sid\":\"EKSClusterAssumeRole\",\"Effect\":\"Allow\",\"Action\":\"sts:AssumeRole\",\"Principal\":{\"Service\":\"eks.amazonaws.com\"}}]}",
            "override_json": null,
            "override_policy_documents": null,
            "policy_id": null,
            "source_json": null,
            "source_policy_documents": null,
            "statement": [
              {
                "actions": [
                  "sts:AssumeRole"
                ],
                "condition": [],
                "effect": "Allow",
                "not_actions": [],
                "not_principals": [],
                "not_resources": [],
                "principals": [
                  {
                    "identifiers": [
                      "eks.amazonaws.com"
                    ],
                    "type": "Service"
                  }
                ],
                "resources": [],
                "sid": "EKSClusterAssumeRole"
              }
            ],
            "version": "2012-10-17"
          },
          "sensitive_attributes": []
        }
      ]
    },
    {
      "module": "module.dev_cluster.module.eks",
      "mode": "data",
      "type": "aws_iam_policy_document",
      "name": "cni_ipv6_policy",
      "provider": "module.dev_cluster.provider[\"registry.terraform.io/hashicorp/aws\"]",
      "instances": []
    },
    {
      "module": "module.dev_cluster.module.eks",
      "mode": "data",
      "type": "aws_iam_session_context",
      "name": "current",
      "provider": "module.dev_cluster.provider[\"registry.terraform.io/hashicorp/aws\"]",
      "instances": [
        {
          "schema_version": 0,
          "attributes": {
            "arn": "arn:aws:iam::224264690046:user/Litmus",
            "id": "arn:aws:iam::224264690046:user/Litmus",
            "issuer_arn": "arn:aws:iam::224264690046:user/Litmus",
            "issuer_id": "",
            "issuer_name": "",
            "session_name": ""
          },
          "sensitive_attributes": []
        }
      ]
    },
    {
      "module": "module.dev_cluster.module.eks",
      "mode": "data",
      "type": "aws_partition",
      "name": "current",
      "provider": "module.dev_cluster.provider[\"registry.terraform.io/hashicorp/aws\"]",
      "instances": [
        {
          "schema_version": 0,
          "attributes": {
            "dns_suffix": "amazonaws.com",
            "id": "aws",
            "partition": "aws",
            "reverse_dns_prefix": "com.amazonaws"
          },
          "sensitive_attributes": []
        }
      ]
    },
    {
      "module": "module.dev_cluster.module.eks",
      "mode": "data",
      "type": "tls_certificate",
      "name": "this",
      "provider": "provider[\"registry.terraform.io/hashicorp/tls\"]",
      "instances": [
        {
          "index_key": 0,
          "schema_version": 0,
          "attributes": {
            "certificates": [
              {
                "cert_pem": "-----BEGIN CERTIFICATE-----\nMIIEdTCCA12gAwIBAgIJAKcOSkw0grd/MA0GCSqGSIb3DQEBCwUAMGgxCzAJBgNV\nBAYTAlVTMSUwIwYDVQQKExxTdGFyZmllbGQgVGVjaG5vbG9naWVzLCBJbmMuMTIw\nMAYDVQQLEylTdGFyZmllbGQgQ2xhc3MgMiBDZXJ0aWZpY2F0aW9uIEF1dGhvcml0\neTAeFw0wOTA5MDIwMDAwMDBaFw0zNDA2MjgxNzM5MTZaMIGYMQswCQYDVQQGEwJV\nUzEQMA4GA1UECBMHQXJpem9uYTETMBEGA1UEBxMKU2NvdHRzZGFsZTElMCMGA1UE\nChMcU3RhcmZpZWxkIFRlY2hub2xvZ2llcywgSW5jLjE7MDkGA1UEAxMyU3RhcmZp\nZWxkIFNlcnZpY2VzIFJvb3QgQ2VydGlmaWNhdGUgQXV0aG9yaXR5IC0gRzIwggEi\nMA0GCSqGSIb3DQEBAQUAA4IBDwAwggEKAoIBAQDVDDrEKvlO4vW+GZdfjohTsR8/\ny8+fIBNtKTrID30892t2OGPZNmCom15cAICyL1l/9of5JUOG52kbUpqQ4XHj2C0N\nTm/2yEnZtvMaVq4rtnQU68/7JuMauh2WLmo7WJSJR1b/JaCTcFOD2oR0FMNnngRo\nOt+OQFodSk7PQ5E751bWAHDLUu57fa4657wx+UX2wmDPE1kCK4DMNEffud6QZW0C\nzyyRpqbn3oUYSXxmTqM6bam17jQuug0DuDPfR+uxa40l2ZvOgdFFRjKWcIfeAg5J\nQ4W2bHO7ZOphQazJ1FTfhy/HIrImzJ9ZVGif/L4qL8RVHHVAYBeFAlU5i38FAgMB\nAAGjgfAwge0wDwYDVR0TAQH/BAUwAwEB/zAOBgNVHQ8BAf8EBAMCAYYwHQYDVR0O\nBBYEFJxfAN+qAdcwKziIorhtSpzyEZGDMB8GA1UdIwQYMBaAFL9ft9HO3R+G9FtV\nrNzXEMIOqYjnME8GCCsGAQUFBwEBBEMwQTAcBggrBgEFBQcwAYYQaHR0cDovL28u\nc3MyLnVzLzAhBggrBgEFBQcwAoYVaHR0cDovL3guc3MyLnVzL3guY2VyMCYGA1Ud\nHwQfMB0wG6AZoBeGFWh0dHA6Ly9zLnNzMi51cy9yLmNybDARBgNVHSAECjAIMAYG\nBFUdIAAwDQYJKoZIhvcNAQELBQADggEBACMd44pXyn3pF3lM8R5V/cxTbj5HD9/G\nVfKyBDbtgB9TxF00KGu+x1X8Z+rLP3+QsjPNG1gQggL4+C/1E2DUBc7xgQjB3ad1\nl08YuW3e95ORCLp+QCztweq7dp4zBncdDQh/U90bZKuCJ/Fp1U1ervShw3WnWEQt\n8jxwmKy6abaVd38PMV4s/KCHOkdp8Hlf9BRUpJVeEXgSYCfOn8J3/yNTd126/+pZ\n59vPr5KW7ySaNRB6nJHGDn2Z9j8Z3/VyVOEVqQdZe4O/Ui5GjLIAZHYcSNPYeehu\nVsyuLAOQ1xk4meTKCRlb/weWsKh/NEnfVqn3sF/tM+2MR7cwA130A4w=\n-----END CERTIFICATE-----\n",
                "is_ca": true,
                "issuer": "OU=Starfield Class 2 Certification Authority,O=Starfield Technologies\\, Inc.,C=US",
                "not_after": "2034-06-28T17:39:16Z",
                "not_before": "2009-09-02T00:00:00Z",
                "public_key_algorithm": "RSA",
                "serial_number": "12037640545166866303",
                "sha1_fingerprint": "9e99a48a9960b14926bb7f3b02e22da2b0ab7280",
                "signature_algorithm": "SHA256-RSA",
                "subject": "CN=Starfield Services Root Certificate Authority - G2,O=Starfield Technologies\\, Inc.,L=Scottsdale,ST=Arizona,C=US",
                "version": 3
              },
              {
                "cert_pem": "-----BEGIN CERTIFICATE-----\nMIIEkjCCA3qgAwIBAgITBn+USionzfP6wq4rAfkI7rnExjANBgkqhkiG9w0BAQsF\nADCBmDELMAkGA1UEBhMCVVMxEDAOBgNVBAgTB0FyaXpvbmExEzARBgNVBAcTClNj\nb3R0c2RhbGUxJTAjBgNVBAoTHFN0YXJmaWVsZCBUZWNobm9sb2dpZXMsIEluYy4x\nOzA5BgNVBAMTMlN0YXJmaWVsZCBTZXJ2aWNlcyBSb290IENlcnRpZmljYXRlIEF1\ndGhvcml0eSAtIEcyMB4XDTE1MDUyNTEyMDAwMFoXDTM3MTIzMTAxMDAwMFowOTEL\nMAkGA1UEBhMCVVMxDzANBgNVBAoTBkFtYXpvbjEZMBcGA1UEAxMQQW1hem9uIFJv\nb3QgQ0EgMTCCASIwDQYJKoZIhvcNAQEBBQADggEPADCCAQoCggEBALJ4gHHKeNXj\nca9HgFB0fW7Y14h29Jlo91ghYPl0hAEvrAIthtOgQ3pOsqTQNroBvo3bSMgHFzZM\n9O6II8c+6zf1tRn4SWiw3te5djgdYZ6k/oI2peVKVuRF4fn9tBb6dNqcmzU5L/qw\nIFAGbHrQgLKm+a/sRxmPUDgH3KKHOVj4utWp+UhnMJbulHheb4mjUcAwhmahRWa6\nVOujw5H5SNz/0egwLX0tdHA114gk957EWW67c4cX8jJGKLhD+rcdqsq08p8kDi1L\n93FcXmn/6pUCyziKrlA4b9v7LWIbxcceVOF34GfID5yHI9Y/QCB/IIDEgEw+OyQm\njgSubJrIqg0CAwEAAaOCATEwggEtMA8GA1UdEwEB/wQFMAMBAf8wDgYDVR0PAQH/\nBAQDAgGGMB0GA1UdDgQWBBSEGMyFNOy8DJSULghZnMeyEE4KCDAfBgNVHSMEGDAW\ngBScXwDfqgHXMCs4iKK4bUqc8hGRgzB4BggrBgEFBQcBAQRsMGowLgYIKwYBBQUH\nMAGGImh0dHA6Ly9vY3NwLnJvb3RnMi5hbWF6b250cnVzdC5jb20wOAYIKwYBBQUH\nMAKGLGh0dHA6Ly9jcnQucm9vdGcyLmFtYXpvbnRydXN0LmNvbS9yb290ZzIuY2Vy\nMD0GA1UdHwQ2MDQwMqAwoC6GLGh0dHA6Ly9jcmwucm9vdGcyLmFtYXpvbnRydXN0\nLmNvbS9yb290ZzIuY3JsMBEGA1UdIAQKMAgwBgYEVR0gADANBgkqhkiG9w0BAQsF\nAAOCAQEAYjdCXLwQtT6LLOkMm2xF4gcAevnFWAu5CIw+7bMlPLVvUOTNNWqnkzSW\nMiGpSESrnO09tKpzbeR/FoCJbM8oAxiDR3mjEH4wW6w7sGDgd9QIpuEdfF7Au/ma\neyKdpwAJfqxGF4PcnCZXmTA5YpaP7dreqsXMGz7KQ2hsVxa81Q4gLv7/wmpdLqBK\nbRRYh5TmOTFffHPLkIhqhBGWJ6bt2YFGpn6jcgAKUj6DiAdjd4lpFw85hdKrCEVN\n0FE6/V1dN2RMfjCyVSRCnTawXZwXgWHxyvkQAiSr6w10kY17RSlQOYiypok1JR4U\nakcjMS9cmvqtmg5iUaQqqcT5NJ0hGA==\n-----END CERTIFICATE-----\n",
                "is_ca": true,
                "issuer": "CN=Starfield Services Root Certificate Authority - G2,O=Starfield Technologies\\, Inc.,L=Scottsdale,ST=Arizona,C=US",
                "not_after": "2037-12-31T01:00:00Z",
                "not_before": "2015-05-25T12:00:00Z",
                "public_key_algorithm": "RSA",
                "serial_number": "144918191876577076464031512351042010504348870",
                "sha1_fingerprint": "06b25927c42a721631c1efd9431e648fa62e1e39",
                "signature_algorithm": "SHA256-RSA",
                "subject": "CN=Amazon Root CA 1,O=Amazon,C=US",
                "version": 3
              },
              {
                "cert_pem": "-----BEGIN CERTIFICATE-----\nMIIEXjCCA0agAwIBAgITB3MSTNQG0mfAmRzdKZqfODF5hTANBgkqhkiG9w0BAQsF\nADA5MQswCQYDVQQGEwJVUzEPMA0GA1UEChMGQW1hem9uMRkwFwYDVQQDExBBbWF6\nb24gUm9vdCBDQSAxMB4XDTIyMDgyMzIyMjYwNFoXDTMwMDgyMzIyMjYwNFowPDEL\nMAkGA1UEBhMCVVMxDzANBgNVBAoTBkFtYXpvbjEcMBoGA1UEAxMTQW1hem9uIFJT\nQSAyMDQ4IE0wMzCCASIwDQYJKoZIhvcNAQEBBQADggEPADCCAQoCggEBALd/pVko\n8vuM475Tf45HV3BbCl/B9Jy89G1CRkFjcPY06WA9lS+7dWbUA7GtWUKoksr69hKM\nwcMsNpxlw7b3jeXFgxB09/nmalcAWtnLzF+LaDKEA5DQmvKzuh1nfIfqEiKCQSmX\nXh09Xs+dO7cm5qbaL2hhNJCSAejciwcvOFgFNgEMR42wm6KIFHsQW28jhA+1u/M0\np6fVwReuEgZfLfdx82Px0LJck3lST3EB/JfbdsdOzzzg5YkY1dfuqf8y5fUeZ7Cz\nWXbTjujwX/TovmeWKA36VLCz75azW6tDNuDn66FOpADZZ9omVaF6BqNJiLMVl6P3\n/c0OiUMC6Z5OfKcCAwEAAaOCAVowggFWMBIGA1UdEwEB/wQIMAYBAf8CAQAwDgYD\nVR0PAQH/BAQDAgGGMB0GA1UdJQQWMBQGCCsGAQUFBwMBBggrBgEFBQcDAjAdBgNV\nHQ4EFgQUVdkYX9IczAHhWLS+q9lVQgHXLgIwHwYDVR0jBBgwFoAUhBjMhTTsvAyU\nlC4IWZzHshBOCggwewYIKwYBBQUHAQEEbzBtMC8GCCsGAQUFBzABhiNodHRwOi8v\nb2NzcC5yb290Y2ExLmFtYXpvbnRydXN0LmNvbTA6BggrBgEFBQcwAoYuaHR0cDov\nL2NydC5yb290Y2ExLmFtYXpvbnRydXN0LmNvbS9yb290Y2ExLmNlcjA/BgNVHR8E\nODA2MDSgMqAwhi5odHRwOi8vY3JsLnJvb3RjYTEuYW1hem9udHJ1c3QuY29tL3Jv\nb3RjYTEuY3JsMBMGA1UdIAQMMAowCAYGZ4EMAQIBMA0GCSqGSIb3DQEBCwUAA4IB\nAQAGjeWm2cC+3z2MzSCnte46/7JZvj3iQZDY7EvODNdZF41n71Lrk9kbfNwerK0d\nVNzW36Wefr7j7ZSwBVg50W5ay65jNSN74TTQV1yt4WnSbVvN6KlMs1hiyOZdoHKs\nKDV2UGNxbdoBYCQNa2GYF8FQIWLugNp35aSOpMy6cFlymFQomIrnOQHwK1nvVY4q\nxDSJMU/gNJz17D8ArPN3ngnyZ2TwepJ0uBINz3G5te2rdFUF4i4Y3Bb7FUlHDYm4\nu8aIRGpk2ZpfXmxaoxnbIBZRvGLPSUuPwnwoUOMsJ8jirI5vs2dvchPb7MtI1rle\ni02f2ivH2vxkjDLltSpe2fiC\n-----END CERTIFICATE-----\n",
                "is_ca": true,
                "issuer": "CN=Amazon Root CA 1,O=Amazon,C=US",
                "not_after": "2030-08-23T22:26:04Z",
                "not_before": "2022-08-23T22:26:04Z",
                "public_key_algorithm": "RSA",
                "serial_number": "166129356476704345391986644047206454194698629",
                "sha1_fingerprint": "d9fe0a65fa00cabf61f5120d373a8135e1461f15",
                "signature_algorithm": "SHA256-RSA",
                "subject": "CN=Amazon RSA 2048 M03,O=Amazon,C=US",
                "version": 3
              },
              {
                "cert_pem": "-----BEGIN CERTIFICATE-----\nMIIF5jCCBM6gAwIBAgIQAXLcQBe7tPBc6GuB+yBBqzANBgkqhkiG9w0BAQsFADA8\nMQswCQYDVQQGEwJVUzEPMA0GA1UEChMGQW1hem9uMRwwGgYDVQQDExNBbWF6b24g\nUlNBIDIwNDggTTAzMB4XDTI0MDMyNzAwMDAwMFoXDTI1MDQyNTIzNTk1OVowKTEn\nMCUGA1UEAwweKi5la3MuYXAtc291dGgtMS5hbWF6b25hd3MuY29tMIIBIjANBgkq\nhkiG9w0BAQEFAAOCAQ8AMIIBCgKCAQEAtGQywB9i0CSmjSAwUSmErAt9ATOS/ne5\nFFsUrjS4vuBLXT3S/X97lDKm2spvdAJsXMDyWq5R60Va0X/Zr4td/oSl3cNy2CFp\nDQw2kG0RMugBMNVaR/2B6RH+kIErxlYyBNMuBA62SEqk5kGemmXBTznU5NsynXss\nN1Lmdbi92EszLsGw2HLlEwZt0DwcRRkrg0ZMo+cQhx1C4b/YFXCAaPLe9gEQDSYA\n3lgTRhUfQS7xWh4LaSxU7PG8C+/cXJ8BYdWOF6TsdBKDXhTccvd7QReSpF5tDiCF\nT6B8L4y5wKX2VMKqENSrwn3hAporXi6J4laE6Tx1Y/A2DN87FHukNwIDAQABo4IC\n9TCCAvEwHwYDVR0jBBgwFoAUVdkYX9IczAHhWLS+q9lVQgHXLgIwHQYDVR0OBBYE\nFCA2a4roh/mOKjmoAhAJrTURFH2HMCkGA1UdEQQiMCCCHiouZWtzLmFwLXNvdXRo\nLTEuYW1hem9uYXdzLmNvbTATBgNVHSAEDDAKMAgGBmeBDAECATAOBgNVHQ8BAf8E\nBAMCBaAwHQYDVR0lBBYwFAYIKwYBBQUHAwEGCCsGAQUFBwMCMDsGA1UdHwQ0MDIw\nMKAuoCyGKmh0dHA6Ly9jcmwucjJtMDMuYW1hem9udHJ1c3QuY29tL3IybTAzLmNy\nbDB1BggrBgEFBQcBAQRpMGcwLQYIKwYBBQUHMAGGIWh0dHA6Ly9vY3NwLnIybTAz\nLmFtYXpvbnRydXN0LmNvbTA2BggrBgEFBQcwAoYqaHR0cDovL2NydC5yMm0wMy5h\nbWF6b250cnVzdC5jb20vcjJtMDMuY2VyMAwGA1UdEwEB/wQCMAAwggF8BgorBgEE\nAdZ5AgQCBIIBbASCAWgBZgB2AM8RVu7VLnyv84db2Wkum+kacWdKsBfsrAHSW3fO\nzDsIAAABjoEqaRgAAAQDAEcwRQIgafsuKU5xj/dXLQ3SPdWzndJwLyEfm+JryIYe\nPWZJKLMCIQCNfmISGAa5KgyKPZ8xG6e3jLbHiwMd3UfNw2/f0fA+agB1AH1ZHhLh\neCp7HGFnfF79+NCHXBSgTpWeuQMv2Q6MLnm4AAABjoEqaHUAAAQDAEYwRAIgAgNI\nq6UYuEQejzm3s9LMJm4+ntuC4SHzW+cXtbBGJ/MCIC14jKeXKIEc1xRsYA3az65F\niAXRScw6ZRufvETqJO1/AHUA5tIxY0B3jMEQQQbXcbnOwdJA9paEhvu6hzId/R43\njlAAAAGOgSpoiQAABAMARjBEAiANbZ6RIkz/AOtZdJnPuPMlA0zjJIB2UxkJkN69\ntCtQEQIgRHt4maRYhich1qGcBcGDgL2QeUehPp6yWnpgPItV33IwDQYJKoZIhvcN\nAQELBQADggEBAFHCpoKhkGL7unnDkg6JykJauAU+DW1sN/8xuwfAiBzL07ZOb3ao\nc34h51Wr+LIsBiXq9kEy0iduzS8F72SbfDXrz0dpESoe6faNZ9UEfNvqkLRmHDcU\nea3M+4v+tacD/uqEvtJI0aEcLP1yKencXCwBOqy8O7lLEJUhYc8yVAJChmoJAowy\nOwS9PjMdXb2UAMl4aJt7oF+nvzdjBtQ7uNctV2rsMZ1HZQSdgMMhqJNWXufVPmRm\nuPnGTtYK8Y0MsCJqEvmi9jE8m30oRhugZ/9ckJo7CnO43VJcE4IT+/AObav3iNfU\nlS1MThMhwV4UxcawWxE68Y3QZhhym4+HwQw=\n-----END CERTIFICATE-----\n",
                "is_ca": false,
                "issuer": "CN=Amazon RSA 2048 M03,O=Amazon,C=US",
                "not_after": "2025-04-25T23:59:59Z",
                "not_before": "2024-03-27T00:00:00Z",
                "public_key_algorithm": "RSA",
                "serial_number": "1925617045718169317006243538772443563",
                "sha1_fingerprint": "66c52a14da1484b5a2aec2e90e2ee44fb3030459",
                "signature_algorithm": "SHA256-RSA",
                "subject": "CN=*.eks.ap-south-1.amazonaws.com",
                "version": 3
              }
            ],
            "content": null,
            "id": "8620fd676f1f5fb482fb77207743ac75042750fa",
            "url": "https://oidc.eks.ap-south-1.amazonaws.com/id/CE52E27E45DE298F74E696CCEA9A0EE9",
            "verify_chain": true
          },
          "sensitive_attributes": []
        }
      ]
    },
    {
      "module": "module.dev_cluster.module.eks",
      "mode": "managed",
      "type": "aws_cloudwatch_log_group",
      "name": "this",
      "provider": "module.dev_cluster.provider[\"registry.terraform.io/hashicorp/aws\"]",
      "instances": [
        {
          "index_key": 0,
          "schema_version": 0,
          "attributes": {
            "arn": "arn:aws:logs:ap-south-1:224264690046:log-group:/aws/eks/eks-dev/cluster",
            "id": "/aws/eks/eks-dev/cluster",
            "kms_key_id": "",
            "log_group_class": "STANDARD",
            "name": "/aws/eks/eks-dev/cluster",
            "name_prefix": "",
            "retention_in_days": 90,
            "skip_destroy": false,
            "tags": {
              "Name": "/aws/eks/eks-dev/cluster"
            },
            "tags_all": {
              "Name": "/aws/eks/eks-dev/cluster"
            }
          },
          "sensitive_attributes": [],
          "private": "bnVsbA==",
          "create_before_destroy": true
        }
      ]
    },
    {
      "module": "module.dev_cluster.module.eks",
      "mode": "managed",
      "type": "aws_eks_access_entry",
      "name": "this",
      "provider": "module.dev_cluster.provider[\"registry.terraform.io/hashicorp/aws\"]",
      "instances": []
    },
    {
      "module": "module.dev_cluster.module.eks",
      "mode": "managed",
      "type": "aws_eks_access_policy_association",
      "name": "this",
      "provider": "module.dev_cluster.provider[\"registry.terraform.io/hashicorp/aws\"]",
      "instances": []
    },
    {
      "module": "module.dev_cluster.module.eks",
      "mode": "managed",
      "type": "aws_eks_addon",
      "name": "before_compute",
      "provider": "module.dev_cluster.provider[\"registry.terraform.io/hashicorp/aws\"]",
      "instances": []
    },
    {
      "module": "module.dev_cluster.module.eks",
      "mode": "managed",
      "type": "aws_eks_cluster",
      "name": "this",
      "provider": "module.dev_cluster.provider[\"registry.terraform.io/hashicorp/aws\"]",
      "instances": [
        {
          "index_key": 0,
          "schema_version": 1,
          "attributes": {
            "access_config": [
              {
                "authentication_mode": "API_AND_CONFIG_MAP",
                "bootstrap_cluster_creator_admin_permissions": false
              }
            ],
            "arn": "arn:aws:eks:ap-south-1:224264690046:cluster/eks-dev",
            "bootstrap_self_managed_addons": true,
            "certificate_authority": [
              {
                "data": "LS0tLS1CRUdJTiBDRVJUSUZJQ0FURS0tLS0tCk1JSURCVENDQWUyZ0F3SUJBZ0lJTm81T3NNNTc5Qmd3RFFZSktvWklodmNOQVFFTEJRQXdGVEVUTUJFR0ExVUUKQXhNS2EzVmlaWEp1WlhSbGN6QWVGdzB5TkRFeE1Ea3hOakl3TWpKYUZ3MHpOREV4TURjeE5qSTFNakphTUJVeApFekFSQmdOVkJBTVRDbXQxWW1WeWJtVjBaWE13Z2dFaU1BMEdDU3FHU0liM0RRRUJBUVVBQTRJQkR3QXdnZ0VLCkFvSUJBUURWUk81aEhXN2F2ZktrQm9UcEFXMmlOVktDUVJGelRFTVpYT3BHSnJncnQrVUttVDkrSVJyaHR2WloKUklPSkRWNlZpNWpCaThqVTJXUmZ2N2tVaGYyQjczR2dmVzEyV2t3TWQ4cllIZEF4Z1REZmNwRk5OR0d4dEJyMgo0Mk9YSWdrUUt6NmQ0VDJKZXgydk1MSXBtWXBqSXFiNXlVUE1IU1I3ZXZjNDZ5Q1BqSURiMjFDQ1M0WGhvOGt6Ckc0RCtVMm1ZbUU2SzRMU0hQUExCb1RrSkJDMjNHMnB3aXAyQWkyN1dXSHlpV2JKd2NlSEY3TXo0d2NRSmFNN20KdFl6QytzZTRsWVFiS3dWMFExczM2b2syMHN1UHlvN2phVTRlRVNyMC9WZkhnMHZOYnpxRTBncGNoUnh1dFByMwp6U05Vc3ptdzB4dENxem1GeDFaU0JELzBiNS8zQWdNQkFBR2pXVEJYTUE0R0ExVWREd0VCL3dRRUF3SUNwREFQCkJnTlZIUk1CQWY4RUJUQURBUUgvTUIwR0ExVWREZ1FXQkJRdWNUSnpYejhGbWZINXQ5ajVuTWJNd0M2OEt6QVYKQmdOVkhSRUVEakFNZ2dwcmRXSmxjbTVsZEdWek1BMEdDU3FHU0liM0RRRUJDd1VBQTRJQkFRQUJjaVE1clZhZApDMVR0cm4wT0d2ck4wSzhPSUlscnErdzBsdzQ5R0tiZ1NIaVVOVmxsN05iRU5YRE5EWGE1Y0p6TXdXcGorSk1MCkZXVEhINDJZWExGRXdYK0N2eWpWd2NLWklPaHkxRFV2bk5tQ2QzcUtJTjZDRHhyU2YwSUdBWHdsMWM3M1haV3UKTGRaS3E1UFRULzk0RXI1Q1hRR3h4QzZMTmpFSThTK29lb1ZtK2lrRHQrLy9TNnQwK000OXdwVGtkb2dFcGlvQwp0MWdOZ0l2SXNTaEdvTEZMZy9nY0JlazBrQTB5YW91bGFGSnpRazJNUmZmUTlFVjZEQnhXKzJFc0NDbkt4RC9RCm03eUo5djJWNnY2bTV2TzQrWFYrWnNESlFjdE4xSDZvVDQ5YjU0MWxMcmN2NWNnNmVsWFV1MVJpUGNFeUF5L3cKZnMvSkFIOFRHZTJOCi0tLS0tRU5EIENFUlRJRklDQVRFLS0tLS0K"
              }
            ],
            "cluster_id": null,
            "created_at": "2024-11-09T16:20:39Z",
            "enabled_cluster_log_types": [
              "api",
              "audit",
              "authenticator"
            ],
            "encryption_config": [
              {
                "provider": [
                  {
                    "key_arn": "arn:aws:kms:ap-south-1:224264690046:key/a56cb278-4959-459e-b409-884231ca0dbc"
                  }
                ],
                "resources": [
                  "secrets"
                ]
              }
            ],
            "endpoint": "https://CE52E27E45DE298F74E696CCEA9A0EE9.sk1.ap-south-1.eks.amazonaws.com",
            "id": "eks-dev",
            "identity": [
              {
                "oidc": [
                  {
                    "issuer": "https://oidc.eks.ap-south-1.amazonaws.com/id/CE52E27E45DE298F74E696CCEA9A0EE9"
                  }
                ]
              }
            ],
            "kubernetes_network_config": [
              {
                "ip_family": "ipv4",
                "service_ipv4_cidr": "10.100.0.0/16",
                "service_ipv6_cidr": ""
              }
            ],
            "name": "eks-dev",
            "outpost_config": [],
            "platform_version": "eks.10",
            "role_arn": "arn:aws:iam::224264690046:role/eks-dev-cluster-20241109161944239600000002",
            "status": "ACTIVE",
            "tags": {
              "terraform-aws-modules": "eks"
            },
            "tags_all": {
              "terraform-aws-modules": "eks"
            },
            "timeouts": {
              "create": null,
              "delete": null,
              "update": null
            },
            "upgrade_policy": [
              {
                "support_type": "EXTENDED"
              }
            ],
            "version": "1.31",
            "vpc_config": [
              {
                "cluster_security_group_id": "sg-01e950e4cbe48cb0b",
                "endpoint_private_access": true,
                "endpoint_public_access": false,
                "public_access_cidrs": [
                  "0.0.0.0/0"
                ],
                "security_group_ids": [
                  "sg-01e6b5abb1d5f7dd2"
                ],
                "subnet_ids": [
                  "subnet-008f7408a2d0473c7",
                  "subnet-018be8302135ace58",
                  "subnet-06c2c53f9df982bd2"
                ],
                "vpc_id": "vpc-0ef5d7539895d0bd8"
              }
            ],
            "zonal_shift_config": []
          },
          "sensitive_attributes": [],
          "private": "eyJlMmJmYjczMC1lY2FhLTExZTYtOGY4OC0zNDM2M2JjN2M0YzAiOnsiY3JlYXRlIjoxODAwMDAwMDAwMDAwLCJkZWxldGUiOjkwMDAwMDAwMDAwMCwidXBkYXRlIjozNjAwMDAwMDAwMDAwfSwic2NoZW1hX3ZlcnNpb24iOiIxIn0=",
          "dependencies": [
            "module.dev_cluster.data.aws_availability_zones.available",
            "module.dev_cluster.module.eks.aws_cloudwatch_log_group.this",
            "module.dev_cluster.module.eks.aws_iam_policy.cni_ipv6_policy",
            "module.dev_cluster.module.eks.aws_iam_role.this",
            "module.dev_cluster.module.eks.aws_iam_role_policy_attachment.this",
            "module.dev_cluster.module.eks.aws_security_group.cluster",
            "module.dev_cluster.module.eks.aws_security_group.node",
            "module.dev_cluster.module.eks.aws_security_group_rule.cluster",
            "module.dev_cluster.module.eks.aws_security_group_rule.node",
            "module.dev_cluster.module.eks.data.aws_caller_identity.current",
            "module.dev_cluster.module.eks.data.aws_iam_policy_document.assume_role_policy",
            "module.dev_cluster.module.eks.data.aws_iam_policy_document.cni_ipv6_policy",
            "module.dev_cluster.module.eks.data.aws_iam_session_context.current",
            "module.dev_cluster.module.eks.data.aws_partition.current",
            "module.dev_cluster.module.eks.module.kms.aws_kms_external_key.this",
            "module.dev_cluster.module.eks.module.kms.aws_kms_key.this",
            "module.dev_cluster.module.eks.module.kms.aws_kms_replica_external_key.this",
            "module.dev_cluster.module.eks.module.kms.aws_kms_replica_key.this",
            "module.dev_cluster.module.eks.module.kms.data.aws_caller_identity.current",
            "module.dev_cluster.module.eks.module.kms.data.aws_iam_policy_document.this",
            "module.dev_cluster.module.eks.module.kms.data.aws_partition.current",
            "module.dev_cluster.module.vpc.aws_subnet.private",
            "module.dev_cluster.module.vpc.aws_vpc.this",
            "module.dev_cluster.module.vpc.aws_vpc_ipv4_cidr_block_association.this"
          ],
          "create_before_destroy": true
        }
      ]
    },
    {
      "module": "module.dev_cluster.module.eks",
      "mode": "managed",
      "type": "aws_eks_identity_provider_config",
      "name": "this",
      "provider": "module.dev_cluster.provider[\"registry.terraform.io/hashicorp/aws\"]",
      "instances": []
    },
    {
      "module": "module.dev_cluster.module.eks",
      "mode": "managed",
      "type": "aws_iam_openid_connect_provider",
      "name": "oidc_provider",
      "provider": "module.dev_cluster.provider[\"registry.terraform.io/hashicorp/aws\"]",
      "instances": [
        {
          "index_key": 0,
          "schema_version": 0,
          "attributes": {
            "arn": "arn:aws:iam::224264690046:oidc-provider/oidc.eks.ap-south-1.amazonaws.com/id/CE52E27E45DE298F74E696CCEA9A0EE9",
            "client_id_list": [
              "sts.amazonaws.com"
            ],
            "id": "arn:aws:iam::224264690046:oidc-provider/oidc.eks.ap-south-1.amazonaws.com/id/CE52E27E45DE298F74E696CCEA9A0EE9",
            "tags": {
              "Name": "eks-dev-eks-irsa"
            },
            "tags_all": {
              "Name": "eks-dev-eks-irsa"
            },
            "thumbprint_list": [
              "9e99a48a9960b14926bb7f3b02e22da2b0ab7280"
            ],
            "url": "oidc.eks.ap-south-1.amazonaws.com/id/CE52E27E45DE298F74E696CCEA9A0EE9"
          },
          "sensitive_attributes": [],
          "private": "bnVsbA==",
          "dependencies": [
            "module.dev_cluster.data.aws_availability_zones.available",
            "module.dev_cluster.module.eks.aws_cloudwatch_log_group.this",
            "module.dev_cluster.module.eks.aws_eks_cluster.this",
            "module.dev_cluster.module.eks.aws_iam_policy.cni_ipv6_policy",
            "module.dev_cluster.module.eks.aws_iam_role.this",
            "module.dev_cluster.module.eks.aws_iam_role_policy_attachment.this",
            "module.dev_cluster.module.eks.aws_security_group.cluster",
            "module.dev_cluster.module.eks.aws_security_group.node",
            "module.dev_cluster.module.eks.aws_security_group_rule.cluster",
            "module.dev_cluster.module.eks.aws_security_group_rule.node",
            "module.dev_cluster.module.eks.data.aws_caller_identity.current",
            "module.dev_cluster.module.eks.data.aws_iam_policy_document.assume_role_policy",
            "module.dev_cluster.module.eks.data.aws_iam_policy_document.cni_ipv6_policy",
            "module.dev_cluster.module.eks.data.aws_iam_session_context.current",
            "module.dev_cluster.module.eks.data.aws_partition.current",
            "module.dev_cluster.module.eks.data.tls_certificate.this",
            "module.dev_cluster.module.eks.module.kms.aws_kms_external_key.this",
            "module.dev_cluster.module.eks.module.kms.aws_kms_key.this",
            "module.dev_cluster.module.eks.module.kms.aws_kms_replica_external_key.this",
            "module.dev_cluster.module.eks.module.kms.aws_kms_replica_key.this",
            "module.dev_cluster.module.eks.module.kms.data.aws_caller_identity.current",
            "module.dev_cluster.module.eks.module.kms.data.aws_iam_policy_document.this",
            "module.dev_cluster.module.eks.module.kms.data.aws_partition.current",
            "module.dev_cluster.module.vpc.aws_subnet.private",
            "module.dev_cluster.module.vpc.aws_vpc.this",
            "module.dev_cluster.module.vpc.aws_vpc_ipv4_cidr_block_association.this"
          ]
        }
      ]
    },
    {
      "module": "module.dev_cluster.module.eks",
      "mode": "managed",
      "type": "aws_iam_policy",
      "name": "cluster_encryption",
      "provider": "module.dev_cluster.provider[\"registry.terraform.io/hashicorp/aws\"]",
      "instances": [
        {
          "index_key": 0,
          "schema_version": 0,
          "attributes": {
            "arn": "arn:aws:iam::224264690046:policy/eks-dev-cluster-ClusterEncryption2024110916202775260000000d",
            "attachment_count": 0,
            "description": "Cluster encryption policy to allow cluster role to utilize CMK provided",
            "id": "arn:aws:iam::224264690046:policy/eks-dev-cluster-ClusterEncryption2024110916202775260000000d",
            "name": "eks-dev-cluster-ClusterEncryption2024110916202775260000000d",
            "name_prefix": "eks-dev-cluster-ClusterEncryption",
            "path": "/",
            "policy": "{\"Statement\":[{\"Action\":[\"kms:Encrypt\",\"kms:Decrypt\",\"kms:ListGrants\",\"kms:DescribeKey\"],\"Effect\":\"Allow\",\"Resource\":\"arn:aws:kms:ap-south-1:224264690046:key/a56cb278-4959-459e-b409-884231ca0dbc\"}],\"Version\":\"2012-10-17\"}",
            "policy_id": "ANPATINZXTF7JXLTA5AEZ",
            "tags": null,
            "tags_all": {}
          },
          "sensitive_attributes": [],
          "private": "bnVsbA==",
          "dependencies": [
            "module.dev_cluster.module.eks.aws_iam_role.this",
            "module.dev_cluster.module.eks.data.aws_caller_identity.current",
            "module.dev_cluster.module.eks.data.aws_iam_policy_document.assume_role_policy",
            "module.dev_cluster.module.eks.data.aws_iam_session_context.current",
            "module.dev_cluster.module.eks.module.kms.aws_kms_external_key.this",
            "module.dev_cluster.module.eks.module.kms.aws_kms_key.this",
            "module.dev_cluster.module.eks.module.kms.aws_kms_replica_external_key.this",
            "module.dev_cluster.module.eks.module.kms.aws_kms_replica_key.this",
            "module.dev_cluster.module.eks.module.kms.data.aws_caller_identity.current",
            "module.dev_cluster.module.eks.module.kms.data.aws_iam_policy_document.this",
            "module.dev_cluster.module.eks.module.kms.data.aws_partition.current"
          ]
        }
      ]
    },
    {
      "module": "module.dev_cluster.module.eks",
      "mode": "managed",
      "type": "aws_iam_policy",
      "name": "cni_ipv6_policy",
      "provider": "module.dev_cluster.provider[\"registry.terraform.io/hashicorp/aws\"]",
      "instances": []
    },
    {
      "module": "module.dev_cluster.module.eks",
      "mode": "managed",
      "type": "aws_iam_role",
      "name": "this",
      "provider": "module.dev_cluster.provider[\"registry.terraform.io/hashicorp/aws\"]",
      "instances": [
        {
          "index_key": 0,
          "schema_version": 0,
          "attributes": {
            "arn": "arn:aws:iam::224264690046:role/eks-dev-cluster-20241109161944239600000002",
            "assume_role_policy": "{\"Statement\":[{\"Action\":\"sts:AssumeRole\",\"Effect\":\"Allow\",\"Principal\":{\"Service\":\"eks.amazonaws.com\"},\"Sid\":\"EKSClusterAssumeRole\"}],\"Version\":\"2012-10-17\"}",
            "create_date": "2024-11-09T16:19:45Z",
            "description": "",
            "force_detach_policies": true,
            "id": "eks-dev-cluster-20241109161944239600000002",
            "inline_policy": [],
            "managed_policy_arns": [],
            "max_session_duration": 3600,
            "name": "eks-dev-cluster-20241109161944239600000002",
            "name_prefix": "eks-dev-cluster-",
            "path": "/",
            "permissions_boundary": "",
            "tags": null,
            "tags_all": {},
            "unique_id": "AROATINZXTF7PEI4JMNQK"
          },
          "sensitive_attributes": [],
          "private": "bnVsbA==",
          "dependencies": [
            "module.dev_cluster.module.eks.data.aws_iam_policy_document.assume_role_policy"
          ],
          "create_before_destroy": true
        }
      ]
    },
    {
      "module": "module.dev_cluster.module.eks",
      "mode": "managed",
      "type": "aws_iam_role_policy_attachment",
      "name": "cluster_encryption",
      "provider": "module.dev_cluster.provider[\"registry.terraform.io/hashicorp/aws\"]",
      "instances": [
        {
          "index_key": 0,
          "schema_version": 0,
          "attributes": {
            "id": "eks-dev-cluster-20241109161944239600000002-2024110916203557120000000e",
            "policy_arn": "arn:aws:iam::224264690046:policy/eks-dev-cluster-ClusterEncryption2024110916202775260000000d",
            "role": "eks-dev-cluster-20241109161944239600000002"
          },
          "sensitive_attributes": [],
          "private": "bnVsbA==",
          "dependencies": [
            "module.dev_cluster.module.eks.aws_iam_policy.cluster_encryption",
            "module.dev_cluster.module.eks.aws_iam_role.this",
            "module.dev_cluster.module.eks.data.aws_caller_identity.current",
            "module.dev_cluster.module.eks.data.aws_iam_policy_document.assume_role_policy",
            "module.dev_cluster.module.eks.data.aws_iam_session_context.current",
            "module.dev_cluster.module.eks.module.kms.aws_kms_external_key.this",
            "module.dev_cluster.module.eks.module.kms.aws_kms_key.this",
            "module.dev_cluster.module.eks.module.kms.aws_kms_replica_external_key.this",
            "module.dev_cluster.module.eks.module.kms.aws_kms_replica_key.this",
            "module.dev_cluster.module.eks.module.kms.data.aws_caller_identity.current",
            "module.dev_cluster.module.eks.module.kms.data.aws_iam_policy_document.this",
            "module.dev_cluster.module.eks.module.kms.data.aws_partition.current"
          ]
        }
      ]
    },
    {
      "module": "module.dev_cluster.module.eks",
      "mode": "managed",
      "type": "aws_iam_role_policy_attachment",
      "name": "this",
      "provider": "module.dev_cluster.provider[\"registry.terraform.io/hashicorp/aws\"]",
      "instances": [
        {
          "index_key": "AmazonEKSClusterPolicy",
          "schema_version": 0,
          "attributes": {
            "id": "eks-dev-cluster-20241109161944239600000002-20241109161946843900000005",
            "policy_arn": "arn:aws:iam::aws:policy/AmazonEKSClusterPolicy",
            "role": "eks-dev-cluster-20241109161944239600000002"
          },
          "sensitive_attributes": [],
          "private": "bnVsbA==",
          "dependencies": [
            "module.dev_cluster.module.eks.aws_iam_role.this",
            "module.dev_cluster.module.eks.data.aws_iam_policy_document.assume_role_policy",
            "module.dev_cluster.module.eks.data.aws_partition.current"
          ],
          "create_before_destroy": true
        },
        {
          "index_key": "AmazonEKSVPCResourceController",
          "schema_version": 0,
          "attributes": {
            "id": "eks-dev-cluster-20241109161944239600000002-20241109161946552600000004",
            "policy_arn": "arn:aws:iam::aws:policy/AmazonEKSVPCResourceController",
            "role": "eks-dev-cluster-20241109161944239600000002"
          },
          "sensitive_attributes": [],
          "private": "bnVsbA==",
          "dependencies": [
            "module.dev_cluster.module.eks.aws_iam_role.this",
            "module.dev_cluster.module.eks.data.aws_iam_policy_document.assume_role_policy",
            "module.dev_cluster.module.eks.data.aws_partition.current"
          ],
          "create_before_destroy": true
        }
      ]
    },
    {
      "module": "module.dev_cluster.module.eks",
      "mode": "managed",
      "type": "aws_security_group",
      "name": "cluster",
      "provider": "module.dev_cluster.provider[\"registry.terraform.io/hashicorp/aws\"]",
      "instances": [
        {
          "index_key": 0,
          "schema_version": 1,
          "attributes": {
            "arn": "arn:aws:ec2:ap-south-1:224264690046:security-group/sg-01e6b5abb1d5f7dd2",
            "description": "EKS cluster security group",
            "egress": [],
            "id": "sg-01e6b5abb1d5f7dd2",
            "ingress": [],
            "name": "eks-dev-cluster-2024110916200598570000000b",
            "name_prefix": "eks-dev-cluster-",
            "owner_id": "224264690046",
            "revoke_rules_on_delete": false,
            "tags": {
              "Name": "eks-dev-cluster"
            },
            "tags_all": {
              "Name": "eks-dev-cluster"
            },
            "timeouts": null,
            "vpc_id": "vpc-0ef5d7539895d0bd8"
          },
          "sensitive_attributes": [],
          "private": "eyJlMmJmYjczMC1lY2FhLTExZTYtOGY4OC0zNDM2M2JjN2M0YzAiOnsiY3JlYXRlIjo2MDAwMDAwMDAwMDAsImRlbGV0ZSI6OTAwMDAwMDAwMDAwfSwic2NoZW1hX3ZlcnNpb24iOiIxIn0=",
          "dependencies": [
            "module.dev_cluster.module.vpc.aws_vpc.this"
          ],
          "create_before_destroy": true
        }
      ]
    },
    {
      "module": "module.dev_cluster.module.eks",
      "mode": "managed",
      "type": "aws_security_group",
      "name": "node",
      "provider": "module.dev_cluster.provider[\"registry.terraform.io/hashicorp/aws\"]",
      "instances": [
        {
          "index_key": 0,
          "schema_version": 1,
          "attributes": {
            "arn": "arn:aws:ec2:ap-south-1:224264690046:security-group/sg-04947759e0f5ec5c6",
            "description": "EKS node shared security group",
            "egress": [],
            "id": "sg-04947759e0f5ec5c6",
            "ingress": [],
            "name": "eks-dev-node-2024110916200567360000000a",
            "name_prefix": "eks-dev-node-",
            "owner_id": "224264690046",
            "revoke_rules_on_delete": false,
            "tags": {
              "Name": "eks-dev-node",
              "kubernetes.io/cluster/eks-dev": "owned"
            },
            "tags_all": {
              "Name": "eks-dev-node",
              "kubernetes.io/cluster/eks-dev": "owned"
            },
            "timeouts": null,
            "vpc_id": "vpc-0ef5d7539895d0bd8"
          },
          "sensitive_attributes": [],
          "private": "eyJlMmJmYjczMC1lY2FhLTExZTYtOGY4OC0zNDM2M2JjN2M0YzAiOnsiY3JlYXRlIjo2MDAwMDAwMDAwMDAsImRlbGV0ZSI6OTAwMDAwMDAwMDAwfSwic2NoZW1hX3ZlcnNpb24iOiIxIn0=",
          "dependencies": [
            "module.dev_cluster.module.vpc.aws_vpc.this"
          ],
          "create_before_destroy": true
        }
      ]
    },
    {
      "module": "module.dev_cluster.module.eks",
      "mode": "managed",
      "type": "aws_security_group_rule",
      "name": "cluster",
      "provider": "module.dev_cluster.provider[\"registry.terraform.io/hashicorp/aws\"]",
      "instances": [
        {
          "index_key": "ingress_nodes_443",
          "schema_version": 2,
          "attributes": {
            "cidr_blocks": null,
            "description": "Node groups to cluster API",
            "from_port": 443,
            "id": "sgrule-4035014309",
            "ipv6_cidr_blocks": null,
            "prefix_list_ids": null,
            "protocol": "tcp",
            "security_group_id": "sg-01e6b5abb1d5f7dd2",
            "security_group_rule_id": "sgr-014816b51d7eddcee",
            "self": false,
            "source_security_group_id": "sg-04947759e0f5ec5c6",
            "timeouts": null,
            "to_port": 443,
            "type": "ingress"
          },
          "sensitive_attributes": [],
          "private": "eyJlMmJmYjczMC1lY2FhLTExZTYtOGY4OC0zNDM2M2JjN2M0YzAiOnsiY3JlYXRlIjozMDAwMDAwMDAwMDB9LCJzY2hlbWFfdmVyc2lvbiI6IjIifQ==",
          "dependencies": [
            "module.dev_cluster.module.eks.aws_security_group.cluster",
            "module.dev_cluster.module.eks.aws_security_group.node",
            "module.dev_cluster.module.vpc.aws_vpc.this"
          ],
          "create_before_destroy": true
        }
      ]
    },
    {
      "module": "module.dev_cluster.module.eks",
      "mode": "managed",
      "type": "aws_security_group_rule",
      "name": "node",
      "provider": "module.dev_cluster.provider[\"registry.terraform.io/hashicorp/aws\"]",
      "instances": [
        {
          "index_key": "egress_all",
          "schema_version": 2,
          "attributes": {
            "cidr_blocks": [
              "0.0.0.0/0"
            ],
            "description": "Allow all egress",
            "from_port": 0,
            "id": "sgrule-2914143476",
            "ipv6_cidr_blocks": null,
            "prefix_list_ids": [],
            "protocol": "-1",
            "security_group_id": "sg-04947759e0f5ec5c6",
            "security_group_rule_id": "sgr-02f2e8db315df9022",
            "self": false,
            "source_security_group_id": null,
            "timeouts": null,
            "to_port": 0,
            "type": "egress"
          },
          "sensitive_attributes": [],
          "private": "eyJlMmJmYjczMC1lY2FhLTExZTYtOGY4OC0zNDM2M2JjN2M0YzAiOnsiY3JlYXRlIjozMDAwMDAwMDAwMDB9LCJzY2hlbWFfdmVyc2lvbiI6IjIifQ==",
          "dependencies": [
            "module.dev_cluster.module.eks.aws_security_group.cluster",
            "module.dev_cluster.module.eks.aws_security_group.node",
            "module.dev_cluster.module.vpc.aws_vpc.this"
          ],
          "create_before_destroy": true
        },
        {
          "index_key": "ingress_cluster_443",
          "schema_version": 2,
          "attributes": {
            "cidr_blocks": null,
            "description": "Cluster API to node groups",
            "from_port": 443,
            "id": "sgrule-1454929860",
            "ipv6_cidr_blocks": null,
            "prefix_list_ids": [],
            "protocol": "tcp",
            "security_group_id": "sg-04947759e0f5ec5c6",
            "security_group_rule_id": "sgr-05de759a9e4a9a2eb",
            "self": false,
            "source_security_group_id": "sg-01e6b5abb1d5f7dd2",
            "timeouts": null,
            "to_port": 443,
            "type": "ingress"
          },
          "sensitive_attributes": [],
          "private": "eyJlMmJmYjczMC1lY2FhLTExZTYtOGY4OC0zNDM2M2JjN2M0YzAiOnsiY3JlYXRlIjozMDAwMDAwMDAwMDB9LCJzY2hlbWFfdmVyc2lvbiI6IjIifQ==",
          "dependencies": [
            "module.dev_cluster.module.eks.aws_security_group.cluster",
            "module.dev_cluster.module.eks.aws_security_group.node",
            "module.dev_cluster.module.vpc.aws_vpc.this"
          ],
          "create_before_destroy": true
        },
        {
          "index_key": "ingress_cluster_4443_webhook",
          "schema_version": 2,
          "attributes": {
            "cidr_blocks": null,
            "description": "Cluster API to node 4443/tcp webhook",
            "from_port": 4443,
            "id": "sgrule-1019570321",
            "ipv6_cidr_blocks": null,
            "prefix_list_ids": [],
            "protocol": "tcp",
            "security_group_id": "sg-04947759e0f5ec5c6",
            "security_group_rule_id": "sgr-03a679e9ade4bccc9",
            "self": false,
            "source_security_group_id": "sg-01e6b5abb1d5f7dd2",
            "timeouts": null,
            "to_port": 4443,
            "type": "ingress"
          },
          "sensitive_attributes": [],
          "private": "eyJlMmJmYjczMC1lY2FhLTExZTYtOGY4OC0zNDM2M2JjN2M0YzAiOnsiY3JlYXRlIjozMDAwMDAwMDAwMDB9LCJzY2hlbWFfdmVyc2lvbiI6IjIifQ==",
          "dependencies": [
            "module.dev_cluster.module.eks.aws_security_group.cluster",
            "module.dev_cluster.module.eks.aws_security_group.node",
            "module.dev_cluster.module.vpc.aws_vpc.this"
          ],
          "create_before_destroy": true
        },
        {
          "index_key": "ingress_cluster_6443_webhook",
          "schema_version": 2,
          "attributes": {
            "cidr_blocks": null,
            "description": "Cluster API to node 6443/tcp webhook",
            "from_port": 6443,
            "id": "sgrule-4119269127",
            "ipv6_cidr_blocks": null,
            "prefix_list_ids": [],
            "protocol": "tcp",
            "security_group_id": "sg-04947759e0f5ec5c6",
            "security_group_rule_id": "sgr-0299be14e6e092b04",
            "self": false,
            "source_security_group_id": "sg-01e6b5abb1d5f7dd2",
            "timeouts": null,
            "to_port": 6443,
            "type": "ingress"
          },
          "sensitive_attributes": [],
          "private": "eyJlMmJmYjczMC1lY2FhLTExZTYtOGY4OC0zNDM2M2JjN2M0YzAiOnsiY3JlYXRlIjozMDAwMDAwMDAwMDB9LCJzY2hlbWFfdmVyc2lvbiI6IjIifQ==",
          "dependencies": [
            "module.dev_cluster.module.eks.aws_security_group.cluster",
            "module.dev_cluster.module.eks.aws_security_group.node",
            "module.dev_cluster.module.vpc.aws_vpc.this"
          ],
          "create_before_destroy": true
        },
        {
          "index_key": "ingress_cluster_8443_webhook",
          "schema_version": 2,
          "attributes": {
            "cidr_blocks": null,
            "description": "Cluster API to node 8443/tcp webhook",
            "from_port": 8443,
            "id": "sgrule-3873125158",
            "ipv6_cidr_blocks": null,
            "prefix_list_ids": [],
            "protocol": "tcp",
            "security_group_id": "sg-04947759e0f5ec5c6",
            "security_group_rule_id": "sgr-03d9298f610b36ad0",
            "self": false,
            "source_security_group_id": "sg-01e6b5abb1d5f7dd2",
            "timeouts": null,
            "to_port": 8443,
            "type": "ingress"
          },
          "sensitive_attributes": [],
          "private": "eyJlMmJmYjczMC1lY2FhLTExZTYtOGY4OC0zNDM2M2JjN2M0YzAiOnsiY3JlYXRlIjozMDAwMDAwMDAwMDB9LCJzY2hlbWFfdmVyc2lvbiI6IjIifQ==",
          "dependencies": [
            "module.dev_cluster.module.eks.aws_security_group.cluster",
            "module.dev_cluster.module.eks.aws_security_group.node",
            "module.dev_cluster.module.vpc.aws_vpc.this"
          ],
          "create_before_destroy": true
        },
        {
          "index_key": "ingress_cluster_9443_webhook",
          "schema_version": 2,
          "attributes": {
            "cidr_blocks": null,
            "description": "Cluster API to node 9443/tcp webhook",
            "from_port": 9443,
            "id": "sgrule-2189033709",
            "ipv6_cidr_blocks": null,
            "prefix_list_ids": [],
            "protocol": "tcp",
            "security_group_id": "sg-04947759e0f5ec5c6",
            "security_group_rule_id": "sgr-0f277b6a93aac5d25",
            "self": false,
            "source_security_group_id": "sg-01e6b5abb1d5f7dd2",
            "timeouts": null,
            "to_port": 9443,
            "type": "ingress"
          },
          "sensitive_attributes": [],
          "private": "eyJlMmJmYjczMC1lY2FhLTExZTYtOGY4OC0zNDM2M2JjN2M0YzAiOnsiY3JlYXRlIjozMDAwMDAwMDAwMDB9LCJzY2hlbWFfdmVyc2lvbiI6IjIifQ==",
          "dependencies": [
            "module.dev_cluster.module.eks.aws_security_group.cluster",
            "module.dev_cluster.module.eks.aws_security_group.node",
            "module.dev_cluster.module.vpc.aws_vpc.this"
          ],
          "create_before_destroy": true
        },
        {
          "index_key": "ingress_cluster_kubelet",
          "schema_version": 2,
          "attributes": {
            "cidr_blocks": null,
            "description": "Cluster API to node kubelets",
            "from_port": 10250,
            "id": "sgrule-3446108550",
            "ipv6_cidr_blocks": null,
            "prefix_list_ids": [],
            "protocol": "tcp",
            "security_group_id": "sg-04947759e0f5ec5c6",
            "security_group_rule_id": "sgr-049ae7e35fd49b805",
            "self": false,
            "source_security_group_id": "sg-01e6b5abb1d5f7dd2",
            "timeouts": null,
            "to_port": 10250,
            "type": "ingress"
          },
          "sensitive_attributes": [],
          "private": "eyJlMmJmYjczMC1lY2FhLTExZTYtOGY4OC0zNDM2M2JjN2M0YzAiOnsiY3JlYXRlIjozMDAwMDAwMDAwMDB9LCJzY2hlbWFfdmVyc2lvbiI6IjIifQ==",
          "dependencies": [
            "module.dev_cluster.module.eks.aws_security_group.cluster",
            "module.dev_cluster.module.eks.aws_security_group.node",
            "module.dev_cluster.module.vpc.aws_vpc.this"
          ],
          "create_before_destroy": true
        },
        {
          "index_key": "ingress_nodes_ephemeral",
          "schema_version": 2,
          "attributes": {
            "cidr_blocks": null,
            "description": "Node to node ingress on ephemeral ports",
            "from_port": 1025,
            "id": "sgrule-2129200424",
            "ipv6_cidr_blocks": null,
            "prefix_list_ids": [],
            "protocol": "tcp",
            "security_group_id": "sg-04947759e0f5ec5c6",
            "security_group_rule_id": "sgr-09c1bb8186362444a",
            "self": true,
            "source_security_group_id": null,
            "timeouts": null,
            "to_port": 65535,
            "type": "ingress"
          },
          "sensitive_attributes": [],
          "private": "eyJlMmJmYjczMC1lY2FhLTExZTYtOGY4OC0zNDM2M2JjN2M0YzAiOnsiY3JlYXRlIjozMDAwMDAwMDAwMDB9LCJzY2hlbWFfdmVyc2lvbiI6IjIifQ==",
          "dependencies": [
            "module.dev_cluster.module.eks.aws_security_group.cluster",
            "module.dev_cluster.module.eks.aws_security_group.node",
            "module.dev_cluster.module.vpc.aws_vpc.this"
          ],
          "create_before_destroy": true
        },
        {
          "index_key": "ingress_self_coredns_tcp",
          "schema_version": 2,
          "attributes": {
            "cidr_blocks": null,
            "description": "Node to node CoreDNS",
            "from_port": 53,
            "id": "sgrule-2465003022",
            "ipv6_cidr_blocks": null,
            "prefix_list_ids": [],
            "protocol": "tcp",
            "security_group_id": "sg-04947759e0f5ec5c6",
            "security_group_rule_id": "sgr-045f9bdb47d6560f4",
            "self": true,
            "source_security_group_id": null,
            "timeouts": null,
            "to_port": 53,
            "type": "ingress"
          },
          "sensitive_attributes": [],
          "private": "eyJlMmJmYjczMC1lY2FhLTExZTYtOGY4OC0zNDM2M2JjN2M0YzAiOnsiY3JlYXRlIjozMDAwMDAwMDAwMDB9LCJzY2hlbWFfdmVyc2lvbiI6IjIifQ==",
          "dependencies": [
            "module.dev_cluster.module.eks.aws_security_group.cluster",
            "module.dev_cluster.module.eks.aws_security_group.node",
            "module.dev_cluster.module.vpc.aws_vpc.this"
          ],
          "create_before_destroy": true
        },
        {
          "index_key": "ingress_self_coredns_udp",
          "schema_version": 2,
          "attributes": {
            "cidr_blocks": null,
            "description": "Node to node CoreDNS UDP",
            "from_port": 53,
            "id": "sgrule-917722593",
            "ipv6_cidr_blocks": null,
            "prefix_list_ids": [],
            "protocol": "udp",
            "security_group_id": "sg-04947759e0f5ec5c6",
            "security_group_rule_id": "sgr-056094c1bfa6c42af",
            "self": true,
            "source_security_group_id": null,
            "timeouts": null,
            "to_port": 53,
            "type": "ingress"
          },
          "sensitive_attributes": [],
          "private": "eyJlMmJmYjczMC1lY2FhLTExZTYtOGY4OC0zNDM2M2JjN2M0YzAiOnsiY3JlYXRlIjozMDAwMDAwMDAwMDB9LCJzY2hlbWFfdmVyc2lvbiI6IjIifQ==",
          "dependencies": [
            "module.dev_cluster.module.eks.aws_security_group.cluster",
            "module.dev_cluster.module.eks.aws_security_group.node",
            "module.dev_cluster.module.vpc.aws_vpc.this"
          ],
          "create_before_destroy": true
        }
      ]
    },
    {
      "module": "module.dev_cluster.module.eks",
      "mode": "managed",
      "type": "time_sleep",
      "name": "this",
      "provider": "provider[\"registry.terraform.io/hashicorp/time\"]",
      "instances": [
        {
          "index_key": 0,
          "schema_version": 0,
          "attributes": {
            "create_duration": "30s",
            "destroy_duration": null,
            "id": "2024-11-09T16:29:57Z",
            "triggers": {
              "cluster_certificate_authority_data": "LS0tLS1CRUdJTiBDRVJUSUZJQ0FURS0tLS0tCk1JSURCVENDQWUyZ0F3SUJBZ0lJTm81T3NNNTc5Qmd3RFFZSktvWklodmNOQVFFTEJRQXdGVEVUTUJFR0ExVUUKQXhNS2EzVmlaWEp1WlhSbGN6QWVGdzB5TkRFeE1Ea3hOakl3TWpKYUZ3MHpOREV4TURjeE5qSTFNakphTUJVeApFekFSQmdOVkJBTVRDbXQxWW1WeWJtVjBaWE13Z2dFaU1BMEdDU3FHU0liM0RRRUJBUVVBQTRJQkR3QXdnZ0VLCkFvSUJBUURWUk81aEhXN2F2ZktrQm9UcEFXMmlOVktDUVJGelRFTVpYT3BHSnJncnQrVUttVDkrSVJyaHR2WloKUklPSkRWNlZpNWpCaThqVTJXUmZ2N2tVaGYyQjczR2dmVzEyV2t3TWQ4cllIZEF4Z1REZmNwRk5OR0d4dEJyMgo0Mk9YSWdrUUt6NmQ0VDJKZXgydk1MSXBtWXBqSXFiNXlVUE1IU1I3ZXZjNDZ5Q1BqSURiMjFDQ1M0WGhvOGt6Ckc0RCtVMm1ZbUU2SzRMU0hQUExCb1RrSkJDMjNHMnB3aXAyQWkyN1dXSHlpV2JKd2NlSEY3TXo0d2NRSmFNN20KdFl6QytzZTRsWVFiS3dWMFExczM2b2syMHN1UHlvN2phVTRlRVNyMC9WZkhnMHZOYnpxRTBncGNoUnh1dFByMwp6U05Vc3ptdzB4dENxem1GeDFaU0JELzBiNS8zQWdNQkFBR2pXVEJYTUE0R0ExVWREd0VCL3dRRUF3SUNwREFQCkJnTlZIUk1CQWY4RUJUQURBUUgvTUIwR0ExVWREZ1FXQkJRdWNUSnpYejhGbWZINXQ5ajVuTWJNd0M2OEt6QVYKQmdOVkhSRUVEakFNZ2dwcmRXSmxjbTVsZEdWek1BMEdDU3FHU0liM0RRRUJDd1VBQTRJQkFRQUJjaVE1clZhZApDMVR0cm4wT0d2ck4wSzhPSUlscnErdzBsdzQ5R0tiZ1NIaVVOVmxsN05iRU5YRE5EWGE1Y0p6TXdXcGorSk1MCkZXVEhINDJZWExGRXdYK0N2eWpWd2NLWklPaHkxRFV2bk5tQ2QzcUtJTjZDRHhyU2YwSUdBWHdsMWM3M1haV3UKTGRaS3E1UFRULzk0RXI1Q1hRR3h4QzZMTmpFSThTK29lb1ZtK2lrRHQrLy9TNnQwK000OXdwVGtkb2dFcGlvQwp0MWdOZ0l2SXNTaEdvTEZMZy9nY0JlazBrQTB5YW91bGFGSnpRazJNUmZmUTlFVjZEQnhXKzJFc0NDbkt4RC9RCm03eUo5djJWNnY2bTV2TzQrWFYrWnNESlFjdE4xSDZvVDQ5YjU0MWxMcmN2NWNnNmVsWFV1MVJpUGNFeUF5L3cKZnMvSkFIOFRHZTJOCi0tLS0tRU5EIENFUlRJRklDQVRFLS0tLS0K",
              "cluster_endpoint": "https://CE52E27E45DE298F74E696CCEA9A0EE9.sk1.ap-south-1.eks.amazonaws.com",
              "cluster_name": "eks-dev",
              "cluster_service_cidr": "10.100.0.0/16",
              "cluster_version": "1.31"
            }
          },
          "sensitive_attributes": [],
          "dependencies": [
            "module.dev_cluster.data.aws_availability_zones.available",
            "module.dev_cluster.module.eks.aws_cloudwatch_log_group.this",
            "module.dev_cluster.module.eks.aws_eks_cluster.this",
            "module.dev_cluster.module.eks.aws_iam_policy.cni_ipv6_policy",
            "module.dev_cluster.module.eks.aws_iam_role.this",
            "module.dev_cluster.module.eks.aws_iam_role_policy_attachment.this",
            "module.dev_cluster.module.eks.aws_security_group.cluster",
            "module.dev_cluster.module.eks.aws_security_group.node",
            "module.dev_cluster.module.eks.aws_security_group_rule.cluster",
            "module.dev_cluster.module.eks.aws_security_group_rule.node",
            "module.dev_cluster.module.eks.data.aws_caller_identity.current",
            "module.dev_cluster.module.eks.data.aws_iam_policy_document.assume_role_policy",
            "module.dev_cluster.module.eks.data.aws_iam_policy_document.cni_ipv6_policy",
            "module.dev_cluster.module.eks.data.aws_iam_session_context.current",
            "module.dev_cluster.module.eks.data.aws_partition.current",
            "module.dev_cluster.module.eks.module.kms.aws_kms_external_key.this",
            "module.dev_cluster.module.eks.module.kms.aws_kms_key.this",
            "module.dev_cluster.module.eks.module.kms.aws_kms_replica_external_key.this",
            "module.dev_cluster.module.eks.module.kms.aws_kms_replica_key.this",
            "module.dev_cluster.module.eks.module.kms.data.aws_caller_identity.current",
            "module.dev_cluster.module.eks.module.kms.data.aws_iam_policy_document.this",
            "module.dev_cluster.module.eks.module.kms.data.aws_partition.current",
            "module.dev_cluster.module.vpc.aws_subnet.private",
            "module.dev_cluster.module.vpc.aws_vpc.this",
            "module.dev_cluster.module.vpc.aws_vpc_ipv4_cidr_block_association.this"
          ],
          "create_before_destroy": true
        }
      ]
    },
    {
      "module": "module.dev_cluster.module.eks.module.eks_managed_node_group[\"first\"]",
      "mode": "data",
      "type": "aws_caller_identity",
      "name": "current",
      "provider": "module.dev_cluster.provider[\"registry.terraform.io/hashicorp/aws\"]",
      "instances": [
        {
          "schema_version": 0,
          "attributes": {
            "account_id": "224264690046",
            "arn": "arn:aws:iam::224264690046:user/Litmus",
            "id": "224264690046",
            "user_id": "AIDATINZXTF7DWECQ2SWM"
          },
          "sensitive_attributes": []
        }
      ]
    },
    {
      "module": "module.dev_cluster.module.eks.module.eks_managed_node_group[\"first\"]",
      "mode": "data",
      "type": "aws_ec2_instance_type",
      "name": "this",
      "provider": "module.dev_cluster.provider[\"registry.terraform.io/hashicorp/aws\"]",
      "instances": []
    },
    {
      "module": "module.dev_cluster.module.eks.module.eks_managed_node_group[\"first\"]",
      "mode": "data",
      "type": "aws_ec2_instance_type_offerings",
      "name": "this",
      "provider": "module.dev_cluster.provider[\"registry.terraform.io/hashicorp/aws\"]",
      "instances": []
    },
    {
      "module": "module.dev_cluster.module.eks.module.eks_managed_node_group[\"first\"]",
      "mode": "data",
      "type": "aws_iam_policy_document",
      "name": "assume_role_policy",
      "provider": "module.dev_cluster.provider[\"registry.terraform.io/hashicorp/aws\"]",
      "instances": [
        {
          "index_key": 0,
          "schema_version": 0,
          "attributes": {
            "id": "2560088296",
            "json": "{\n  \"Version\": \"2012-10-17\",\n  \"Statement\": [\n    {\n      \"Sid\": \"EKSNodeAssumeRole\",\n      \"Effect\": \"Allow\",\n      \"Action\": \"sts:AssumeRole\",\n      \"Principal\": {\n        \"Service\": \"ec2.amazonaws.com\"\n      }\n    }\n  ]\n}",
            "minified_json": "{\"Version\":\"2012-10-17\",\"Statement\":[{\"Sid\":\"EKSNodeAssumeRole\",\"Effect\":\"Allow\",\"Action\":\"sts:AssumeRole\",\"Principal\":{\"Service\":\"ec2.amazonaws.com\"}}]}",
            "override_json": null,
            "override_policy_documents": null,
            "policy_id": null,
            "source_json": null,
            "source_policy_documents": null,
            "statement": [
              {
                "actions": [
                  "sts:AssumeRole"
                ],
                "condition": [],
                "effect": "Allow",
                "not_actions": [],
                "not_principals": [],
                "not_resources": [],
                "principals": [
                  {
                    "identifiers": [
                      "ec2.amazonaws.com"
                    ],
                    "type": "Service"
                  }
                ],
                "resources": [],
                "sid": "EKSNodeAssumeRole"
              }
            ],
            "version": "2012-10-17"
          },
          "sensitive_attributes": []
        }
      ]
    },
    {
      "module": "module.dev_cluster.module.eks.module.eks_managed_node_group[\"first\"]",
      "mode": "data",
      "type": "aws_partition",
      "name": "current",
      "provider": "module.dev_cluster.provider[\"registry.terraform.io/hashicorp/aws\"]",
      "instances": [
        {
          "schema_version": 0,
          "attributes": {
            "dns_suffix": "amazonaws.com",
            "id": "aws",
            "partition": "aws",
            "reverse_dns_prefix": "com.amazonaws"
          },
          "sensitive_attributes": []
        }
      ]
    },
    {
      "module": "module.dev_cluster.module.eks.module.eks_managed_node_group[\"first\"]",
      "mode": "data",
      "type": "aws_ssm_parameter",
      "name": "ami",
      "provider": "module.dev_cluster.provider[\"registry.terraform.io/hashicorp/aws\"]",
      "instances": []
    },
    {
      "module": "module.dev_cluster.module.eks.module.eks_managed_node_group[\"first\"]",
      "mode": "data",
      "type": "aws_subnets",
      "name": "placement_group",
      "provider": "module.dev_cluster.provider[\"registry.terraform.io/hashicorp/aws\"]",
      "instances": []
    },
    {
      "module": "module.dev_cluster.module.eks.module.eks_managed_node_group[\"first\"]",
      "mode": "managed",
      "type": "aws_eks_node_group",
      "name": "this",
      "provider": "module.dev_cluster.provider[\"registry.terraform.io/hashicorp/aws\"]",
      "instances": [
        {
          "index_key": 0,
          "status": "tainted",
          "schema_version": 0,
          "attributes": {
            "ami_type": null,
            "arn": null,
            "capacity_type": null,
            "cluster_name": "eks-dev",
            "disk_size": null,
            "force_update_version": null,
            "id": "eks-dev:first-20241109162959436000000011",
            "instance_types": null,
            "labels": null,
            "launch_template": [
              {
                "id": "lt-0c827f1e8ee339085",
                "name": "",
                "version": "1"
              }
            ],
            "node_group_name": null,
            "node_group_name_prefix": "first-",
            "node_role_arn": "arn:aws:iam::224264690046:role/first-eks-node-group-20241109161944239500000001",
            "release_version": null,
            "remote_access": [],
            "resources": null,
            "scaling_config": [
              {
                "desired_size": 1,
                "max_size": 3,
                "min_size": 1
              }
            ],
            "status": null,
            "subnet_ids": [
              "subnet-008f7408a2d0473c7",
              "subnet-018be8302135ace58",
              "subnet-06c2c53f9df982bd2"
            ],
            "tags": {
              "Name": "first"
            },
            "tags_all": {
              "Name": "first"
            },
            "taint": [],
            "timeouts": {
              "create": null,
              "delete": null,
              "update": null
            },
            "update_config": [
              {
                "max_unavailable": 0,
                "max_unavailable_percentage": 33
              }
            ],
            "version": "1.31"
          },
          "sensitive_attributes": [],
          "private": "eyJlMmJmYjczMC1lY2FhLTExZTYtOGY4OC0zNDM2M2JjN2M0YzAiOnsiY3JlYXRlIjozNjAwMDAwMDAwMDAwLCJkZWxldGUiOjM2MDAwMDAwMDAwMDAsInVwZGF0ZSI6MzYwMDAwMDAwMDAwMH19",
          "dependencies": [
            "module.dev_cluster.data.aws_availability_zones.available",
            "module.dev_cluster.module.eks.aws_cloudwatch_log_group.this",
            "module.dev_cluster.module.eks.aws_eks_cluster.this",
            "module.dev_cluster.module.eks.aws_iam_policy.cni_ipv6_policy",
            "module.dev_cluster.module.eks.aws_iam_role.this",
            "module.dev_cluster.module.eks.aws_iam_role_policy_attachment.this",
            "module.dev_cluster.module.eks.aws_security_group.cluster",
            "module.dev_cluster.module.eks.aws_security_group.node",
            "module.dev_cluster.module.eks.aws_security_group_rule.cluster",
            "module.dev_cluster.module.eks.aws_security_group_rule.node",
            "module.dev_cluster.module.eks.data.aws_caller_identity.current",
            "module.dev_cluster.module.eks.data.aws_iam_policy_document.assume_role_policy",
            "module.dev_cluster.module.eks.data.aws_iam_policy_document.cni_ipv6_policy",
            "module.dev_cluster.module.eks.data.aws_iam_session_context.current",
            "module.dev_cluster.module.eks.data.aws_partition.current",
            "module.dev_cluster.module.eks.module.eks_managed_node_group.aws_iam_role.this",
            "module.dev_cluster.module.eks.module.eks_managed_node_group.aws_iam_role_policy_attachment.additional",
            "module.dev_cluster.module.eks.module.eks_managed_node_group.aws_iam_role_policy_attachment.this",
            "module.dev_cluster.module.eks.module.eks_managed_node_group.aws_launch_template.this",
            "module.dev_cluster.module.eks.module.eks_managed_node_group.aws_placement_group.this",
            "module.dev_cluster.module.eks.module.eks_managed_node_group.data.aws_caller_identity.current",
            "module.dev_cluster.module.eks.module.eks_managed_node_group.data.aws_ec2_instance_type.this",
            "module.dev_cluster.module.eks.module.eks_managed_node_group.data.aws_ec2_instance_type_offerings.this",
            "module.dev_cluster.module.eks.module.eks_managed_node_group.data.aws_iam_policy_document.assume_role_policy",
            "module.dev_cluster.module.eks.module.eks_managed_node_group.data.aws_partition.current",
            "module.dev_cluster.module.eks.module.eks_managed_node_group.data.aws_ssm_parameter.ami",
            "module.dev_cluster.module.eks.module.eks_managed_node_group.data.aws_subnets.placement_group",
            "module.dev_cluster.module.eks.module.eks_managed_node_group.module.user_data.data.cloudinit_config.al2023_eks_managed_node_group",
            "module.dev_cluster.module.eks.module.eks_managed_node_group.module.user_data.data.cloudinit_config.linux_eks_managed_node_group",
            "module.dev_cluster.module.eks.module.kms.aws_kms_external_key.this",
            "module.dev_cluster.module.eks.module.kms.aws_kms_key.this",
            "module.dev_cluster.module.eks.module.kms.aws_kms_replica_external_key.this",
            "module.dev_cluster.module.eks.module.kms.aws_kms_replica_key.this",
            "module.dev_cluster.module.eks.module.kms.data.aws_caller_identity.current",
            "module.dev_cluster.module.eks.module.kms.data.aws_iam_policy_document.this",
            "module.dev_cluster.module.eks.module.kms.data.aws_partition.current",
            "module.dev_cluster.module.eks.time_sleep.this",
            "module.dev_cluster.module.vpc.aws_subnet.private",
            "module.dev_cluster.module.vpc.aws_vpc.this",
            "module.dev_cluster.module.vpc.aws_vpc_ipv4_cidr_block_association.this"
          ],
          "create_before_destroy": true
        }
      ]
    },
    {
      "module": "module.dev_cluster.module.eks.module.eks_managed_node_group[\"first\"]",
      "mode": "managed",
      "type": "aws_iam_role",
      "name": "this",
      "provider": "module.dev_cluster.provider[\"registry.terraform.io/hashicorp/aws\"]",
      "instances": [
        {
          "index_key": 0,
          "schema_version": 0,
          "attributes": {
            "arn": "arn:aws:iam::224264690046:role/first-eks-node-group-20241109161944239500000001",
            "assume_role_policy": "{\"Statement\":[{\"Action\":\"sts:AssumeRole\",\"Effect\":\"Allow\",\"Principal\":{\"Service\":\"ec2.amazonaws.com\"},\"Sid\":\"EKSNodeAssumeRole\"}],\"Version\":\"2012-10-17\"}",
            "create_date": "2024-11-09T16:19:45Z",
            "description": "EKS managed node group IAM role",
            "force_detach_policies": true,
            "id": "first-eks-node-group-20241109161944239500000001",
            "inline_policy": [],
            "managed_policy_arns": [],
            "max_session_duration": 3600,
            "name": "first-eks-node-group-20241109161944239500000001",
            "name_prefix": "first-eks-node-group-",
            "path": "/",
            "permissions_boundary": "",
            "tags": null,
            "tags_all": {},
            "unique_id": "AROATINZXTF7HIDFVR42O"
          },
          "sensitive_attributes": [],
          "private": "bnVsbA==",
          "dependencies": [
            "module.dev_cluster.module.eks.module.eks_managed_node_group.data.aws_iam_policy_document.assume_role_policy"
          ],
          "create_before_destroy": true
        }
      ]
    },
    {
      "module": "module.dev_cluster.module.eks.module.eks_managed_node_group[\"first\"]",
      "mode": "managed",
      "type": "aws_iam_role_policy_attachment",
      "name": "additional",
      "provider": "module.dev_cluster.provider[\"registry.terraform.io/hashicorp/aws\"]",
      "instances": []
    },
    {
      "module": "module.dev_cluster.module.eks.module.eks_managed_node_group[\"first\"]",
      "mode": "managed",
      "type": "aws_iam_role_policy_attachment",
      "name": "this",
      "provider": "module.dev_cluster.provider[\"registry.terraform.io/hashicorp/aws\"]",
      "instances": [
        {
          "index_key": "AmazonEC2ContainerRegistryReadOnly",
          "schema_version": 0,
          "attributes": {
            "id": "first-eks-node-group-20241109161944239500000001-20241109161946871300000006",
            "policy_arn": "arn:aws:iam::aws:policy/AmazonEC2ContainerRegistryReadOnly",
            "role": "first-eks-node-group-20241109161944239500000001"
          },
          "sensitive_attributes": [],
          "private": "bnVsbA==",
          "dependencies": [
            "module.dev_cluster.module.eks.module.eks_managed_node_group.aws_iam_role.this",
            "module.dev_cluster.module.eks.module.eks_managed_node_group.data.aws_caller_identity.current",
            "module.dev_cluster.module.eks.module.eks_managed_node_group.data.aws_iam_policy_document.assume_role_policy",
            "module.dev_cluster.module.eks.module.eks_managed_node_group.data.aws_partition.current"
          ],
          "create_before_destroy": true
        },
        {
          "index_key": "AmazonEKSWorkerNodePolicy",
          "schema_version": 0,
          "attributes": {
            "id": "first-eks-node-group-20241109161944239500000001-20241109161947366400000007",
            "policy_arn": "arn:aws:iam::aws:policy/AmazonEKSWorkerNodePolicy",
            "role": "first-eks-node-group-20241109161944239500000001"
          },
          "sensitive_attributes": [],
          "private": "bnVsbA==",
          "dependencies": [
            "module.dev_cluster.module.eks.module.eks_managed_node_group.aws_iam_role.this",
            "module.dev_cluster.module.eks.module.eks_managed_node_group.data.aws_caller_identity.current",
            "module.dev_cluster.module.eks.module.eks_managed_node_group.data.aws_iam_policy_document.assume_role_policy",
            "module.dev_cluster.module.eks.module.eks_managed_node_group.data.aws_partition.current"
          ],
          "create_before_destroy": true
        },
        {
          "index_key": "AmazonEKS_CNI_Policy",
          "schema_version": 0,
          "attributes": {
            "id": "first-eks-node-group-20241109161944239500000001-20241109161946551200000003",
            "policy_arn": "arn:aws:iam::aws:policy/AmazonEKS_CNI_Policy",
            "role": "first-eks-node-group-20241109161944239500000001"
          },
          "sensitive_attributes": [],
          "private": "bnVsbA==",
          "dependencies": [
            "module.dev_cluster.module.eks.module.eks_managed_node_group.aws_iam_role.this",
            "module.dev_cluster.module.eks.module.eks_managed_node_group.data.aws_caller_identity.current",
            "module.dev_cluster.module.eks.module.eks_managed_node_group.data.aws_iam_policy_document.assume_role_policy",
            "module.dev_cluster.module.eks.module.eks_managed_node_group.data.aws_partition.current"
          ],
          "create_before_destroy": true
        }
      ]
    },
    {
      "module": "module.dev_cluster.module.eks.module.eks_managed_node_group[\"first\"]",
      "mode": "managed",
      "type": "aws_launch_template",
      "name": "this",
      "provider": "module.dev_cluster.provider[\"registry.terraform.io/hashicorp/aws\"]",
      "instances": [
        {
          "index_key": 0,
          "schema_version": 0,
          "attributes": {
            "arn": "arn:aws:ec2:ap-south-1:224264690046:launch-template/lt-0c827f1e8ee339085",
            "block_device_mappings": [],
            "capacity_reservation_specification": [],
            "cpu_options": [],
            "credit_specification": [],
            "default_version": 1,
            "description": "Custom launch template for first EKS managed node group",
            "disable_api_stop": false,
            "disable_api_termination": false,
            "ebs_optimized": "",
            "elastic_gpu_specifications": [],
            "elastic_inference_accelerator": [],
            "enclave_options": [],
            "hibernation_options": [],
            "iam_instance_profile": [],
            "id": "lt-0c827f1e8ee339085",
            "image_id": "",
            "instance_initiated_shutdown_behavior": "",
            "instance_market_options": [],
            "instance_requirements": [],
            "instance_type": "",
            "kernel_id": "",
            "key_name": "",
            "latest_version": 1,
            "license_specification": [],
            "maintenance_options": [],
            "metadata_options": [
              {
                "http_endpoint": "enabled",
                "http_protocol_ipv6": "",
                "http_put_response_hop_limit": 2,
                "http_tokens": "required",
                "instance_metadata_tags": ""
              }
            ],
            "monitoring": [
              {
                "enabled": true
              }
            ],
            "name": "first-2024110916295744250000000f",
            "name_prefix": "first-",
            "network_interfaces": [],
            "placement": [],
            "private_dns_name_options": [],
            "ram_disk_id": "",
            "security_group_names": null,
            "tag_specifications": [
              {
                "resource_type": "instance",
                "tags": {
                  "Name": "first"
                }
              },
              {
                "resource_type": "network-interface",
                "tags": {
                  "Name": "first"
                }
              },
              {
                "resource_type": "volume",
                "tags": {
                  "Name": "first"
                }
              }
            ],
            "tags": null,
            "tags_all": {},
            "update_default_version": true,
            "user_data": "",
            "vpc_security_group_ids": [
              "sg-04947759e0f5ec5c6"
            ]
          },
          "sensitive_attributes": [],
          "private": "bnVsbA==",
          "dependencies": [
            "module.dev_cluster.data.aws_availability_zones.available",
            "module.dev_cluster.module.eks.aws_cloudwatch_log_group.this",
            "module.dev_cluster.module.eks.aws_eks_cluster.this",
            "module.dev_cluster.module.eks.aws_iam_policy.cni_ipv6_policy",
            "module.dev_cluster.module.eks.aws_iam_role.this",
            "module.dev_cluster.module.eks.aws_iam_role_policy_attachment.this",
            "module.dev_cluster.module.eks.aws_security_group.cluster",
            "module.dev_cluster.module.eks.aws_security_group.node",
            "module.dev_cluster.module.eks.aws_security_group_rule.cluster",
            "module.dev_cluster.module.eks.aws_security_group_rule.node",
            "module.dev_cluster.module.eks.data.aws_caller_identity.current",
            "module.dev_cluster.module.eks.data.aws_iam_policy_document.assume_role_policy",
            "module.dev_cluster.module.eks.data.aws_iam_policy_document.cni_ipv6_policy",
            "module.dev_cluster.module.eks.data.aws_iam_session_context.current",
            "module.dev_cluster.module.eks.data.aws_partition.current",
            "module.dev_cluster.module.eks.module.eks_managed_node_group.aws_iam_role.this",
            "module.dev_cluster.module.eks.module.eks_managed_node_group.aws_iam_role_policy_attachment.additional",
            "module.dev_cluster.module.eks.module.eks_managed_node_group.aws_iam_role_policy_attachment.this",
            "module.dev_cluster.module.eks.module.eks_managed_node_group.aws_placement_group.this",
            "module.dev_cluster.module.eks.module.eks_managed_node_group.data.aws_caller_identity.current",
            "module.dev_cluster.module.eks.module.eks_managed_node_group.data.aws_ec2_instance_type.this",
            "module.dev_cluster.module.eks.module.eks_managed_node_group.data.aws_iam_policy_document.assume_role_policy",
            "module.dev_cluster.module.eks.module.eks_managed_node_group.data.aws_partition.current",
            "module.dev_cluster.module.eks.module.eks_managed_node_group.module.user_data.data.cloudinit_config.al2023_eks_managed_node_group",
            "module.dev_cluster.module.eks.module.eks_managed_node_group.module.user_data.data.cloudinit_config.linux_eks_managed_node_group",
            "module.dev_cluster.module.eks.module.kms.aws_kms_external_key.this",
            "module.dev_cluster.module.eks.module.kms.aws_kms_key.this",
            "module.dev_cluster.module.eks.module.kms.aws_kms_replica_external_key.this",
            "module.dev_cluster.module.eks.module.kms.aws_kms_replica_key.this",
            "module.dev_cluster.module.eks.module.kms.data.aws_caller_identity.current",
            "module.dev_cluster.module.eks.module.kms.data.aws_iam_policy_document.this",
            "module.dev_cluster.module.eks.module.kms.data.aws_partition.current",
            "module.dev_cluster.module.eks.time_sleep.this",
            "module.dev_cluster.module.vpc.aws_subnet.private",
            "module.dev_cluster.module.vpc.aws_vpc.this",
            "module.dev_cluster.module.vpc.aws_vpc_ipv4_cidr_block_association.this"
          ],
          "create_before_destroy": true
        }
      ]
    },
    {
      "module": "module.dev_cluster.module.eks.module.eks_managed_node_group[\"first\"]",
      "mode": "managed",
      "type": "aws_placement_group",
      "name": "this",
      "provider": "module.dev_cluster.provider[\"registry.terraform.io/hashicorp/aws\"]",
      "instances": []
    },
    {
      "module": "module.dev_cluster.module.eks.module.eks_managed_node_group[\"first\"].module.user_data",
      "mode": "data",
      "type": "cloudinit_config",
      "name": "al2023_eks_managed_node_group",
      "provider": "provider[\"registry.terraform.io/hashicorp/cloudinit\"]",
      "instances": []
    },
    {
      "module": "module.dev_cluster.module.eks.module.eks_managed_node_group[\"first\"].module.user_data",
      "mode": "data",
      "type": "cloudinit_config",
      "name": "linux_eks_managed_node_group",
      "provider": "provider[\"registry.terraform.io/hashicorp/cloudinit\"]",
      "instances": []
    },
    {
      "module": "module.dev_cluster.module.eks.module.eks_managed_node_group[\"first\"].module.user_data",
      "mode": "managed",
      "type": "null_resource",
      "name": "validate_cluster_service_cidr",
      "provider": "provider[\"registry.terraform.io/hashicorp/null\"]",
      "instances": [
        {
          "schema_version": 0,
          "attributes": {
            "id": "6856207334913070938",
            "triggers": null
          },
          "sensitive_attributes": [],
          "dependencies": [
            "module.dev_cluster.data.aws_availability_zones.available",
            "module.dev_cluster.module.eks.aws_cloudwatch_log_group.this",
            "module.dev_cluster.module.eks.aws_eks_cluster.this",
            "module.dev_cluster.module.eks.aws_iam_policy.cni_ipv6_policy",
            "module.dev_cluster.module.eks.aws_iam_role.this",
            "module.dev_cluster.module.eks.aws_iam_role_policy_attachment.this",
            "module.dev_cluster.module.eks.aws_security_group.cluster",
            "module.dev_cluster.module.eks.aws_security_group.node",
            "module.dev_cluster.module.eks.aws_security_group_rule.cluster",
            "module.dev_cluster.module.eks.aws_security_group_rule.node",
            "module.dev_cluster.module.eks.data.aws_caller_identity.current",
            "module.dev_cluster.module.eks.data.aws_iam_policy_document.assume_role_policy",
            "module.dev_cluster.module.eks.data.aws_iam_policy_document.cni_ipv6_policy",
            "module.dev_cluster.module.eks.data.aws_iam_session_context.current",
            "module.dev_cluster.module.eks.data.aws_partition.current",
            "module.dev_cluster.module.eks.module.kms.aws_kms_external_key.this",
            "module.dev_cluster.module.eks.module.kms.aws_kms_key.this",
            "module.dev_cluster.module.eks.module.kms.aws_kms_replica_external_key.this",
            "module.dev_cluster.module.eks.module.kms.aws_kms_replica_key.this",
            "module.dev_cluster.module.eks.module.kms.data.aws_caller_identity.current",
            "module.dev_cluster.module.eks.module.kms.data.aws_iam_policy_document.this",
            "module.dev_cluster.module.eks.module.kms.data.aws_partition.current",
            "module.dev_cluster.module.eks.time_sleep.this",
            "module.dev_cluster.module.vpc.aws_subnet.private",
            "module.dev_cluster.module.vpc.aws_vpc.this",
            "module.dev_cluster.module.vpc.aws_vpc_ipv4_cidr_block_association.this"
          ]
        }
      ]
    },
    {
      "module": "module.dev_cluster.module.eks.module.kms",
      "mode": "data",
      "type": "aws_caller_identity",
      "name": "current",
      "provider": "module.dev_cluster.provider[\"registry.terraform.io/hashicorp/aws\"]",
      "instances": [
        {
          "index_key": 0,
          "schema_version": 0,
          "attributes": {
            "account_id": "224264690046",
            "arn": "arn:aws:iam::224264690046:user/Litmus",
            "id": "224264690046",
            "user_id": "AIDATINZXTF7DWECQ2SWM"
          },
          "sensitive_attributes": []
        }
      ]
    },
    {
      "module": "module.dev_cluster.module.eks.module.kms",
      "mode": "data",
      "type": "aws_iam_policy_document",
      "name": "this",
      "provider": "module.dev_cluster.provider[\"registry.terraform.io/hashicorp/aws\"]",
      "instances": [
        {
          "index_key": 0,
          "schema_version": 0,
          "attributes": {
            "id": "1451729046",
            "json": "{\n  \"Version\": \"2012-10-17\",\n  \"Statement\": [\n    {\n      \"Sid\": \"Default\",\n      \"Effect\": \"Allow\",\n      \"Action\": \"kms:*\",\n      \"Resource\": \"*\",\n      \"Principal\": {\n        \"AWS\": \"arn:aws:iam::224264690046:root\"\n      }\n    },\n    {\n      \"Sid\": \"KeyAdministration\",\n      \"Effect\": \"Allow\",\n      \"Action\": [\n        \"kms:Update*\",\n        \"kms:UntagResource\",\n        \"kms:TagResource\",\n        \"kms:ScheduleKeyDeletion\",\n        \"kms:Revoke*\",\n        \"kms:ReplicateKey\",\n        \"kms:Put*\",\n        \"kms:List*\",\n        \"kms:ImportKeyMaterial\",\n        \"kms:Get*\",\n        \"kms:Enable*\",\n        \"kms:Disable*\",\n        \"kms:Describe*\",\n        \"kms:Delete*\",\n        \"kms:Create*\",\n        \"kms:CancelKeyDeletion\"\n      ],\n      \"Resource\": \"*\",\n      \"Principal\": {\n        \"AWS\": \"arn:aws:iam::224264690046:user/Litmus\"\n      }\n    },\n    {\n      \"Sid\": \"KeyUsage\",\n      \"Effect\": \"Allow\",\n      \"Action\": [\n        \"kms:ReEncrypt*\",\n        \"kms:GenerateDataKey*\",\n        \"kms:Encrypt\",\n        \"kms:DescribeKey\",\n        \"kms:Decrypt\"\n      ],\n      \"Resource\": \"*\",\n      \"Principal\": {\n        \"AWS\": \"arn:aws:iam::224264690046:role/eks-dev-cluster-20241109161944239600000002\"\n      }\n    }\n  ]\n}",
            "minified_json": "{\"Version\":\"2012-10-17\",\"Statement\":[{\"Sid\":\"Default\",\"Effect\":\"Allow\",\"Action\":\"kms:*\",\"Resource\":\"*\",\"Principal\":{\"AWS\":\"arn:aws:iam::224264690046:root\"}},{\"Sid\":\"KeyAdministration\",\"Effect\":\"Allow\",\"Action\":[\"kms:Update*\",\"kms:UntagResource\",\"kms:TagResource\",\"kms:ScheduleKeyDeletion\",\"kms:Revoke*\",\"kms:ReplicateKey\",\"kms:Put*\",\"kms:List*\",\"kms:ImportKeyMaterial\",\"kms:Get*\",\"kms:Enable*\",\"kms:Disable*\",\"kms:Describe*\",\"kms:Delete*\",\"kms:Create*\",\"kms:CancelKeyDeletion\"],\"Resource\":\"*\",\"Principal\":{\"AWS\":\"arn:aws:iam::224264690046:user/Litmus\"}},{\"Sid\":\"KeyUsage\",\"Effect\":\"Allow\",\"Action\":[\"kms:ReEncrypt*\",\"kms:GenerateDataKey*\",\"kms:Encrypt\",\"kms:DescribeKey\",\"kms:Decrypt\"],\"Resource\":\"*\",\"Principal\":{\"AWS\":\"arn:aws:iam::224264690046:role/eks-dev-cluster-20241109161944239600000002\"}}]}",
            "override_json": null,
            "override_policy_documents": null,
            "policy_id": null,
            "source_json": null,
            "source_policy_documents": null,
            "statement": [
              {
                "actions": [
                  "kms:*"
                ],
                "condition": [],
                "effect": "Allow",
                "not_actions": [],
                "not_principals": [],
                "not_resources": [],
                "principals": [
                  {
                    "identifiers": [
                      "arn:aws:iam::224264690046:root"
                    ],
                    "type": "AWS"
                  }
                ],
                "resources": [
                  "*"
                ],
                "sid": "Default"
              },
              {
                "actions": [
                  "kms:CancelKeyDeletion",
                  "kms:Create*",
                  "kms:Delete*",
                  "kms:Describe*",
                  "kms:Disable*",
                  "kms:Enable*",
                  "kms:Get*",
                  "kms:ImportKeyMaterial",
                  "kms:List*",
                  "kms:Put*",
                  "kms:ReplicateKey",
                  "kms:Revoke*",
                  "kms:ScheduleKeyDeletion",
                  "kms:TagResource",
                  "kms:UntagResource",
                  "kms:Update*"
                ],
                "condition": [],
                "effect": "Allow",
                "not_actions": [],
                "not_principals": [],
                "not_resources": [],
                "principals": [
                  {
                    "identifiers": [
                      "arn:aws:iam::224264690046:user/Litmus"
                    ],
                    "type": "AWS"
                  }
                ],
                "resources": [
                  "*"
                ],
                "sid": "KeyAdministration"
              },
              {
                "actions": [
                  "kms:Decrypt",
                  "kms:DescribeKey",
                  "kms:Encrypt",
                  "kms:GenerateDataKey*",
                  "kms:ReEncrypt*"
                ],
                "condition": [],
                "effect": "Allow",
                "not_actions": [],
                "not_principals": [],
                "not_resources": [],
                "principals": [
                  {
                    "identifiers": [
                      "arn:aws:iam::224264690046:role/eks-dev-cluster-20241109161944239600000002"
                    ],
                    "type": "AWS"
                  }
                ],
                "resources": [
                  "*"
                ],
                "sid": "KeyUsage"
              }
            ],
            "version": "2012-10-17"
          },
          "sensitive_attributes": []
        }
      ]
    },
    {
      "module": "module.dev_cluster.module.eks.module.kms",
      "mode": "data",
      "type": "aws_partition",
      "name": "current",
      "provider": "module.dev_cluster.provider[\"registry.terraform.io/hashicorp/aws\"]",
      "instances": [
        {
          "index_key": 0,
          "schema_version": 0,
          "attributes": {
            "dns_suffix": "amazonaws.com",
            "id": "aws",
            "partition": "aws",
            "reverse_dns_prefix": "com.amazonaws"
          },
          "sensitive_attributes": []
        }
      ]
    },
    {
      "module": "module.dev_cluster.module.eks.module.kms",
      "mode": "managed",
      "type": "aws_kms_alias",
      "name": "this",
      "provider": "module.dev_cluster.provider[\"registry.terraform.io/hashicorp/aws\"]",
      "instances": [
        {
          "index_key": "cluster",
          "schema_version": 0,
          "attributes": {
            "arn": "arn:aws:kms:ap-south-1:224264690046:alias/eks/eks-dev",
            "id": "alias/eks/eks-dev",
            "name": "alias/eks/eks-dev",
            "name_prefix": "",
            "target_key_arn": "arn:aws:kms:ap-south-1:224264690046:key/a56cb278-4959-459e-b409-884231ca0dbc",
            "target_key_id": "a56cb278-4959-459e-b409-884231ca0dbc"
          },
          "sensitive_attributes": [],
          "private": "bnVsbA==",
          "dependencies": [
            "module.dev_cluster.module.eks.aws_iam_role.this",
            "module.dev_cluster.module.eks.data.aws_caller_identity.current",
            "module.dev_cluster.module.eks.data.aws_iam_policy_document.assume_role_policy",
            "module.dev_cluster.module.eks.data.aws_iam_session_context.current",
            "module.dev_cluster.module.eks.module.kms.aws_kms_external_key.this",
            "module.dev_cluster.module.eks.module.kms.aws_kms_key.this",
            "module.dev_cluster.module.eks.module.kms.aws_kms_replica_external_key.this",
            "module.dev_cluster.module.eks.module.kms.aws_kms_replica_key.this",
            "module.dev_cluster.module.eks.module.kms.data.aws_caller_identity.current",
            "module.dev_cluster.module.eks.module.kms.data.aws_iam_policy_document.this",
            "module.dev_cluster.module.eks.module.kms.data.aws_partition.current"
          ]
        }
      ]
    },
    {
      "module": "module.dev_cluster.module.eks.module.kms",
      "mode": "managed",
      "type": "aws_kms_external_key",
      "name": "this",
      "provider": "module.dev_cluster.provider[\"registry.terraform.io/hashicorp/aws\"]",
      "instances": []
    },
    {
      "module": "module.dev_cluster.module.eks.module.kms",
      "mode": "managed",
      "type": "aws_kms_key",
      "name": "this",
      "provider": "module.dev_cluster.provider[\"registry.terraform.io/hashicorp/aws\"]",
      "instances": [
        {
          "index_key": 0,
          "schema_version": 0,
          "attributes": {
            "arn": "arn:aws:kms:ap-south-1:224264690046:key/a56cb278-4959-459e-b409-884231ca0dbc",
            "bypass_policy_lockout_safety_check": false,
            "custom_key_store_id": "",
            "customer_master_key_spec": "SYMMETRIC_DEFAULT",
            "deletion_window_in_days": null,
            "description": "eks-dev cluster encryption key",
            "enable_key_rotation": true,
            "id": "a56cb278-4959-459e-b409-884231ca0dbc",
            "is_enabled": true,
            "key_id": "a56cb278-4959-459e-b409-884231ca0dbc",
            "key_usage": "ENCRYPT_DECRYPT",
            "multi_region": false,
            "policy": "{\"Statement\":[{\"Action\":\"kms:*\",\"Effect\":\"Allow\",\"Principal\":{\"AWS\":\"arn:aws:iam::224264690046:root\"},\"Resource\":\"*\",\"Sid\":\"Default\"},{\"Action\":[\"kms:Update*\",\"kms:UntagResource\",\"kms:TagResource\",\"kms:ScheduleKeyDeletion\",\"kms:Revoke*\",\"kms:ReplicateKey\",\"kms:Put*\",\"kms:List*\",\"kms:ImportKeyMaterial\",\"kms:Get*\",\"kms:Enable*\",\"kms:Disable*\",\"kms:Describe*\",\"kms:Delete*\",\"kms:Create*\",\"kms:CancelKeyDeletion\"],\"Effect\":\"Allow\",\"Principal\":{\"AWS\":\"arn:aws:iam::224264690046:user/Litmus\"},\"Resource\":\"*\",\"Sid\":\"KeyAdministration\"},{\"Action\":[\"kms:ReEncrypt*\",\"kms:GenerateDataKey*\",\"kms:Encrypt\",\"kms:DescribeKey\",\"kms:Decrypt\"],\"Effect\":\"Allow\",\"Principal\":{\"AWS\":\"arn:aws:iam::224264690046:role/eks-dev-cluster-20241109161944239600000002\"},\"Resource\":\"*\",\"Sid\":\"KeyUsage\"}],\"Version\":\"2012-10-17\"}",
            "rotation_period_in_days": 365,
            "tags": {
              "terraform-aws-modules": "eks"
            },
            "tags_all": {
              "terraform-aws-modules": "eks"
            },
            "timeouts": null,
            "xks_key_id": ""
          },
          "sensitive_attributes": [],
          "private": "eyJlMmJmYjczMC1lY2FhLTExZTYtOGY4OC0zNDM2M2JjN2M0YzAiOnsiY3JlYXRlIjoxMjAwMDAwMDAwMDB9fQ==",
          "dependencies": [
            "module.dev_cluster.module.eks.aws_iam_role.this",
            "module.dev_cluster.module.eks.data.aws_caller_identity.current",
            "module.dev_cluster.module.eks.data.aws_iam_policy_document.assume_role_policy",
            "module.dev_cluster.module.eks.data.aws_iam_session_context.current",
            "module.dev_cluster.module.eks.module.kms.data.aws_caller_identity.current",
            "module.dev_cluster.module.eks.module.kms.data.aws_iam_policy_document.this",
            "module.dev_cluster.module.eks.module.kms.data.aws_partition.current"
          ],
          "create_before_destroy": true
        }
      ]
    },
    {
      "module": "module.dev_cluster.module.eks.module.kms",
      "mode": "managed",
      "type": "aws_kms_replica_external_key",
      "name": "this",
      "provider": "module.dev_cluster.provider[\"registry.terraform.io/hashicorp/aws\"]",
      "instances": []
    },
    {
      "module": "module.dev_cluster.module.eks.module.kms",
      "mode": "managed",
      "type": "aws_kms_replica_key",
      "name": "this",
      "provider": "module.dev_cluster.provider[\"registry.terraform.io/hashicorp/aws\"]",
      "instances": []
    },
    {
      "module": "module.dev_cluster.module.vpc",
      "mode": "managed",
      "type": "aws_default_network_acl",
      "name": "this",
      "provider": "module.dev_cluster.provider[\"registry.terraform.io/hashicorp/aws\"]",
      "instances": [
        {
          "index_key": 0,
          "schema_version": 0,
          "attributes": {
            "arn": "arn:aws:ec2:ap-south-1:224264690046:network-acl/acl-0d038f6d0498ee5ab",
            "default_network_acl_id": "acl-0d038f6d0498ee5ab",
            "egress": [
              {
                "action": "allow",
                "cidr_block": "",
                "from_port": 0,
                "icmp_code": null,
                "icmp_type": null,
                "ipv6_cidr_block": "::/0",
                "protocol": "-1",
                "rule_no": 101,
                "to_port": 0
              },
              {
                "action": "allow",
                "cidr_block": "0.0.0.0/0",
                "from_port": 0,
                "icmp_code": null,
                "icmp_type": null,
                "ipv6_cidr_block": "",
                "protocol": "-1",
                "rule_no": 100,
                "to_port": 0
              }
            ],
            "id": "acl-0d038f6d0498ee5ab",
            "ingress": [
              {
                "action": "allow",
                "cidr_block": "",
                "from_port": 0,
                "icmp_code": null,
                "icmp_type": null,
                "ipv6_cidr_block": "::/0",
                "protocol": "-1",
                "rule_no": 101,
                "to_port": 0
              },
              {
                "action": "allow",
                "cidr_block": "0.0.0.0/0",
                "from_port": 0,
                "icmp_code": null,
                "icmp_type": null,
                "ipv6_cidr_block": "",
                "protocol": "-1",
                "rule_no": 100,
                "to_port": 0
              }
            ],
            "owner_id": "224264690046",
            "subnet_ids": null,
            "tags": {
              "Name": "k8s-dev-vpc-default"
            },
            "tags_all": {
              "Name": "k8s-dev-vpc-default"
            },
            "vpc_id": "vpc-0ef5d7539895d0bd8"
          },
          "sensitive_attributes": [],
          "private": "bnVsbA==",
          "dependencies": [
            "module.dev_cluster.module.vpc.aws_vpc.this"
          ]
        }
      ]
    },
    {
      "module": "module.dev_cluster.module.vpc",
      "mode": "managed",
      "type": "aws_default_route_table",
      "name": "default",
      "provider": "module.dev_cluster.provider[\"registry.terraform.io/hashicorp/aws\"]",
      "instances": [
        {
          "index_key": 0,
          "schema_version": 0,
          "attributes": {
            "arn": "arn:aws:ec2:ap-south-1:224264690046:route-table/rtb-0cd6eb1b90cd2806e",
            "default_route_table_id": "rtb-0cd6eb1b90cd2806e",
            "id": "rtb-0cd6eb1b90cd2806e",
            "owner_id": "224264690046",
            "propagating_vgws": null,
            "route": [],
            "tags": {
              "Name": "k8s-dev-vpc-default"
            },
            "tags_all": {
              "Name": "k8s-dev-vpc-default"
            },
            "timeouts": {
              "create": "5m",
              "update": "5m"
            },
            "vpc_id": "vpc-0ef5d7539895d0bd8"
          },
          "sensitive_attributes": [],
          "private": "eyJlMmJmYjczMC1lY2FhLTExZTYtOGY4OC0zNDM2M2JjN2M0YzAiOnsiY3JlYXRlIjozMDAwMDAwMDAwMDAsInVwZGF0ZSI6MzAwMDAwMDAwMDAwfX0=",
          "dependencies": [
            "module.dev_cluster.module.vpc.aws_vpc.this"
          ]
        }
      ]
    },
    {
      "module": "module.dev_cluster.module.vpc",
      "mode": "managed",
      "type": "aws_default_security_group",
      "name": "this",
      "provider": "module.dev_cluster.provider[\"registry.terraform.io/hashicorp/aws\"]",
      "instances": [
        {
          "index_key": 0,
          "schema_version": 1,
          "attributes": {
            "arn": "arn:aws:ec2:ap-south-1:224264690046:security-group/sg-024fad1edbcd094b8",
            "description": "default VPC security group",
            "egress": [],
            "id": "sg-024fad1edbcd094b8",
            "ingress": [],
            "name": "default",
            "name_prefix": "",
            "owner_id": "224264690046",
            "revoke_rules_on_delete": false,
            "tags": {
              "Name": "k8s-dev-vpc-default"
            },
            "tags_all": {
              "Name": "k8s-dev-vpc-default"
            },
            "vpc_id": "vpc-0ef5d7539895d0bd8"
          },
          "sensitive_attributes": [],
          "private": "eyJzY2hlbWFfdmVyc2lvbiI6IjEifQ==",
          "dependencies": [
            "module.dev_cluster.module.vpc.aws_vpc.this"
          ]
        }
      ]
    },
    {
      "module": "module.dev_cluster.module.vpc",
      "mode": "managed",
      "type": "aws_eip",
      "name": "nat",
      "provider": "module.dev_cluster.provider[\"registry.terraform.io/hashicorp/aws\"]",
      "instances": [
        {
          "index_key": 0,
          "schema_version": 0,
          "attributes": {
            "address": null,
            "allocation_id": "eipalloc-0d6d6395fef4e787f",
            "arn": "arn:aws:ec2:ap-south-1:224264690046:elastic-ip/eipalloc-0d6d6395fef4e787f",
            "associate_with_private_ip": null,
            "association_id": "",
            "carrier_ip": "",
            "customer_owned_ip": "",
            "customer_owned_ipv4_pool": "",
            "domain": "vpc",
            "id": "eipalloc-0d6d6395fef4e787f",
            "instance": "",
            "ipam_pool_id": null,
            "network_border_group": "ap-south-1",
            "network_interface": "",
            "private_dns": null,
            "private_ip": "",
            "ptr_record": "",
            "public_dns": "ec2-13-203-61-6.ap-south-1.compute.amazonaws.com",
            "public_ip": "13.203.61.6",
            "public_ipv4_pool": "amazon",
            "tags": {
              "Name": "k8s-dev-vpc-ap-south-1a"
            },
            "tags_all": {
              "Name": "k8s-dev-vpc-ap-south-1a"
            },
            "timeouts": null,
            "vpc": true
          },
          "sensitive_attributes": [],
          "private": "eyJlMmJmYjczMC1lY2FhLTExZTYtOGY4OC0zNDM2M2JjN2M0YzAiOnsiZGVsZXRlIjoxODAwMDAwMDAwMDAsInJlYWQiOjkwMDAwMDAwMDAwMCwidXBkYXRlIjozMDAwMDAwMDAwMDB9fQ==",
          "dependencies": [
            "module.dev_cluster.data.aws_availability_zones.available",
            "module.dev_cluster.module.vpc.aws_internet_gateway.this",
            "module.dev_cluster.module.vpc.aws_vpc.this",
            "module.dev_cluster.module.vpc.aws_vpc_ipv4_cidr_block_association.this"
          ]
        }
      ]
    },
    {
      "module": "module.dev_cluster.module.vpc",
      "mode": "managed",
      "type": "aws_internet_gateway",
      "name": "this",
      "provider": "module.dev_cluster.provider[\"registry.terraform.io/hashicorp/aws\"]",
      "instances": [
        {
          "index_key": 0,
          "schema_version": 0,
          "attributes": {
            "arn": "arn:aws:ec2:ap-south-1:224264690046:internet-gateway/igw-088146f653fb46c62",
            "id": "igw-088146f653fb46c62",
            "owner_id": "224264690046",
            "tags": {
              "Name": "k8s-dev-vpc"
            },
            "tags_all": {
              "Name": "k8s-dev-vpc"
            },
            "timeouts": null,
            "vpc_id": "vpc-0ef5d7539895d0bd8"
          },
          "sensitive_attributes": [],
          "private": "eyJlMmJmYjczMC1lY2FhLTExZTYtOGY4OC0zNDM2M2JjN2M0YzAiOnsiY3JlYXRlIjoxMjAwMDAwMDAwMDAwLCJkZWxldGUiOjEyMDAwMDAwMDAwMDAsInVwZGF0ZSI6MTIwMDAwMDAwMDAwMH19",
          "dependencies": [
            "module.dev_cluster.module.vpc.aws_vpc.this",
            "module.dev_cluster.module.vpc.aws_vpc_ipv4_cidr_block_association.this"
          ]
        }
      ]
    },
    {
      "module": "module.dev_cluster.module.vpc",
      "mode": "managed",
      "type": "aws_nat_gateway",
      "name": "this",
      "provider": "module.dev_cluster.provider[\"registry.terraform.io/hashicorp/aws\"]",
      "instances": [
        {
          "index_key": 0,
          "schema_version": 0,
          "attributes": {
            "allocation_id": "eipalloc-0d6d6395fef4e787f",
            "association_id": "eipassoc-01c07c22505e5355a",
            "connectivity_type": "public",
            "id": "nat-05cbeebb93a738954",
            "network_interface_id": "eni-0533f62fa961ac124",
            "private_ip": "172.16.4.219",
            "public_ip": "13.203.61.6",
            "secondary_allocation_ids": null,
            "secondary_private_ip_address_count": 0,
            "secondary_private_ip_addresses": [],
            "subnet_id": "subnet-0477d6c82b815633f",
            "tags": {
              "Name": "k8s-dev-vpc-ap-south-1a"
            },
            "tags_all": {
              "Name": "k8s-dev-vpc-ap-south-1a"
            },
            "timeouts": null
          },
          "sensitive_attributes": [],
          "private": "eyJlMmJmYjczMC1lY2FhLTExZTYtOGY4OC0zNDM2M2JjN2M0YzAiOnsiY3JlYXRlIjo2MDAwMDAwMDAwMDAsImRlbGV0ZSI6MTgwMDAwMDAwMDAwMCwidXBkYXRlIjo2MDAwMDAwMDAwMDB9fQ==",
          "dependencies": [
            "module.dev_cluster.data.aws_availability_zones.available",
            "module.dev_cluster.module.vpc.aws_eip.nat",
            "module.dev_cluster.module.vpc.aws_internet_gateway.this",
            "module.dev_cluster.module.vpc.aws_subnet.public",
            "module.dev_cluster.module.vpc.aws_vpc.this",
            "module.dev_cluster.module.vpc.aws_vpc_ipv4_cidr_block_association.this"
          ]
        }
      ]
    },
    {
      "module": "module.dev_cluster.module.vpc",
      "mode": "managed",
      "type": "aws_route",
      "name": "private_nat_gateway",
      "provider": "module.dev_cluster.provider[\"registry.terraform.io/hashicorp/aws\"]",
      "instances": [
        {
          "index_key": 0,
          "schema_version": 0,
          "attributes": {
            "carrier_gateway_id": "",
            "core_network_arn": "",
            "destination_cidr_block": "0.0.0.0/0",
            "destination_ipv6_cidr_block": "",
            "destination_prefix_list_id": "",
            "egress_only_gateway_id": "",
            "gateway_id": "",
            "id": "r-rtb-04906e2ca3a5a93731080289494",
            "instance_id": "",
            "instance_owner_id": "",
            "local_gateway_id": "",
            "nat_gateway_id": "nat-05cbeebb93a738954",
            "network_interface_id": "",
            "origin": "CreateRoute",
            "route_table_id": "rtb-04906e2ca3a5a9373",
            "state": "active",
            "timeouts": {
              "create": "5m",
              "delete": null,
              "update": null
            },
            "transit_gateway_id": "",
            "vpc_endpoint_id": "",
            "vpc_peering_connection_id": ""
          },
          "sensitive_attributes": [],
          "private": "eyJlMmJmYjczMC1lY2FhLTExZTYtOGY4OC0zNDM2M2JjN2M0YzAiOnsiY3JlYXRlIjozMDAwMDAwMDAwMDAsImRlbGV0ZSI6MzAwMDAwMDAwMDAwLCJ1cGRhdGUiOjEyMDAwMDAwMDAwMH19",
          "dependencies": [
            "module.dev_cluster.data.aws_availability_zones.available",
            "module.dev_cluster.module.vpc.aws_eip.nat",
            "module.dev_cluster.module.vpc.aws_internet_gateway.this",
            "module.dev_cluster.module.vpc.aws_nat_gateway.this",
            "module.dev_cluster.module.vpc.aws_route_table.private",
            "module.dev_cluster.module.vpc.aws_subnet.public",
            "module.dev_cluster.module.vpc.aws_vpc.this",
            "module.dev_cluster.module.vpc.aws_vpc_ipv4_cidr_block_association.this"
          ]
        }
      ]
    },
    {
      "module": "module.dev_cluster.module.vpc",
      "mode": "managed",
      "type": "aws_route",
      "name": "public_internet_gateway",
      "provider": "module.dev_cluster.provider[\"registry.terraform.io/hashicorp/aws\"]",
      "instances": [
        {
          "index_key": 0,
          "schema_version": 0,
          "attributes": {
            "carrier_gateway_id": "",
            "core_network_arn": "",
            "destination_cidr_block": "0.0.0.0/0",
            "destination_ipv6_cidr_block": "",
            "destination_prefix_list_id": "",
            "egress_only_gateway_id": "",
            "gateway_id": "igw-088146f653fb46c62",
            "id": "r-rtb-0ab91c9f1a605cb651080289494",
            "instance_id": "",
            "instance_owner_id": "",
            "local_gateway_id": "",
            "nat_gateway_id": "",
            "network_interface_id": "",
            "origin": "CreateRoute",
            "route_table_id": "rtb-0ab91c9f1a605cb65",
            "state": "active",
            "timeouts": {
              "create": "5m",
              "delete": null,
              "update": null
            },
            "transit_gateway_id": "",
            "vpc_endpoint_id": "",
            "vpc_peering_connection_id": ""
          },
          "sensitive_attributes": [],
          "private": "eyJlMmJmYjczMC1lY2FhLTExZTYtOGY4OC0zNDM2M2JjN2M0YzAiOnsiY3JlYXRlIjozMDAwMDAwMDAwMDAsImRlbGV0ZSI6MzAwMDAwMDAwMDAwLCJ1cGRhdGUiOjEyMDAwMDAwMDAwMH19",
          "dependencies": [
            "module.dev_cluster.data.aws_availability_zones.available",
            "module.dev_cluster.module.vpc.aws_internet_gateway.this",
            "module.dev_cluster.module.vpc.aws_route_table.public",
            "module.dev_cluster.module.vpc.aws_vpc.this",
            "module.dev_cluster.module.vpc.aws_vpc_ipv4_cidr_block_association.this"
          ]
        }
      ]
    },
    {
      "module": "module.dev_cluster.module.vpc",
      "mode": "managed",
      "type": "aws_route_table",
      "name": "private",
      "provider": "module.dev_cluster.provider[\"registry.terraform.io/hashicorp/aws\"]",
      "instances": [
        {
          "index_key": 0,
          "schema_version": 0,
          "attributes": {
            "arn": "arn:aws:ec2:ap-south-1:224264690046:route-table/rtb-04906e2ca3a5a9373",
            "id": "rtb-04906e2ca3a5a9373",
            "owner_id": "224264690046",
            "propagating_vgws": [],
            "route": [],
            "tags": {
              "Name": "k8s-dev-vpc-private"
            },
            "tags_all": {
              "Name": "k8s-dev-vpc-private"
            },
            "timeouts": null,
            "vpc_id": "vpc-0ef5d7539895d0bd8"
          },
          "sensitive_attributes": [],
          "private": "eyJlMmJmYjczMC1lY2FhLTExZTYtOGY4OC0zNDM2M2JjN2M0YzAiOnsiY3JlYXRlIjozMDAwMDAwMDAwMDAsImRlbGV0ZSI6MzAwMDAwMDAwMDAwLCJ1cGRhdGUiOjEyMDAwMDAwMDAwMH19",
          "dependencies": [
            "module.dev_cluster.data.aws_availability_zones.available",
            "module.dev_cluster.module.vpc.aws_vpc.this",
            "module.dev_cluster.module.vpc.aws_vpc_ipv4_cidr_block_association.this"
          ]
        }
      ]
    },
    {
      "module": "module.dev_cluster.module.vpc",
      "mode": "managed",
      "type": "aws_route_table",
      "name": "public",
      "provider": "module.dev_cluster.provider[\"registry.terraform.io/hashicorp/aws\"]",
      "instances": [
        {
          "index_key": 0,
          "schema_version": 0,
          "attributes": {
            "arn": "arn:aws:ec2:ap-south-1:224264690046:route-table/rtb-0ab91c9f1a605cb65",
            "id": "rtb-0ab91c9f1a605cb65",
            "owner_id": "224264690046",
            "propagating_vgws": [],
            "route": [],
            "tags": {
              "Name": "k8s-dev-vpc-public"
            },
            "tags_all": {
              "Name": "k8s-dev-vpc-public"
            },
            "timeouts": null,
            "vpc_id": "vpc-0ef5d7539895d0bd8"
          },
          "sensitive_attributes": [],
          "private": "eyJlMmJmYjczMC1lY2FhLTExZTYtOGY4OC0zNDM2M2JjN2M0YzAiOnsiY3JlYXRlIjozMDAwMDAwMDAwMDAsImRlbGV0ZSI6MzAwMDAwMDAwMDAwLCJ1cGRhdGUiOjEyMDAwMDAwMDAwMH19",
          "dependencies": [
            "module.dev_cluster.data.aws_availability_zones.available",
            "module.dev_cluster.module.vpc.aws_vpc.this",
            "module.dev_cluster.module.vpc.aws_vpc_ipv4_cidr_block_association.this"
          ]
        }
      ]
    },
    {
      "module": "module.dev_cluster.module.vpc",
      "mode": "managed",
      "type": "aws_route_table_association",
      "name": "private",
      "provider": "module.dev_cluster.provider[\"registry.terraform.io/hashicorp/aws\"]",
      "instances": [
        {
          "index_key": 0,
          "schema_version": 0,
          "attributes": {
            "gateway_id": "",
            "id": "rtbassoc-0dbfe65082b5674d5",
            "route_table_id": "rtb-04906e2ca3a5a9373",
            "subnet_id": "subnet-018be8302135ace58",
            "timeouts": null
          },
          "sensitive_attributes": [],
          "private": "eyJlMmJmYjczMC1lY2FhLTExZTYtOGY4OC0zNDM2M2JjN2M0YzAiOnsiY3JlYXRlIjozMDAwMDAwMDAwMDAsImRlbGV0ZSI6MzAwMDAwMDAwMDAwLCJ1cGRhdGUiOjEyMDAwMDAwMDAwMH19",
          "dependencies": [
            "module.dev_cluster.data.aws_availability_zones.available",
            "module.dev_cluster.module.vpc.aws_route_table.private",
            "module.dev_cluster.module.vpc.aws_subnet.private",
            "module.dev_cluster.module.vpc.aws_vpc.this",
            "module.dev_cluster.module.vpc.aws_vpc_ipv4_cidr_block_association.this"
          ]
        },
        {
          "index_key": 1,
          "schema_version": 0,
          "attributes": {
            "gateway_id": "",
            "id": "rtbassoc-09dd92f62cfdc94c0",
            "route_table_id": "rtb-04906e2ca3a5a9373",
            "subnet_id": "subnet-008f7408a2d0473c7",
            "timeouts": null
          },
          "sensitive_attributes": [],
          "private": "eyJlMmJmYjczMC1lY2FhLTExZTYtOGY4OC0zNDM2M2JjN2M0YzAiOnsiY3JlYXRlIjozMDAwMDAwMDAwMDAsImRlbGV0ZSI6MzAwMDAwMDAwMDAwLCJ1cGRhdGUiOjEyMDAwMDAwMDAwMH19",
          "dependencies": [
            "module.dev_cluster.data.aws_availability_zones.available",
            "module.dev_cluster.module.vpc.aws_route_table.private",
            "module.dev_cluster.module.vpc.aws_subnet.private",
            "module.dev_cluster.module.vpc.aws_vpc.this",
            "module.dev_cluster.module.vpc.aws_vpc_ipv4_cidr_block_association.this"
          ]
        },
        {
          "index_key": 2,
          "schema_version": 0,
          "attributes": {
            "gateway_id": "",
            "id": "rtbassoc-0a28885920878c4a3",
            "route_table_id": "rtb-04906e2ca3a5a9373",
            "subnet_id": "subnet-06c2c53f9df982bd2",
            "timeouts": null
          },
          "sensitive_attributes": [],
          "private": "eyJlMmJmYjczMC1lY2FhLTExZTYtOGY4OC0zNDM2M2JjN2M0YzAiOnsiY3JlYXRlIjozMDAwMDAwMDAwMDAsImRlbGV0ZSI6MzAwMDAwMDAwMDAwLCJ1cGRhdGUiOjEyMDAwMDAwMDAwMH19",
          "dependencies": [
            "module.dev_cluster.data.aws_availability_zones.available",
            "module.dev_cluster.module.vpc.aws_route_table.private",
            "module.dev_cluster.module.vpc.aws_subnet.private",
            "module.dev_cluster.module.vpc.aws_vpc.this",
            "module.dev_cluster.module.vpc.aws_vpc_ipv4_cidr_block_association.this"
          ]
        }
      ]
    },
    {
      "module": "module.dev_cluster.module.vpc",
      "mode": "managed",
      "type": "aws_route_table_association",
      "name": "public",
      "provider": "module.dev_cluster.provider[\"registry.terraform.io/hashicorp/aws\"]",
      "instances": [
        {
          "index_key": 0,
          "schema_version": 0,
          "attributes": {
            "gateway_id": "",
            "id": "rtbassoc-005a48466e18773a4",
            "route_table_id": "rtb-0ab91c9f1a605cb65",
            "subnet_id": "subnet-0477d6c82b815633f",
            "timeouts": null
          },
          "sensitive_attributes": [],
          "private": "eyJlMmJmYjczMC1lY2FhLTExZTYtOGY4OC0zNDM2M2JjN2M0YzAiOnsiY3JlYXRlIjozMDAwMDAwMDAwMDAsImRlbGV0ZSI6MzAwMDAwMDAwMDAwLCJ1cGRhdGUiOjEyMDAwMDAwMDAwMH19",
          "dependencies": [
            "module.dev_cluster.data.aws_availability_zones.available",
            "module.dev_cluster.module.vpc.aws_route_table.public",
            "module.dev_cluster.module.vpc.aws_subnet.public",
            "module.dev_cluster.module.vpc.aws_vpc.this",
            "module.dev_cluster.module.vpc.aws_vpc_ipv4_cidr_block_association.this"
          ]
        },
        {
          "index_key": 1,
          "schema_version": 0,
          "attributes": {
            "gateway_id": "",
            "id": "rtbassoc-0d4fd6236a7c6ab92",
            "route_table_id": "rtb-0ab91c9f1a605cb65",
            "subnet_id": "subnet-0a2f8be1aff58e297",
            "timeouts": null
          },
          "sensitive_attributes": [],
          "private": "eyJlMmJmYjczMC1lY2FhLTExZTYtOGY4OC0zNDM2M2JjN2M0YzAiOnsiY3JlYXRlIjozMDAwMDAwMDAwMDAsImRlbGV0ZSI6MzAwMDAwMDAwMDAwLCJ1cGRhdGUiOjEyMDAwMDAwMDAwMH19",
          "dependencies": [
            "module.dev_cluster.data.aws_availability_zones.available",
            "module.dev_cluster.module.vpc.aws_route_table.public",
            "module.dev_cluster.module.vpc.aws_subnet.public",
            "module.dev_cluster.module.vpc.aws_vpc.this",
            "module.dev_cluster.module.vpc.aws_vpc_ipv4_cidr_block_association.this"
          ]
        },
        {
          "index_key": 2,
          "schema_version": 0,
          "attributes": {
            "gateway_id": "",
            "id": "rtbassoc-085df80c6084f821f",
            "route_table_id": "rtb-0ab91c9f1a605cb65",
            "subnet_id": "subnet-01c56260bf8784ce1",
            "timeouts": null
          },
          "sensitive_attributes": [],
          "private": "eyJlMmJmYjczMC1lY2FhLTExZTYtOGY4OC0zNDM2M2JjN2M0YzAiOnsiY3JlYXRlIjozMDAwMDAwMDAwMDAsImRlbGV0ZSI6MzAwMDAwMDAwMDAwLCJ1cGRhdGUiOjEyMDAwMDAwMDAwMH19",
          "dependencies": [
            "module.dev_cluster.data.aws_availability_zones.available",
            "module.dev_cluster.module.vpc.aws_route_table.public",
            "module.dev_cluster.module.vpc.aws_subnet.public",
            "module.dev_cluster.module.vpc.aws_vpc.this",
            "module.dev_cluster.module.vpc.aws_vpc_ipv4_cidr_block_association.this"
          ]
        }
      ]
    },
    {
      "module": "module.dev_cluster.module.vpc",
      "mode": "managed",
      "type": "aws_subnet",
      "name": "private",
      "provider": "module.dev_cluster.provider[\"registry.terraform.io/hashicorp/aws\"]",
      "instances": [
        {
          "index_key": 0,
          "schema_version": 1,
          "attributes": {
            "arn": "arn:aws:ec2:ap-south-1:224264690046:subnet/subnet-018be8302135ace58",
            "assign_ipv6_address_on_creation": false,
            "availability_zone": "ap-south-1a",
            "availability_zone_id": "aps1-az1",
            "cidr_block": "172.16.1.0/24",
            "customer_owned_ipv4_pool": "",
            "enable_dns64": false,
            "enable_lni_at_device_index": 0,
            "enable_resource_name_dns_a_record_on_launch": false,
            "enable_resource_name_dns_aaaa_record_on_launch": false,
            "id": "subnet-018be8302135ace58",
            "ipv6_cidr_block": "",
            "ipv6_cidr_block_association_id": "",
            "ipv6_native": false,
            "map_customer_owned_ip_on_launch": false,
            "map_public_ip_on_launch": false,
            "outpost_arn": "",
            "owner_id": "224264690046",
            "private_dns_hostname_type_on_launch": "ip-name",
            "tags": {
              "Name": "k8s-dev-vpc-private-ap-south-1a"
            },
            "tags_all": {
              "Name": "k8s-dev-vpc-private-ap-south-1a"
            },
            "timeouts": null,
            "vpc_id": "vpc-0ef5d7539895d0bd8"
          },
          "sensitive_attributes": [],
          "private": "eyJlMmJmYjczMC1lY2FhLTExZTYtOGY4OC0zNDM2M2JjN2M0YzAiOnsiY3JlYXRlIjo2MDAwMDAwMDAwMDAsImRlbGV0ZSI6MTIwMDAwMDAwMDAwMH0sInNjaGVtYV92ZXJzaW9uIjoiMSJ9",
          "dependencies": [
            "module.dev_cluster.data.aws_availability_zones.available",
            "module.dev_cluster.module.vpc.aws_vpc.this",
            "module.dev_cluster.module.vpc.aws_vpc_ipv4_cidr_block_association.this"
          ],
          "create_before_destroy": true
        },
        {
          "index_key": 1,
          "schema_version": 1,
          "attributes": {
            "arn": "arn:aws:ec2:ap-south-1:224264690046:subnet/subnet-008f7408a2d0473c7",
            "assign_ipv6_address_on_creation": false,
            "availability_zone": "ap-south-1b",
            "availability_zone_id": "aps1-az3",
            "cidr_block": "172.16.2.0/24",
            "customer_owned_ipv4_pool": "",
            "enable_dns64": false,
            "enable_lni_at_device_index": 0,
            "enable_resource_name_dns_a_record_on_launch": false,
            "enable_resource_name_dns_aaaa_record_on_launch": false,
            "id": "subnet-008f7408a2d0473c7",
            "ipv6_cidr_block": "",
            "ipv6_cidr_block_association_id": "",
            "ipv6_native": false,
            "map_customer_owned_ip_on_launch": false,
            "map_public_ip_on_launch": false,
            "outpost_arn": "",
            "owner_id": "224264690046",
            "private_dns_hostname_type_on_launch": "ip-name",
            "tags": {
              "Name": "k8s-dev-vpc-private-ap-south-1b"
            },
            "tags_all": {
              "Name": "k8s-dev-vpc-private-ap-south-1b"
            },
            "timeouts": null,
            "vpc_id": "vpc-0ef5d7539895d0bd8"
          },
          "sensitive_attributes": [],
          "private": "eyJlMmJmYjczMC1lY2FhLTExZTYtOGY4OC0zNDM2M2JjN2M0YzAiOnsiY3JlYXRlIjo2MDAwMDAwMDAwMDAsImRlbGV0ZSI6MTIwMDAwMDAwMDAwMH0sInNjaGVtYV92ZXJzaW9uIjoiMSJ9",
          "dependencies": [
            "module.dev_cluster.data.aws_availability_zones.available",
            "module.dev_cluster.module.vpc.aws_vpc.this",
            "module.dev_cluster.module.vpc.aws_vpc_ipv4_cidr_block_association.this"
          ],
          "create_before_destroy": true
        },
        {
          "index_key": 2,
          "schema_version": 1,
          "attributes": {
            "arn": "arn:aws:ec2:ap-south-1:224264690046:subnet/subnet-06c2c53f9df982bd2",
            "assign_ipv6_address_on_creation": false,
            "availability_zone": "ap-south-1c",
            "availability_zone_id": "aps1-az2",
            "cidr_block": "172.16.3.0/24",
            "customer_owned_ipv4_pool": "",
            "enable_dns64": false,
            "enable_lni_at_device_index": 0,
            "enable_resource_name_dns_a_record_on_launch": false,
            "enable_resource_name_dns_aaaa_record_on_launch": false,
            "id": "subnet-06c2c53f9df982bd2",
            "ipv6_cidr_block": "",
            "ipv6_cidr_block_association_id": "",
            "ipv6_native": false,
            "map_customer_owned_ip_on_launch": false,
            "map_public_ip_on_launch": false,
            "outpost_arn": "",
            "owner_id": "224264690046",
            "private_dns_hostname_type_on_launch": "ip-name",
            "tags": {
              "Name": "k8s-dev-vpc-private-ap-south-1c"
            },
            "tags_all": {
              "Name": "k8s-dev-vpc-private-ap-south-1c"
            },
            "timeouts": null,
            "vpc_id": "vpc-0ef5d7539895d0bd8"
          },
          "sensitive_attributes": [],
          "private": "eyJlMmJmYjczMC1lY2FhLTExZTYtOGY4OC0zNDM2M2JjN2M0YzAiOnsiY3JlYXRlIjo2MDAwMDAwMDAwMDAsImRlbGV0ZSI6MTIwMDAwMDAwMDAwMH0sInNjaGVtYV92ZXJzaW9uIjoiMSJ9",
          "dependencies": [
            "module.dev_cluster.data.aws_availability_zones.available",
            "module.dev_cluster.module.vpc.aws_vpc.this",
            "module.dev_cluster.module.vpc.aws_vpc_ipv4_cidr_block_association.this"
          ],
          "create_before_destroy": true
        }
      ]
    },
    {
      "module": "module.dev_cluster.module.vpc",
      "mode": "managed",
      "type": "aws_subnet",
      "name": "public",
      "provider": "module.dev_cluster.provider[\"registry.terraform.io/hashicorp/aws\"]",
      "instances": [
        {
          "index_key": 0,
          "schema_version": 1,
          "attributes": {
            "arn": "arn:aws:ec2:ap-south-1:224264690046:subnet/subnet-0477d6c82b815633f",
            "assign_ipv6_address_on_creation": false,
            "availability_zone": "ap-south-1a",
            "availability_zone_id": "aps1-az1",
            "cidr_block": "172.16.4.0/24",
            "customer_owned_ipv4_pool": "",
            "enable_dns64": false,
            "enable_lni_at_device_index": 0,
            "enable_resource_name_dns_a_record_on_launch": false,
            "enable_resource_name_dns_aaaa_record_on_launch": false,
            "id": "subnet-0477d6c82b815633f",
            "ipv6_cidr_block": "",
            "ipv6_cidr_block_association_id": "",
            "ipv6_native": false,
            "map_customer_owned_ip_on_launch": false,
            "map_public_ip_on_launch": false,
            "outpost_arn": "",
            "owner_id": "224264690046",
            "private_dns_hostname_type_on_launch": "ip-name",
            "tags": {
              "Name": "k8s-dev-vpc-public-ap-south-1a",
              "kubernetes.io/cluster/learnk8s": "shared",
              "kuebernetes.io/role/elb": "1"
            },
            "tags_all": {
              "Name": "k8s-dev-vpc-public-ap-south-1a",
              "kubernetes.io/cluster/learnk8s": "shared",
              "kuebernetes.io/role/elb": "1"
            },
            "timeouts": null,
            "vpc_id": "vpc-0ef5d7539895d0bd8"
          },
          "sensitive_attributes": [],
          "private": "eyJlMmJmYjczMC1lY2FhLTExZTYtOGY4OC0zNDM2M2JjN2M0YzAiOnsiY3JlYXRlIjo2MDAwMDAwMDAwMDAsImRlbGV0ZSI6MTIwMDAwMDAwMDAwMH0sInNjaGVtYV92ZXJzaW9uIjoiMSJ9",
          "dependencies": [
            "module.dev_cluster.data.aws_availability_zones.available",
            "module.dev_cluster.module.vpc.aws_vpc.this",
            "module.dev_cluster.module.vpc.aws_vpc_ipv4_cidr_block_association.this"
          ]
        },
        {
          "index_key": 1,
          "schema_version": 1,
          "attributes": {
            "arn": "arn:aws:ec2:ap-south-1:224264690046:subnet/subnet-0a2f8be1aff58e297",
            "assign_ipv6_address_on_creation": false,
            "availability_zone": "ap-south-1b",
            "availability_zone_id": "aps1-az3",
            "cidr_block": "172.16.5.0/24",
            "customer_owned_ipv4_pool": "",
            "enable_dns64": false,
            "enable_lni_at_device_index": 0,
            "enable_resource_name_dns_a_record_on_launch": false,
            "enable_resource_name_dns_aaaa_record_on_launch": false,
            "id": "subnet-0a2f8be1aff58e297",
            "ipv6_cidr_block": "",
            "ipv6_cidr_block_association_id": "",
            "ipv6_native": false,
            "map_customer_owned_ip_on_launch": false,
            "map_public_ip_on_launch": false,
            "outpost_arn": "",
            "owner_id": "224264690046",
            "private_dns_hostname_type_on_launch": "ip-name",
            "tags": {
              "Name": "k8s-dev-vpc-public-ap-south-1b",
              "kubernetes.io/cluster/learnk8s": "shared",
              "kuebernetes.io/role/elb": "1"
            },
            "tags_all": {
              "Name": "k8s-dev-vpc-public-ap-south-1b",
              "kubernetes.io/cluster/learnk8s": "shared",
              "kuebernetes.io/role/elb": "1"
            },
            "timeouts": null,
            "vpc_id": "vpc-0ef5d7539895d0bd8"
          },
          "sensitive_attributes": [],
          "private": "eyJlMmJmYjczMC1lY2FhLTExZTYtOGY4OC0zNDM2M2JjN2M0YzAiOnsiY3JlYXRlIjo2MDAwMDAwMDAwMDAsImRlbGV0ZSI6MTIwMDAwMDAwMDAwMH0sInNjaGVtYV92ZXJzaW9uIjoiMSJ9",
          "dependencies": [
            "module.dev_cluster.data.aws_availability_zones.available",
            "module.dev_cluster.module.vpc.aws_vpc.this",
            "module.dev_cluster.module.vpc.aws_vpc_ipv4_cidr_block_association.this"
          ]
        },
        {
          "index_key": 2,
          "schema_version": 1,
          "attributes": {
            "arn": "arn:aws:ec2:ap-south-1:224264690046:subnet/subnet-01c56260bf8784ce1",
            "assign_ipv6_address_on_creation": false,
            "availability_zone": "ap-south-1c",
            "availability_zone_id": "aps1-az2",
            "cidr_block": "172.16.6.0/24",
            "customer_owned_ipv4_pool": "",
            "enable_dns64": false,
            "enable_lni_at_device_index": 0,
            "enable_resource_name_dns_a_record_on_launch": false,
            "enable_resource_name_dns_aaaa_record_on_launch": false,
            "id": "subnet-01c56260bf8784ce1",
            "ipv6_cidr_block": "",
            "ipv6_cidr_block_association_id": "",
            "ipv6_native": false,
            "map_customer_owned_ip_on_launch": false,
            "map_public_ip_on_launch": false,
            "outpost_arn": "",
            "owner_id": "224264690046",
            "private_dns_hostname_type_on_launch": "ip-name",
            "tags": {
              "Name": "k8s-dev-vpc-public-ap-south-1c",
              "kubernetes.io/cluster/learnk8s": "shared",
              "kuebernetes.io/role/elb": "1"
            },
            "tags_all": {
              "Name": "k8s-dev-vpc-public-ap-south-1c",
              "kubernetes.io/cluster/learnk8s": "shared",
              "kuebernetes.io/role/elb": "1"
            },
            "timeouts": null,
            "vpc_id": "vpc-0ef5d7539895d0bd8"
          },
          "sensitive_attributes": [],
          "private": "eyJlMmJmYjczMC1lY2FhLTExZTYtOGY4OC0zNDM2M2JjN2M0YzAiOnsiY3JlYXRlIjo2MDAwMDAwMDAwMDAsImRlbGV0ZSI6MTIwMDAwMDAwMDAwMH0sInNjaGVtYV92ZXJzaW9uIjoiMSJ9",
          "dependencies": [
            "module.dev_cluster.data.aws_availability_zones.available",
            "module.dev_cluster.module.vpc.aws_vpc.this",
            "module.dev_cluster.module.vpc.aws_vpc_ipv4_cidr_block_association.this"
          ]
        }
      ]
    },
    {
      "module": "module.dev_cluster.module.vpc",
      "mode": "managed",
      "type": "aws_vpc",
      "name": "this",
      "provider": "module.dev_cluster.provider[\"registry.terraform.io/hashicorp/aws\"]",
      "instances": [
        {
          "index_key": 0,
          "schema_version": 1,
          "attributes": {
            "arn": "arn:aws:ec2:ap-south-1:224264690046:vpc/vpc-0ef5d7539895d0bd8",
            "assign_generated_ipv6_cidr_block": false,
            "cidr_block": "172.16.0.0/16",
            "default_network_acl_id": "acl-0d038f6d0498ee5ab",
            "default_route_table_id": "rtb-0cd6eb1b90cd2806e",
            "default_security_group_id": "sg-024fad1edbcd094b8",
            "dhcp_options_id": "dopt-00633f2212ba0ab88",
            "enable_dns_hostnames": true,
            "enable_dns_support": true,
            "enable_network_address_usage_metrics": false,
            "id": "vpc-0ef5d7539895d0bd8",
            "instance_tenancy": "default",
            "ipv4_ipam_pool_id": null,
            "ipv4_netmask_length": null,
            "ipv6_association_id": "",
            "ipv6_cidr_block": "",
            "ipv6_cidr_block_network_border_group": "",
            "ipv6_ipam_pool_id": "",
            "ipv6_netmask_length": 0,
            "main_route_table_id": "rtb-0cd6eb1b90cd2806e",
            "owner_id": "224264690046",
            "tags": {
              "Name": "k8s-dev-vpc"
            },
            "tags_all": {
              "Name": "k8s-dev-vpc"
            }
          },
          "sensitive_attributes": [],
          "private": "eyJzY2hlbWFfdmVyc2lvbiI6IjEifQ==",
          "create_before_destroy": true
        }
      ]
    },
    {
      "module": "module.dev_cluster.module.vpc",
      "mode": "managed",
      "type": "aws_vpc_ipv4_cidr_block_association",
      "name": "this",
      "provider": "module.dev_cluster.provider[\"registry.terraform.io/hashicorp/aws\"]",
      "instances": []
    },
    {
      "module": "module.prod_cluster",
      "mode": "data",
      "type": "aws_availability_zones",
      "name": "available",
      "provider": "module.prod_cluster.provider[\"registry.terraform.io/hashicorp/aws\"]",
      "instances": [
        {
          "schema_version": 0,
          "attributes": {
            "all_availability_zones": null,
            "exclude_names": null,
            "exclude_zone_ids": null,
            "filter": null,
            "group_names": [
              "ap-south-1"
            ],
            "id": "ap-south-1",
            "names": [
              "ap-south-1a",
              "ap-south-1b",
              "ap-south-1c"
            ],
            "state": null,
            "timeouts": null,
            "zone_ids": [
              "aps1-az1",
              "aps1-az3",
              "aps1-az2"
            ]
          },
          "sensitive_attributes": []
        }
      ]
    },
    {
      "module": "module.prod_cluster",
      "mode": "data",
      "type": "aws_eks_cluster",
      "name": "cluster",
      "provider": "module.prod_cluster.provider[\"registry.terraform.io/hashicorp/aws\"]",
      "instances": []
    },
    {
      "module": "module.prod_cluster",
      "mode": "data",
      "type": "aws_eks_cluster_auth",
      "name": "cluster",
      "provider": "module.prod_cluster.provider[\"registry.terraform.io/hashicorp/aws\"]",
      "instances": []
    },
    {
      "module": "module.prod_cluster",
      "mode": "managed",
      "type": "local_file",
      "name": "kubeconfig",
      "provider": "provider[\"registry.terraform.io/hashicorp/local\"]",
      "instances": [
        {
          "schema_version": 0,
          "attributes": {
            "content": "\"apiVersion\": \"v1\"\n\"clusters\":\n- \"cluster\":\n    \"certificate-authority-data\": \"LS0tLS1CRUdJTiBDRVJUSUZJQ0FURS0tLS0tCk1JSURCRENDQWV5Z0F3SUJBZ0lIZU8weWZwWXUrekFOQmdrcWhraUc5dzBCQVFzRkFEQVZNUk13RVFZRFZRUUQKRXdwcmRXSmxjbTVsZEdWek1CNFhEVEkwTVRFd09URTJNVGt4T0ZvWERUTTBNVEV3TnpFMk1qUXhPRm93RlRFVApNQkVHQTFVRUF4TUthM1ZpWlhKdVpYUmxjekNDQVNJd0RRWUpLb1pJaHZjTkFRRUJCUUFEZ2dFUEFEQ0NBUW9DCmdnRUJBTjhXbVhKZjFjU25yVUl2NEZpbEFxZSt5NjlLajVDdmNBbzc0bWY1QnBuT1RkcWN0d1RVS0tnUmV3ZjEKRlBPdG1hSHBMTVQ5TExjS1ZyNTVtSjJFNW5hR2NXM2lRdGM0UW9Sd3pBNkVqVUZYS3BkWEMrRmRYRG9hejB5Zgo0dmRYTHZScElBdnVzTGYrNkRDbmFCc0IwemNuZWUwb2VDK2xLKzNlL3BJdVI5WEZKZXlTTmRpSWRKbHBBWUlNCk9ubzRuK054TGt2dXpxamJpVVhVZ3dRc1cvTFFNeE43YXlTRExmQjNRUURHbG1rSE9uQlMxWEQwSEdCcXRTdFcKaDBHaFJ3bTBmM1ppNmZXZVdHWUlIOTgxUG9TM2hJOElaRFpMSzVZbHdBRmNXc0NYcnh4bmhnT3ZsYWpkVEpDZwpVVFAwcnhENUFLRlYvejUzUzBMTmhWcjJnRThDQXdFQUFhTlpNRmN3RGdZRFZSMFBBUUgvQkFRREFnS2tNQThHCkExVWRFd0VCL3dRRk1BTUJBZjh3SFFZRFZSME9CQllFRkhQdFpnWjU0bmoyLzFxN256WGJPblFDSTFqN01CVUcKQTFVZEVRUU9NQXlDQ210MVltVnlibVYwWlhNd0RRWUpLb1pJaHZjTkFRRUxCUUFEZ2dFQkFGN3pwNFRqYzZQVQpXcHUwbjJwUFBNaFUwQU5RV3lUelNvSDd2WVpyWFQwYzM1ckdDYUhxM1dPaC94U2FzamsyTWE3ZFpOU0dGTG8rCkVJd215VDhUZE5wdmZFUzZJOG1PUDhEMFJDQ29zVjF3aFEvYXVrM1VwV1poSktueUZRTFZZNzByK3BPell3MDIKVjlkNVd5dzExUERLVGo2eEdVQ3B3REZFZWdUbUNIZHNhNXI1eGFxcE1abG9xV1lCYUlWYnM0dkRYUW5YaGlNQQp1WHhCY1Zub2k1OVlsWVFGVVIwbzRoMGIxWUFnUWNKTVVJdGEyYTlqWHRUYzNIbS9TL1RhSVYyTzgwb0RwdHFCClpaZHYxbDU5TTdCT1JxZ3pEdDNxSm9QMkNuS29kT2t5SjgrN3Q3V0x4V3FIaGpMZmtzTm91MFREdzZDU0ZnR0EKK1k2U2N2MjB5QU09Ci0tLS0tRU5EIENFUlRJRklDQVRFLS0tLS0K\"\n    \"server\": \"https://72B182BB05FD88A36973D3133BDAF17B.gr7.ap-south-1.eks.amazonaws.com\"\n  \"name\": \"eks-production\"\n\"contexts\":\n- \"context\":\n    \"cluster\": \"eks-production\"\n    \"user\": \"terraform\"\n  \"name\": \"terraform\"\n\"current-context\": \"terraform\"\n\"kind\": \"Config\"\n\"users\":\n- \"name\": \"terraform\"\n  \"user\":\n    \"token\": \"k8s-aws-v1.aHR0cHM6Ly9zdHMuYXAtc291dGgtMS5hbWF6b25hd3MuY29tLz9BY3Rpb249R2V0Q2FsbGVySWRlbnRpdHkmVmVyc2lvbj0yMDExLTA2LTE1JlgtQW16LUFsZ29yaXRobT1BV1M0LUhNQUMtU0hBMjU2JlgtQW16LUNyZWRlbnRpYWw9QUtJQVRJTlpYVEY3RlRHWklVVkclMkYyMDI0MTEwOSUyRmFwLXNvdXRoLTElMkZzdHMlMkZhd3M0X3JlcXVlc3QmWC1BbXotRGF0ZT0yMDI0MTEwOVQxNjM0MTJaJlgtQW16LUV4cGlyZXM9MCZYLUFtei1TaWduZWRIZWFkZXJzPWhvc3QlM0J4LWs4cy1hd3MtaWQmWC1BbXotU2lnbmF0dXJlPWY3M2YwOWZjMGI1Njc3NzU5NTRlYjgzM2I5ZGE5MTU3YmFhMGVkYTI1ZDMxMTJhZTUyN2QwZGFmZWEzNTZhNDc\"\n",
            "content_base64": null,
            "content_base64sha256": "Re/OSnTj5UjN1s17gu9gVIqedRSiFy+vaT66h2/juHI=",
            "content_base64sha512": "bBOg38Rh7U0edviowQ60DAv3227fZMDIl91mz5T74Vw0n7LDotbZgfWYpk1RxNPG0k90uObUSLtudDqoCWB5JA==",
            "content_md5": "0b340c2f7494502aa5337210f81d7aaa",
            "content_sha1": "51e49985852c6de1928ae82df6de1a96c44acb82",
            "content_sha256": "45efce4a74e3e548cdd6cd7b82ef60548a9e7514a2172faf693eba876fe3b872",
            "content_sha512": "6c13a0dfc461ed4d1e76f8a8c10eb40c0bf7db6edf64c0c897dd66cf94fbe15c349fb2c3a2d6d981f598a64d51c4d3c6d24f74b8e6d448bb6e743aa809607924",
            "directory_permission": "0777",
            "file_permission": "0777",
            "filename": "kubeconfig_learnk8s",
            "id": "51e49985852c6de1928ae82df6de1a96c44acb82",
            "sensitive_content": null,
            "source": null
          },
          "sensitive_attributes": [
            [
              {
                "type": "get_attr",
                "value": "content"
              }
            ],
            [
              {
                "type": "get_attr",
                "value": "sensitive_content"
              }
            ]
          ],
          "dependencies": [
            "module.prod_cluster.data.aws_availability_zones.available",
            "module.prod_cluster.module.eks-kubeconfig.data.aws_eks_cluster.this",
            "module.prod_cluster.module.eks-kubeconfig.data.aws_eks_cluster_auth.ephemeral",
            "module.prod_cluster.module.eks.aws_cloudwatch_log_group.this",
            "module.prod_cluster.module.eks.aws_ec2_tag.cluster_primary_security_group",
            "module.prod_cluster.module.eks.aws_eks_access_entry.this",
            "module.prod_cluster.module.eks.aws_eks_access_policy_association.this",
            "module.prod_cluster.module.eks.aws_eks_addon.before_compute",
            "module.prod_cluster.module.eks.aws_eks_addon.this",
            "module.prod_cluster.module.eks.aws_eks_cluster.this",
            "module.prod_cluster.module.eks.aws_eks_identity_provider_config.this",
            "module.prod_cluster.module.eks.aws_iam_openid_connect_provider.oidc_provider",
            "module.prod_cluster.module.eks.aws_iam_policy.cluster_encryption",
            "module.prod_cluster.module.eks.aws_iam_policy.cni_ipv6_policy",
            "module.prod_cluster.module.eks.aws_iam_role.this",
            "module.prod_cluster.module.eks.aws_iam_role_policy_attachment.additional",
            "module.prod_cluster.module.eks.aws_iam_role_policy_attachment.cluster_encryption",
            "module.prod_cluster.module.eks.aws_iam_role_policy_attachment.this",
            "module.prod_cluster.module.eks.aws_security_group.cluster",
            "module.prod_cluster.module.eks.aws_security_group.node",
            "module.prod_cluster.module.eks.aws_security_group_rule.cluster",
            "module.prod_cluster.module.eks.aws_security_group_rule.node",
            "module.prod_cluster.module.eks.data.aws_caller_identity.current",
            "module.prod_cluster.module.eks.data.aws_eks_addon_version.this",
            "module.prod_cluster.module.eks.data.aws_iam_policy_document.assume_role_policy",
            "module.prod_cluster.module.eks.data.aws_iam_policy_document.cni_ipv6_policy",
            "module.prod_cluster.module.eks.data.aws_iam_session_context.current",
            "module.prod_cluster.module.eks.data.aws_partition.current",
            "module.prod_cluster.module.eks.data.tls_certificate.this",
            "module.prod_cluster.module.eks.module.eks_managed_node_group.aws_autoscaling_schedule.this",
            "module.prod_cluster.module.eks.module.eks_managed_node_group.aws_eks_node_group.this",
            "module.prod_cluster.module.eks.module.eks_managed_node_group.aws_iam_role.this",
            "module.prod_cluster.module.eks.module.eks_managed_node_group.aws_iam_role_policy.this",
            "module.prod_cluster.module.eks.module.eks_managed_node_group.aws_iam_role_policy_attachment.additional",
            "module.prod_cluster.module.eks.module.eks_managed_node_group.aws_iam_role_policy_attachment.this",
            "module.prod_cluster.module.eks.module.eks_managed_node_group.aws_launch_template.this",
            "module.prod_cluster.module.eks.module.eks_managed_node_group.aws_placement_group.this",
            "module.prod_cluster.module.eks.module.eks_managed_node_group.data.aws_caller_identity.current",
            "module.prod_cluster.module.eks.module.eks_managed_node_group.data.aws_ec2_instance_type.this",
            "module.prod_cluster.module.eks.module.eks_managed_node_group.data.aws_ec2_instance_type_offerings.this",
            "module.prod_cluster.module.eks.module.eks_managed_node_group.data.aws_iam_policy_document.assume_role_policy",
            "module.prod_cluster.module.eks.module.eks_managed_node_group.data.aws_iam_policy_document.role",
            "module.prod_cluster.module.eks.module.eks_managed_node_group.data.aws_partition.current",
            "module.prod_cluster.module.eks.module.eks_managed_node_group.data.aws_ssm_parameter.ami",
            "module.prod_cluster.module.eks.module.eks_managed_node_group.data.aws_subnets.placement_group",
            "module.prod_cluster.module.eks.module.eks_managed_node_group.module.user_data.data.cloudinit_config.al2023_eks_managed_node_group",
            "module.prod_cluster.module.eks.module.eks_managed_node_group.module.user_data.data.cloudinit_config.linux_eks_managed_node_group",
            "module.prod_cluster.module.eks.module.eks_managed_node_group.module.user_data.null_resource.validate_cluster_service_cidr",
            "module.prod_cluster.module.eks.module.fargate_profile.aws_eks_fargate_profile.this",
            "module.prod_cluster.module.eks.module.fargate_profile.aws_iam_role.this",
            "module.prod_cluster.module.eks.module.fargate_profile.aws_iam_role_policy.this",
            "module.prod_cluster.module.eks.module.fargate_profile.aws_iam_role_policy_attachment.additional",
            "module.prod_cluster.module.eks.module.fargate_profile.aws_iam_role_policy_attachment.this",
            "module.prod_cluster.module.eks.module.fargate_profile.data.aws_caller_identity.current",
            "module.prod_cluster.module.eks.module.fargate_profile.data.aws_iam_policy_document.assume_role_policy",
            "module.prod_cluster.module.eks.module.fargate_profile.data.aws_iam_policy_document.role",
            "module.prod_cluster.module.eks.module.fargate_profile.data.aws_partition.current",
            "module.prod_cluster.module.eks.module.fargate_profile.data.aws_region.current",
            "module.prod_cluster.module.eks.module.kms.aws_kms_alias.this",
            "module.prod_cluster.module.eks.module.kms.aws_kms_external_key.this",
            "module.prod_cluster.module.eks.module.kms.aws_kms_grant.this",
            "module.prod_cluster.module.eks.module.kms.aws_kms_key.this",
            "module.prod_cluster.module.eks.module.kms.aws_kms_replica_external_key.this",
            "module.prod_cluster.module.eks.module.kms.aws_kms_replica_key.this",
            "module.prod_cluster.module.eks.module.kms.data.aws_caller_identity.current",
            "module.prod_cluster.module.eks.module.kms.data.aws_iam_policy_document.this",
            "module.prod_cluster.module.eks.module.kms.data.aws_partition.current",
            "module.prod_cluster.module.eks.module.self_managed_node_group.aws_autoscaling_group.this",
            "module.prod_cluster.module.eks.module.self_managed_node_group.aws_autoscaling_schedule.this",
            "module.prod_cluster.module.eks.module.self_managed_node_group.aws_eks_access_entry.this",
            "module.prod_cluster.module.eks.module.self_managed_node_group.aws_iam_instance_profile.this",
            "module.prod_cluster.module.eks.module.self_managed_node_group.aws_iam_role.this",
            "module.prod_cluster.module.eks.module.self_managed_node_group.aws_iam_role_policy.this",
            "module.prod_cluster.module.eks.module.self_managed_node_group.aws_iam_role_policy_attachment.additional",
            "module.prod_cluster.module.eks.module.self_managed_node_group.aws_iam_role_policy_attachment.this",
            "module.prod_cluster.module.eks.module.self_managed_node_group.aws_launch_template.this",
            "module.prod_cluster.module.eks.module.self_managed_node_group.aws_placement_group.this",
            "module.prod_cluster.module.eks.module.self_managed_node_group.data.aws_caller_identity.current",
            "module.prod_cluster.module.eks.module.self_managed_node_group.data.aws_ec2_instance_type.this",
            "module.prod_cluster.module.eks.module.self_managed_node_group.data.aws_ec2_instance_type_offerings.this",
            "module.prod_cluster.module.eks.module.self_managed_node_group.data.aws_iam_policy_document.assume_role_policy",
            "module.prod_cluster.module.eks.module.self_managed_node_group.data.aws_iam_policy_document.role",
            "module.prod_cluster.module.eks.module.self_managed_node_group.data.aws_partition.current",
            "module.prod_cluster.module.eks.module.self_managed_node_group.data.aws_ssm_parameter.ami",
            "module.prod_cluster.module.eks.module.self_managed_node_group.data.aws_subnets.placement_group",
            "module.prod_cluster.module.eks.module.self_managed_node_group.module.user_data.data.cloudinit_config.al2023_eks_managed_node_group",
            "module.prod_cluster.module.eks.module.self_managed_node_group.module.user_data.data.cloudinit_config.linux_eks_managed_node_group",
            "module.prod_cluster.module.eks.module.self_managed_node_group.module.user_data.null_resource.validate_cluster_service_cidr",
            "module.prod_cluster.module.eks.time_sleep.this",
            "module.prod_cluster.module.vpc.aws_subnet.private",
            "module.prod_cluster.module.vpc.aws_vpc.this",
            "module.prod_cluster.module.vpc.aws_vpc_ipv4_cidr_block_association.this"
          ]
        }
      ]
    },
    {
      "module": "module.prod_cluster.module.eks",
      "mode": "data",
      "type": "aws_caller_identity",
      "name": "current",
      "provider": "module.prod_cluster.provider[\"registry.terraform.io/hashicorp/aws\"]",
      "instances": [
        {
          "schema_version": 0,
          "attributes": {
            "account_id": "224264690046",
            "arn": "arn:aws:iam::224264690046:user/Litmus",
            "id": "224264690046",
            "user_id": "AIDATINZXTF7DWECQ2SWM"
          },
          "sensitive_attributes": []
        }
      ]
    },
    {
      "module": "module.prod_cluster.module.eks",
      "mode": "data",
      "type": "aws_eks_addon_version",
      "name": "this",
      "provider": "module.prod_cluster.provider[\"registry.terraform.io/hashicorp/aws\"]",
      "instances": []
    },
    {
      "module": "module.prod_cluster.module.eks",
      "mode": "data",
      "type": "aws_iam_policy_document",
      "name": "assume_role_policy",
      "provider": "module.prod_cluster.provider[\"registry.terraform.io/hashicorp/aws\"]",
      "instances": [
        {
          "index_key": 0,
          "schema_version": 0,
          "attributes": {
            "id": "2764486067",
            "json": "{\n  \"Version\": \"2012-10-17\",\n  \"Statement\": [\n    {\n      \"Sid\": \"EKSClusterAssumeRole\",\n      \"Effect\": \"Allow\",\n      \"Action\": \"sts:AssumeRole\",\n      \"Principal\": {\n        \"Service\": \"eks.amazonaws.com\"\n      }\n    }\n  ]\n}",
            "minified_json": "{\"Version\":\"2012-10-17\",\"Statement\":[{\"Sid\":\"EKSClusterAssumeRole\",\"Effect\":\"Allow\",\"Action\":\"sts:AssumeRole\",\"Principal\":{\"Service\":\"eks.amazonaws.com\"}}]}",
            "override_json": null,
            "override_policy_documents": null,
            "policy_id": null,
            "source_json": null,
            "source_policy_documents": null,
            "statement": [
              {
                "actions": [
                  "sts:AssumeRole"
                ],
                "condition": [],
                "effect": "Allow",
                "not_actions": [],
                "not_principals": [],
                "not_resources": [],
                "principals": [
                  {
                    "identifiers": [
                      "eks.amazonaws.com"
                    ],
                    "type": "Service"
                  }
                ],
                "resources": [],
                "sid": "EKSClusterAssumeRole"
              }
            ],
            "version": "2012-10-17"
          },
          "sensitive_attributes": []
        }
      ]
    },
    {
      "module": "module.prod_cluster.module.eks",
      "mode": "data",
      "type": "aws_iam_policy_document",
      "name": "cni_ipv6_policy",
      "provider": "module.prod_cluster.provider[\"registry.terraform.io/hashicorp/aws\"]",
      "instances": []
    },
    {
      "module": "module.prod_cluster.module.eks",
      "mode": "data",
      "type": "aws_iam_session_context",
      "name": "current",
      "provider": "module.prod_cluster.provider[\"registry.terraform.io/hashicorp/aws\"]",
      "instances": [
        {
          "schema_version": 0,
          "attributes": {
            "arn": "arn:aws:iam::224264690046:user/Litmus",
            "id": "arn:aws:iam::224264690046:user/Litmus",
            "issuer_arn": "arn:aws:iam::224264690046:user/Litmus",
            "issuer_id": "",
            "issuer_name": "",
            "session_name": ""
          },
          "sensitive_attributes": []
        }
      ]
    },
    {
      "module": "module.prod_cluster.module.eks",
      "mode": "data",
      "type": "aws_partition",
      "name": "current",
      "provider": "module.prod_cluster.provider[\"registry.terraform.io/hashicorp/aws\"]",
      "instances": [
        {
          "schema_version": 0,
          "attributes": {
            "dns_suffix": "amazonaws.com",
            "id": "aws",
            "partition": "aws",
            "reverse_dns_prefix": "com.amazonaws"
          },
          "sensitive_attributes": []
        }
      ]
    },
    {
      "module": "module.prod_cluster.module.eks",
      "mode": "data",
      "type": "tls_certificate",
      "name": "this",
      "provider": "provider[\"registry.terraform.io/hashicorp/tls\"]",
      "instances": [
        {
          "index_key": 0,
          "schema_version": 0,
          "attributes": {
            "certificates": [
              {
                "cert_pem": "-----BEGIN CERTIFICATE-----\nMIIEdTCCA12gAwIBAgIJAKcOSkw0grd/MA0GCSqGSIb3DQEBCwUAMGgxCzAJBgNV\nBAYTAlVTMSUwIwYDVQQKExxTdGFyZmllbGQgVGVjaG5vbG9naWVzLCBJbmMuMTIw\nMAYDVQQLEylTdGFyZmllbGQgQ2xhc3MgMiBDZXJ0aWZpY2F0aW9uIEF1dGhvcml0\neTAeFw0wOTA5MDIwMDAwMDBaFw0zNDA2MjgxNzM5MTZaMIGYMQswCQYDVQQGEwJV\nUzEQMA4GA1UECBMHQXJpem9uYTETMBEGA1UEBxMKU2NvdHRzZGFsZTElMCMGA1UE\nChMcU3RhcmZpZWxkIFRlY2hub2xvZ2llcywgSW5jLjE7MDkGA1UEAxMyU3RhcmZp\nZWxkIFNlcnZpY2VzIFJvb3QgQ2VydGlmaWNhdGUgQXV0aG9yaXR5IC0gRzIwggEi\nMA0GCSqGSIb3DQEBAQUAA4IBDwAwggEKAoIBAQDVDDrEKvlO4vW+GZdfjohTsR8/\ny8+fIBNtKTrID30892t2OGPZNmCom15cAICyL1l/9of5JUOG52kbUpqQ4XHj2C0N\nTm/2yEnZtvMaVq4rtnQU68/7JuMauh2WLmo7WJSJR1b/JaCTcFOD2oR0FMNnngRo\nOt+OQFodSk7PQ5E751bWAHDLUu57fa4657wx+UX2wmDPE1kCK4DMNEffud6QZW0C\nzyyRpqbn3oUYSXxmTqM6bam17jQuug0DuDPfR+uxa40l2ZvOgdFFRjKWcIfeAg5J\nQ4W2bHO7ZOphQazJ1FTfhy/HIrImzJ9ZVGif/L4qL8RVHHVAYBeFAlU5i38FAgMB\nAAGjgfAwge0wDwYDVR0TAQH/BAUwAwEB/zAOBgNVHQ8BAf8EBAMCAYYwHQYDVR0O\nBBYEFJxfAN+qAdcwKziIorhtSpzyEZGDMB8GA1UdIwQYMBaAFL9ft9HO3R+G9FtV\nrNzXEMIOqYjnME8GCCsGAQUFBwEBBEMwQTAcBggrBgEFBQcwAYYQaHR0cDovL28u\nc3MyLnVzLzAhBggrBgEFBQcwAoYVaHR0cDovL3guc3MyLnVzL3guY2VyMCYGA1Ud\nHwQfMB0wG6AZoBeGFWh0dHA6Ly9zLnNzMi51cy9yLmNybDARBgNVHSAECjAIMAYG\nBFUdIAAwDQYJKoZIhvcNAQELBQADggEBACMd44pXyn3pF3lM8R5V/cxTbj5HD9/G\nVfKyBDbtgB9TxF00KGu+x1X8Z+rLP3+QsjPNG1gQggL4+C/1E2DUBc7xgQjB3ad1\nl08YuW3e95ORCLp+QCztweq7dp4zBncdDQh/U90bZKuCJ/Fp1U1ervShw3WnWEQt\n8jxwmKy6abaVd38PMV4s/KCHOkdp8Hlf9BRUpJVeEXgSYCfOn8J3/yNTd126/+pZ\n59vPr5KW7ySaNRB6nJHGDn2Z9j8Z3/VyVOEVqQdZe4O/Ui5GjLIAZHYcSNPYeehu\nVsyuLAOQ1xk4meTKCRlb/weWsKh/NEnfVqn3sF/tM+2MR7cwA130A4w=\n-----END CERTIFICATE-----\n",
                "is_ca": true,
                "issuer": "OU=Starfield Class 2 Certification Authority,O=Starfield Technologies\\, Inc.,C=US",
                "not_after": "2034-06-28T17:39:16Z",
                "not_before": "2009-09-02T00:00:00Z",
                "public_key_algorithm": "RSA",
                "serial_number": "12037640545166866303",
                "sha1_fingerprint": "9e99a48a9960b14926bb7f3b02e22da2b0ab7280",
                "signature_algorithm": "SHA256-RSA",
                "subject": "CN=Starfield Services Root Certificate Authority - G2,O=Starfield Technologies\\, Inc.,L=Scottsdale,ST=Arizona,C=US",
                "version": 3
              },
              {
                "cert_pem": "-----BEGIN CERTIFICATE-----\nMIIEkjCCA3qgAwIBAgITBn+USionzfP6wq4rAfkI7rnExjANBgkqhkiG9w0BAQsF\nADCBmDELMAkGA1UEBhMCVVMxEDAOBgNVBAgTB0FyaXpvbmExEzARBgNVBAcTClNj\nb3R0c2RhbGUxJTAjBgNVBAoTHFN0YXJmaWVsZCBUZWNobm9sb2dpZXMsIEluYy4x\nOzA5BgNVBAMTMlN0YXJmaWVsZCBTZXJ2aWNlcyBSb290IENlcnRpZmljYXRlIEF1\ndGhvcml0eSAtIEcyMB4XDTE1MDUyNTEyMDAwMFoXDTM3MTIzMTAxMDAwMFowOTEL\nMAkGA1UEBhMCVVMxDzANBgNVBAoTBkFtYXpvbjEZMBcGA1UEAxMQQW1hem9uIFJv\nb3QgQ0EgMTCCASIwDQYJKoZIhvcNAQEBBQADggEPADCCAQoCggEBALJ4gHHKeNXj\nca9HgFB0fW7Y14h29Jlo91ghYPl0hAEvrAIthtOgQ3pOsqTQNroBvo3bSMgHFzZM\n9O6II8c+6zf1tRn4SWiw3te5djgdYZ6k/oI2peVKVuRF4fn9tBb6dNqcmzU5L/qw\nIFAGbHrQgLKm+a/sRxmPUDgH3KKHOVj4utWp+UhnMJbulHheb4mjUcAwhmahRWa6\nVOujw5H5SNz/0egwLX0tdHA114gk957EWW67c4cX8jJGKLhD+rcdqsq08p8kDi1L\n93FcXmn/6pUCyziKrlA4b9v7LWIbxcceVOF34GfID5yHI9Y/QCB/IIDEgEw+OyQm\njgSubJrIqg0CAwEAAaOCATEwggEtMA8GA1UdEwEB/wQFMAMBAf8wDgYDVR0PAQH/\nBAQDAgGGMB0GA1UdDgQWBBSEGMyFNOy8DJSULghZnMeyEE4KCDAfBgNVHSMEGDAW\ngBScXwDfqgHXMCs4iKK4bUqc8hGRgzB4BggrBgEFBQcBAQRsMGowLgYIKwYBBQUH\nMAGGImh0dHA6Ly9vY3NwLnJvb3RnMi5hbWF6b250cnVzdC5jb20wOAYIKwYBBQUH\nMAKGLGh0dHA6Ly9jcnQucm9vdGcyLmFtYXpvbnRydXN0LmNvbS9yb290ZzIuY2Vy\nMD0GA1UdHwQ2MDQwMqAwoC6GLGh0dHA6Ly9jcmwucm9vdGcyLmFtYXpvbnRydXN0\nLmNvbS9yb290ZzIuY3JsMBEGA1UdIAQKMAgwBgYEVR0gADANBgkqhkiG9w0BAQsF\nAAOCAQEAYjdCXLwQtT6LLOkMm2xF4gcAevnFWAu5CIw+7bMlPLVvUOTNNWqnkzSW\nMiGpSESrnO09tKpzbeR/FoCJbM8oAxiDR3mjEH4wW6w7sGDgd9QIpuEdfF7Au/ma\neyKdpwAJfqxGF4PcnCZXmTA5YpaP7dreqsXMGz7KQ2hsVxa81Q4gLv7/wmpdLqBK\nbRRYh5TmOTFffHPLkIhqhBGWJ6bt2YFGpn6jcgAKUj6DiAdjd4lpFw85hdKrCEVN\n0FE6/V1dN2RMfjCyVSRCnTawXZwXgWHxyvkQAiSr6w10kY17RSlQOYiypok1JR4U\nakcjMS9cmvqtmg5iUaQqqcT5NJ0hGA==\n-----END CERTIFICATE-----\n",
                "is_ca": true,
                "issuer": "CN=Starfield Services Root Certificate Authority - G2,O=Starfield Technologies\\, Inc.,L=Scottsdale,ST=Arizona,C=US",
                "not_after": "2037-12-31T01:00:00Z",
                "not_before": "2015-05-25T12:00:00Z",
                "public_key_algorithm": "RSA",
                "serial_number": "144918191876577076464031512351042010504348870",
                "sha1_fingerprint": "06b25927c42a721631c1efd9431e648fa62e1e39",
                "signature_algorithm": "SHA256-RSA",
                "subject": "CN=Amazon Root CA 1,O=Amazon,C=US",
                "version": 3
              },
              {
                "cert_pem": "-----BEGIN CERTIFICATE-----\nMIIEXjCCA0agAwIBAgITB3MSTNQG0mfAmRzdKZqfODF5hTANBgkqhkiG9w0BAQsF\nADA5MQswCQYDVQQGEwJVUzEPMA0GA1UEChMGQW1hem9uMRkwFwYDVQQDExBBbWF6\nb24gUm9vdCBDQSAxMB4XDTIyMDgyMzIyMjYwNFoXDTMwMDgyMzIyMjYwNFowPDEL\nMAkGA1UEBhMCVVMxDzANBgNVBAoTBkFtYXpvbjEcMBoGA1UEAxMTQW1hem9uIFJT\nQSAyMDQ4IE0wMzCCASIwDQYJKoZIhvcNAQEBBQADggEPADCCAQoCggEBALd/pVko\n8vuM475Tf45HV3BbCl/B9Jy89G1CRkFjcPY06WA9lS+7dWbUA7GtWUKoksr69hKM\nwcMsNpxlw7b3jeXFgxB09/nmalcAWtnLzF+LaDKEA5DQmvKzuh1nfIfqEiKCQSmX\nXh09Xs+dO7cm5qbaL2hhNJCSAejciwcvOFgFNgEMR42wm6KIFHsQW28jhA+1u/M0\np6fVwReuEgZfLfdx82Px0LJck3lST3EB/JfbdsdOzzzg5YkY1dfuqf8y5fUeZ7Cz\nWXbTjujwX/TovmeWKA36VLCz75azW6tDNuDn66FOpADZZ9omVaF6BqNJiLMVl6P3\n/c0OiUMC6Z5OfKcCAwEAAaOCAVowggFWMBIGA1UdEwEB/wQIMAYBAf8CAQAwDgYD\nVR0PAQH/BAQDAgGGMB0GA1UdJQQWMBQGCCsGAQUFBwMBBggrBgEFBQcDAjAdBgNV\nHQ4EFgQUVdkYX9IczAHhWLS+q9lVQgHXLgIwHwYDVR0jBBgwFoAUhBjMhTTsvAyU\nlC4IWZzHshBOCggwewYIKwYBBQUHAQEEbzBtMC8GCCsGAQUFBzABhiNodHRwOi8v\nb2NzcC5yb290Y2ExLmFtYXpvbnRydXN0LmNvbTA6BggrBgEFBQcwAoYuaHR0cDov\nL2NydC5yb290Y2ExLmFtYXpvbnRydXN0LmNvbS9yb290Y2ExLmNlcjA/BgNVHR8E\nODA2MDSgMqAwhi5odHRwOi8vY3JsLnJvb3RjYTEuYW1hem9udHJ1c3QuY29tL3Jv\nb3RjYTEuY3JsMBMGA1UdIAQMMAowCAYGZ4EMAQIBMA0GCSqGSIb3DQEBCwUAA4IB\nAQAGjeWm2cC+3z2MzSCnte46/7JZvj3iQZDY7EvODNdZF41n71Lrk9kbfNwerK0d\nVNzW36Wefr7j7ZSwBVg50W5ay65jNSN74TTQV1yt4WnSbVvN6KlMs1hiyOZdoHKs\nKDV2UGNxbdoBYCQNa2GYF8FQIWLugNp35aSOpMy6cFlymFQomIrnOQHwK1nvVY4q\nxDSJMU/gNJz17D8ArPN3ngnyZ2TwepJ0uBINz3G5te2rdFUF4i4Y3Bb7FUlHDYm4\nu8aIRGpk2ZpfXmxaoxnbIBZRvGLPSUuPwnwoUOMsJ8jirI5vs2dvchPb7MtI1rle\ni02f2ivH2vxkjDLltSpe2fiC\n-----END CERTIFICATE-----\n",
                "is_ca": true,
                "issuer": "CN=Amazon Root CA 1,O=Amazon,C=US",
                "not_after": "2030-08-23T22:26:04Z",
                "not_before": "2022-08-23T22:26:04Z",
                "public_key_algorithm": "RSA",
                "serial_number": "166129356476704345391986644047206454194698629",
                "sha1_fingerprint": "d9fe0a65fa00cabf61f5120d373a8135e1461f15",
                "signature_algorithm": "SHA256-RSA",
                "subject": "CN=Amazon RSA 2048 M03,O=Amazon,C=US",
                "version": 3
              },
              {
                "cert_pem": "-----BEGIN CERTIFICATE-----\nMIIF5jCCBM6gAwIBAgIQAXLcQBe7tPBc6GuB+yBBqzANBgkqhkiG9w0BAQsFADA8\nMQswCQYDVQQGEwJVUzEPMA0GA1UEChMGQW1hem9uMRwwGgYDVQQDExNBbWF6b24g\nUlNBIDIwNDggTTAzMB4XDTI0MDMyNzAwMDAwMFoXDTI1MDQyNTIzNTk1OVowKTEn\nMCUGA1UEAwweKi5la3MuYXAtc291dGgtMS5hbWF6b25hd3MuY29tMIIBIjANBgkq\nhkiG9w0BAQEFAAOCAQ8AMIIBCgKCAQEAtGQywB9i0CSmjSAwUSmErAt9ATOS/ne5\nFFsUrjS4vuBLXT3S/X97lDKm2spvdAJsXMDyWq5R60Va0X/Zr4td/oSl3cNy2CFp\nDQw2kG0RMugBMNVaR/2B6RH+kIErxlYyBNMuBA62SEqk5kGemmXBTznU5NsynXss\nN1Lmdbi92EszLsGw2HLlEwZt0DwcRRkrg0ZMo+cQhx1C4b/YFXCAaPLe9gEQDSYA\n3lgTRhUfQS7xWh4LaSxU7PG8C+/cXJ8BYdWOF6TsdBKDXhTccvd7QReSpF5tDiCF\nT6B8L4y5wKX2VMKqENSrwn3hAporXi6J4laE6Tx1Y/A2DN87FHukNwIDAQABo4IC\n9TCCAvEwHwYDVR0jBBgwFoAUVdkYX9IczAHhWLS+q9lVQgHXLgIwHQYDVR0OBBYE\nFCA2a4roh/mOKjmoAhAJrTURFH2HMCkGA1UdEQQiMCCCHiouZWtzLmFwLXNvdXRo\nLTEuYW1hem9uYXdzLmNvbTATBgNVHSAEDDAKMAgGBmeBDAECATAOBgNVHQ8BAf8E\nBAMCBaAwHQYDVR0lBBYwFAYIKwYBBQUHAwEGCCsGAQUFBwMCMDsGA1UdHwQ0MDIw\nMKAuoCyGKmh0dHA6Ly9jcmwucjJtMDMuYW1hem9udHJ1c3QuY29tL3IybTAzLmNy\nbDB1BggrBgEFBQcBAQRpMGcwLQYIKwYBBQUHMAGGIWh0dHA6Ly9vY3NwLnIybTAz\nLmFtYXpvbnRydXN0LmNvbTA2BggrBgEFBQcwAoYqaHR0cDovL2NydC5yMm0wMy5h\nbWF6b250cnVzdC5jb20vcjJtMDMuY2VyMAwGA1UdEwEB/wQCMAAwggF8BgorBgEE\nAdZ5AgQCBIIBbASCAWgBZgB2AM8RVu7VLnyv84db2Wkum+kacWdKsBfsrAHSW3fO\nzDsIAAABjoEqaRgAAAQDAEcwRQIgafsuKU5xj/dXLQ3SPdWzndJwLyEfm+JryIYe\nPWZJKLMCIQCNfmISGAa5KgyKPZ8xG6e3jLbHiwMd3UfNw2/f0fA+agB1AH1ZHhLh\neCp7HGFnfF79+NCHXBSgTpWeuQMv2Q6MLnm4AAABjoEqaHUAAAQDAEYwRAIgAgNI\nq6UYuEQejzm3s9LMJm4+ntuC4SHzW+cXtbBGJ/MCIC14jKeXKIEc1xRsYA3az65F\niAXRScw6ZRufvETqJO1/AHUA5tIxY0B3jMEQQQbXcbnOwdJA9paEhvu6hzId/R43\njlAAAAGOgSpoiQAABAMARjBEAiANbZ6RIkz/AOtZdJnPuPMlA0zjJIB2UxkJkN69\ntCtQEQIgRHt4maRYhich1qGcBcGDgL2QeUehPp6yWnpgPItV33IwDQYJKoZIhvcN\nAQELBQADggEBAFHCpoKhkGL7unnDkg6JykJauAU+DW1sN/8xuwfAiBzL07ZOb3ao\nc34h51Wr+LIsBiXq9kEy0iduzS8F72SbfDXrz0dpESoe6faNZ9UEfNvqkLRmHDcU\nea3M+4v+tacD/uqEvtJI0aEcLP1yKencXCwBOqy8O7lLEJUhYc8yVAJChmoJAowy\nOwS9PjMdXb2UAMl4aJt7oF+nvzdjBtQ7uNctV2rsMZ1HZQSdgMMhqJNWXufVPmRm\nuPnGTtYK8Y0MsCJqEvmi9jE8m30oRhugZ/9ckJo7CnO43VJcE4IT+/AObav3iNfU\nlS1MThMhwV4UxcawWxE68Y3QZhhym4+HwQw=\n-----END CERTIFICATE-----\n",
                "is_ca": false,
                "issuer": "CN=Amazon RSA 2048 M03,O=Amazon,C=US",
                "not_after": "2025-04-25T23:59:59Z",
                "not_before": "2024-03-27T00:00:00Z",
                "public_key_algorithm": "RSA",
                "serial_number": "1925617045718169317006243538772443563",
                "sha1_fingerprint": "66c52a14da1484b5a2aec2e90e2ee44fb3030459",
                "signature_algorithm": "SHA256-RSA",
                "subject": "CN=*.eks.ap-south-1.amazonaws.com",
                "version": 3
              }
            ],
            "content": null,
            "id": "8620fd676f1f5fb482fb77207743ac75042750fa",
            "url": "https://oidc.eks.ap-south-1.amazonaws.com/id/72B182BB05FD88A36973D3133BDAF17B",
            "verify_chain": true
          },
          "sensitive_attributes": []
        }
      ]
    },
    {
      "module": "module.prod_cluster.module.eks",
      "mode": "managed",
      "type": "aws_cloudwatch_log_group",
      "name": "this",
      "provider": "module.prod_cluster.provider[\"registry.terraform.io/hashicorp/aws\"]",
      "instances": [
        {
          "index_key": 0,
          "schema_version": 0,
          "attributes": {
            "arn": "arn:aws:logs:ap-south-1:224264690046:log-group:/aws/eks/eks-production/cluster",
            "id": "/aws/eks/eks-production/cluster",
            "kms_key_id": "",
            "log_group_class": "STANDARD",
            "name": "/aws/eks/eks-production/cluster",
            "name_prefix": "",
            "retention_in_days": 90,
            "skip_destroy": false,
            "tags": {
              "Name": "/aws/eks/eks-production/cluster"
            },
            "tags_all": {
              "Name": "/aws/eks/eks-production/cluster"
            }
          },
          "sensitive_attributes": [],
          "private": "bnVsbA==",
          "create_before_destroy": true
        }
      ]
    },
    {
      "module": "module.prod_cluster.module.eks",
      "mode": "managed",
      "type": "aws_eks_access_entry",
      "name": "this",
      "provider": "module.prod_cluster.provider[\"registry.terraform.io/hashicorp/aws\"]",
      "instances": []
    },
    {
      "module": "module.prod_cluster.module.eks",
      "mode": "managed",
      "type": "aws_eks_access_policy_association",
      "name": "this",
      "provider": "module.prod_cluster.provider[\"registry.terraform.io/hashicorp/aws\"]",
      "instances": []
    },
    {
      "module": "module.prod_cluster.module.eks",
      "mode": "managed",
      "type": "aws_eks_addon",
      "name": "before_compute",
      "provider": "module.prod_cluster.provider[\"registry.terraform.io/hashicorp/aws\"]",
      "instances": []
    },
    {
      "module": "module.prod_cluster.module.eks",
      "mode": "managed",
      "type": "aws_eks_addon",
      "name": "this",
      "provider": "module.prod_cluster.provider[\"registry.terraform.io/hashicorp/aws\"]",
      "instances": []
    },
    {
      "module": "module.prod_cluster.module.eks",
      "mode": "managed",
      "type": "aws_eks_cluster",
      "name": "this",
      "provider": "module.prod_cluster.provider[\"registry.terraform.io/hashicorp/aws\"]",
      "instances": [
        {
          "index_key": 0,
          "schema_version": 1,
          "attributes": {
            "access_config": [
              {
                "authentication_mode": "API_AND_CONFIG_MAP",
                "bootstrap_cluster_creator_admin_permissions": false
              }
            ],
            "arn": "arn:aws:eks:ap-south-1:224264690046:cluster/eks-production",
            "bootstrap_self_managed_addons": true,
            "certificate_authority": [
              {
                "data": "LS0tLS1CRUdJTiBDRVJUSUZJQ0FURS0tLS0tCk1JSURCRENDQWV5Z0F3SUJBZ0lIZU8weWZwWXUrekFOQmdrcWhraUc5dzBCQVFzRkFEQVZNUk13RVFZRFZRUUQKRXdwcmRXSmxjbTVsZEdWek1CNFhEVEkwTVRFd09URTJNVGt4T0ZvWERUTTBNVEV3TnpFMk1qUXhPRm93RlRFVApNQkVHQTFVRUF4TUthM1ZpWlhKdVpYUmxjekNDQVNJd0RRWUpLb1pJaHZjTkFRRUJCUUFEZ2dFUEFEQ0NBUW9DCmdnRUJBTjhXbVhKZjFjU25yVUl2NEZpbEFxZSt5NjlLajVDdmNBbzc0bWY1QnBuT1RkcWN0d1RVS0tnUmV3ZjEKRlBPdG1hSHBMTVQ5TExjS1ZyNTVtSjJFNW5hR2NXM2lRdGM0UW9Sd3pBNkVqVUZYS3BkWEMrRmRYRG9hejB5Zgo0dmRYTHZScElBdnVzTGYrNkRDbmFCc0IwemNuZWUwb2VDK2xLKzNlL3BJdVI5WEZKZXlTTmRpSWRKbHBBWUlNCk9ubzRuK054TGt2dXpxamJpVVhVZ3dRc1cvTFFNeE43YXlTRExmQjNRUURHbG1rSE9uQlMxWEQwSEdCcXRTdFcKaDBHaFJ3bTBmM1ppNmZXZVdHWUlIOTgxUG9TM2hJOElaRFpMSzVZbHdBRmNXc0NYcnh4bmhnT3ZsYWpkVEpDZwpVVFAwcnhENUFLRlYvejUzUzBMTmhWcjJnRThDQXdFQUFhTlpNRmN3RGdZRFZSMFBBUUgvQkFRREFnS2tNQThHCkExVWRFd0VCL3dRRk1BTUJBZjh3SFFZRFZSME9CQllFRkhQdFpnWjU0bmoyLzFxN256WGJPblFDSTFqN01CVUcKQTFVZEVRUU9NQXlDQ210MVltVnlibVYwWlhNd0RRWUpLb1pJaHZjTkFRRUxCUUFEZ2dFQkFGN3pwNFRqYzZQVQpXcHUwbjJwUFBNaFUwQU5RV3lUelNvSDd2WVpyWFQwYzM1ckdDYUhxM1dPaC94U2FzamsyTWE3ZFpOU0dGTG8rCkVJd215VDhUZE5wdmZFUzZJOG1PUDhEMFJDQ29zVjF3aFEvYXVrM1VwV1poSktueUZRTFZZNzByK3BPell3MDIKVjlkNVd5dzExUERLVGo2eEdVQ3B3REZFZWdUbUNIZHNhNXI1eGFxcE1abG9xV1lCYUlWYnM0dkRYUW5YaGlNQQp1WHhCY1Zub2k1OVlsWVFGVVIwbzRoMGIxWUFnUWNKTVVJdGEyYTlqWHRUYzNIbS9TL1RhSVYyTzgwb0RwdHFCClpaZHYxbDU5TTdCT1JxZ3pEdDNxSm9QMkNuS29kT2t5SjgrN3Q3V0x4V3FIaGpMZmtzTm91MFREdzZDU0ZnR0EKK1k2U2N2MjB5QU09Ci0tLS0tRU5EIENFUlRJRklDQVRFLS0tLS0K"
              }
            ],
            "cluster_id": null,
            "created_at": "2024-11-09T16:20:40Z",
            "enabled_cluster_log_types": [
              "api",
              "audit",
              "authenticator"
            ],
            "encryption_config": [
              {
                "provider": [
                  {
                    "key_arn": "arn:aws:kms:ap-south-1:224264690046:key/faa45cbb-e8d2-497b-8b2c-a00ad84ffe58"
                  }
                ],
                "resources": [
                  "secrets"
                ]
              }
            ],
            "endpoint": "https://72B182BB05FD88A36973D3133BDAF17B.gr7.ap-south-1.eks.amazonaws.com",
            "id": "eks-production",
            "identity": [
              {
                "oidc": [
                  {
                    "issuer": "https://oidc.eks.ap-south-1.amazonaws.com/id/72B182BB05FD88A36973D3133BDAF17B"
                  }
                ]
              }
            ],
            "kubernetes_network_config": [
              {
                "ip_family": "ipv4",
                "service_ipv4_cidr": "10.100.0.0/16",
                "service_ipv6_cidr": ""
              }
            ],
            "name": "eks-production",
            "outpost_config": [],
            "platform_version": "eks.10",
            "role_arn": "arn:aws:iam::224264690046:role/eks-production-cluster-20241109161941955200000002",
            "status": "ACTIVE",
            "tags": {
              "terraform-aws-modules": "eks"
            },
            "tags_all": {
              "terraform-aws-modules": "eks"
            },
            "timeouts": {
              "create": null,
              "delete": null,
              "update": null
            },
            "upgrade_policy": [
              {
                "support_type": "EXTENDED"
              }
            ],
            "version": "1.31",
            "vpc_config": [
              {
                "cluster_security_group_id": "sg-04afea07afa2b50de",
                "endpoint_private_access": true,
                "endpoint_public_access": false,
                "public_access_cidrs": [
                  "0.0.0.0/0"
                ],
                "security_group_ids": [
                  "sg-0fa5e6fa207f07d6d"
                ],
                "subnet_ids": [
                  "subnet-0061e1e226c2f10b4",
                  "subnet-07a22ed1c6d2462a0",
                  "subnet-0bb5bea012ba3c2a8"
                ],
                "vpc_id": "vpc-0a3f4e702f6775b78"
              }
            ],
            "zonal_shift_config": []
          },
          "sensitive_attributes": [],
          "private": "eyJlMmJmYjczMC1lY2FhLTExZTYtOGY4OC0zNDM2M2JjN2M0YzAiOnsiY3JlYXRlIjoxODAwMDAwMDAwMDAwLCJkZWxldGUiOjkwMDAwMDAwMDAwMCwidXBkYXRlIjozNjAwMDAwMDAwMDAwfSwic2NoZW1hX3ZlcnNpb24iOiIxIn0=",
          "dependencies": [
            "module.prod_cluster.data.aws_availability_zones.available",
            "module.prod_cluster.module.eks.aws_cloudwatch_log_group.this",
            "module.prod_cluster.module.eks.aws_iam_policy.cni_ipv6_policy",
            "module.prod_cluster.module.eks.aws_iam_role.this",
            "module.prod_cluster.module.eks.aws_iam_role_policy_attachment.this",
            "module.prod_cluster.module.eks.aws_security_group.cluster",
            "module.prod_cluster.module.eks.aws_security_group.node",
            "module.prod_cluster.module.eks.aws_security_group_rule.cluster",
            "module.prod_cluster.module.eks.aws_security_group_rule.node",
            "module.prod_cluster.module.eks.data.aws_caller_identity.current",
            "module.prod_cluster.module.eks.data.aws_iam_policy_document.assume_role_policy",
            "module.prod_cluster.module.eks.data.aws_iam_policy_document.cni_ipv6_policy",
            "module.prod_cluster.module.eks.data.aws_iam_session_context.current",
            "module.prod_cluster.module.eks.data.aws_partition.current",
            "module.prod_cluster.module.eks.module.kms.aws_kms_external_key.this",
            "module.prod_cluster.module.eks.module.kms.aws_kms_key.this",
            "module.prod_cluster.module.eks.module.kms.aws_kms_replica_external_key.this",
            "module.prod_cluster.module.eks.module.kms.aws_kms_replica_key.this",
            "module.prod_cluster.module.eks.module.kms.data.aws_caller_identity.current",
            "module.prod_cluster.module.eks.module.kms.data.aws_iam_policy_document.this",
            "module.prod_cluster.module.eks.module.kms.data.aws_partition.current",
            "module.prod_cluster.module.vpc.aws_subnet.private",
            "module.prod_cluster.module.vpc.aws_vpc.this",
            "module.prod_cluster.module.vpc.aws_vpc_ipv4_cidr_block_association.this"
          ],
          "create_before_destroy": true
        }
      ]
    },
    {
      "module": "module.prod_cluster.module.eks",
      "mode": "managed",
      "type": "aws_eks_identity_provider_config",
      "name": "this",
      "provider": "module.prod_cluster.provider[\"registry.terraform.io/hashicorp/aws\"]",
      "instances": []
    },
    {
      "module": "module.prod_cluster.module.eks",
      "mode": "managed",
      "type": "aws_iam_openid_connect_provider",
      "name": "oidc_provider",
      "provider": "module.prod_cluster.provider[\"registry.terraform.io/hashicorp/aws\"]",
      "instances": [
        {
          "index_key": 0,
          "schema_version": 0,
          "attributes": {
            "arn": "arn:aws:iam::224264690046:oidc-provider/oidc.eks.ap-south-1.amazonaws.com/id/72B182BB05FD88A36973D3133BDAF17B",
            "client_id_list": [
              "sts.amazonaws.com"
            ],
            "id": "arn:aws:iam::224264690046:oidc-provider/oidc.eks.ap-south-1.amazonaws.com/id/72B182BB05FD88A36973D3133BDAF17B",
            "tags": {
              "Name": "eks-production-eks-irsa"
            },
            "tags_all": {
              "Name": "eks-production-eks-irsa"
            },
            "thumbprint_list": [
              "9e99a48a9960b14926bb7f3b02e22da2b0ab7280"
            ],
            "url": "oidc.eks.ap-south-1.amazonaws.com/id/72B182BB05FD88A36973D3133BDAF17B"
          },
          "sensitive_attributes": [],
          "private": "bnVsbA==",
          "dependencies": [
            "module.prod_cluster.data.aws_availability_zones.available",
            "module.prod_cluster.module.eks.aws_cloudwatch_log_group.this",
            "module.prod_cluster.module.eks.aws_eks_cluster.this",
            "module.prod_cluster.module.eks.aws_iam_policy.cni_ipv6_policy",
            "module.prod_cluster.module.eks.aws_iam_role.this",
            "module.prod_cluster.module.eks.aws_iam_role_policy_attachment.this",
            "module.prod_cluster.module.eks.aws_security_group.cluster",
            "module.prod_cluster.module.eks.aws_security_group.node",
            "module.prod_cluster.module.eks.aws_security_group_rule.cluster",
            "module.prod_cluster.module.eks.aws_security_group_rule.node",
            "module.prod_cluster.module.eks.data.aws_caller_identity.current",
            "module.prod_cluster.module.eks.data.aws_iam_policy_document.assume_role_policy",
            "module.prod_cluster.module.eks.data.aws_iam_policy_document.cni_ipv6_policy",
            "module.prod_cluster.module.eks.data.aws_iam_session_context.current",
            "module.prod_cluster.module.eks.data.aws_partition.current",
            "module.prod_cluster.module.eks.data.tls_certificate.this",
            "module.prod_cluster.module.eks.module.kms.aws_kms_external_key.this",
            "module.prod_cluster.module.eks.module.kms.aws_kms_key.this",
            "module.prod_cluster.module.eks.module.kms.aws_kms_replica_external_key.this",
            "module.prod_cluster.module.eks.module.kms.aws_kms_replica_key.this",
            "module.prod_cluster.module.eks.module.kms.data.aws_caller_identity.current",
            "module.prod_cluster.module.eks.module.kms.data.aws_iam_policy_document.this",
            "module.prod_cluster.module.eks.module.kms.data.aws_partition.current",
            "module.prod_cluster.module.vpc.aws_subnet.private",
            "module.prod_cluster.module.vpc.aws_vpc.this",
            "module.prod_cluster.module.vpc.aws_vpc_ipv4_cidr_block_association.this"
          ]
        }
      ]
    },
    {
      "module": "module.prod_cluster.module.eks",
      "mode": "managed",
      "type": "aws_iam_policy",
      "name": "cluster_encryption",
      "provider": "module.prod_cluster.provider[\"registry.terraform.io/hashicorp/aws\"]",
      "instances": [
        {
          "index_key": 0,
          "schema_version": 0,
          "attributes": {
            "arn": "arn:aws:iam::224264690046:policy/eks-production-cluster-ClusterEncryption2024110916202790320000000d",
            "attachment_count": 0,
            "description": "Cluster encryption policy to allow cluster role to utilize CMK provided",
            "id": "arn:aws:iam::224264690046:policy/eks-production-cluster-ClusterEncryption2024110916202790320000000d",
            "name": "eks-production-cluster-ClusterEncryption2024110916202790320000000d",
            "name_prefix": "eks-production-cluster-ClusterEncryption",
            "path": "/",
            "policy": "{\"Statement\":[{\"Action\":[\"kms:Encrypt\",\"kms:Decrypt\",\"kms:ListGrants\",\"kms:DescribeKey\"],\"Effect\":\"Allow\",\"Resource\":\"arn:aws:kms:ap-south-1:224264690046:key/faa45cbb-e8d2-497b-8b2c-a00ad84ffe58\"}],\"Version\":\"2012-10-17\"}",
            "policy_id": "ANPATINZXTF7G67HCAMOZ",
            "tags": null,
            "tags_all": {}
          },
          "sensitive_attributes": [],
          "private": "bnVsbA==",
          "dependencies": [
            "module.prod_cluster.module.eks.aws_iam_role.this",
            "module.prod_cluster.module.eks.data.aws_caller_identity.current",
            "module.prod_cluster.module.eks.data.aws_iam_policy_document.assume_role_policy",
            "module.prod_cluster.module.eks.data.aws_iam_session_context.current",
            "module.prod_cluster.module.eks.module.kms.aws_kms_external_key.this",
            "module.prod_cluster.module.eks.module.kms.aws_kms_key.this",
            "module.prod_cluster.module.eks.module.kms.aws_kms_replica_external_key.this",
            "module.prod_cluster.module.eks.module.kms.aws_kms_replica_key.this",
            "module.prod_cluster.module.eks.module.kms.data.aws_caller_identity.current",
            "module.prod_cluster.module.eks.module.kms.data.aws_iam_policy_document.this",
            "module.prod_cluster.module.eks.module.kms.data.aws_partition.current"
          ]
        }
      ]
    },
    {
      "module": "module.prod_cluster.module.eks",
      "mode": "managed",
      "type": "aws_iam_policy",
      "name": "cni_ipv6_policy",
      "provider": "module.prod_cluster.provider[\"registry.terraform.io/hashicorp/aws\"]",
      "instances": []
    },
    {
      "module": "module.prod_cluster.module.eks",
      "mode": "managed",
      "type": "aws_iam_role",
      "name": "this",
      "provider": "module.prod_cluster.provider[\"registry.terraform.io/hashicorp/aws\"]",
      "instances": [
        {
          "index_key": 0,
          "schema_version": 0,
          "attributes": {
            "arn": "arn:aws:iam::224264690046:role/eks-production-cluster-20241109161941955200000002",
            "assume_role_policy": "{\"Statement\":[{\"Action\":\"sts:AssumeRole\",\"Effect\":\"Allow\",\"Principal\":{\"Service\":\"eks.amazonaws.com\"},\"Sid\":\"EKSClusterAssumeRole\"}],\"Version\":\"2012-10-17\"}",
            "create_date": "2024-11-09T16:19:43Z",
            "description": "",
            "force_detach_policies": true,
            "id": "eks-production-cluster-20241109161941955200000002",
            "inline_policy": [],
            "managed_policy_arns": [],
            "max_session_duration": 3600,
            "name": "eks-production-cluster-20241109161941955200000002",
            "name_prefix": "eks-production-cluster-",
            "path": "/",
            "permissions_boundary": "",
            "tags": null,
            "tags_all": {},
            "unique_id": "AROATINZXTF7A3IWXUMJC"
          },
          "sensitive_attributes": [],
          "private": "bnVsbA==",
          "dependencies": [
            "module.prod_cluster.module.eks.data.aws_iam_policy_document.assume_role_policy"
          ],
          "create_before_destroy": true
        }
      ]
    },
    {
      "module": "module.prod_cluster.module.eks",
      "mode": "managed",
      "type": "aws_iam_role_policy_attachment",
      "name": "cluster_encryption",
      "provider": "module.prod_cluster.provider[\"registry.terraform.io/hashicorp/aws\"]",
      "instances": [
        {
          "index_key": 0,
          "schema_version": 0,
          "attributes": {
            "id": "eks-production-cluster-20241109161941955200000002-2024110916203620330000000e",
            "policy_arn": "arn:aws:iam::224264690046:policy/eks-production-cluster-ClusterEncryption2024110916202790320000000d",
            "role": "eks-production-cluster-20241109161941955200000002"
          },
          "sensitive_attributes": [],
          "private": "bnVsbA==",
          "dependencies": [
            "module.prod_cluster.module.eks.aws_iam_policy.cluster_encryption",
            "module.prod_cluster.module.eks.aws_iam_role.this",
            "module.prod_cluster.module.eks.data.aws_caller_identity.current",
            "module.prod_cluster.module.eks.data.aws_iam_policy_document.assume_role_policy",
            "module.prod_cluster.module.eks.data.aws_iam_session_context.current",
            "module.prod_cluster.module.eks.module.kms.aws_kms_external_key.this",
            "module.prod_cluster.module.eks.module.kms.aws_kms_key.this",
            "module.prod_cluster.module.eks.module.kms.aws_kms_replica_external_key.this",
            "module.prod_cluster.module.eks.module.kms.aws_kms_replica_key.this",
            "module.prod_cluster.module.eks.module.kms.data.aws_caller_identity.current",
            "module.prod_cluster.module.eks.module.kms.data.aws_iam_policy_document.this",
            "module.prod_cluster.module.eks.module.kms.data.aws_partition.current"
          ]
        }
      ]
    },
    {
      "module": "module.prod_cluster.module.eks",
      "mode": "managed",
      "type": "aws_iam_role_policy_attachment",
      "name": "this",
      "provider": "module.prod_cluster.provider[\"registry.terraform.io/hashicorp/aws\"]",
      "instances": [
        {
          "index_key": "AmazonEKSClusterPolicy",
          "schema_version": 0,
          "attributes": {
            "id": "eks-production-cluster-20241109161941955200000002-20241109161944858900000004",
            "policy_arn": "arn:aws:iam::aws:policy/AmazonEKSClusterPolicy",
            "role": "eks-production-cluster-20241109161941955200000002"
          },
          "sensitive_attributes": [],
          "private": "bnVsbA==",
          "dependencies": [
            "module.prod_cluster.module.eks.aws_iam_role.this",
            "module.prod_cluster.module.eks.data.aws_iam_policy_document.assume_role_policy",
            "module.prod_cluster.module.eks.data.aws_partition.current"
          ],
          "create_before_destroy": true
        },
        {
          "index_key": "AmazonEKSVPCResourceController",
          "schema_version": 0,
          "attributes": {
            "id": "eks-production-cluster-20241109161941955200000002-20241109161944840700000003",
            "policy_arn": "arn:aws:iam::aws:policy/AmazonEKSVPCResourceController",
            "role": "eks-production-cluster-20241109161941955200000002"
          },
          "sensitive_attributes": [],
          "private": "bnVsbA==",
          "dependencies": [
            "module.prod_cluster.module.eks.aws_iam_role.this",
            "module.prod_cluster.module.eks.data.aws_iam_policy_document.assume_role_policy",
            "module.prod_cluster.module.eks.data.aws_partition.current"
          ],
          "create_before_destroy": true
        }
      ]
    },
    {
      "module": "module.prod_cluster.module.eks",
      "mode": "managed",
      "type": "aws_security_group",
      "name": "cluster",
      "provider": "module.prod_cluster.provider[\"registry.terraform.io/hashicorp/aws\"]",
      "instances": [
        {
          "index_key": 0,
          "schema_version": 1,
          "attributes": {
            "arn": "arn:aws:ec2:ap-south-1:224264690046:security-group/sg-0fa5e6fa207f07d6d",
            "description": "EKS cluster security group",
            "egress": [],
            "id": "sg-0fa5e6fa207f07d6d",
            "ingress": [],
            "name": "eks-production-cluster-2024110916200432350000000a",
            "name_prefix": "eks-production-cluster-",
            "owner_id": "224264690046",
            "revoke_rules_on_delete": false,
            "tags": {
              "Name": "eks-production-cluster"
            },
            "tags_all": {
              "Name": "eks-production-cluster"
            },
            "timeouts": null,
            "vpc_id": "vpc-0a3f4e702f6775b78"
          },
          "sensitive_attributes": [],
          "private": "eyJlMmJmYjczMC1lY2FhLTExZTYtOGY4OC0zNDM2M2JjN2M0YzAiOnsiY3JlYXRlIjo2MDAwMDAwMDAwMDAsImRlbGV0ZSI6OTAwMDAwMDAwMDAwfSwic2NoZW1hX3ZlcnNpb24iOiIxIn0=",
          "dependencies": [
            "module.prod_cluster.module.vpc.aws_vpc.this"
          ],
          "create_before_destroy": true
        }
      ]
    },
    {
      "module": "module.prod_cluster.module.eks",
      "mode": "managed",
      "type": "aws_security_group",
      "name": "node",
      "provider": "module.prod_cluster.provider[\"registry.terraform.io/hashicorp/aws\"]",
      "instances": [
        {
          "index_key": 0,
          "schema_version": 1,
          "attributes": {
            "arn": "arn:aws:ec2:ap-south-1:224264690046:security-group/sg-0b2827132e6810743",
            "description": "EKS node shared security group",
            "egress": [],
            "id": "sg-0b2827132e6810743",
            "ingress": [],
            "name": "eks-production-node-2024110916200435580000000b",
            "name_prefix": "eks-production-node-",
            "owner_id": "224264690046",
            "revoke_rules_on_delete": false,
            "tags": {
              "Name": "eks-production-node",
              "kubernetes.io/cluster/eks-production": "owned"
            },
            "tags_all": {
              "Name": "eks-production-node",
              "kubernetes.io/cluster/eks-production": "owned"
            },
            "timeouts": null,
            "vpc_id": "vpc-0a3f4e702f6775b78"
          },
          "sensitive_attributes": [],
          "private": "eyJlMmJmYjczMC1lY2FhLTExZTYtOGY4OC0zNDM2M2JjN2M0YzAiOnsiY3JlYXRlIjo2MDAwMDAwMDAwMDAsImRlbGV0ZSI6OTAwMDAwMDAwMDAwfSwic2NoZW1hX3ZlcnNpb24iOiIxIn0=",
          "dependencies": [
            "module.prod_cluster.module.vpc.aws_vpc.this"
          ],
          "create_before_destroy": true
        }
      ]
    },
    {
      "module": "module.prod_cluster.module.eks",
      "mode": "managed",
      "type": "aws_security_group_rule",
      "name": "cluster",
      "provider": "module.prod_cluster.provider[\"registry.terraform.io/hashicorp/aws\"]",
      "instances": [
        {
          "index_key": "ingress_nodes_443",
          "schema_version": 2,
          "attributes": {
            "cidr_blocks": null,
            "description": "Node groups to cluster API",
            "from_port": 443,
            "id": "sgrule-3589656751",
            "ipv6_cidr_blocks": null,
            "prefix_list_ids": null,
            "protocol": "tcp",
            "security_group_id": "sg-0fa5e6fa207f07d6d",
            "security_group_rule_id": "sgr-0c5be59f211e5cc10",
            "self": false,
            "source_security_group_id": "sg-0b2827132e6810743",
            "timeouts": null,
            "to_port": 443,
            "type": "ingress"
          },
          "sensitive_attributes": [],
          "private": "eyJlMmJmYjczMC1lY2FhLTExZTYtOGY4OC0zNDM2M2JjN2M0YzAiOnsiY3JlYXRlIjozMDAwMDAwMDAwMDB9LCJzY2hlbWFfdmVyc2lvbiI6IjIifQ==",
          "dependencies": [
            "module.prod_cluster.module.eks.aws_security_group.cluster",
            "module.prod_cluster.module.eks.aws_security_group.node",
            "module.prod_cluster.module.vpc.aws_vpc.this"
          ],
          "create_before_destroy": true
        }
      ]
    },
    {
      "module": "module.prod_cluster.module.eks",
      "mode": "managed",
      "type": "aws_security_group_rule",
      "name": "node",
      "provider": "module.prod_cluster.provider[\"registry.terraform.io/hashicorp/aws\"]",
      "instances": [
        {
          "index_key": "egress_all",
          "schema_version": 2,
          "attributes": {
            "cidr_blocks": [
              "0.0.0.0/0"
            ],
            "description": "Allow all egress",
            "from_port": 0,
            "id": "sgrule-61504947",
            "ipv6_cidr_blocks": null,
            "prefix_list_ids": [],
            "protocol": "-1",
            "security_group_id": "sg-0b2827132e6810743",
            "security_group_rule_id": "sgr-0d50b72ae2493b040",
            "self": false,
            "source_security_group_id": null,
            "timeouts": null,
            "to_port": 0,
            "type": "egress"
          },
          "sensitive_attributes": [],
          "private": "eyJlMmJmYjczMC1lY2FhLTExZTYtOGY4OC0zNDM2M2JjN2M0YzAiOnsiY3JlYXRlIjozMDAwMDAwMDAwMDB9LCJzY2hlbWFfdmVyc2lvbiI6IjIifQ==",
          "dependencies": [
            "module.prod_cluster.module.eks.aws_security_group.cluster",
            "module.prod_cluster.module.eks.aws_security_group.node",
            "module.prod_cluster.module.vpc.aws_vpc.this"
          ],
          "create_before_destroy": true
        },
        {
          "index_key": "ingress_cluster_443",
          "schema_version": 2,
          "attributes": {
            "cidr_blocks": null,
            "description": "Cluster API to node groups",
            "from_port": 443,
            "id": "sgrule-1666918094",
            "ipv6_cidr_blocks": null,
            "prefix_list_ids": [],
            "protocol": "tcp",
            "security_group_id": "sg-0b2827132e6810743",
            "security_group_rule_id": "sgr-00256e22e451378b2",
            "self": false,
            "source_security_group_id": "sg-0fa5e6fa207f07d6d",
            "timeouts": null,
            "to_port": 443,
            "type": "ingress"
          },
          "sensitive_attributes": [],
          "private": "eyJlMmJmYjczMC1lY2FhLTExZTYtOGY4OC0zNDM2M2JjN2M0YzAiOnsiY3JlYXRlIjozMDAwMDAwMDAwMDB9LCJzY2hlbWFfdmVyc2lvbiI6IjIifQ==",
          "dependencies": [
            "module.prod_cluster.module.eks.aws_security_group.cluster",
            "module.prod_cluster.module.eks.aws_security_group.node",
            "module.prod_cluster.module.vpc.aws_vpc.this"
          ],
          "create_before_destroy": true
        },
        {
          "index_key": "ingress_cluster_4443_webhook",
          "schema_version": 2,
          "attributes": {
            "cidr_blocks": null,
            "description": "Cluster API to node 4443/tcp webhook",
            "from_port": 4443,
            "id": "sgrule-1502748859",
            "ipv6_cidr_blocks": null,
            "prefix_list_ids": [],
            "protocol": "tcp",
            "security_group_id": "sg-0b2827132e6810743",
            "security_group_rule_id": "sgr-0d6d3eee89c321541",
            "self": false,
            "source_security_group_id": "sg-0fa5e6fa207f07d6d",
            "timeouts": null,
            "to_port": 4443,
            "type": "ingress"
          },
          "sensitive_attributes": [],
          "private": "eyJlMmJmYjczMC1lY2FhLTExZTYtOGY4OC0zNDM2M2JjN2M0YzAiOnsiY3JlYXRlIjozMDAwMDAwMDAwMDB9LCJzY2hlbWFfdmVyc2lvbiI6IjIifQ==",
          "dependencies": [
            "module.prod_cluster.module.eks.aws_security_group.cluster",
            "module.prod_cluster.module.eks.aws_security_group.node",
            "module.prod_cluster.module.vpc.aws_vpc.this"
          ],
          "create_before_destroy": true
        },
        {
          "index_key": "ingress_cluster_6443_webhook",
          "schema_version": 2,
          "attributes": {
            "cidr_blocks": null,
            "description": "Cluster API to node 6443/tcp webhook",
            "from_port": 6443,
            "id": "sgrule-2429568813",
            "ipv6_cidr_blocks": null,
            "prefix_list_ids": [],
            "protocol": "tcp",
            "security_group_id": "sg-0b2827132e6810743",
            "security_group_rule_id": "sgr-0245b6f598a7a5331",
            "self": false,
            "source_security_group_id": "sg-0fa5e6fa207f07d6d",
            "timeouts": null,
            "to_port": 6443,
            "type": "ingress"
          },
          "sensitive_attributes": [],
          "private": "eyJlMmJmYjczMC1lY2FhLTExZTYtOGY4OC0zNDM2M2JjN2M0YzAiOnsiY3JlYXRlIjozMDAwMDAwMDAwMDB9LCJzY2hlbWFfdmVyc2lvbiI6IjIifQ==",
          "dependencies": [
            "module.prod_cluster.module.eks.aws_security_group.cluster",
            "module.prod_cluster.module.eks.aws_security_group.node",
            "module.prod_cluster.module.vpc.aws_vpc.this"
          ],
          "create_before_destroy": true
        },
        {
          "index_key": "ingress_cluster_8443_webhook",
          "schema_version": 2,
          "attributes": {
            "cidr_blocks": null,
            "description": "Cluster API to node 8443/tcp webhook",
            "from_port": 8443,
            "id": "sgrule-2207021836",
            "ipv6_cidr_blocks": null,
            "prefix_list_ids": [],
            "protocol": "tcp",
            "security_group_id": "sg-0b2827132e6810743",
            "security_group_rule_id": "sgr-034590a3b489adc08",
            "self": false,
            "source_security_group_id": "sg-0fa5e6fa207f07d6d",
            "timeouts": null,
            "to_port": 8443,
            "type": "ingress"
          },
          "sensitive_attributes": [],
          "private": "eyJlMmJmYjczMC1lY2FhLTExZTYtOGY4OC0zNDM2M2JjN2M0YzAiOnsiY3JlYXRlIjozMDAwMDAwMDAwMDB9LCJzY2hlbWFfdmVyc2lvbiI6IjIifQ==",
          "dependencies": [
            "module.prod_cluster.module.eks.aws_security_group.cluster",
            "module.prod_cluster.module.eks.aws_security_group.node",
            "module.prod_cluster.module.vpc.aws_vpc.this"
          ],
          "create_before_destroy": true
        },
        {
          "index_key": "ingress_cluster_9443_webhook",
          "schema_version": 2,
          "attributes": {
            "cidr_blocks": null,
            "description": "Cluster API to node 9443/tcp webhook",
            "from_port": 9443,
            "id": "sgrule-3878504647",
            "ipv6_cidr_blocks": null,
            "prefix_list_ids": [],
            "protocol": "tcp",
            "security_group_id": "sg-0b2827132e6810743",
            "security_group_rule_id": "sgr-0e7f1d4395c25d1fc",
            "self": false,
            "source_security_group_id": "sg-0fa5e6fa207f07d6d",
            "timeouts": null,
            "to_port": 9443,
            "type": "ingress"
          },
          "sensitive_attributes": [],
          "private": "eyJlMmJmYjczMC1lY2FhLTExZTYtOGY4OC0zNDM2M2JjN2M0YzAiOnsiY3JlYXRlIjozMDAwMDAwMDAwMDB9LCJzY2hlbWFfdmVyc2lvbiI6IjIifQ==",
          "dependencies": [
            "module.prod_cluster.module.eks.aws_security_group.cluster",
            "module.prod_cluster.module.eks.aws_security_group.node",
            "module.prod_cluster.module.vpc.aws_vpc.this"
          ],
          "create_before_destroy": true
        },
        {
          "index_key": "ingress_cluster_kubelet",
          "schema_version": 2,
          "attributes": {
            "cidr_blocks": null,
            "description": "Cluster API to node kubelets",
            "from_port": 10250,
            "id": "sgrule-1507845498",
            "ipv6_cidr_blocks": null,
            "prefix_list_ids": [],
            "protocol": "tcp",
            "security_group_id": "sg-0b2827132e6810743",
            "security_group_rule_id": "sgr-041c34c9fccf90526",
            "self": false,
            "source_security_group_id": "sg-0fa5e6fa207f07d6d",
            "timeouts": null,
            "to_port": 10250,
            "type": "ingress"
          },
          "sensitive_attributes": [],
          "private": "eyJlMmJmYjczMC1lY2FhLTExZTYtOGY4OC0zNDM2M2JjN2M0YzAiOnsiY3JlYXRlIjozMDAwMDAwMDAwMDB9LCJzY2hlbWFfdmVyc2lvbiI6IjIifQ==",
          "dependencies": [
            "module.prod_cluster.module.eks.aws_security_group.cluster",
            "module.prod_cluster.module.eks.aws_security_group.node",
            "module.prod_cluster.module.vpc.aws_vpc.this"
          ],
          "create_before_destroy": true
        },
        {
          "index_key": "ingress_nodes_ephemeral",
          "schema_version": 2,
          "attributes": {
            "cidr_blocks": null,
            "description": "Node to node ingress on ephemeral ports",
            "from_port": 1025,
            "id": "sgrule-122308557",
            "ipv6_cidr_blocks": null,
            "prefix_list_ids": [],
            "protocol": "tcp",
            "security_group_id": "sg-0b2827132e6810743",
            "security_group_rule_id": "sgr-0130b78924b1784f3",
            "self": true,
            "source_security_group_id": null,
            "timeouts": null,
            "to_port": 65535,
            "type": "ingress"
          },
          "sensitive_attributes": [],
          "private": "eyJlMmJmYjczMC1lY2FhLTExZTYtOGY4OC0zNDM2M2JjN2M0YzAiOnsiY3JlYXRlIjozMDAwMDAwMDAwMDB9LCJzY2hlbWFfdmVyc2lvbiI6IjIifQ==",
          "dependencies": [
            "module.prod_cluster.module.eks.aws_security_group.cluster",
            "module.prod_cluster.module.eks.aws_security_group.node",
            "module.prod_cluster.module.vpc.aws_vpc.this"
          ],
          "create_before_destroy": true
        },
        {
          "index_key": "ingress_self_coredns_tcp",
          "schema_version": 2,
          "attributes": {
            "cidr_blocks": null,
            "description": "Node to node CoreDNS",
            "from_port": 53,
            "id": "sgrule-1237345647",
            "ipv6_cidr_blocks": null,
            "prefix_list_ids": [],
            "protocol": "tcp",
            "security_group_id": "sg-0b2827132e6810743",
            "security_group_rule_id": "sgr-04130909a26b6d6f4",
            "self": true,
            "source_security_group_id": null,
            "timeouts": null,
            "to_port": 53,
            "type": "ingress"
          },
          "sensitive_attributes": [],
          "private": "eyJlMmJmYjczMC1lY2FhLTExZTYtOGY4OC0zNDM2M2JjN2M0YzAiOnsiY3JlYXRlIjozMDAwMDAwMDAwMDB9LCJzY2hlbWFfdmVyc2lvbiI6IjIifQ==",
          "dependencies": [
            "module.prod_cluster.module.eks.aws_security_group.cluster",
            "module.prod_cluster.module.eks.aws_security_group.node",
            "module.prod_cluster.module.vpc.aws_vpc.this"
          ],
          "create_before_destroy": true
        },
        {
          "index_key": "ingress_self_coredns_udp",
          "schema_version": 2,
          "attributes": {
            "cidr_blocks": null,
            "description": "Node to node CoreDNS UDP",
            "from_port": 53,
            "id": "sgrule-3986671232",
            "ipv6_cidr_blocks": null,
            "prefix_list_ids": [],
            "protocol": "udp",
            "security_group_id": "sg-0b2827132e6810743",
            "security_group_rule_id": "sgr-034dfb6185ad84612",
            "self": true,
            "source_security_group_id": null,
            "timeouts": null,
            "to_port": 53,
            "type": "ingress"
          },
          "sensitive_attributes": [],
          "private": "eyJlMmJmYjczMC1lY2FhLTExZTYtOGY4OC0zNDM2M2JjN2M0YzAiOnsiY3JlYXRlIjozMDAwMDAwMDAwMDB9LCJzY2hlbWFfdmVyc2lvbiI6IjIifQ==",
          "dependencies": [
            "module.prod_cluster.module.eks.aws_security_group.cluster",
            "module.prod_cluster.module.eks.aws_security_group.node",
            "module.prod_cluster.module.vpc.aws_vpc.this"
          ],
          "create_before_destroy": true
        }
      ]
    },
    {
      "module": "module.prod_cluster.module.eks",
      "mode": "managed",
      "type": "time_sleep",
      "name": "this",
      "provider": "provider[\"registry.terraform.io/hashicorp/time\"]",
      "instances": [
        {
          "index_key": 0,
          "schema_version": 0,
          "attributes": {
            "create_duration": "30s",
            "destroy_duration": null,
            "id": "2024-11-09T16:29:20Z",
            "triggers": {
              "cluster_certificate_authority_data": "LS0tLS1CRUdJTiBDRVJUSUZJQ0FURS0tLS0tCk1JSURCRENDQWV5Z0F3SUJBZ0lIZU8weWZwWXUrekFOQmdrcWhraUc5dzBCQVFzRkFEQVZNUk13RVFZRFZRUUQKRXdwcmRXSmxjbTVsZEdWek1CNFhEVEkwTVRFd09URTJNVGt4T0ZvWERUTTBNVEV3TnpFMk1qUXhPRm93RlRFVApNQkVHQTFVRUF4TUthM1ZpWlhKdVpYUmxjekNDQVNJd0RRWUpLb1pJaHZjTkFRRUJCUUFEZ2dFUEFEQ0NBUW9DCmdnRUJBTjhXbVhKZjFjU25yVUl2NEZpbEFxZSt5NjlLajVDdmNBbzc0bWY1QnBuT1RkcWN0d1RVS0tnUmV3ZjEKRlBPdG1hSHBMTVQ5TExjS1ZyNTVtSjJFNW5hR2NXM2lRdGM0UW9Sd3pBNkVqVUZYS3BkWEMrRmRYRG9hejB5Zgo0dmRYTHZScElBdnVzTGYrNkRDbmFCc0IwemNuZWUwb2VDK2xLKzNlL3BJdVI5WEZKZXlTTmRpSWRKbHBBWUlNCk9ubzRuK054TGt2dXpxamJpVVhVZ3dRc1cvTFFNeE43YXlTRExmQjNRUURHbG1rSE9uQlMxWEQwSEdCcXRTdFcKaDBHaFJ3bTBmM1ppNmZXZVdHWUlIOTgxUG9TM2hJOElaRFpMSzVZbHdBRmNXc0NYcnh4bmhnT3ZsYWpkVEpDZwpVVFAwcnhENUFLRlYvejUzUzBMTmhWcjJnRThDQXdFQUFhTlpNRmN3RGdZRFZSMFBBUUgvQkFRREFnS2tNQThHCkExVWRFd0VCL3dRRk1BTUJBZjh3SFFZRFZSME9CQllFRkhQdFpnWjU0bmoyLzFxN256WGJPblFDSTFqN01CVUcKQTFVZEVRUU9NQXlDQ210MVltVnlibVYwWlhNd0RRWUpLb1pJaHZjTkFRRUxCUUFEZ2dFQkFGN3pwNFRqYzZQVQpXcHUwbjJwUFBNaFUwQU5RV3lUelNvSDd2WVpyWFQwYzM1ckdDYUhxM1dPaC94U2FzamsyTWE3ZFpOU0dGTG8rCkVJd215VDhUZE5wdmZFUzZJOG1PUDhEMFJDQ29zVjF3aFEvYXVrM1VwV1poSktueUZRTFZZNzByK3BPell3MDIKVjlkNVd5dzExUERLVGo2eEdVQ3B3REZFZWdUbUNIZHNhNXI1eGFxcE1abG9xV1lCYUlWYnM0dkRYUW5YaGlNQQp1WHhCY1Zub2k1OVlsWVFGVVIwbzRoMGIxWUFnUWNKTVVJdGEyYTlqWHRUYzNIbS9TL1RhSVYyTzgwb0RwdHFCClpaZHYxbDU5TTdCT1JxZ3pEdDNxSm9QMkNuS29kT2t5SjgrN3Q3V0x4V3FIaGpMZmtzTm91MFREdzZDU0ZnR0EKK1k2U2N2MjB5QU09Ci0tLS0tRU5EIENFUlRJRklDQVRFLS0tLS0K",
              "cluster_endpoint": "https://72B182BB05FD88A36973D3133BDAF17B.gr7.ap-south-1.eks.amazonaws.com",
              "cluster_name": "eks-production",
              "cluster_service_cidr": "10.100.0.0/16",
              "cluster_version": "1.31"
            }
          },
          "sensitive_attributes": [],
          "dependencies": [
            "module.prod_cluster.data.aws_availability_zones.available",
            "module.prod_cluster.module.eks.aws_cloudwatch_log_group.this",
            "module.prod_cluster.module.eks.aws_eks_cluster.this",
            "module.prod_cluster.module.eks.aws_iam_policy.cni_ipv6_policy",
            "module.prod_cluster.module.eks.aws_iam_role.this",
            "module.prod_cluster.module.eks.aws_iam_role_policy_attachment.this",
            "module.prod_cluster.module.eks.aws_security_group.cluster",
            "module.prod_cluster.module.eks.aws_security_group.node",
            "module.prod_cluster.module.eks.aws_security_group_rule.cluster",
            "module.prod_cluster.module.eks.aws_security_group_rule.node",
            "module.prod_cluster.module.eks.data.aws_caller_identity.current",
            "module.prod_cluster.module.eks.data.aws_iam_policy_document.assume_role_policy",
            "module.prod_cluster.module.eks.data.aws_iam_policy_document.cni_ipv6_policy",
            "module.prod_cluster.module.eks.data.aws_iam_session_context.current",
            "module.prod_cluster.module.eks.data.aws_partition.current",
            "module.prod_cluster.module.eks.module.kms.aws_kms_external_key.this",
            "module.prod_cluster.module.eks.module.kms.aws_kms_key.this",
            "module.prod_cluster.module.eks.module.kms.aws_kms_replica_external_key.this",
            "module.prod_cluster.module.eks.module.kms.aws_kms_replica_key.this",
            "module.prod_cluster.module.eks.module.kms.data.aws_caller_identity.current",
            "module.prod_cluster.module.eks.module.kms.data.aws_iam_policy_document.this",
            "module.prod_cluster.module.eks.module.kms.data.aws_partition.current",
            "module.prod_cluster.module.vpc.aws_subnet.private",
            "module.prod_cluster.module.vpc.aws_vpc.this",
            "module.prod_cluster.module.vpc.aws_vpc_ipv4_cidr_block_association.this"
          ],
          "create_before_destroy": true
        }
      ]
    },
    {
      "module": "module.prod_cluster.module.eks-kubeconfig",
      "mode": "data",
      "type": "aws_eks_cluster",
      "name": "this",
      "provider": "module.prod_cluster.provider[\"registry.terraform.io/hashicorp/aws\"]",
      "instances": [
        {
          "schema_version": 0,
          "attributes": {
            "access_config": [
              {
                "authentication_mode": "API_AND_CONFIG_MAP",
                "bootstrap_cluster_creator_admin_permissions": true
              }
            ],
            "arn": "arn:aws:eks:ap-south-1:224264690046:cluster/eks-production",
            "certificate_authority": [
              {
                "data": "LS0tLS1CRUdJTiBDRVJUSUZJQ0FURS0tLS0tCk1JSURCRENDQWV5Z0F3SUJBZ0lIZU8weWZwWXUrekFOQmdrcWhraUc5dzBCQVFzRkFEQVZNUk13RVFZRFZRUUQKRXdwcmRXSmxjbTVsZEdWek1CNFhEVEkwTVRFd09URTJNVGt4T0ZvWERUTTBNVEV3TnpFMk1qUXhPRm93RlRFVApNQkVHQTFVRUF4TUthM1ZpWlhKdVpYUmxjekNDQVNJd0RRWUpLb1pJaHZjTkFRRUJCUUFEZ2dFUEFEQ0NBUW9DCmdnRUJBTjhXbVhKZjFjU25yVUl2NEZpbEFxZSt5NjlLajVDdmNBbzc0bWY1QnBuT1RkcWN0d1RVS0tnUmV3ZjEKRlBPdG1hSHBMTVQ5TExjS1ZyNTVtSjJFNW5hR2NXM2lRdGM0UW9Sd3pBNkVqVUZYS3BkWEMrRmRYRG9hejB5Zgo0dmRYTHZScElBdnVzTGYrNkRDbmFCc0IwemNuZWUwb2VDK2xLKzNlL3BJdVI5WEZKZXlTTmRpSWRKbHBBWUlNCk9ubzRuK054TGt2dXpxamJpVVhVZ3dRc1cvTFFNeE43YXlTRExmQjNRUURHbG1rSE9uQlMxWEQwSEdCcXRTdFcKaDBHaFJ3bTBmM1ppNmZXZVdHWUlIOTgxUG9TM2hJOElaRFpMSzVZbHdBRmNXc0NYcnh4bmhnT3ZsYWpkVEpDZwpVVFAwcnhENUFLRlYvejUzUzBMTmhWcjJnRThDQXdFQUFhTlpNRmN3RGdZRFZSMFBBUUgvQkFRREFnS2tNQThHCkExVWRFd0VCL3dRRk1BTUJBZjh3SFFZRFZSME9CQllFRkhQdFpnWjU0bmoyLzFxN256WGJPblFDSTFqN01CVUcKQTFVZEVRUU9NQXlDQ210MVltVnlibVYwWlhNd0RRWUpLb1pJaHZjTkFRRUxCUUFEZ2dFQkFGN3pwNFRqYzZQVQpXcHUwbjJwUFBNaFUwQU5RV3lUelNvSDd2WVpyWFQwYzM1ckdDYUhxM1dPaC94U2FzamsyTWE3ZFpOU0dGTG8rCkVJd215VDhUZE5wdmZFUzZJOG1PUDhEMFJDQ29zVjF3aFEvYXVrM1VwV1poSktueUZRTFZZNzByK3BPell3MDIKVjlkNVd5dzExUERLVGo2eEdVQ3B3REZFZWdUbUNIZHNhNXI1eGFxcE1abG9xV1lCYUlWYnM0dkRYUW5YaGlNQQp1WHhCY1Zub2k1OVlsWVFGVVIwbzRoMGIxWUFnUWNKTVVJdGEyYTlqWHRUYzNIbS9TL1RhSVYyTzgwb0RwdHFCClpaZHYxbDU5TTdCT1JxZ3pEdDNxSm9QMkNuS29kT2t5SjgrN3Q3V0x4V3FIaGpMZmtzTm91MFREdzZDU0ZnR0EKK1k2U2N2MjB5QU09Ci0tLS0tRU5EIENFUlRJRklDQVRFLS0tLS0K"
              }
            ],
            "cluster_id": null,
            "created_at": "2024-11-09T16:20:40Z",
            "enabled_cluster_log_types": [
              "api",
              "audit",
              "authenticator"
            ],
            "endpoint": "https://72B182BB05FD88A36973D3133BDAF17B.gr7.ap-south-1.eks.amazonaws.com",
            "id": "eks-production",
            "identity": [
              {
                "oidc": [
                  {
                    "issuer": "https://oidc.eks.ap-south-1.amazonaws.com/id/72B182BB05FD88A36973D3133BDAF17B"
                  }
                ]
              }
            ],
            "kubernetes_network_config": [
              {
                "ip_family": "ipv4",
                "service_ipv4_cidr": "10.100.0.0/16",
                "service_ipv6_cidr": ""
              }
            ],
            "name": "eks-production",
            "outpost_config": [],
            "platform_version": "eks.10",
            "role_arn": "arn:aws:iam::224264690046:role/eks-production-cluster-20241109161941955200000002",
            "status": "ACTIVE",
            "tags": {
              "terraform-aws-modules": "eks"
            },
            "upgrade_policy": [
              {
                "support_type": "EXTENDED"
              }
            ],
            "version": "1.31",
            "vpc_config": [
              {
                "cluster_security_group_id": "sg-04afea07afa2b50de",
                "endpoint_private_access": true,
                "endpoint_public_access": false,
                "public_access_cidrs": [
                  "0.0.0.0/0"
                ],
                "security_group_ids": [
                  "sg-0fa5e6fa207f07d6d"
                ],
                "subnet_ids": [
                  "subnet-0061e1e226c2f10b4",
                  "subnet-07a22ed1c6d2462a0",
                  "subnet-0bb5bea012ba3c2a8"
                ],
                "vpc_id": "vpc-0a3f4e702f6775b78"
              }
            ],
            "zonal_shift_config": []
          },
          "sensitive_attributes": []
        }
      ]
    },
    {
      "module": "module.prod_cluster.module.eks-kubeconfig",
      "mode": "data",
      "type": "aws_eks_cluster_auth",
      "name": "ephemeral",
      "provider": "module.prod_cluster.provider[\"registry.terraform.io/hashicorp/aws\"]",
      "instances": [
        {
          "schema_version": 0,
          "attributes": {
            "id": "eks-production",
            "name": "eks-production",
            "token": "k8s-aws-v1.aHR0cHM6Ly9zdHMuYXAtc291dGgtMS5hbWF6b25hd3MuY29tLz9BY3Rpb249R2V0Q2FsbGVySWRlbnRpdHkmVmVyc2lvbj0yMDExLTA2LTE1JlgtQW16LUFsZ29yaXRobT1BV1M0LUhNQUMtU0hBMjU2JlgtQW16LUNyZWRlbnRpYWw9QUtJQVRJTlpYVEY3RlRHWklVVkclMkYyMDI0MTEwOSUyRmFwLXNvdXRoLTElMkZzdHMlMkZhd3M0X3JlcXVlc3QmWC1BbXotRGF0ZT0yMDI0MTEwOVQxNjM0MTJaJlgtQW16LUV4cGlyZXM9MCZYLUFtei1TaWduZWRIZWFkZXJzPWhvc3QlM0J4LWs4cy1hd3MtaWQmWC1BbXotU2lnbmF0dXJlPWY3M2YwOWZjMGI1Njc3NzU5NTRlYjgzM2I5ZGE5MTU3YmFhMGVkYTI1ZDMxMTJhZTUyN2QwZGFmZWEzNTZhNDc"
          },
          "sensitive_attributes": [
            [
              {
                "type": "get_attr",
                "value": "token"
              }
            ]
          ]
        }
      ]
    },
    {
      "module": "module.prod_cluster.module.eks.module.eks_managed_node_group[\"first\"]",
      "mode": "data",
      "type": "aws_caller_identity",
      "name": "current",
      "provider": "module.prod_cluster.provider[\"registry.terraform.io/hashicorp/aws\"]",
      "instances": [
        {
          "schema_version": 0,
          "attributes": {
            "account_id": "224264690046",
            "arn": "arn:aws:iam::224264690046:user/Litmus",
            "id": "224264690046",
            "user_id": "AIDATINZXTF7DWECQ2SWM"
          },
          "sensitive_attributes": []
        }
      ]
    },
    {
      "module": "module.prod_cluster.module.eks.module.eks_managed_node_group[\"first\"]",
      "mode": "data",
      "type": "aws_ec2_instance_type",
      "name": "this",
      "provider": "module.prod_cluster.provider[\"registry.terraform.io/hashicorp/aws\"]",
      "instances": []
    },
    {
      "module": "module.prod_cluster.module.eks.module.eks_managed_node_group[\"first\"]",
      "mode": "data",
      "type": "aws_ec2_instance_type_offerings",
      "name": "this",
      "provider": "module.prod_cluster.provider[\"registry.terraform.io/hashicorp/aws\"]",
      "instances": []
    },
    {
      "module": "module.prod_cluster.module.eks.module.eks_managed_node_group[\"first\"]",
      "mode": "data",
      "type": "aws_iam_policy_document",
      "name": "assume_role_policy",
      "provider": "module.prod_cluster.provider[\"registry.terraform.io/hashicorp/aws\"]",
      "instances": [
        {
          "index_key": 0,
          "schema_version": 0,
          "attributes": {
            "id": "2560088296",
            "json": "{\n  \"Version\": \"2012-10-17\",\n  \"Statement\": [\n    {\n      \"Sid\": \"EKSNodeAssumeRole\",\n      \"Effect\": \"Allow\",\n      \"Action\": \"sts:AssumeRole\",\n      \"Principal\": {\n        \"Service\": \"ec2.amazonaws.com\"\n      }\n    }\n  ]\n}",
            "minified_json": "{\"Version\":\"2012-10-17\",\"Statement\":[{\"Sid\":\"EKSNodeAssumeRole\",\"Effect\":\"Allow\",\"Action\":\"sts:AssumeRole\",\"Principal\":{\"Service\":\"ec2.amazonaws.com\"}}]}",
            "override_json": null,
            "override_policy_documents": null,
            "policy_id": null,
            "source_json": null,
            "source_policy_documents": null,
            "statement": [
              {
                "actions": [
                  "sts:AssumeRole"
                ],
                "condition": [],
                "effect": "Allow",
                "not_actions": [],
                "not_principals": [],
                "not_resources": [],
                "principals": [
                  {
                    "identifiers": [
                      "ec2.amazonaws.com"
                    ],
                    "type": "Service"
                  }
                ],
                "resources": [],
                "sid": "EKSNodeAssumeRole"
              }
            ],
            "version": "2012-10-17"
          },
          "sensitive_attributes": []
        }
      ]
    },
    {
      "module": "module.prod_cluster.module.eks.module.eks_managed_node_group[\"first\"]",
      "mode": "data",
      "type": "aws_partition",
      "name": "current",
      "provider": "module.prod_cluster.provider[\"registry.terraform.io/hashicorp/aws\"]",
      "instances": [
        {
          "schema_version": 0,
          "attributes": {
            "dns_suffix": "amazonaws.com",
            "id": "aws",
            "partition": "aws",
            "reverse_dns_prefix": "com.amazonaws"
          },
          "sensitive_attributes": []
        }
      ]
    },
    {
      "module": "module.prod_cluster.module.eks.module.eks_managed_node_group[\"first\"]",
      "mode": "data",
      "type": "aws_ssm_parameter",
      "name": "ami",
      "provider": "module.prod_cluster.provider[\"registry.terraform.io/hashicorp/aws\"]",
      "instances": []
    },
    {
      "module": "module.prod_cluster.module.eks.module.eks_managed_node_group[\"first\"]",
      "mode": "data",
      "type": "aws_subnets",
      "name": "placement_group",
      "provider": "module.prod_cluster.provider[\"registry.terraform.io/hashicorp/aws\"]",
      "instances": []
    },
    {
      "module": "module.prod_cluster.module.eks.module.eks_managed_node_group[\"first\"]",
      "mode": "managed",
      "type": "aws_autoscaling_schedule",
      "name": "this",
      "provider": "module.prod_cluster.provider[\"registry.terraform.io/hashicorp/aws\"]",
      "instances": []
    },
    {
      "module": "module.prod_cluster.module.eks.module.eks_managed_node_group[\"first\"]",
      "mode": "managed",
      "type": "aws_eks_node_group",
      "name": "this",
      "provider": "module.prod_cluster.provider[\"registry.terraform.io/hashicorp/aws\"]",
      "instances": [
        {
          "index_key": 0,
          "schema_version": 0,
          "attributes": {
            "ami_type": "AL2023_x86_64_STANDARD",
            "arn": "arn:aws:eks:ap-south-1:224264690046:nodegroup/eks-production/first-20241109162922846600000011/8ac988e1-205d-c7e6-3410-02dc064afde1",
            "capacity_type": "ON_DEMAND",
            "cluster_name": "eks-production",
            "disk_size": 0,
            "force_update_version": null,
            "id": "eks-production:first-20241109162922846600000011",
            "instance_types": [
              "t3.medium"
            ],
            "labels": null,
            "launch_template": [
              {
                "id": "lt-08fde026efe25ddc0",
                "name": "first-2024110916292080940000000f",
                "version": "1"
              }
            ],
            "node_group_name": "first-20241109162922846600000011",
            "node_group_name_prefix": "first-",
            "node_role_arn": "arn:aws:iam::224264690046:role/first-eks-node-group-20241109161941955100000001",
            "release_version": "1.31.0-20241106",
            "remote_access": [],
            "resources": [
              {
                "autoscaling_groups": [
                  {
                    "name": "eks-first-20241109162922846600000011-8ac988e1-205d-c7e6-3410-02dc064afde1"
                  }
                ],
                "remote_access_security_group_id": ""
              }
            ],
            "scaling_config": [
              {
                "desired_size": 1,
                "max_size": 3,
                "min_size": 1
              }
            ],
            "status": "ACTIVE",
            "subnet_ids": [
              "subnet-0061e1e226c2f10b4",
              "subnet-07a22ed1c6d2462a0",
              "subnet-0bb5bea012ba3c2a8"
            ],
            "tags": {
              "Name": "first"
            },
            "tags_all": {
              "Name": "first"
            },
            "taint": [],
            "timeouts": {
              "create": null,
              "delete": null,
              "update": null
            },
            "update_config": [
              {
                "max_unavailable": 0,
                "max_unavailable_percentage": 33
              }
            ],
            "version": "1.31"
          },
          "sensitive_attributes": [],
          "private": "eyJlMmJmYjczMC1lY2FhLTExZTYtOGY4OC0zNDM2M2JjN2M0YzAiOnsiY3JlYXRlIjozNjAwMDAwMDAwMDAwLCJkZWxldGUiOjM2MDAwMDAwMDAwMDAsInVwZGF0ZSI6MzYwMDAwMDAwMDAwMH19",
          "dependencies": [
            "module.prod_cluster.data.aws_availability_zones.available",
            "module.prod_cluster.module.eks.aws_cloudwatch_log_group.this",
            "module.prod_cluster.module.eks.aws_eks_cluster.this",
            "module.prod_cluster.module.eks.aws_iam_policy.cni_ipv6_policy",
            "module.prod_cluster.module.eks.aws_iam_role.this",
            "module.prod_cluster.module.eks.aws_iam_role_policy_attachment.this",
            "module.prod_cluster.module.eks.aws_security_group.cluster",
            "module.prod_cluster.module.eks.aws_security_group.node",
            "module.prod_cluster.module.eks.aws_security_group_rule.cluster",
            "module.prod_cluster.module.eks.aws_security_group_rule.node",
            "module.prod_cluster.module.eks.data.aws_caller_identity.current",
            "module.prod_cluster.module.eks.data.aws_iam_policy_document.assume_role_policy",
            "module.prod_cluster.module.eks.data.aws_iam_policy_document.cni_ipv6_policy",
            "module.prod_cluster.module.eks.data.aws_iam_session_context.current",
            "module.prod_cluster.module.eks.data.aws_partition.current",
            "module.prod_cluster.module.eks.module.eks_managed_node_group.aws_iam_role.this",
            "module.prod_cluster.module.eks.module.eks_managed_node_group.aws_iam_role_policy_attachment.additional",
            "module.prod_cluster.module.eks.module.eks_managed_node_group.aws_iam_role_policy_attachment.this",
            "module.prod_cluster.module.eks.module.eks_managed_node_group.aws_launch_template.this",
            "module.prod_cluster.module.eks.module.eks_managed_node_group.aws_placement_group.this",
            "module.prod_cluster.module.eks.module.eks_managed_node_group.data.aws_caller_identity.current",
            "module.prod_cluster.module.eks.module.eks_managed_node_group.data.aws_ec2_instance_type.this",
            "module.prod_cluster.module.eks.module.eks_managed_node_group.data.aws_ec2_instance_type_offerings.this",
            "module.prod_cluster.module.eks.module.eks_managed_node_group.data.aws_iam_policy_document.assume_role_policy",
            "module.prod_cluster.module.eks.module.eks_managed_node_group.data.aws_partition.current",
            "module.prod_cluster.module.eks.module.eks_managed_node_group.data.aws_ssm_parameter.ami",
            "module.prod_cluster.module.eks.module.eks_managed_node_group.data.aws_subnets.placement_group",
            "module.prod_cluster.module.eks.module.eks_managed_node_group.module.user_data.data.cloudinit_config.al2023_eks_managed_node_group",
            "module.prod_cluster.module.eks.module.eks_managed_node_group.module.user_data.data.cloudinit_config.linux_eks_managed_node_group",
            "module.prod_cluster.module.eks.module.kms.aws_kms_external_key.this",
            "module.prod_cluster.module.eks.module.kms.aws_kms_key.this",
            "module.prod_cluster.module.eks.module.kms.aws_kms_replica_external_key.this",
            "module.prod_cluster.module.eks.module.kms.aws_kms_replica_key.this",
            "module.prod_cluster.module.eks.module.kms.data.aws_caller_identity.current",
            "module.prod_cluster.module.eks.module.kms.data.aws_iam_policy_document.this",
            "module.prod_cluster.module.eks.module.kms.data.aws_partition.current",
            "module.prod_cluster.module.eks.time_sleep.this",
            "module.prod_cluster.module.vpc.aws_subnet.private",
            "module.prod_cluster.module.vpc.aws_vpc.this",
            "module.prod_cluster.module.vpc.aws_vpc_ipv4_cidr_block_association.this"
          ],
          "create_before_destroy": true
        }
      ]
    },
    {
      "module": "module.prod_cluster.module.eks.module.eks_managed_node_group[\"first\"]",
      "mode": "managed",
      "type": "aws_iam_role",
      "name": "this",
      "provider": "module.prod_cluster.provider[\"registry.terraform.io/hashicorp/aws\"]",
      "instances": [
        {
          "index_key": 0,
          "schema_version": 0,
          "attributes": {
            "arn": "arn:aws:iam::224264690046:role/first-eks-node-group-20241109161941955100000001",
            "assume_role_policy": "{\"Statement\":[{\"Action\":\"sts:AssumeRole\",\"Effect\":\"Allow\",\"Principal\":{\"Service\":\"ec2.amazonaws.com\"},\"Sid\":\"EKSNodeAssumeRole\"}],\"Version\":\"2012-10-17\"}",
            "create_date": "2024-11-09T16:19:43Z",
            "description": "EKS managed node group IAM role",
            "force_detach_policies": true,
            "id": "first-eks-node-group-20241109161941955100000001",
            "inline_policy": [],
            "managed_policy_arns": [],
            "max_session_duration": 3600,
            "name": "first-eks-node-group-20241109161941955100000001",
            "name_prefix": "first-eks-node-group-",
            "path": "/",
            "permissions_boundary": "",
            "tags": null,
            "tags_all": {},
            "unique_id": "AROATINZXTF7AIS6U4QTZ"
          },
          "sensitive_attributes": [],
          "private": "bnVsbA==",
          "dependencies": [
            "module.prod_cluster.module.eks.module.eks_managed_node_group.data.aws_iam_policy_document.assume_role_policy"
          ],
          "create_before_destroy": true
        }
      ]
    },
    {
      "module": "module.prod_cluster.module.eks.module.eks_managed_node_group[\"first\"]",
      "mode": "managed",
      "type": "aws_iam_role_policy_attachment",
      "name": "additional",
      "provider": "module.prod_cluster.provider[\"registry.terraform.io/hashicorp/aws\"]",
      "instances": []
    },
    {
      "module": "module.prod_cluster.module.eks.module.eks_managed_node_group[\"first\"]",
      "mode": "managed",
      "type": "aws_iam_role_policy_attachment",
      "name": "this",
      "provider": "module.prod_cluster.provider[\"registry.terraform.io/hashicorp/aws\"]",
      "instances": [
        {
          "index_key": "AmazonEC2ContainerRegistryReadOnly",
          "schema_version": 0,
          "attributes": {
            "id": "first-eks-node-group-20241109161941955100000001-20241109161945464400000005",
            "policy_arn": "arn:aws:iam::aws:policy/AmazonEC2ContainerRegistryReadOnly",
            "role": "first-eks-node-group-20241109161941955100000001"
          },
          "sensitive_attributes": [],
          "private": "bnVsbA==",
          "dependencies": [
            "module.prod_cluster.module.eks.module.eks_managed_node_group.aws_iam_role.this",
            "module.prod_cluster.module.eks.module.eks_managed_node_group.data.aws_caller_identity.current",
            "module.prod_cluster.module.eks.module.eks_managed_node_group.data.aws_iam_policy_document.assume_role_policy",
            "module.prod_cluster.module.eks.module.eks_managed_node_group.data.aws_partition.current"
          ],
          "create_before_destroy": true
        },
        {
          "index_key": "AmazonEKSWorkerNodePolicy",
          "schema_version": 0,
          "attributes": {
            "id": "first-eks-node-group-20241109161941955100000001-20241109161945804000000007",
            "policy_arn": "arn:aws:iam::aws:policy/AmazonEKSWorkerNodePolicy",
            "role": "first-eks-node-group-20241109161941955100000001"
          },
          "sensitive_attributes": [],
          "private": "bnVsbA==",
          "dependencies": [
            "module.prod_cluster.module.eks.module.eks_managed_node_group.aws_iam_role.this",
            "module.prod_cluster.module.eks.module.eks_managed_node_group.data.aws_caller_identity.current",
            "module.prod_cluster.module.eks.module.eks_managed_node_group.data.aws_iam_policy_document.assume_role_policy",
            "module.prod_cluster.module.eks.module.eks_managed_node_group.data.aws_partition.current"
          ],
          "create_before_destroy": true
        },
        {
          "index_key": "AmazonEKS_CNI_Policy",
          "schema_version": 0,
          "attributes": {
            "id": "first-eks-node-group-20241109161941955100000001-20241109161945803900000006",
            "policy_arn": "arn:aws:iam::aws:policy/AmazonEKS_CNI_Policy",
            "role": "first-eks-node-group-20241109161941955100000001"
          },
          "sensitive_attributes": [],
          "private": "bnVsbA==",
          "dependencies": [
            "module.prod_cluster.module.eks.module.eks_managed_node_group.aws_iam_role.this",
            "module.prod_cluster.module.eks.module.eks_managed_node_group.data.aws_caller_identity.current",
            "module.prod_cluster.module.eks.module.eks_managed_node_group.data.aws_iam_policy_document.assume_role_policy",
            "module.prod_cluster.module.eks.module.eks_managed_node_group.data.aws_partition.current"
          ],
          "create_before_destroy": true
        }
      ]
    },
    {
      "module": "module.prod_cluster.module.eks.module.eks_managed_node_group[\"first\"]",
      "mode": "managed",
      "type": "aws_launch_template",
      "name": "this",
      "provider": "module.prod_cluster.provider[\"registry.terraform.io/hashicorp/aws\"]",
      "instances": [
        {
          "index_key": 0,
          "schema_version": 0,
          "attributes": {
            "arn": "arn:aws:ec2:ap-south-1:224264690046:launch-template/lt-08fde026efe25ddc0",
            "block_device_mappings": [],
            "capacity_reservation_specification": [],
            "cpu_options": [],
            "credit_specification": [],
            "default_version": 1,
            "description": "Custom launch template for first EKS managed node group",
            "disable_api_stop": false,
            "disable_api_termination": false,
            "ebs_optimized": "",
            "elastic_gpu_specifications": [],
            "elastic_inference_accelerator": [],
            "enclave_options": [],
            "hibernation_options": [],
            "iam_instance_profile": [],
            "id": "lt-08fde026efe25ddc0",
            "image_id": "",
            "instance_initiated_shutdown_behavior": "",
            "instance_market_options": [],
            "instance_requirements": [],
            "instance_type": "",
            "kernel_id": "",
            "key_name": "",
            "latest_version": 1,
            "license_specification": [],
            "maintenance_options": [],
            "metadata_options": [
              {
                "http_endpoint": "enabled",
                "http_protocol_ipv6": "",
                "http_put_response_hop_limit": 2,
                "http_tokens": "required",
                "instance_metadata_tags": ""
              }
            ],
            "monitoring": [
              {
                "enabled": true
              }
            ],
            "name": "first-2024110916292080940000000f",
            "name_prefix": "first-",
            "network_interfaces": [],
            "placement": [],
            "private_dns_name_options": [],
            "ram_disk_id": "",
            "security_group_names": null,
            "tag_specifications": [
              {
                "resource_type": "instance",
                "tags": {
                  "Name": "first"
                }
              },
              {
                "resource_type": "network-interface",
                "tags": {
                  "Name": "first"
                }
              },
              {
                "resource_type": "volume",
                "tags": {
                  "Name": "first"
                }
              }
            ],
            "tags": null,
            "tags_all": {},
            "update_default_version": true,
            "user_data": "",
            "vpc_security_group_ids": [
              "sg-0b2827132e6810743"
            ]
          },
          "sensitive_attributes": [],
          "private": "bnVsbA==",
          "dependencies": [
            "module.prod_cluster.data.aws_availability_zones.available",
            "module.prod_cluster.module.eks.aws_cloudwatch_log_group.this",
            "module.prod_cluster.module.eks.aws_eks_cluster.this",
            "module.prod_cluster.module.eks.aws_iam_policy.cni_ipv6_policy",
            "module.prod_cluster.module.eks.aws_iam_role.this",
            "module.prod_cluster.module.eks.aws_iam_role_policy_attachment.this",
            "module.prod_cluster.module.eks.aws_security_group.cluster",
            "module.prod_cluster.module.eks.aws_security_group.node",
            "module.prod_cluster.module.eks.aws_security_group_rule.cluster",
            "module.prod_cluster.module.eks.aws_security_group_rule.node",
            "module.prod_cluster.module.eks.data.aws_caller_identity.current",
            "module.prod_cluster.module.eks.data.aws_iam_policy_document.assume_role_policy",
            "module.prod_cluster.module.eks.data.aws_iam_policy_document.cni_ipv6_policy",
            "module.prod_cluster.module.eks.data.aws_iam_session_context.current",
            "module.prod_cluster.module.eks.data.aws_partition.current",
            "module.prod_cluster.module.eks.module.eks_managed_node_group.aws_iam_role.this",
            "module.prod_cluster.module.eks.module.eks_managed_node_group.aws_iam_role_policy_attachment.additional",
            "module.prod_cluster.module.eks.module.eks_managed_node_group.aws_iam_role_policy_attachment.this",
            "module.prod_cluster.module.eks.module.eks_managed_node_group.aws_placement_group.this",
            "module.prod_cluster.module.eks.module.eks_managed_node_group.data.aws_caller_identity.current",
            "module.prod_cluster.module.eks.module.eks_managed_node_group.data.aws_ec2_instance_type.this",
            "module.prod_cluster.module.eks.module.eks_managed_node_group.data.aws_iam_policy_document.assume_role_policy",
            "module.prod_cluster.module.eks.module.eks_managed_node_group.data.aws_partition.current",
            "module.prod_cluster.module.eks.module.eks_managed_node_group.module.user_data.data.cloudinit_config.al2023_eks_managed_node_group",
            "module.prod_cluster.module.eks.module.eks_managed_node_group.module.user_data.data.cloudinit_config.linux_eks_managed_node_group",
            "module.prod_cluster.module.eks.module.kms.aws_kms_external_key.this",
            "module.prod_cluster.module.eks.module.kms.aws_kms_key.this",
            "module.prod_cluster.module.eks.module.kms.aws_kms_replica_external_key.this",
            "module.prod_cluster.module.eks.module.kms.aws_kms_replica_key.this",
            "module.prod_cluster.module.eks.module.kms.data.aws_caller_identity.current",
            "module.prod_cluster.module.eks.module.kms.data.aws_iam_policy_document.this",
            "module.prod_cluster.module.eks.module.kms.data.aws_partition.current",
            "module.prod_cluster.module.eks.time_sleep.this",
            "module.prod_cluster.module.vpc.aws_subnet.private",
            "module.prod_cluster.module.vpc.aws_vpc.this",
            "module.prod_cluster.module.vpc.aws_vpc_ipv4_cidr_block_association.this"
          ],
          "create_before_destroy": true
        }
      ]
    },
    {
      "module": "module.prod_cluster.module.eks.module.eks_managed_node_group[\"first\"]",
      "mode": "managed",
      "type": "aws_placement_group",
      "name": "this",
      "provider": "module.prod_cluster.provider[\"registry.terraform.io/hashicorp/aws\"]",
      "instances": []
    },
    {
      "module": "module.prod_cluster.module.eks.module.eks_managed_node_group[\"first\"].module.user_data",
      "mode": "data",
      "type": "cloudinit_config",
      "name": "al2023_eks_managed_node_group",
      "provider": "provider[\"registry.terraform.io/hashicorp/cloudinit\"]",
      "instances": []
    },
    {
      "module": "module.prod_cluster.module.eks.module.eks_managed_node_group[\"first\"].module.user_data",
      "mode": "data",
      "type": "cloudinit_config",
      "name": "linux_eks_managed_node_group",
      "provider": "provider[\"registry.terraform.io/hashicorp/cloudinit\"]",
      "instances": []
    },
    {
      "module": "module.prod_cluster.module.eks.module.eks_managed_node_group[\"first\"].module.user_data",
      "mode": "managed",
      "type": "null_resource",
      "name": "validate_cluster_service_cidr",
      "provider": "provider[\"registry.terraform.io/hashicorp/null\"]",
      "instances": [
        {
          "schema_version": 0,
          "attributes": {
            "id": "3889529632714659133",
            "triggers": null
          },
          "sensitive_attributes": [],
          "dependencies": [
            "module.prod_cluster.data.aws_availability_zones.available",
            "module.prod_cluster.module.eks.aws_cloudwatch_log_group.this",
            "module.prod_cluster.module.eks.aws_eks_cluster.this",
            "module.prod_cluster.module.eks.aws_iam_policy.cni_ipv6_policy",
            "module.prod_cluster.module.eks.aws_iam_role.this",
            "module.prod_cluster.module.eks.aws_iam_role_policy_attachment.this",
            "module.prod_cluster.module.eks.aws_security_group.cluster",
            "module.prod_cluster.module.eks.aws_security_group.node",
            "module.prod_cluster.module.eks.aws_security_group_rule.cluster",
            "module.prod_cluster.module.eks.aws_security_group_rule.node",
            "module.prod_cluster.module.eks.data.aws_caller_identity.current",
            "module.prod_cluster.module.eks.data.aws_iam_policy_document.assume_role_policy",
            "module.prod_cluster.module.eks.data.aws_iam_policy_document.cni_ipv6_policy",
            "module.prod_cluster.module.eks.data.aws_iam_session_context.current",
            "module.prod_cluster.module.eks.data.aws_partition.current",
            "module.prod_cluster.module.eks.module.kms.aws_kms_external_key.this",
            "module.prod_cluster.module.eks.module.kms.aws_kms_key.this",
            "module.prod_cluster.module.eks.module.kms.aws_kms_replica_external_key.this",
            "module.prod_cluster.module.eks.module.kms.aws_kms_replica_key.this",
            "module.prod_cluster.module.eks.module.kms.data.aws_caller_identity.current",
            "module.prod_cluster.module.eks.module.kms.data.aws_iam_policy_document.this",
            "module.prod_cluster.module.eks.module.kms.data.aws_partition.current",
            "module.prod_cluster.module.eks.time_sleep.this",
            "module.prod_cluster.module.vpc.aws_subnet.private",
            "module.prod_cluster.module.vpc.aws_vpc.this",
            "module.prod_cluster.module.vpc.aws_vpc_ipv4_cidr_block_association.this"
          ]
        }
      ]
    },
    {
      "module": "module.prod_cluster.module.eks.module.kms",
      "mode": "data",
      "type": "aws_caller_identity",
      "name": "current",
      "provider": "module.prod_cluster.provider[\"registry.terraform.io/hashicorp/aws\"]",
      "instances": [
        {
          "index_key": 0,
          "schema_version": 0,
          "attributes": {
            "account_id": "224264690046",
            "arn": "arn:aws:iam::224264690046:user/Litmus",
            "id": "224264690046",
            "user_id": "AIDATINZXTF7DWECQ2SWM"
          },
          "sensitive_attributes": []
        }
      ]
    },
    {
      "module": "module.prod_cluster.module.eks.module.kms",
      "mode": "data",
      "type": "aws_iam_policy_document",
      "name": "this",
      "provider": "module.prod_cluster.provider[\"registry.terraform.io/hashicorp/aws\"]",
      "instances": [
        {
          "index_key": 0,
          "schema_version": 0,
          "attributes": {
            "id": "2365299656",
            "json": "{\n  \"Version\": \"2012-10-17\",\n  \"Statement\": [\n    {\n      \"Sid\": \"Default\",\n      \"Effect\": \"Allow\",\n      \"Action\": \"kms:*\",\n      \"Resource\": \"*\",\n      \"Principal\": {\n        \"AWS\": \"arn:aws:iam::224264690046:root\"\n      }\n    },\n    {\n      \"Sid\": \"KeyAdministration\",\n      \"Effect\": \"Allow\",\n      \"Action\": [\n        \"kms:Update*\",\n        \"kms:UntagResource\",\n        \"kms:TagResource\",\n        \"kms:ScheduleKeyDeletion\",\n        \"kms:Revoke*\",\n        \"kms:ReplicateKey\",\n        \"kms:Put*\",\n        \"kms:List*\",\n        \"kms:ImportKeyMaterial\",\n        \"kms:Get*\",\n        \"kms:Enable*\",\n        \"kms:Disable*\",\n        \"kms:Describe*\",\n        \"kms:Delete*\",\n        \"kms:Create*\",\n        \"kms:CancelKeyDeletion\"\n      ],\n      \"Resource\": \"*\",\n      \"Principal\": {\n        \"AWS\": \"arn:aws:iam::224264690046:user/Litmus\"\n      }\n    },\n    {\n      \"Sid\": \"KeyUsage\",\n      \"Effect\": \"Allow\",\n      \"Action\": [\n        \"kms:ReEncrypt*\",\n        \"kms:GenerateDataKey*\",\n        \"kms:Encrypt\",\n        \"kms:DescribeKey\",\n        \"kms:Decrypt\"\n      ],\n      \"Resource\": \"*\",\n      \"Principal\": {\n        \"AWS\": \"arn:aws:iam::224264690046:role/eks-production-cluster-20241109161941955200000002\"\n      }\n    }\n  ]\n}",
            "minified_json": "{\"Version\":\"2012-10-17\",\"Statement\":[{\"Sid\":\"Default\",\"Effect\":\"Allow\",\"Action\":\"kms:*\",\"Resource\":\"*\",\"Principal\":{\"AWS\":\"arn:aws:iam::224264690046:root\"}},{\"Sid\":\"KeyAdministration\",\"Effect\":\"Allow\",\"Action\":[\"kms:Update*\",\"kms:UntagResource\",\"kms:TagResource\",\"kms:ScheduleKeyDeletion\",\"kms:Revoke*\",\"kms:ReplicateKey\",\"kms:Put*\",\"kms:List*\",\"kms:ImportKeyMaterial\",\"kms:Get*\",\"kms:Enable*\",\"kms:Disable*\",\"kms:Describe*\",\"kms:Delete*\",\"kms:Create*\",\"kms:CancelKeyDeletion\"],\"Resource\":\"*\",\"Principal\":{\"AWS\":\"arn:aws:iam::224264690046:user/Litmus\"}},{\"Sid\":\"KeyUsage\",\"Effect\":\"Allow\",\"Action\":[\"kms:ReEncrypt*\",\"kms:GenerateDataKey*\",\"kms:Encrypt\",\"kms:DescribeKey\",\"kms:Decrypt\"],\"Resource\":\"*\",\"Principal\":{\"AWS\":\"arn:aws:iam::224264690046:role/eks-production-cluster-20241109161941955200000002\"}}]}",
            "override_json": null,
            "override_policy_documents": null,
            "policy_id": null,
            "source_json": null,
            "source_policy_documents": null,
            "statement": [
              {
                "actions": [
                  "kms:*"
                ],
                "condition": [],
                "effect": "Allow",
                "not_actions": [],
                "not_principals": [],
                "not_resources": [],
                "principals": [
                  {
                    "identifiers": [
                      "arn:aws:iam::224264690046:root"
                    ],
                    "type": "AWS"
                  }
                ],
                "resources": [
                  "*"
                ],
                "sid": "Default"
              },
              {
                "actions": [
                  "kms:CancelKeyDeletion",
                  "kms:Create*",
                  "kms:Delete*",
                  "kms:Describe*",
                  "kms:Disable*",
                  "kms:Enable*",
                  "kms:Get*",
                  "kms:ImportKeyMaterial",
                  "kms:List*",
                  "kms:Put*",
                  "kms:ReplicateKey",
                  "kms:Revoke*",
                  "kms:ScheduleKeyDeletion",
                  "kms:TagResource",
                  "kms:UntagResource",
                  "kms:Update*"
                ],
                "condition": [],
                "effect": "Allow",
                "not_actions": [],
                "not_principals": [],
                "not_resources": [],
                "principals": [
                  {
                    "identifiers": [
                      "arn:aws:iam::224264690046:user/Litmus"
                    ],
                    "type": "AWS"
                  }
                ],
                "resources": [
                  "*"
                ],
                "sid": "KeyAdministration"
              },
              {
                "actions": [
                  "kms:Decrypt",
                  "kms:DescribeKey",
                  "kms:Encrypt",
                  "kms:GenerateDataKey*",
                  "kms:ReEncrypt*"
                ],
                "condition": [],
                "effect": "Allow",
                "not_actions": [],
                "not_principals": [],
                "not_resources": [],
                "principals": [
                  {
                    "identifiers": [
                      "arn:aws:iam::224264690046:role/eks-production-cluster-20241109161941955200000002"
                    ],
                    "type": "AWS"
                  }
                ],
                "resources": [
                  "*"
                ],
                "sid": "KeyUsage"
              }
            ],
            "version": "2012-10-17"
          },
          "sensitive_attributes": []
        }
      ]
    },
    {
      "module": "module.prod_cluster.module.eks.module.kms",
      "mode": "data",
      "type": "aws_partition",
      "name": "current",
      "provider": "module.prod_cluster.provider[\"registry.terraform.io/hashicorp/aws\"]",
      "instances": [
        {
          "index_key": 0,
          "schema_version": 0,
          "attributes": {
            "dns_suffix": "amazonaws.com",
            "id": "aws",
            "partition": "aws",
            "reverse_dns_prefix": "com.amazonaws"
          },
          "sensitive_attributes": []
        }
      ]
    },
    {
      "module": "module.prod_cluster.module.eks.module.kms",
      "mode": "managed",
      "type": "aws_kms_alias",
      "name": "this",
      "provider": "module.prod_cluster.provider[\"registry.terraform.io/hashicorp/aws\"]",
      "instances": [
        {
          "index_key": "cluster",
          "schema_version": 0,
          "attributes": {
            "arn": "arn:aws:kms:ap-south-1:224264690046:alias/eks/eks-production",
            "id": "alias/eks/eks-production",
            "name": "alias/eks/eks-production",
            "name_prefix": "",
            "target_key_arn": "arn:aws:kms:ap-south-1:224264690046:key/faa45cbb-e8d2-497b-8b2c-a00ad84ffe58",
            "target_key_id": "faa45cbb-e8d2-497b-8b2c-a00ad84ffe58"
          },
          "sensitive_attributes": [],
          "private": "bnVsbA==",
          "dependencies": [
            "module.prod_cluster.module.eks.aws_iam_role.this",
            "module.prod_cluster.module.eks.data.aws_caller_identity.current",
            "module.prod_cluster.module.eks.data.aws_iam_policy_document.assume_role_policy",
            "module.prod_cluster.module.eks.data.aws_iam_session_context.current",
            "module.prod_cluster.module.eks.module.kms.aws_kms_external_key.this",
            "module.prod_cluster.module.eks.module.kms.aws_kms_key.this",
            "module.prod_cluster.module.eks.module.kms.aws_kms_replica_external_key.this",
            "module.prod_cluster.module.eks.module.kms.aws_kms_replica_key.this",
            "module.prod_cluster.module.eks.module.kms.data.aws_caller_identity.current",
            "module.prod_cluster.module.eks.module.kms.data.aws_iam_policy_document.this",
            "module.prod_cluster.module.eks.module.kms.data.aws_partition.current"
          ]
        }
      ]
    },
    {
      "module": "module.prod_cluster.module.eks.module.kms",
      "mode": "managed",
      "type": "aws_kms_external_key",
      "name": "this",
      "provider": "module.prod_cluster.provider[\"registry.terraform.io/hashicorp/aws\"]",
      "instances": []
    },
    {
      "module": "module.prod_cluster.module.eks.module.kms",
      "mode": "managed",
      "type": "aws_kms_key",
      "name": "this",
      "provider": "module.prod_cluster.provider[\"registry.terraform.io/hashicorp/aws\"]",
      "instances": [
        {
          "index_key": 0,
          "schema_version": 0,
          "attributes": {
            "arn": "arn:aws:kms:ap-south-1:224264690046:key/faa45cbb-e8d2-497b-8b2c-a00ad84ffe58",
            "bypass_policy_lockout_safety_check": false,
            "custom_key_store_id": "",
            "customer_master_key_spec": "SYMMETRIC_DEFAULT",
            "deletion_window_in_days": null,
            "description": "eks-production cluster encryption key",
            "enable_key_rotation": true,
            "id": "faa45cbb-e8d2-497b-8b2c-a00ad84ffe58",
            "is_enabled": true,
            "key_id": "faa45cbb-e8d2-497b-8b2c-a00ad84ffe58",
            "key_usage": "ENCRYPT_DECRYPT",
            "multi_region": false,
            "policy": "{\"Statement\":[{\"Action\":\"kms:*\",\"Effect\":\"Allow\",\"Principal\":{\"AWS\":\"arn:aws:iam::224264690046:root\"},\"Resource\":\"*\",\"Sid\":\"Default\"},{\"Action\":[\"kms:Update*\",\"kms:UntagResource\",\"kms:TagResource\",\"kms:ScheduleKeyDeletion\",\"kms:Revoke*\",\"kms:ReplicateKey\",\"kms:Put*\",\"kms:List*\",\"kms:ImportKeyMaterial\",\"kms:Get*\",\"kms:Enable*\",\"kms:Disable*\",\"kms:Describe*\",\"kms:Delete*\",\"kms:Create*\",\"kms:CancelKeyDeletion\"],\"Effect\":\"Allow\",\"Principal\":{\"AWS\":\"arn:aws:iam::224264690046:user/Litmus\"},\"Resource\":\"*\",\"Sid\":\"KeyAdministration\"},{\"Action\":[\"kms:ReEncrypt*\",\"kms:GenerateDataKey*\",\"kms:Encrypt\",\"kms:DescribeKey\",\"kms:Decrypt\"],\"Effect\":\"Allow\",\"Principal\":{\"AWS\":\"arn:aws:iam::224264690046:role/eks-production-cluster-20241109161941955200000002\"},\"Resource\":\"*\",\"Sid\":\"KeyUsage\"}],\"Version\":\"2012-10-17\"}",
            "rotation_period_in_days": 365,
            "tags": {
              "terraform-aws-modules": "eks"
            },
            "tags_all": {
              "terraform-aws-modules": "eks"
            },
            "timeouts": null,
            "xks_key_id": ""
          },
          "sensitive_attributes": [],
          "private": "eyJlMmJmYjczMC1lY2FhLTExZTYtOGY4OC0zNDM2M2JjN2M0YzAiOnsiY3JlYXRlIjoxMjAwMDAwMDAwMDB9fQ==",
          "dependencies": [
            "module.prod_cluster.module.eks.aws_iam_role.this",
            "module.prod_cluster.module.eks.data.aws_caller_identity.current",
            "module.prod_cluster.module.eks.data.aws_iam_policy_document.assume_role_policy",
            "module.prod_cluster.module.eks.data.aws_iam_session_context.current",
            "module.prod_cluster.module.eks.module.kms.data.aws_caller_identity.current",
            "module.prod_cluster.module.eks.module.kms.data.aws_iam_policy_document.this",
            "module.prod_cluster.module.eks.module.kms.data.aws_partition.current"
          ],
          "create_before_destroy": true
        }
      ]
    },
    {
      "module": "module.prod_cluster.module.eks.module.kms",
      "mode": "managed",
      "type": "aws_kms_replica_external_key",
      "name": "this",
      "provider": "module.prod_cluster.provider[\"registry.terraform.io/hashicorp/aws\"]",
      "instances": []
    },
    {
      "module": "module.prod_cluster.module.eks.module.kms",
      "mode": "managed",
      "type": "aws_kms_replica_key",
      "name": "this",
      "provider": "module.prod_cluster.provider[\"registry.terraform.io/hashicorp/aws\"]",
      "instances": []
    },
    {
      "module": "module.prod_cluster.module.vpc",
      "mode": "managed",
      "type": "aws_default_network_acl",
      "name": "this",
      "provider": "module.prod_cluster.provider[\"registry.terraform.io/hashicorp/aws\"]",
      "instances": [
        {
          "index_key": 0,
          "schema_version": 0,
          "attributes": {
            "arn": "arn:aws:ec2:ap-south-1:224264690046:network-acl/acl-0a59f6de729936c9e",
            "default_network_acl_id": "acl-0a59f6de729936c9e",
            "egress": [
              {
                "action": "allow",
                "cidr_block": "",
                "from_port": 0,
                "icmp_code": null,
                "icmp_type": null,
                "ipv6_cidr_block": "::/0",
                "protocol": "-1",
                "rule_no": 101,
                "to_port": 0
              },
              {
                "action": "allow",
                "cidr_block": "0.0.0.0/0",
                "from_port": 0,
                "icmp_code": null,
                "icmp_type": null,
                "ipv6_cidr_block": "",
                "protocol": "-1",
                "rule_no": 100,
                "to_port": 0
              }
            ],
            "id": "acl-0a59f6de729936c9e",
            "ingress": [
              {
                "action": "allow",
                "cidr_block": "",
                "from_port": 0,
                "icmp_code": null,
                "icmp_type": null,
                "ipv6_cidr_block": "::/0",
                "protocol": "-1",
                "rule_no": 101,
                "to_port": 0
              },
              {
                "action": "allow",
                "cidr_block": "0.0.0.0/0",
                "from_port": 0,
                "icmp_code": null,
                "icmp_type": null,
                "ipv6_cidr_block": "",
                "protocol": "-1",
                "rule_no": 100,
                "to_port": 0
              }
            ],
            "owner_id": "224264690046",
            "subnet_ids": [
              "subnet-0061e1e226c2f10b4",
              "subnet-0242df30fb627d563",
              "subnet-07a22ed1c6d2462a0",
              "subnet-0b02d1863ae40a5d6",
              "subnet-0bb5bea012ba3c2a8"
            ],
            "tags": {
              "Name": "k8s-production-vpc-default"
            },
            "tags_all": {
              "Name": "k8s-production-vpc-default"
            },
            "vpc_id": "vpc-0a3f4e702f6775b78"
          },
          "sensitive_attributes": [],
          "private": "bnVsbA==",
          "dependencies": [
            "module.prod_cluster.module.vpc.aws_vpc.this"
          ]
        }
      ]
    },
    {
      "module": "module.prod_cluster.module.vpc",
      "mode": "managed",
      "type": "aws_default_route_table",
      "name": "default",
      "provider": "module.prod_cluster.provider[\"registry.terraform.io/hashicorp/aws\"]",
      "instances": [
        {
          "index_key": 0,
          "schema_version": 0,
          "attributes": {
            "arn": "arn:aws:ec2:ap-south-1:224264690046:route-table/rtb-02292999d6a9b76e0",
            "default_route_table_id": "rtb-02292999d6a9b76e0",
            "id": "rtb-02292999d6a9b76e0",
            "owner_id": "224264690046",
            "propagating_vgws": null,
            "route": [],
            "tags": {
              "Name": "k8s-production-vpc-default"
            },
            "tags_all": {
              "Name": "k8s-production-vpc-default"
            },
            "timeouts": {
              "create": "5m",
              "update": "5m"
            },
            "vpc_id": "vpc-0a3f4e702f6775b78"
          },
          "sensitive_attributes": [],
          "private": "eyJlMmJmYjczMC1lY2FhLTExZTYtOGY4OC0zNDM2M2JjN2M0YzAiOnsiY3JlYXRlIjozMDAwMDAwMDAwMDAsInVwZGF0ZSI6MzAwMDAwMDAwMDAwfX0=",
          "dependencies": [
            "module.prod_cluster.module.vpc.aws_vpc.this"
          ]
        }
      ]
    },
    {
      "module": "module.prod_cluster.module.vpc",
      "mode": "managed",
      "type": "aws_default_security_group",
      "name": "this",
      "provider": "module.prod_cluster.provider[\"registry.terraform.io/hashicorp/aws\"]",
      "instances": [
        {
          "index_key": 0,
          "schema_version": 1,
          "attributes": {
            "arn": "arn:aws:ec2:ap-south-1:224264690046:security-group/sg-055bbec66f66262d5",
            "description": "default VPC security group",
            "egress": [],
            "id": "sg-055bbec66f66262d5",
            "ingress": [],
            "name": "default",
            "name_prefix": "",
            "owner_id": "224264690046",
            "revoke_rules_on_delete": false,
            "tags": {
              "Name": "k8s-production-vpc-default"
            },
            "tags_all": {
              "Name": "k8s-production-vpc-default"
            },
            "vpc_id": "vpc-0a3f4e702f6775b78"
          },
          "sensitive_attributes": [],
          "private": "eyJzY2hlbWFfdmVyc2lvbiI6IjEifQ==",
          "dependencies": [
            "module.prod_cluster.module.vpc.aws_vpc.this"
          ]
        }
      ]
    },
    {
      "module": "module.prod_cluster.module.vpc",
      "mode": "managed",
      "type": "aws_eip",
      "name": "nat",
      "provider": "module.prod_cluster.provider[\"registry.terraform.io/hashicorp/aws\"]",
      "instances": [
        {
          "index_key": 0,
          "schema_version": 0,
          "attributes": {
            "address": null,
            "allocation_id": "eipalloc-0ff1aa67d59d93d6c",
            "arn": "arn:aws:ec2:ap-south-1:224264690046:elastic-ip/eipalloc-0ff1aa67d59d93d6c",
            "associate_with_private_ip": null,
            "association_id": "",
            "carrier_ip": "",
            "customer_owned_ip": "",
            "customer_owned_ipv4_pool": "",
            "domain": "vpc",
            "id": "eipalloc-0ff1aa67d59d93d6c",
            "instance": "",
            "ipam_pool_id": null,
            "network_border_group": "ap-south-1",
            "network_interface": "",
            "private_dns": null,
            "private_ip": "",
            "ptr_record": "",
            "public_dns": "ec2-3-6-6-181.ap-south-1.compute.amazonaws.com",
            "public_ip": "3.6.6.181",
            "public_ipv4_pool": "amazon",
            "tags": {
              "Name": "k8s-production-vpc-ap-south-1a"
            },
            "tags_all": {
              "Name": "k8s-production-vpc-ap-south-1a"
            },
            "timeouts": null,
            "vpc": true
          },
          "sensitive_attributes": [],
          "private": "eyJlMmJmYjczMC1lY2FhLTExZTYtOGY4OC0zNDM2M2JjN2M0YzAiOnsiZGVsZXRlIjoxODAwMDAwMDAwMDAsInJlYWQiOjkwMDAwMDAwMDAwMCwidXBkYXRlIjozMDAwMDAwMDAwMDB9fQ==",
          "dependencies": [
            "module.prod_cluster.data.aws_availability_zones.available",
            "module.prod_cluster.module.vpc.aws_internet_gateway.this",
            "module.prod_cluster.module.vpc.aws_vpc.this",
            "module.prod_cluster.module.vpc.aws_vpc_ipv4_cidr_block_association.this"
          ]
        }
      ]
    },
    {
      "module": "module.prod_cluster.module.vpc",
      "mode": "managed",
      "type": "aws_internet_gateway",
      "name": "this",
      "provider": "module.prod_cluster.provider[\"registry.terraform.io/hashicorp/aws\"]",
      "instances": [
        {
          "index_key": 0,
          "schema_version": 0,
          "attributes": {
            "arn": "arn:aws:ec2:ap-south-1:224264690046:internet-gateway/igw-02f061eca2f3cb001",
            "id": "igw-02f061eca2f3cb001",
            "owner_id": "224264690046",
            "tags": {
              "Name": "k8s-production-vpc"
            },
            "tags_all": {
              "Name": "k8s-production-vpc"
            },
            "timeouts": null,
            "vpc_id": "vpc-0a3f4e702f6775b78"
          },
          "sensitive_attributes": [],
          "private": "eyJlMmJmYjczMC1lY2FhLTExZTYtOGY4OC0zNDM2M2JjN2M0YzAiOnsiY3JlYXRlIjoxMjAwMDAwMDAwMDAwLCJkZWxldGUiOjEyMDAwMDAwMDAwMDAsInVwZGF0ZSI6MTIwMDAwMDAwMDAwMH19",
          "dependencies": [
            "module.prod_cluster.module.vpc.aws_vpc.this",
            "module.prod_cluster.module.vpc.aws_vpc_ipv4_cidr_block_association.this"
          ]
        }
      ]
    },
    {
      "module": "module.prod_cluster.module.vpc",
      "mode": "managed",
      "type": "aws_nat_gateway",
      "name": "this",
      "provider": "module.prod_cluster.provider[\"registry.terraform.io/hashicorp/aws\"]",
      "instances": [
        {
          "index_key": 0,
          "schema_version": 0,
          "attributes": {
            "allocation_id": "eipalloc-0ff1aa67d59d93d6c",
            "association_id": "eipassoc-05df867c5d53b6295",
            "connectivity_type": "public",
            "id": "nat-00b6b9733905d1d9a",
            "network_interface_id": "eni-0e89ca94644aa76d8",
            "private_ip": "172.16.4.68",
            "public_ip": "3.6.6.181",
            "secondary_allocation_ids": null,
            "secondary_private_ip_address_count": 0,
            "secondary_private_ip_addresses": [],
            "subnet_id": "subnet-0dc9d8ba9c8d59b09",
            "tags": {
              "Name": "k8s-production-vpc-ap-south-1a"
            },
            "tags_all": {
              "Name": "k8s-production-vpc-ap-south-1a"
            },
            "timeouts": null
          },
          "sensitive_attributes": [],
          "private": "eyJlMmJmYjczMC1lY2FhLTExZTYtOGY4OC0zNDM2M2JjN2M0YzAiOnsiY3JlYXRlIjo2MDAwMDAwMDAwMDAsImRlbGV0ZSI6MTgwMDAwMDAwMDAwMCwidXBkYXRlIjo2MDAwMDAwMDAwMDB9fQ==",
          "dependencies": [
            "module.prod_cluster.data.aws_availability_zones.available",
            "module.prod_cluster.module.vpc.aws_eip.nat",
            "module.prod_cluster.module.vpc.aws_internet_gateway.this",
            "module.prod_cluster.module.vpc.aws_subnet.public",
            "module.prod_cluster.module.vpc.aws_vpc.this",
            "module.prod_cluster.module.vpc.aws_vpc_ipv4_cidr_block_association.this"
          ]
        }
      ]
    },
    {
      "module": "module.prod_cluster.module.vpc",
      "mode": "managed",
      "type": "aws_route",
      "name": "private_nat_gateway",
      "provider": "module.prod_cluster.provider[\"registry.terraform.io/hashicorp/aws\"]",
      "instances": [
        {
          "index_key": 0,
          "schema_version": 0,
          "attributes": {
            "carrier_gateway_id": "",
            "core_network_arn": "",
            "destination_cidr_block": "0.0.0.0/0",
            "destination_ipv6_cidr_block": "",
            "destination_prefix_list_id": "",
            "egress_only_gateway_id": "",
            "gateway_id": "",
            "id": "r-rtb-09ddb4a3fc435c8e71080289494",
            "instance_id": "",
            "instance_owner_id": "",
            "local_gateway_id": "",
            "nat_gateway_id": "nat-00b6b9733905d1d9a",
            "network_interface_id": "",
            "origin": "CreateRoute",
            "route_table_id": "rtb-09ddb4a3fc435c8e7",
            "state": "active",
            "timeouts": {
              "create": "5m",
              "delete": null,
              "update": null
            },
            "transit_gateway_id": "",
            "vpc_endpoint_id": "",
            "vpc_peering_connection_id": ""
          },
          "sensitive_attributes": [],
          "private": "eyJlMmJmYjczMC1lY2FhLTExZTYtOGY4OC0zNDM2M2JjN2M0YzAiOnsiY3JlYXRlIjozMDAwMDAwMDAwMDAsImRlbGV0ZSI6MzAwMDAwMDAwMDAwLCJ1cGRhdGUiOjEyMDAwMDAwMDAwMH19",
          "dependencies": [
            "module.prod_cluster.data.aws_availability_zones.available",
            "module.prod_cluster.module.vpc.aws_eip.nat",
            "module.prod_cluster.module.vpc.aws_internet_gateway.this",
            "module.prod_cluster.module.vpc.aws_nat_gateway.this",
            "module.prod_cluster.module.vpc.aws_route_table.private",
            "module.prod_cluster.module.vpc.aws_subnet.public",
            "module.prod_cluster.module.vpc.aws_vpc.this",
            "module.prod_cluster.module.vpc.aws_vpc_ipv4_cidr_block_association.this"
          ]
        }
      ]
    },
    {
      "module": "module.prod_cluster.module.vpc",
      "mode": "managed",
      "type": "aws_route",
      "name": "public_internet_gateway",
      "provider": "module.prod_cluster.provider[\"registry.terraform.io/hashicorp/aws\"]",
      "instances": [
        {
          "index_key": 0,
          "schema_version": 0,
          "attributes": {
            "carrier_gateway_id": "",
            "core_network_arn": "",
            "destination_cidr_block": "0.0.0.0/0",
            "destination_ipv6_cidr_block": "",
            "destination_prefix_list_id": "",
            "egress_only_gateway_id": "",
            "gateway_id": "igw-02f061eca2f3cb001",
            "id": "r-rtb-04c9973afc8f84b6e1080289494",
            "instance_id": "",
            "instance_owner_id": "",
            "local_gateway_id": "",
            "nat_gateway_id": "",
            "network_interface_id": "",
            "origin": "CreateRoute",
            "route_table_id": "rtb-04c9973afc8f84b6e",
            "state": "active",
            "timeouts": {
              "create": "5m",
              "delete": null,
              "update": null
            },
            "transit_gateway_id": "",
            "vpc_endpoint_id": "",
            "vpc_peering_connection_id": ""
          },
          "sensitive_attributes": [],
          "private": "eyJlMmJmYjczMC1lY2FhLTExZTYtOGY4OC0zNDM2M2JjN2M0YzAiOnsiY3JlYXRlIjozMDAwMDAwMDAwMDAsImRlbGV0ZSI6MzAwMDAwMDAwMDAwLCJ1cGRhdGUiOjEyMDAwMDAwMDAwMH19",
          "dependencies": [
            "module.prod_cluster.data.aws_availability_zones.available",
            "module.prod_cluster.module.vpc.aws_internet_gateway.this",
            "module.prod_cluster.module.vpc.aws_route_table.public",
            "module.prod_cluster.module.vpc.aws_vpc.this",
            "module.prod_cluster.module.vpc.aws_vpc_ipv4_cidr_block_association.this"
          ]
        }
      ]
    },
    {
      "module": "module.prod_cluster.module.vpc",
      "mode": "managed",
      "type": "aws_route_table",
      "name": "private",
      "provider": "module.prod_cluster.provider[\"registry.terraform.io/hashicorp/aws\"]",
      "instances": [
        {
          "index_key": 0,
          "schema_version": 0,
          "attributes": {
            "arn": "arn:aws:ec2:ap-south-1:224264690046:route-table/rtb-09ddb4a3fc435c8e7",
            "id": "rtb-09ddb4a3fc435c8e7",
            "owner_id": "224264690046",
            "propagating_vgws": [],
            "route": [],
            "tags": {
              "Name": "k8s-production-vpc-private"
            },
            "tags_all": {
              "Name": "k8s-production-vpc-private"
            },
            "timeouts": null,
            "vpc_id": "vpc-0a3f4e702f6775b78"
          },
          "sensitive_attributes": [],
          "private": "eyJlMmJmYjczMC1lY2FhLTExZTYtOGY4OC0zNDM2M2JjN2M0YzAiOnsiY3JlYXRlIjozMDAwMDAwMDAwMDAsImRlbGV0ZSI6MzAwMDAwMDAwMDAwLCJ1cGRhdGUiOjEyMDAwMDAwMDAwMH19",
          "dependencies": [
            "module.prod_cluster.data.aws_availability_zones.available",
            "module.prod_cluster.module.vpc.aws_vpc.this",
            "module.prod_cluster.module.vpc.aws_vpc_ipv4_cidr_block_association.this"
          ]
        }
      ]
    },
    {
      "module": "module.prod_cluster.module.vpc",
      "mode": "managed",
      "type": "aws_route_table",
      "name": "public",
      "provider": "module.prod_cluster.provider[\"registry.terraform.io/hashicorp/aws\"]",
      "instances": [
        {
          "index_key": 0,
          "schema_version": 0,
          "attributes": {
            "arn": "arn:aws:ec2:ap-south-1:224264690046:route-table/rtb-04c9973afc8f84b6e",
            "id": "rtb-04c9973afc8f84b6e",
            "owner_id": "224264690046",
            "propagating_vgws": [],
            "route": [],
            "tags": {
              "Name": "k8s-production-vpc-public"
            },
            "tags_all": {
              "Name": "k8s-production-vpc-public"
            },
            "timeouts": null,
            "vpc_id": "vpc-0a3f4e702f6775b78"
          },
          "sensitive_attributes": [],
          "private": "eyJlMmJmYjczMC1lY2FhLTExZTYtOGY4OC0zNDM2M2JjN2M0YzAiOnsiY3JlYXRlIjozMDAwMDAwMDAwMDAsImRlbGV0ZSI6MzAwMDAwMDAwMDAwLCJ1cGRhdGUiOjEyMDAwMDAwMDAwMH19",
          "dependencies": [
            "module.prod_cluster.data.aws_availability_zones.available",
            "module.prod_cluster.module.vpc.aws_vpc.this",
            "module.prod_cluster.module.vpc.aws_vpc_ipv4_cidr_block_association.this"
          ]
        }
      ]
    },
    {
      "module": "module.prod_cluster.module.vpc",
      "mode": "managed",
      "type": "aws_route_table_association",
      "name": "private",
      "provider": "module.prod_cluster.provider[\"registry.terraform.io/hashicorp/aws\"]",
      "instances": [
        {
          "index_key": 0,
          "schema_version": 0,
          "attributes": {
            "gateway_id": "",
            "id": "rtbassoc-06fce5732ef1531b2",
            "route_table_id": "rtb-09ddb4a3fc435c8e7",
            "subnet_id": "subnet-0bb5bea012ba3c2a8",
            "timeouts": null
          },
          "sensitive_attributes": [],
          "private": "eyJlMmJmYjczMC1lY2FhLTExZTYtOGY4OC0zNDM2M2JjN2M0YzAiOnsiY3JlYXRlIjozMDAwMDAwMDAwMDAsImRlbGV0ZSI6MzAwMDAwMDAwMDAwLCJ1cGRhdGUiOjEyMDAwMDAwMDAwMH19",
          "dependencies": [
            "module.prod_cluster.data.aws_availability_zones.available",
            "module.prod_cluster.module.vpc.aws_route_table.private",
            "module.prod_cluster.module.vpc.aws_subnet.private",
            "module.prod_cluster.module.vpc.aws_vpc.this",
            "module.prod_cluster.module.vpc.aws_vpc_ipv4_cidr_block_association.this"
          ]
        },
        {
          "index_key": 1,
          "schema_version": 0,
          "attributes": {
            "gateway_id": "",
            "id": "rtbassoc-07933ecdb0ea2b0c6",
            "route_table_id": "rtb-09ddb4a3fc435c8e7",
            "subnet_id": "subnet-07a22ed1c6d2462a0",
            "timeouts": null
          },
          "sensitive_attributes": [],
          "private": "eyJlMmJmYjczMC1lY2FhLTExZTYtOGY4OC0zNDM2M2JjN2M0YzAiOnsiY3JlYXRlIjozMDAwMDAwMDAwMDAsImRlbGV0ZSI6MzAwMDAwMDAwMDAwLCJ1cGRhdGUiOjEyMDAwMDAwMDAwMH19",
          "dependencies": [
            "module.prod_cluster.data.aws_availability_zones.available",
            "module.prod_cluster.module.vpc.aws_route_table.private",
            "module.prod_cluster.module.vpc.aws_subnet.private",
            "module.prod_cluster.module.vpc.aws_vpc.this",
            "module.prod_cluster.module.vpc.aws_vpc_ipv4_cidr_block_association.this"
          ]
        },
        {
          "index_key": 2,
          "schema_version": 0,
          "attributes": {
            "gateway_id": "",
            "id": "rtbassoc-0265b665d16278df3",
            "route_table_id": "rtb-09ddb4a3fc435c8e7",
            "subnet_id": "subnet-0061e1e226c2f10b4",
            "timeouts": null
          },
          "sensitive_attributes": [],
          "private": "eyJlMmJmYjczMC1lY2FhLTExZTYtOGY4OC0zNDM2M2JjN2M0YzAiOnsiY3JlYXRlIjozMDAwMDAwMDAwMDAsImRlbGV0ZSI6MzAwMDAwMDAwMDAwLCJ1cGRhdGUiOjEyMDAwMDAwMDAwMH19",
          "dependencies": [
            "module.prod_cluster.data.aws_availability_zones.available",
            "module.prod_cluster.module.vpc.aws_route_table.private",
            "module.prod_cluster.module.vpc.aws_subnet.private",
            "module.prod_cluster.module.vpc.aws_vpc.this",
            "module.prod_cluster.module.vpc.aws_vpc_ipv4_cidr_block_association.this"
          ]
        }
      ]
    },
    {
      "module": "module.prod_cluster.module.vpc",
      "mode": "managed",
      "type": "aws_route_table_association",
      "name": "public",
      "provider": "module.prod_cluster.provider[\"registry.terraform.io/hashicorp/aws\"]",
      "instances": [
        {
          "index_key": 0,
          "schema_version": 0,
          "attributes": {
            "gateway_id": "",
            "id": "rtbassoc-0e84eca7290fc10ca",
            "route_table_id": "rtb-04c9973afc8f84b6e",
            "subnet_id": "subnet-0dc9d8ba9c8d59b09",
            "timeouts": null
          },
          "sensitive_attributes": [],
          "private": "eyJlMmJmYjczMC1lY2FhLTExZTYtOGY4OC0zNDM2M2JjN2M0YzAiOnsiY3JlYXRlIjozMDAwMDAwMDAwMDAsImRlbGV0ZSI6MzAwMDAwMDAwMDAwLCJ1cGRhdGUiOjEyMDAwMDAwMDAwMH19",
          "dependencies": [
            "module.prod_cluster.data.aws_availability_zones.available",
            "module.prod_cluster.module.vpc.aws_route_table.public",
            "module.prod_cluster.module.vpc.aws_subnet.public",
            "module.prod_cluster.module.vpc.aws_vpc.this",
            "module.prod_cluster.module.vpc.aws_vpc_ipv4_cidr_block_association.this"
          ]
        },
        {
          "index_key": 1,
          "schema_version": 0,
          "attributes": {
            "gateway_id": "",
            "id": "rtbassoc-0599bb4cc093e9812",
            "route_table_id": "rtb-04c9973afc8f84b6e",
            "subnet_id": "subnet-0242df30fb627d563",
            "timeouts": null
          },
          "sensitive_attributes": [],
          "private": "eyJlMmJmYjczMC1lY2FhLTExZTYtOGY4OC0zNDM2M2JjN2M0YzAiOnsiY3JlYXRlIjozMDAwMDAwMDAwMDAsImRlbGV0ZSI6MzAwMDAwMDAwMDAwLCJ1cGRhdGUiOjEyMDAwMDAwMDAwMH19",
          "dependencies": [
            "module.prod_cluster.data.aws_availability_zones.available",
            "module.prod_cluster.module.vpc.aws_route_table.public",
            "module.prod_cluster.module.vpc.aws_subnet.public",
            "module.prod_cluster.module.vpc.aws_vpc.this",
            "module.prod_cluster.module.vpc.aws_vpc_ipv4_cidr_block_association.this"
          ]
        },
        {
          "index_key": 2,
          "schema_version": 0,
          "attributes": {
            "gateway_id": "",
            "id": "rtbassoc-01172db086ef095b2",
            "route_table_id": "rtb-04c9973afc8f84b6e",
            "subnet_id": "subnet-0b02d1863ae40a5d6",
            "timeouts": null
          },
          "sensitive_attributes": [],
          "private": "eyJlMmJmYjczMC1lY2FhLTExZTYtOGY4OC0zNDM2M2JjN2M0YzAiOnsiY3JlYXRlIjozMDAwMDAwMDAwMDAsImRlbGV0ZSI6MzAwMDAwMDAwMDAwLCJ1cGRhdGUiOjEyMDAwMDAwMDAwMH19",
          "dependencies": [
            "module.prod_cluster.data.aws_availability_zones.available",
            "module.prod_cluster.module.vpc.aws_route_table.public",
            "module.prod_cluster.module.vpc.aws_subnet.public",
            "module.prod_cluster.module.vpc.aws_vpc.this",
            "module.prod_cluster.module.vpc.aws_vpc_ipv4_cidr_block_association.this"
          ]
        }
      ]
    },
    {
      "module": "module.prod_cluster.module.vpc",
      "mode": "managed",
      "type": "aws_subnet",
      "name": "private",
      "provider": "module.prod_cluster.provider[\"registry.terraform.io/hashicorp/aws\"]",
      "instances": [
        {
          "index_key": 0,
          "schema_version": 1,
          "attributes": {
            "arn": "arn:aws:ec2:ap-south-1:224264690046:subnet/subnet-0bb5bea012ba3c2a8",
            "assign_ipv6_address_on_creation": false,
            "availability_zone": "ap-south-1a",
            "availability_zone_id": "aps1-az1",
            "cidr_block": "172.16.1.0/24",
            "customer_owned_ipv4_pool": "",
            "enable_dns64": false,
            "enable_lni_at_device_index": 0,
            "enable_resource_name_dns_a_record_on_launch": false,
            "enable_resource_name_dns_aaaa_record_on_launch": false,
            "id": "subnet-0bb5bea012ba3c2a8",
            "ipv6_cidr_block": "",
            "ipv6_cidr_block_association_id": "",
            "ipv6_native": false,
            "map_customer_owned_ip_on_launch": false,
            "map_public_ip_on_launch": false,
            "outpost_arn": "",
            "owner_id": "224264690046",
            "private_dns_hostname_type_on_launch": "ip-name",
            "tags": {
              "Name": "k8s-production-vpc-private-ap-south-1a"
            },
            "tags_all": {
              "Name": "k8s-production-vpc-private-ap-south-1a"
            },
            "timeouts": null,
            "vpc_id": "vpc-0a3f4e702f6775b78"
          },
          "sensitive_attributes": [],
          "private": "eyJlMmJmYjczMC1lY2FhLTExZTYtOGY4OC0zNDM2M2JjN2M0YzAiOnsiY3JlYXRlIjo2MDAwMDAwMDAwMDAsImRlbGV0ZSI6MTIwMDAwMDAwMDAwMH0sInNjaGVtYV92ZXJzaW9uIjoiMSJ9",
          "dependencies": [
            "module.prod_cluster.data.aws_availability_zones.available",
            "module.prod_cluster.module.vpc.aws_vpc.this",
            "module.prod_cluster.module.vpc.aws_vpc_ipv4_cidr_block_association.this"
          ],
          "create_before_destroy": true
        },
        {
          "index_key": 1,
          "schema_version": 1,
          "attributes": {
            "arn": "arn:aws:ec2:ap-south-1:224264690046:subnet/subnet-07a22ed1c6d2462a0",
            "assign_ipv6_address_on_creation": false,
            "availability_zone": "ap-south-1b",
            "availability_zone_id": "aps1-az3",
            "cidr_block": "172.16.2.0/24",
            "customer_owned_ipv4_pool": "",
            "enable_dns64": false,
            "enable_lni_at_device_index": 0,
            "enable_resource_name_dns_a_record_on_launch": false,
            "enable_resource_name_dns_aaaa_record_on_launch": false,
            "id": "subnet-07a22ed1c6d2462a0",
            "ipv6_cidr_block": "",
            "ipv6_cidr_block_association_id": "",
            "ipv6_native": false,
            "map_customer_owned_ip_on_launch": false,
            "map_public_ip_on_launch": false,
            "outpost_arn": "",
            "owner_id": "224264690046",
            "private_dns_hostname_type_on_launch": "ip-name",
            "tags": {
              "Name": "k8s-production-vpc-private-ap-south-1b"
            },
            "tags_all": {
              "Name": "k8s-production-vpc-private-ap-south-1b"
            },
            "timeouts": null,
            "vpc_id": "vpc-0a3f4e702f6775b78"
          },
          "sensitive_attributes": [],
          "private": "eyJlMmJmYjczMC1lY2FhLTExZTYtOGY4OC0zNDM2M2JjN2M0YzAiOnsiY3JlYXRlIjo2MDAwMDAwMDAwMDAsImRlbGV0ZSI6MTIwMDAwMDAwMDAwMH0sInNjaGVtYV92ZXJzaW9uIjoiMSJ9",
          "dependencies": [
            "module.prod_cluster.data.aws_availability_zones.available",
            "module.prod_cluster.module.vpc.aws_vpc.this",
            "module.prod_cluster.module.vpc.aws_vpc_ipv4_cidr_block_association.this"
          ],
          "create_before_destroy": true
        },
        {
          "index_key": 2,
          "schema_version": 1,
          "attributes": {
            "arn": "arn:aws:ec2:ap-south-1:224264690046:subnet/subnet-0061e1e226c2f10b4",
            "assign_ipv6_address_on_creation": false,
            "availability_zone": "ap-south-1c",
            "availability_zone_id": "aps1-az2",
            "cidr_block": "172.16.3.0/24",
            "customer_owned_ipv4_pool": "",
            "enable_dns64": false,
            "enable_lni_at_device_index": 0,
            "enable_resource_name_dns_a_record_on_launch": false,
            "enable_resource_name_dns_aaaa_record_on_launch": false,
            "id": "subnet-0061e1e226c2f10b4",
            "ipv6_cidr_block": "",
            "ipv6_cidr_block_association_id": "",
            "ipv6_native": false,
            "map_customer_owned_ip_on_launch": false,
            "map_public_ip_on_launch": false,
            "outpost_arn": "",
            "owner_id": "224264690046",
            "private_dns_hostname_type_on_launch": "ip-name",
            "tags": {
              "Name": "k8s-production-vpc-private-ap-south-1c"
            },
            "tags_all": {
              "Name": "k8s-production-vpc-private-ap-south-1c"
            },
            "timeouts": null,
            "vpc_id": "vpc-0a3f4e702f6775b78"
          },
          "sensitive_attributes": [],
          "private": "eyJlMmJmYjczMC1lY2FhLTExZTYtOGY4OC0zNDM2M2JjN2M0YzAiOnsiY3JlYXRlIjo2MDAwMDAwMDAwMDAsImRlbGV0ZSI6MTIwMDAwMDAwMDAwMH0sInNjaGVtYV92ZXJzaW9uIjoiMSJ9",
          "dependencies": [
            "module.prod_cluster.data.aws_availability_zones.available",
            "module.prod_cluster.module.vpc.aws_vpc.this",
            "module.prod_cluster.module.vpc.aws_vpc_ipv4_cidr_block_association.this"
          ],
          "create_before_destroy": true
        }
      ]
    },
    {
      "module": "module.prod_cluster.module.vpc",
      "mode": "managed",
      "type": "aws_subnet",
      "name": "public",
      "provider": "module.prod_cluster.provider[\"registry.terraform.io/hashicorp/aws\"]",
      "instances": [
        {
          "index_key": 0,
          "schema_version": 1,
          "attributes": {
            "arn": "arn:aws:ec2:ap-south-1:224264690046:subnet/subnet-0dc9d8ba9c8d59b09",
            "assign_ipv6_address_on_creation": false,
            "availability_zone": "ap-south-1a",
            "availability_zone_id": "aps1-az1",
            "cidr_block": "172.16.4.0/24",
            "customer_owned_ipv4_pool": "",
            "enable_dns64": false,
            "enable_lni_at_device_index": 0,
            "enable_resource_name_dns_a_record_on_launch": false,
            "enable_resource_name_dns_aaaa_record_on_launch": false,
            "id": "subnet-0dc9d8ba9c8d59b09",
            "ipv6_cidr_block": "",
            "ipv6_cidr_block_association_id": "",
            "ipv6_native": false,
            "map_customer_owned_ip_on_launch": false,
            "map_public_ip_on_launch": false,
            "outpost_arn": "",
            "owner_id": "224264690046",
            "private_dns_hostname_type_on_launch": "ip-name",
            "tags": {
              "Name": "k8s-production-vpc-public-ap-south-1a",
              "kubernetes.io/cluster/learnk8s": "shared",
              "kuebernetes.io/role/elb": "1"
            },
            "tags_all": {
              "Name": "k8s-production-vpc-public-ap-south-1a",
              "kubernetes.io/cluster/learnk8s": "shared",
              "kuebernetes.io/role/elb": "1"
            },
            "timeouts": null,
            "vpc_id": "vpc-0a3f4e702f6775b78"
          },
          "sensitive_attributes": [],
          "private": "eyJlMmJmYjczMC1lY2FhLTExZTYtOGY4OC0zNDM2M2JjN2M0YzAiOnsiY3JlYXRlIjo2MDAwMDAwMDAwMDAsImRlbGV0ZSI6MTIwMDAwMDAwMDAwMH0sInNjaGVtYV92ZXJzaW9uIjoiMSJ9",
          "dependencies": [
            "module.prod_cluster.data.aws_availability_zones.available",
            "module.prod_cluster.module.vpc.aws_vpc.this",
            "module.prod_cluster.module.vpc.aws_vpc_ipv4_cidr_block_association.this"
          ]
        },
        {
          "index_key": 1,
          "schema_version": 1,
          "attributes": {
            "arn": "arn:aws:ec2:ap-south-1:224264690046:subnet/subnet-0242df30fb627d563",
            "assign_ipv6_address_on_creation": false,
            "availability_zone": "ap-south-1b",
            "availability_zone_id": "aps1-az3",
            "cidr_block": "172.16.5.0/24",
            "customer_owned_ipv4_pool": "",
            "enable_dns64": false,
            "enable_lni_at_device_index": 0,
            "enable_resource_name_dns_a_record_on_launch": false,
            "enable_resource_name_dns_aaaa_record_on_launch": false,
            "id": "subnet-0242df30fb627d563",
            "ipv6_cidr_block": "",
            "ipv6_cidr_block_association_id": "",
            "ipv6_native": false,
            "map_customer_owned_ip_on_launch": false,
            "map_public_ip_on_launch": false,
            "outpost_arn": "",
            "owner_id": "224264690046",
            "private_dns_hostname_type_on_launch": "ip-name",
            "tags": {
              "Name": "k8s-production-vpc-public-ap-south-1b",
              "kubernetes.io/cluster/learnk8s": "shared",
              "kuebernetes.io/role/elb": "1"
            },
            "tags_all": {
              "Name": "k8s-production-vpc-public-ap-south-1b",
              "kubernetes.io/cluster/learnk8s": "shared",
              "kuebernetes.io/role/elb": "1"
            },
            "timeouts": null,
            "vpc_id": "vpc-0a3f4e702f6775b78"
          },
          "sensitive_attributes": [],
          "private": "eyJlMmJmYjczMC1lY2FhLTExZTYtOGY4OC0zNDM2M2JjN2M0YzAiOnsiY3JlYXRlIjo2MDAwMDAwMDAwMDAsImRlbGV0ZSI6MTIwMDAwMDAwMDAwMH0sInNjaGVtYV92ZXJzaW9uIjoiMSJ9",
          "dependencies": [
            "module.prod_cluster.data.aws_availability_zones.available",
            "module.prod_cluster.module.vpc.aws_vpc.this",
            "module.prod_cluster.module.vpc.aws_vpc_ipv4_cidr_block_association.this"
          ]
        },
        {
          "index_key": 2,
          "schema_version": 1,
          "attributes": {
            "arn": "arn:aws:ec2:ap-south-1:224264690046:subnet/subnet-0b02d1863ae40a5d6",
            "assign_ipv6_address_on_creation": false,
            "availability_zone": "ap-south-1c",
            "availability_zone_id": "aps1-az2",
            "cidr_block": "172.16.6.0/24",
            "customer_owned_ipv4_pool": "",
            "enable_dns64": false,
            "enable_lni_at_device_index": 0,
            "enable_resource_name_dns_a_record_on_launch": false,
            "enable_resource_name_dns_aaaa_record_on_launch": false,
            "id": "subnet-0b02d1863ae40a5d6",
            "ipv6_cidr_block": "",
            "ipv6_cidr_block_association_id": "",
            "ipv6_native": false,
            "map_customer_owned_ip_on_launch": false,
            "map_public_ip_on_launch": false,
            "outpost_arn": "",
            "owner_id": "224264690046",
            "private_dns_hostname_type_on_launch": "ip-name",
            "tags": {
              "Name": "k8s-production-vpc-public-ap-south-1c",
              "kubernetes.io/cluster/learnk8s": "shared",
              "kuebernetes.io/role/elb": "1"
            },
            "tags_all": {
              "Name": "k8s-production-vpc-public-ap-south-1c",
              "kubernetes.io/cluster/learnk8s": "shared",
              "kuebernetes.io/role/elb": "1"
            },
            "timeouts": null,
            "vpc_id": "vpc-0a3f4e702f6775b78"
          },
          "sensitive_attributes": [],
          "private": "eyJlMmJmYjczMC1lY2FhLTExZTYtOGY4OC0zNDM2M2JjN2M0YzAiOnsiY3JlYXRlIjo2MDAwMDAwMDAwMDAsImRlbGV0ZSI6MTIwMDAwMDAwMDAwMH0sInNjaGVtYV92ZXJzaW9uIjoiMSJ9",
          "dependencies": [
            "module.prod_cluster.data.aws_availability_zones.available",
            "module.prod_cluster.module.vpc.aws_vpc.this",
            "module.prod_cluster.module.vpc.aws_vpc_ipv4_cidr_block_association.this"
          ]
        }
      ]
    },
    {
      "module": "module.prod_cluster.module.vpc",
      "mode": "managed",
      "type": "aws_vpc",
      "name": "this",
      "provider": "module.prod_cluster.provider[\"registry.terraform.io/hashicorp/aws\"]",
      "instances": [
        {
          "index_key": 0,
          "schema_version": 1,
          "attributes": {
            "arn": "arn:aws:ec2:ap-south-1:224264690046:vpc/vpc-0a3f4e702f6775b78",
            "assign_generated_ipv6_cidr_block": false,
            "cidr_block": "172.16.0.0/16",
            "default_network_acl_id": "acl-0a59f6de729936c9e",
            "default_route_table_id": "rtb-02292999d6a9b76e0",
            "default_security_group_id": "sg-055bbec66f66262d5",
            "dhcp_options_id": "dopt-00633f2212ba0ab88",
            "enable_dns_hostnames": true,
            "enable_dns_support": true,
            "enable_network_address_usage_metrics": false,
            "id": "vpc-0a3f4e702f6775b78",
            "instance_tenancy": "default",
            "ipv4_ipam_pool_id": null,
            "ipv4_netmask_length": null,
            "ipv6_association_id": "",
            "ipv6_cidr_block": "",
            "ipv6_cidr_block_network_border_group": "",
            "ipv6_ipam_pool_id": "",
            "ipv6_netmask_length": 0,
            "main_route_table_id": "rtb-02292999d6a9b76e0",
            "owner_id": "224264690046",
            "tags": {
              "Name": "k8s-production-vpc"
            },
            "tags_all": {
              "Name": "k8s-production-vpc"
            }
          },
          "sensitive_attributes": [],
          "private": "eyJzY2hlbWFfdmVyc2lvbiI6IjEifQ==",
          "create_before_destroy": true
        }
      ]
    },
    {
      "module": "module.prod_cluster.module.vpc",
      "mode": "managed",
      "type": "aws_vpc_ipv4_cidr_block_association",
      "name": "this",
      "provider": "module.prod_cluster.provider[\"registry.terraform.io/hashicorp/aws\"]",
      "instances": []
    },
    {
      "module": "module.staging_cluster",
      "mode": "data",
      "type": "aws_availability_zones",
      "name": "available",
      "provider": "module.staging_cluster.provider[\"registry.terraform.io/hashicorp/aws\"]",
      "instances": [
        {
          "schema_version": 0,
          "attributes": {
            "all_availability_zones": null,
            "exclude_names": null,
            "exclude_zone_ids": null,
            "filter": null,
            "group_names": [
              "ap-south-1"
            ],
            "id": "ap-south-1",
            "names": [
              "ap-south-1a",
              "ap-south-1b",
              "ap-south-1c"
            ],
            "state": null,
            "timeouts": null,
            "zone_ids": [
              "aps1-az1",
              "aps1-az3",
              "aps1-az2"
            ]
          },
          "sensitive_attributes": []
        }
      ]
    },
    {
      "module": "module.staging_cluster",
      "mode": "data",
      "type": "aws_eks_cluster",
      "name": "cluster",
      "provider": "module.staging_cluster.provider[\"registry.terraform.io/hashicorp/aws\"]",
      "instances": []
    },
    {
      "module": "module.staging_cluster",
      "mode": "data",
      "type": "aws_eks_cluster_auth",
      "name": "cluster",
      "provider": "module.staging_cluster.provider[\"registry.terraform.io/hashicorp/aws\"]",
      "instances": []
    },
    {
      "module": "module.staging_cluster.module.eks",
      "mode": "data",
      "type": "aws_caller_identity",
      "name": "current",
      "provider": "module.staging_cluster.provider[\"registry.terraform.io/hashicorp/aws\"]",
      "instances": [
        {
          "schema_version": 0,
          "attributes": {
            "account_id": "224264690046",
            "arn": "arn:aws:iam::224264690046:user/Litmus",
            "id": "224264690046",
            "user_id": "AIDATINZXTF7DWECQ2SWM"
          },
          "sensitive_attributes": []
        }
      ]
    },
    {
      "module": "module.staging_cluster.module.eks",
      "mode": "data",
      "type": "aws_eks_addon_version",
      "name": "this",
      "provider": "module.staging_cluster.provider[\"registry.terraform.io/hashicorp/aws\"]",
      "instances": []
    },
    {
      "module": "module.staging_cluster.module.eks",
      "mode": "data",
      "type": "aws_iam_policy_document",
      "name": "assume_role_policy",
      "provider": "module.staging_cluster.provider[\"registry.terraform.io/hashicorp/aws\"]",
      "instances": [
        {
          "index_key": 0,
          "schema_version": 0,
          "attributes": {
            "id": "2764486067",
            "json": "{\n  \"Version\": \"2012-10-17\",\n  \"Statement\": [\n    {\n      \"Sid\": \"EKSClusterAssumeRole\",\n      \"Effect\": \"Allow\",\n      \"Action\": \"sts:AssumeRole\",\n      \"Principal\": {\n        \"Service\": \"eks.amazonaws.com\"\n      }\n    }\n  ]\n}",
            "minified_json": "{\"Version\":\"2012-10-17\",\"Statement\":[{\"Sid\":\"EKSClusterAssumeRole\",\"Effect\":\"Allow\",\"Action\":\"sts:AssumeRole\",\"Principal\":{\"Service\":\"eks.amazonaws.com\"}}]}",
            "override_json": null,
            "override_policy_documents": null,
            "policy_id": null,
            "source_json": null,
            "source_policy_documents": null,
            "statement": [
              {
                "actions": [
                  "sts:AssumeRole"
                ],
                "condition": [],
                "effect": "Allow",
                "not_actions": [],
                "not_principals": [],
                "not_resources": [],
                "principals": [
                  {
                    "identifiers": [
                      "eks.amazonaws.com"
                    ],
                    "type": "Service"
                  }
                ],
                "resources": [],
                "sid": "EKSClusterAssumeRole"
              }
            ],
            "version": "2012-10-17"
          },
          "sensitive_attributes": []
        }
      ]
    },
    {
      "module": "module.staging_cluster.module.eks",
      "mode": "data",
      "type": "aws_iam_policy_document",
      "name": "cni_ipv6_policy",
      "provider": "module.staging_cluster.provider[\"registry.terraform.io/hashicorp/aws\"]",
      "instances": []
    },
    {
      "module": "module.staging_cluster.module.eks",
      "mode": "data",
      "type": "aws_iam_session_context",
      "name": "current",
      "provider": "module.staging_cluster.provider[\"registry.terraform.io/hashicorp/aws\"]",
      "instances": [
        {
          "schema_version": 0,
          "attributes": {
            "arn": "arn:aws:iam::224264690046:user/Litmus",
            "id": "arn:aws:iam::224264690046:user/Litmus",
            "issuer_arn": "arn:aws:iam::224264690046:user/Litmus",
            "issuer_id": "",
            "issuer_name": "",
            "session_name": ""
          },
          "sensitive_attributes": []
        }
      ]
    },
    {
      "module": "module.staging_cluster.module.eks",
      "mode": "data",
      "type": "aws_partition",
      "name": "current",
      "provider": "module.staging_cluster.provider[\"registry.terraform.io/hashicorp/aws\"]",
      "instances": [
        {
          "schema_version": 0,
          "attributes": {
            "dns_suffix": "amazonaws.com",
            "id": "aws",
            "partition": "aws",
            "reverse_dns_prefix": "com.amazonaws"
          },
          "sensitive_attributes": []
        }
      ]
    },
    {
      "module": "module.staging_cluster.module.eks",
      "mode": "data",
      "type": "tls_certificate",
      "name": "this",
      "provider": "provider[\"registry.terraform.io/hashicorp/tls\"]",
      "instances": [
        {
          "index_key": 0,
          "schema_version": 0,
          "attributes": {
            "certificates": [
              {
                "cert_pem": "-----BEGIN CERTIFICATE-----\nMIIEdTCCA12gAwIBAgIJAKcOSkw0grd/MA0GCSqGSIb3DQEBCwUAMGgxCzAJBgNV\nBAYTAlVTMSUwIwYDVQQKExxTdGFyZmllbGQgVGVjaG5vbG9naWVzLCBJbmMuMTIw\nMAYDVQQLEylTdGFyZmllbGQgQ2xhc3MgMiBDZXJ0aWZpY2F0aW9uIEF1dGhvcml0\neTAeFw0wOTA5MDIwMDAwMDBaFw0zNDA2MjgxNzM5MTZaMIGYMQswCQYDVQQGEwJV\nUzEQMA4GA1UECBMHQXJpem9uYTETMBEGA1UEBxMKU2NvdHRzZGFsZTElMCMGA1UE\nChMcU3RhcmZpZWxkIFRlY2hub2xvZ2llcywgSW5jLjE7MDkGA1UEAxMyU3RhcmZp\nZWxkIFNlcnZpY2VzIFJvb3QgQ2VydGlmaWNhdGUgQXV0aG9yaXR5IC0gRzIwggEi\nMA0GCSqGSIb3DQEBAQUAA4IBDwAwggEKAoIBAQDVDDrEKvlO4vW+GZdfjohTsR8/\ny8+fIBNtKTrID30892t2OGPZNmCom15cAICyL1l/9of5JUOG52kbUpqQ4XHj2C0N\nTm/2yEnZtvMaVq4rtnQU68/7JuMauh2WLmo7WJSJR1b/JaCTcFOD2oR0FMNnngRo\nOt+OQFodSk7PQ5E751bWAHDLUu57fa4657wx+UX2wmDPE1kCK4DMNEffud6QZW0C\nzyyRpqbn3oUYSXxmTqM6bam17jQuug0DuDPfR+uxa40l2ZvOgdFFRjKWcIfeAg5J\nQ4W2bHO7ZOphQazJ1FTfhy/HIrImzJ9ZVGif/L4qL8RVHHVAYBeFAlU5i38FAgMB\nAAGjgfAwge0wDwYDVR0TAQH/BAUwAwEB/zAOBgNVHQ8BAf8EBAMCAYYwHQYDVR0O\nBBYEFJxfAN+qAdcwKziIorhtSpzyEZGDMB8GA1UdIwQYMBaAFL9ft9HO3R+G9FtV\nrNzXEMIOqYjnME8GCCsGAQUFBwEBBEMwQTAcBggrBgEFBQcwAYYQaHR0cDovL28u\nc3MyLnVzLzAhBggrBgEFBQcwAoYVaHR0cDovL3guc3MyLnVzL3guY2VyMCYGA1Ud\nHwQfMB0wG6AZoBeGFWh0dHA6Ly9zLnNzMi51cy9yLmNybDARBgNVHSAECjAIMAYG\nBFUdIAAwDQYJKoZIhvcNAQELBQADggEBACMd44pXyn3pF3lM8R5V/cxTbj5HD9/G\nVfKyBDbtgB9TxF00KGu+x1X8Z+rLP3+QsjPNG1gQggL4+C/1E2DUBc7xgQjB3ad1\nl08YuW3e95ORCLp+QCztweq7dp4zBncdDQh/U90bZKuCJ/Fp1U1ervShw3WnWEQt\n8jxwmKy6abaVd38PMV4s/KCHOkdp8Hlf9BRUpJVeEXgSYCfOn8J3/yNTd126/+pZ\n59vPr5KW7ySaNRB6nJHGDn2Z9j8Z3/VyVOEVqQdZe4O/Ui5GjLIAZHYcSNPYeehu\nVsyuLAOQ1xk4meTKCRlb/weWsKh/NEnfVqn3sF/tM+2MR7cwA130A4w=\n-----END CERTIFICATE-----\n",
                "is_ca": true,
                "issuer": "OU=Starfield Class 2 Certification Authority,O=Starfield Technologies\\, Inc.,C=US",
                "not_after": "2034-06-28T17:39:16Z",
                "not_before": "2009-09-02T00:00:00Z",
                "public_key_algorithm": "RSA",
                "serial_number": "12037640545166866303",
                "sha1_fingerprint": "9e99a48a9960b14926bb7f3b02e22da2b0ab7280",
                "signature_algorithm": "SHA256-RSA",
                "subject": "CN=Starfield Services Root Certificate Authority - G2,O=Starfield Technologies\\, Inc.,L=Scottsdale,ST=Arizona,C=US",
                "version": 3
              },
              {
                "cert_pem": "-----BEGIN CERTIFICATE-----\nMIIEkjCCA3qgAwIBAgITBn+USionzfP6wq4rAfkI7rnExjANBgkqhkiG9w0BAQsF\nADCBmDELMAkGA1UEBhMCVVMxEDAOBgNVBAgTB0FyaXpvbmExEzARBgNVBAcTClNj\nb3R0c2RhbGUxJTAjBgNVBAoTHFN0YXJmaWVsZCBUZWNobm9sb2dpZXMsIEluYy4x\nOzA5BgNVBAMTMlN0YXJmaWVsZCBTZXJ2aWNlcyBSb290IENlcnRpZmljYXRlIEF1\ndGhvcml0eSAtIEcyMB4XDTE1MDUyNTEyMDAwMFoXDTM3MTIzMTAxMDAwMFowOTEL\nMAkGA1UEBhMCVVMxDzANBgNVBAoTBkFtYXpvbjEZMBcGA1UEAxMQQW1hem9uIFJv\nb3QgQ0EgMTCCASIwDQYJKoZIhvcNAQEBBQADggEPADCCAQoCggEBALJ4gHHKeNXj\nca9HgFB0fW7Y14h29Jlo91ghYPl0hAEvrAIthtOgQ3pOsqTQNroBvo3bSMgHFzZM\n9O6II8c+6zf1tRn4SWiw3te5djgdYZ6k/oI2peVKVuRF4fn9tBb6dNqcmzU5L/qw\nIFAGbHrQgLKm+a/sRxmPUDgH3KKHOVj4utWp+UhnMJbulHheb4mjUcAwhmahRWa6\nVOujw5H5SNz/0egwLX0tdHA114gk957EWW67c4cX8jJGKLhD+rcdqsq08p8kDi1L\n93FcXmn/6pUCyziKrlA4b9v7LWIbxcceVOF34GfID5yHI9Y/QCB/IIDEgEw+OyQm\njgSubJrIqg0CAwEAAaOCATEwggEtMA8GA1UdEwEB/wQFMAMBAf8wDgYDVR0PAQH/\nBAQDAgGGMB0GA1UdDgQWBBSEGMyFNOy8DJSULghZnMeyEE4KCDAfBgNVHSMEGDAW\ngBScXwDfqgHXMCs4iKK4bUqc8hGRgzB4BggrBgEFBQcBAQRsMGowLgYIKwYBBQUH\nMAGGImh0dHA6Ly9vY3NwLnJvb3RnMi5hbWF6b250cnVzdC5jb20wOAYIKwYBBQUH\nMAKGLGh0dHA6Ly9jcnQucm9vdGcyLmFtYXpvbnRydXN0LmNvbS9yb290ZzIuY2Vy\nMD0GA1UdHwQ2MDQwMqAwoC6GLGh0dHA6Ly9jcmwucm9vdGcyLmFtYXpvbnRydXN0\nLmNvbS9yb290ZzIuY3JsMBEGA1UdIAQKMAgwBgYEVR0gADANBgkqhkiG9w0BAQsF\nAAOCAQEAYjdCXLwQtT6LLOkMm2xF4gcAevnFWAu5CIw+7bMlPLVvUOTNNWqnkzSW\nMiGpSESrnO09tKpzbeR/FoCJbM8oAxiDR3mjEH4wW6w7sGDgd9QIpuEdfF7Au/ma\neyKdpwAJfqxGF4PcnCZXmTA5YpaP7dreqsXMGz7KQ2hsVxa81Q4gLv7/wmpdLqBK\nbRRYh5TmOTFffHPLkIhqhBGWJ6bt2YFGpn6jcgAKUj6DiAdjd4lpFw85hdKrCEVN\n0FE6/V1dN2RMfjCyVSRCnTawXZwXgWHxyvkQAiSr6w10kY17RSlQOYiypok1JR4U\nakcjMS9cmvqtmg5iUaQqqcT5NJ0hGA==\n-----END CERTIFICATE-----\n",
                "is_ca": true,
                "issuer": "CN=Starfield Services Root Certificate Authority - G2,O=Starfield Technologies\\, Inc.,L=Scottsdale,ST=Arizona,C=US",
                "not_after": "2037-12-31T01:00:00Z",
                "not_before": "2015-05-25T12:00:00Z",
                "public_key_algorithm": "RSA",
                "serial_number": "144918191876577076464031512351042010504348870",
                "sha1_fingerprint": "06b25927c42a721631c1efd9431e648fa62e1e39",
                "signature_algorithm": "SHA256-RSA",
                "subject": "CN=Amazon Root CA 1,O=Amazon,C=US",
                "version": 3
              },
              {
                "cert_pem": "-----BEGIN CERTIFICATE-----\nMIIEXjCCA0agAwIBAgITB3MSTNQG0mfAmRzdKZqfODF5hTANBgkqhkiG9w0BAQsF\nADA5MQswCQYDVQQGEwJVUzEPMA0GA1UEChMGQW1hem9uMRkwFwYDVQQDExBBbWF6\nb24gUm9vdCBDQSAxMB4XDTIyMDgyMzIyMjYwNFoXDTMwMDgyMzIyMjYwNFowPDEL\nMAkGA1UEBhMCVVMxDzANBgNVBAoTBkFtYXpvbjEcMBoGA1UEAxMTQW1hem9uIFJT\nQSAyMDQ4IE0wMzCCASIwDQYJKoZIhvcNAQEBBQADggEPADCCAQoCggEBALd/pVko\n8vuM475Tf45HV3BbCl/B9Jy89G1CRkFjcPY06WA9lS+7dWbUA7GtWUKoksr69hKM\nwcMsNpxlw7b3jeXFgxB09/nmalcAWtnLzF+LaDKEA5DQmvKzuh1nfIfqEiKCQSmX\nXh09Xs+dO7cm5qbaL2hhNJCSAejciwcvOFgFNgEMR42wm6KIFHsQW28jhA+1u/M0\np6fVwReuEgZfLfdx82Px0LJck3lST3EB/JfbdsdOzzzg5YkY1dfuqf8y5fUeZ7Cz\nWXbTjujwX/TovmeWKA36VLCz75azW6tDNuDn66FOpADZZ9omVaF6BqNJiLMVl6P3\n/c0OiUMC6Z5OfKcCAwEAAaOCAVowggFWMBIGA1UdEwEB/wQIMAYBAf8CAQAwDgYD\nVR0PAQH/BAQDAgGGMB0GA1UdJQQWMBQGCCsGAQUFBwMBBggrBgEFBQcDAjAdBgNV\nHQ4EFgQUVdkYX9IczAHhWLS+q9lVQgHXLgIwHwYDVR0jBBgwFoAUhBjMhTTsvAyU\nlC4IWZzHshBOCggwewYIKwYBBQUHAQEEbzBtMC8GCCsGAQUFBzABhiNodHRwOi8v\nb2NzcC5yb290Y2ExLmFtYXpvbnRydXN0LmNvbTA6BggrBgEFBQcwAoYuaHR0cDov\nL2NydC5yb290Y2ExLmFtYXpvbnRydXN0LmNvbS9yb290Y2ExLmNlcjA/BgNVHR8E\nODA2MDSgMqAwhi5odHRwOi8vY3JsLnJvb3RjYTEuYW1hem9udHJ1c3QuY29tL3Jv\nb3RjYTEuY3JsMBMGA1UdIAQMMAowCAYGZ4EMAQIBMA0GCSqGSIb3DQEBCwUAA4IB\nAQAGjeWm2cC+3z2MzSCnte46/7JZvj3iQZDY7EvODNdZF41n71Lrk9kbfNwerK0d\nVNzW36Wefr7j7ZSwBVg50W5ay65jNSN74TTQV1yt4WnSbVvN6KlMs1hiyOZdoHKs\nKDV2UGNxbdoBYCQNa2GYF8FQIWLugNp35aSOpMy6cFlymFQomIrnOQHwK1nvVY4q\nxDSJMU/gNJz17D8ArPN3ngnyZ2TwepJ0uBINz3G5te2rdFUF4i4Y3Bb7FUlHDYm4\nu8aIRGpk2ZpfXmxaoxnbIBZRvGLPSUuPwnwoUOMsJ8jirI5vs2dvchPb7MtI1rle\ni02f2ivH2vxkjDLltSpe2fiC\n-----END CERTIFICATE-----\n",
                "is_ca": true,
                "issuer": "CN=Amazon Root CA 1,O=Amazon,C=US",
                "not_after": "2030-08-23T22:26:04Z",
                "not_before": "2022-08-23T22:26:04Z",
                "public_key_algorithm": "RSA",
                "serial_number": "166129356476704345391986644047206454194698629",
                "sha1_fingerprint": "d9fe0a65fa00cabf61f5120d373a8135e1461f15",
                "signature_algorithm": "SHA256-RSA",
                "subject": "CN=Amazon RSA 2048 M03,O=Amazon,C=US",
                "version": 3
              },
              {
                "cert_pem": "-----BEGIN CERTIFICATE-----\nMIIF5jCCBM6gAwIBAgIQAXLcQBe7tPBc6GuB+yBBqzANBgkqhkiG9w0BAQsFADA8\nMQswCQYDVQQGEwJVUzEPMA0GA1UEChMGQW1hem9uMRwwGgYDVQQDExNBbWF6b24g\nUlNBIDIwNDggTTAzMB4XDTI0MDMyNzAwMDAwMFoXDTI1MDQyNTIzNTk1OVowKTEn\nMCUGA1UEAwweKi5la3MuYXAtc291dGgtMS5hbWF6b25hd3MuY29tMIIBIjANBgkq\nhkiG9w0BAQEFAAOCAQ8AMIIBCgKCAQEAtGQywB9i0CSmjSAwUSmErAt9ATOS/ne5\nFFsUrjS4vuBLXT3S/X97lDKm2spvdAJsXMDyWq5R60Va0X/Zr4td/oSl3cNy2CFp\nDQw2kG0RMugBMNVaR/2B6RH+kIErxlYyBNMuBA62SEqk5kGemmXBTznU5NsynXss\nN1Lmdbi92EszLsGw2HLlEwZt0DwcRRkrg0ZMo+cQhx1C4b/YFXCAaPLe9gEQDSYA\n3lgTRhUfQS7xWh4LaSxU7PG8C+/cXJ8BYdWOF6TsdBKDXhTccvd7QReSpF5tDiCF\nT6B8L4y5wKX2VMKqENSrwn3hAporXi6J4laE6Tx1Y/A2DN87FHukNwIDAQABo4IC\n9TCCAvEwHwYDVR0jBBgwFoAUVdkYX9IczAHhWLS+q9lVQgHXLgIwHQYDVR0OBBYE\nFCA2a4roh/mOKjmoAhAJrTURFH2HMCkGA1UdEQQiMCCCHiouZWtzLmFwLXNvdXRo\nLTEuYW1hem9uYXdzLmNvbTATBgNVHSAEDDAKMAgGBmeBDAECATAOBgNVHQ8BAf8E\nBAMCBaAwHQYDVR0lBBYwFAYIKwYBBQUHAwEGCCsGAQUFBwMCMDsGA1UdHwQ0MDIw\nMKAuoCyGKmh0dHA6Ly9jcmwucjJtMDMuYW1hem9udHJ1c3QuY29tL3IybTAzLmNy\nbDB1BggrBgEFBQcBAQRpMGcwLQYIKwYBBQUHMAGGIWh0dHA6Ly9vY3NwLnIybTAz\nLmFtYXpvbnRydXN0LmNvbTA2BggrBgEFBQcwAoYqaHR0cDovL2NydC5yMm0wMy5h\nbWF6b250cnVzdC5jb20vcjJtMDMuY2VyMAwGA1UdEwEB/wQCMAAwggF8BgorBgEE\nAdZ5AgQCBIIBbASCAWgBZgB2AM8RVu7VLnyv84db2Wkum+kacWdKsBfsrAHSW3fO\nzDsIAAABjoEqaRgAAAQDAEcwRQIgafsuKU5xj/dXLQ3SPdWzndJwLyEfm+JryIYe\nPWZJKLMCIQCNfmISGAa5KgyKPZ8xG6e3jLbHiwMd3UfNw2/f0fA+agB1AH1ZHhLh\neCp7HGFnfF79+NCHXBSgTpWeuQMv2Q6MLnm4AAABjoEqaHUAAAQDAEYwRAIgAgNI\nq6UYuEQejzm3s9LMJm4+ntuC4SHzW+cXtbBGJ/MCIC14jKeXKIEc1xRsYA3az65F\niAXRScw6ZRufvETqJO1/AHUA5tIxY0B3jMEQQQbXcbnOwdJA9paEhvu6hzId/R43\njlAAAAGOgSpoiQAABAMARjBEAiANbZ6RIkz/AOtZdJnPuPMlA0zjJIB2UxkJkN69\ntCtQEQIgRHt4maRYhich1qGcBcGDgL2QeUehPp6yWnpgPItV33IwDQYJKoZIhvcN\nAQELBQADggEBAFHCpoKhkGL7unnDkg6JykJauAU+DW1sN/8xuwfAiBzL07ZOb3ao\nc34h51Wr+LIsBiXq9kEy0iduzS8F72SbfDXrz0dpESoe6faNZ9UEfNvqkLRmHDcU\nea3M+4v+tacD/uqEvtJI0aEcLP1yKencXCwBOqy8O7lLEJUhYc8yVAJChmoJAowy\nOwS9PjMdXb2UAMl4aJt7oF+nvzdjBtQ7uNctV2rsMZ1HZQSdgMMhqJNWXufVPmRm\nuPnGTtYK8Y0MsCJqEvmi9jE8m30oRhugZ/9ckJo7CnO43VJcE4IT+/AObav3iNfU\nlS1MThMhwV4UxcawWxE68Y3QZhhym4+HwQw=\n-----END CERTIFICATE-----\n",
                "is_ca": false,
                "issuer": "CN=Amazon RSA 2048 M03,O=Amazon,C=US",
                "not_after": "2025-04-25T23:59:59Z",
                "not_before": "2024-03-27T00:00:00Z",
                "public_key_algorithm": "RSA",
                "serial_number": "1925617045718169317006243538772443563",
                "sha1_fingerprint": "66c52a14da1484b5a2aec2e90e2ee44fb3030459",
                "signature_algorithm": "SHA256-RSA",
                "subject": "CN=*.eks.ap-south-1.amazonaws.com",
                "version": 3
              }
            ],
            "content": null,
            "id": "8620fd676f1f5fb482fb77207743ac75042750fa",
            "url": "https://oidc.eks.ap-south-1.amazonaws.com/id/966320561DE073CC42036E099F763316",
            "verify_chain": true
          },
          "sensitive_attributes": []
        }
      ]
    },
    {
      "module": "module.staging_cluster.module.eks",
      "mode": "managed",
      "type": "aws_cloudwatch_log_group",
      "name": "this",
      "provider": "module.staging_cluster.provider[\"registry.terraform.io/hashicorp/aws\"]",
      "instances": [
        {
          "index_key": 0,
          "schema_version": 0,
          "attributes": {
            "arn": "arn:aws:logs:ap-south-1:224264690046:log-group:/aws/eks/eks-staging/cluster",
            "id": "/aws/eks/eks-staging/cluster",
            "kms_key_id": "",
            "log_group_class": "STANDARD",
            "name": "/aws/eks/eks-staging/cluster",
            "name_prefix": "",
            "retention_in_days": 90,
            "skip_destroy": false,
            "tags": {
              "Name": "/aws/eks/eks-staging/cluster"
            },
            "tags_all": {
              "Name": "/aws/eks/eks-staging/cluster"
            }
          },
          "sensitive_attributes": [],
          "private": "bnVsbA==",
          "create_before_destroy": true
        }
      ]
    },
    {
      "module": "module.staging_cluster.module.eks",
      "mode": "managed",
      "type": "aws_eks_access_entry",
      "name": "this",
      "provider": "module.staging_cluster.provider[\"registry.terraform.io/hashicorp/aws\"]",
      "instances": []
    },
    {
      "module": "module.staging_cluster.module.eks",
      "mode": "managed",
      "type": "aws_eks_access_policy_association",
      "name": "this",
      "provider": "module.staging_cluster.provider[\"registry.terraform.io/hashicorp/aws\"]",
      "instances": []
    },
    {
      "module": "module.staging_cluster.module.eks",
      "mode": "managed",
      "type": "aws_eks_addon",
      "name": "before_compute",
      "provider": "module.staging_cluster.provider[\"registry.terraform.io/hashicorp/aws\"]",
      "instances": []
    },
    {
      "module": "module.staging_cluster.module.eks",
      "mode": "managed",
      "type": "aws_eks_cluster",
      "name": "this",
      "provider": "module.staging_cluster.provider[\"registry.terraform.io/hashicorp/aws\"]",
      "instances": [
        {
          "index_key": 0,
          "schema_version": 1,
          "attributes": {
            "access_config": [
              {
                "authentication_mode": "API_AND_CONFIG_MAP",
                "bootstrap_cluster_creator_admin_permissions": false
              }
            ],
            "arn": "arn:aws:eks:ap-south-1:224264690046:cluster/eks-staging",
            "bootstrap_self_managed_addons": true,
            "certificate_authority": [
              {
                "data": "LS0tLS1CRUdJTiBDRVJUSUZJQ0FURS0tLS0tCk1JSURCVENDQWUyZ0F3SUJBZ0lJZGtWT1dRUEk0TkF3RFFZSktvWklodmNOQVFFTEJRQXdGVEVUTUJFR0ExVUUKQXhNS2EzVmlaWEp1WlhSbGN6QWVGdzB5TkRFeE1Ea3hOakU1TXpCYUZ3MHpOREV4TURjeE5qSTBNekJhTUJVeApFekFSQmdOVkJBTVRDbXQxWW1WeWJtVjBaWE13Z2dFaU1BMEdDU3FHU0liM0RRRUJBUVVBQTRJQkR3QXdnZ0VLCkFvSUJBUURRTXNMdDRDMUZKUlh0cklsWjl0dWVHVzExQjhLNXBUWEdHRnZ3dTA5c2JJL0xCTzNocGNIazJ4YkEKNHYybzdZS3lyTmxIdkFjNWpydFl4OTZDWnh0UHY5VVU3Skl5OVlMOWhWY1BFRUdiQW0yODczQkdaZjVkSHhSOApBVUFJNE9seTIyaTAyR2k4dDdwTkhFb0pJQ0k2eENlOWhyZ3RVb1JKeUpwdUFSb2dxN1FrWmRQY29LQ01lTmtiClA4djNwalZXNDlUNGlXYjFINTN0b0l1VjVkR3hHM0NEMnV4WWcrcE03dDJtTjFjNUZVcVp4K3J6U1B0WEhWZ2sKalozbXNvM0Y2YUZUb3ZNUTl0R0J0SU5TWWNJdHBvTlBlZTB0REFOU0Zhd3R0YXhxa0Z6dG12S1NOck4ySURIQgovbkgzbXlaWXluVzRHTFh1T0RDNmR2cGg5b0Y5QWdNQkFBR2pXVEJYTUE0R0ExVWREd0VCL3dRRUF3SUNwREFQCkJnTlZIUk1CQWY4RUJUQURBUUgvTUIwR0ExVWREZ1FXQkJUOVJsci9EenZ3Yy9rKzFwS3lMNWF6Ny93OFBEQVYKQmdOVkhSRUVEakFNZ2dwcmRXSmxjbTVsZEdWek1BMEdDU3FHU0liM0RRRUJDd1VBQTRJQkFRQlZ4dnRqOGh2aAp6WXM2a0x4MitZSnExbjN4NDdsV1NXaXJIVDlqT3Z6SWdNN2UwNkc5WnNaNU5sUXl3L1B1Z1krcWRKNi9ZNGJ5Ckh0ZnIwNXA5ZW5zZ3V2SG5jSFpTdUs2eXVOYklLc1lzWHcwMnFLc3JpRjhwNFFyK0VHYk1kN3VSZDBNa3JhTlYKOC9OZ2NzQ2FlbkFuTFVuOVh4bTJWVURiekFvUU1FQU5IQkVFYWZxb0YrdkxlZ2pjdEtySzRwVWhQZG8xNG9pNwowNDZJQTJuUWR5YjZ0djF2RnBhZGo4eUtvcVNsU21vV2VJVUZ0SWF0cTU3L0d0L2ZvOVBKSDJiRkovMXVIZEVyCjNKWEpESndQc29LbVBvNVhOK0tJR3ZjRHJYZndDMVM1a0Z1bTFnM1d2TVh5NHhuQjJXRHBEY3ppM25SNEpLRmIKN0h6Nk5qaFpNNDNTCi0tLS0tRU5EIENFUlRJRklDQVRFLS0tLS0K"
              }
            ],
            "cluster_id": null,
            "created_at": "2024-11-09T16:20:44Z",
            "enabled_cluster_log_types": [
              "api",
              "audit",
              "authenticator"
            ],
            "encryption_config": [
              {
                "provider": [
                  {
                    "key_arn": "arn:aws:kms:ap-south-1:224264690046:key/7856f84a-3ee6-490c-9dac-35e744790a16"
                  }
                ],
                "resources": [
                  "secrets"
                ]
              }
            ],
            "endpoint": "https://966320561DE073CC42036E099F763316.gr7.ap-south-1.eks.amazonaws.com",
            "id": "eks-staging",
            "identity": [
              {
                "oidc": [
                  {
                    "issuer": "https://oidc.eks.ap-south-1.amazonaws.com/id/966320561DE073CC42036E099F763316"
                  }
                ]
              }
            ],
            "kubernetes_network_config": [
              {
                "ip_family": "ipv4",
                "service_ipv4_cidr": "10.100.0.0/16",
                "service_ipv6_cidr": ""
              }
            ],
            "name": "eks-staging",
            "outpost_config": [],
            "platform_version": "eks.10",
            "role_arn": "arn:aws:iam::224264690046:role/eks-staging-cluster-20241109161941955000000002",
            "status": "ACTIVE",
            "tags": {
              "terraform-aws-modules": "eks"
            },
            "tags_all": {
              "terraform-aws-modules": "eks"
            },
            "timeouts": {
              "create": null,
              "delete": null,
              "update": null
            },
            "upgrade_policy": [
              {
                "support_type": "EXTENDED"
              }
            ],
            "version": "1.31",
            "vpc_config": [
              {
                "cluster_security_group_id": "sg-0d524287e465821be",
                "endpoint_private_access": true,
                "endpoint_public_access": false,
                "public_access_cidrs": [
                  "0.0.0.0/0"
                ],
                "security_group_ids": [
                  "sg-05ae5afd2e185c9a5"
                ],
                "subnet_ids": [
                  "subnet-0281dd1df6004ff41",
                  "subnet-0722b34a4aa5ec829",
                  "subnet-0aebc5e5e5647b544"
                ],
                "vpc_id": "vpc-0c18147fe7ff676c9"
              }
            ],
            "zonal_shift_config": []
          },
          "sensitive_attributes": [],
          "private": "eyJlMmJmYjczMC1lY2FhLTExZTYtOGY4OC0zNDM2M2JjN2M0YzAiOnsiY3JlYXRlIjoxODAwMDAwMDAwMDAwLCJkZWxldGUiOjkwMDAwMDAwMDAwMCwidXBkYXRlIjozNjAwMDAwMDAwMDAwfSwic2NoZW1hX3ZlcnNpb24iOiIxIn0=",
          "dependencies": [
            "module.staging_cluster.data.aws_availability_zones.available",
            "module.staging_cluster.module.eks.aws_cloudwatch_log_group.this",
            "module.staging_cluster.module.eks.aws_iam_policy.cni_ipv6_policy",
            "module.staging_cluster.module.eks.aws_iam_role.this",
            "module.staging_cluster.module.eks.aws_iam_role_policy_attachment.this",
            "module.staging_cluster.module.eks.aws_security_group.cluster",
            "module.staging_cluster.module.eks.aws_security_group.node",
            "module.staging_cluster.module.eks.aws_security_group_rule.cluster",
            "module.staging_cluster.module.eks.aws_security_group_rule.node",
            "module.staging_cluster.module.eks.data.aws_caller_identity.current",
            "module.staging_cluster.module.eks.data.aws_iam_policy_document.assume_role_policy",
            "module.staging_cluster.module.eks.data.aws_iam_policy_document.cni_ipv6_policy",
            "module.staging_cluster.module.eks.data.aws_iam_session_context.current",
            "module.staging_cluster.module.eks.data.aws_partition.current",
            "module.staging_cluster.module.eks.module.kms.aws_kms_external_key.this",
            "module.staging_cluster.module.eks.module.kms.aws_kms_key.this",
            "module.staging_cluster.module.eks.module.kms.aws_kms_replica_external_key.this",
            "module.staging_cluster.module.eks.module.kms.aws_kms_replica_key.this",
            "module.staging_cluster.module.eks.module.kms.data.aws_caller_identity.current",
            "module.staging_cluster.module.eks.module.kms.data.aws_iam_policy_document.this",
            "module.staging_cluster.module.eks.module.kms.data.aws_partition.current",
            "module.staging_cluster.module.vpc.aws_subnet.private",
            "module.staging_cluster.module.vpc.aws_vpc.this",
            "module.staging_cluster.module.vpc.aws_vpc_ipv4_cidr_block_association.this"
          ],
          "create_before_destroy": true
        }
      ]
    },
    {
      "module": "module.staging_cluster.module.eks",
      "mode": "managed",
      "type": "aws_eks_identity_provider_config",
      "name": "this",
      "provider": "module.staging_cluster.provider[\"registry.terraform.io/hashicorp/aws\"]",
      "instances": []
    },
    {
      "module": "module.staging_cluster.module.eks",
      "mode": "managed",
      "type": "aws_iam_openid_connect_provider",
      "name": "oidc_provider",
      "provider": "module.staging_cluster.provider[\"registry.terraform.io/hashicorp/aws\"]",
      "instances": [
        {
          "index_key": 0,
          "schema_version": 0,
          "attributes": {
            "arn": "arn:aws:iam::224264690046:oidc-provider/oidc.eks.ap-south-1.amazonaws.com/id/966320561DE073CC42036E099F763316",
            "client_id_list": [
              "sts.amazonaws.com"
            ],
            "id": "arn:aws:iam::224264690046:oidc-provider/oidc.eks.ap-south-1.amazonaws.com/id/966320561DE073CC42036E099F763316",
            "tags": {
              "Name": "eks-staging-eks-irsa"
            },
            "tags_all": {
              "Name": "eks-staging-eks-irsa"
            },
            "thumbprint_list": [
              "9e99a48a9960b14926bb7f3b02e22da2b0ab7280"
            ],
            "url": "oidc.eks.ap-south-1.amazonaws.com/id/966320561DE073CC42036E099F763316"
          },
          "sensitive_attributes": [],
          "private": "bnVsbA==",
          "dependencies": [
            "module.staging_cluster.data.aws_availability_zones.available",
            "module.staging_cluster.module.eks.aws_cloudwatch_log_group.this",
            "module.staging_cluster.module.eks.aws_eks_cluster.this",
            "module.staging_cluster.module.eks.aws_iam_policy.cni_ipv6_policy",
            "module.staging_cluster.module.eks.aws_iam_role.this",
            "module.staging_cluster.module.eks.aws_iam_role_policy_attachment.this",
            "module.staging_cluster.module.eks.aws_security_group.cluster",
            "module.staging_cluster.module.eks.aws_security_group.node",
            "module.staging_cluster.module.eks.aws_security_group_rule.cluster",
            "module.staging_cluster.module.eks.aws_security_group_rule.node",
            "module.staging_cluster.module.eks.data.aws_caller_identity.current",
            "module.staging_cluster.module.eks.data.aws_iam_policy_document.assume_role_policy",
            "module.staging_cluster.module.eks.data.aws_iam_policy_document.cni_ipv6_policy",
            "module.staging_cluster.module.eks.data.aws_iam_session_context.current",
            "module.staging_cluster.module.eks.data.aws_partition.current",
            "module.staging_cluster.module.eks.data.tls_certificate.this",
            "module.staging_cluster.module.eks.module.kms.aws_kms_external_key.this",
            "module.staging_cluster.module.eks.module.kms.aws_kms_key.this",
            "module.staging_cluster.module.eks.module.kms.aws_kms_replica_external_key.this",
            "module.staging_cluster.module.eks.module.kms.aws_kms_replica_key.this",
            "module.staging_cluster.module.eks.module.kms.data.aws_caller_identity.current",
            "module.staging_cluster.module.eks.module.kms.data.aws_iam_policy_document.this",
            "module.staging_cluster.module.eks.module.kms.data.aws_partition.current",
            "module.staging_cluster.module.vpc.aws_subnet.private",
            "module.staging_cluster.module.vpc.aws_vpc.this",
            "module.staging_cluster.module.vpc.aws_vpc_ipv4_cidr_block_association.this"
          ]
        }
      ]
    },
    {
      "module": "module.staging_cluster.module.eks",
      "mode": "managed",
      "type": "aws_iam_policy",
      "name": "cluster_encryption",
      "provider": "module.staging_cluster.provider[\"registry.terraform.io/hashicorp/aws\"]",
      "instances": [
        {
          "index_key": 0,
          "schema_version": 0,
          "attributes": {
            "arn": "arn:aws:iam::224264690046:policy/eks-staging-cluster-ClusterEncryption2024110916202791450000000c",
            "attachment_count": 0,
            "description": "Cluster encryption policy to allow cluster role to utilize CMK provided",
            "id": "arn:aws:iam::224264690046:policy/eks-staging-cluster-ClusterEncryption2024110916202791450000000c",
            "name": "eks-staging-cluster-ClusterEncryption2024110916202791450000000c",
            "name_prefix": "eks-staging-cluster-ClusterEncryption",
            "path": "/",
            "policy": "{\"Statement\":[{\"Action\":[\"kms:Encrypt\",\"kms:Decrypt\",\"kms:ListGrants\",\"kms:DescribeKey\"],\"Effect\":\"Allow\",\"Resource\":\"arn:aws:kms:ap-south-1:224264690046:key/7856f84a-3ee6-490c-9dac-35e744790a16\"}],\"Version\":\"2012-10-17\"}",
            "policy_id": "ANPATINZXTF7LMQNH6OXV",
            "tags": null,
            "tags_all": {}
          },
          "sensitive_attributes": [],
          "private": "bnVsbA==",
          "dependencies": [
            "module.staging_cluster.module.eks.aws_iam_role.this",
            "module.staging_cluster.module.eks.data.aws_caller_identity.current",
            "module.staging_cluster.module.eks.data.aws_iam_policy_document.assume_role_policy",
            "module.staging_cluster.module.eks.data.aws_iam_session_context.current",
            "module.staging_cluster.module.eks.module.kms.aws_kms_external_key.this",
            "module.staging_cluster.module.eks.module.kms.aws_kms_key.this",
            "module.staging_cluster.module.eks.module.kms.aws_kms_replica_external_key.this",
            "module.staging_cluster.module.eks.module.kms.aws_kms_replica_key.this",
            "module.staging_cluster.module.eks.module.kms.data.aws_caller_identity.current",
            "module.staging_cluster.module.eks.module.kms.data.aws_iam_policy_document.this",
            "module.staging_cluster.module.eks.module.kms.data.aws_partition.current"
          ]
        }
      ]
    },
    {
      "module": "module.staging_cluster.module.eks",
      "mode": "managed",
      "type": "aws_iam_policy",
      "name": "cni_ipv6_policy",
      "provider": "module.staging_cluster.provider[\"registry.terraform.io/hashicorp/aws\"]",
      "instances": []
    },
    {
      "module": "module.staging_cluster.module.eks",
      "mode": "managed",
      "type": "aws_iam_role",
      "name": "this",
      "provider": "module.staging_cluster.provider[\"registry.terraform.io/hashicorp/aws\"]",
      "instances": [
        {
          "index_key": 0,
          "schema_version": 0,
          "attributes": {
            "arn": "arn:aws:iam::224264690046:role/eks-staging-cluster-20241109161941955000000002",
            "assume_role_policy": "{\"Statement\":[{\"Action\":\"sts:AssumeRole\",\"Effect\":\"Allow\",\"Principal\":{\"Service\":\"eks.amazonaws.com\"},\"Sid\":\"EKSClusterAssumeRole\"}],\"Version\":\"2012-10-17\"}",
            "create_date": "2024-11-09T16:19:43Z",
            "description": "",
            "force_detach_policies": true,
            "id": "eks-staging-cluster-20241109161941955000000002",
            "inline_policy": [],
            "managed_policy_arns": [],
            "max_session_duration": 3600,
            "name": "eks-staging-cluster-20241109161941955000000002",
            "name_prefix": "eks-staging-cluster-",
            "path": "/",
            "permissions_boundary": "",
            "tags": null,
            "tags_all": {},
            "unique_id": "AROATINZXTF7PYV3SONTY"
          },
          "sensitive_attributes": [],
          "private": "bnVsbA==",
          "dependencies": [
            "module.staging_cluster.module.eks.data.aws_iam_policy_document.assume_role_policy"
          ],
          "create_before_destroy": true
        }
      ]
    },
    {
      "module": "module.staging_cluster.module.eks",
      "mode": "managed",
      "type": "aws_iam_role_policy_attachment",
      "name": "cluster_encryption",
      "provider": "module.staging_cluster.provider[\"registry.terraform.io/hashicorp/aws\"]",
      "instances": [
        {
          "index_key": 0,
          "schema_version": 0,
          "attributes": {
            "id": "eks-staging-cluster-20241109161941955000000002-2024110916203685070000000e",
            "policy_arn": "arn:aws:iam::224264690046:policy/eks-staging-cluster-ClusterEncryption2024110916202791450000000c",
            "role": "eks-staging-cluster-20241109161941955000000002"
          },
          "sensitive_attributes": [],
          "private": "bnVsbA==",
          "dependencies": [
            "module.staging_cluster.module.eks.aws_iam_policy.cluster_encryption",
            "module.staging_cluster.module.eks.aws_iam_role.this",
            "module.staging_cluster.module.eks.data.aws_caller_identity.current",
            "module.staging_cluster.module.eks.data.aws_iam_policy_document.assume_role_policy",
            "module.staging_cluster.module.eks.data.aws_iam_session_context.current",
            "module.staging_cluster.module.eks.module.kms.aws_kms_external_key.this",
            "module.staging_cluster.module.eks.module.kms.aws_kms_key.this",
            "module.staging_cluster.module.eks.module.kms.aws_kms_replica_external_key.this",
            "module.staging_cluster.module.eks.module.kms.aws_kms_replica_key.this",
            "module.staging_cluster.module.eks.module.kms.data.aws_caller_identity.current",
            "module.staging_cluster.module.eks.module.kms.data.aws_iam_policy_document.this",
            "module.staging_cluster.module.eks.module.kms.data.aws_partition.current"
          ]
        }
      ]
    },
    {
      "module": "module.staging_cluster.module.eks",
      "mode": "managed",
      "type": "aws_iam_role_policy_attachment",
      "name": "this",
      "provider": "module.staging_cluster.provider[\"registry.terraform.io/hashicorp/aws\"]",
      "instances": [
        {
          "index_key": "AmazonEKSClusterPolicy",
          "schema_version": 0,
          "attributes": {
            "id": "eks-staging-cluster-20241109161941955000000002-20241109161944524500000003",
            "policy_arn": "arn:aws:iam::aws:policy/AmazonEKSClusterPolicy",
            "role": "eks-staging-cluster-20241109161941955000000002"
          },
          "sensitive_attributes": [],
          "private": "bnVsbA==",
          "dependencies": [
            "module.staging_cluster.module.eks.aws_iam_role.this",
            "module.staging_cluster.module.eks.data.aws_iam_policy_document.assume_role_policy",
            "module.staging_cluster.module.eks.data.aws_partition.current"
          ],
          "create_before_destroy": true
        },
        {
          "index_key": "AmazonEKSVPCResourceController",
          "schema_version": 0,
          "attributes": {
            "id": "eks-staging-cluster-20241109161941955000000002-20241109161944840700000004",
            "policy_arn": "arn:aws:iam::aws:policy/AmazonEKSVPCResourceController",
            "role": "eks-staging-cluster-20241109161941955000000002"
          },
          "sensitive_attributes": [],
          "private": "bnVsbA==",
          "dependencies": [
            "module.staging_cluster.module.eks.aws_iam_role.this",
            "module.staging_cluster.module.eks.data.aws_iam_policy_document.assume_role_policy",
            "module.staging_cluster.module.eks.data.aws_partition.current"
          ],
          "create_before_destroy": true
        }
      ]
    },
    {
      "module": "module.staging_cluster.module.eks",
      "mode": "managed",
      "type": "aws_security_group",
      "name": "cluster",
      "provider": "module.staging_cluster.provider[\"registry.terraform.io/hashicorp/aws\"]",
      "instances": [
        {
          "index_key": 0,
          "schema_version": 1,
          "attributes": {
            "arn": "arn:aws:ec2:ap-south-1:224264690046:security-group/sg-05ae5afd2e185c9a5",
            "description": "EKS cluster security group",
            "egress": [],
            "id": "sg-05ae5afd2e185c9a5",
            "ingress": [],
            "name": "eks-staging-cluster-2024110916201290680000000a",
            "name_prefix": "eks-staging-cluster-",
            "owner_id": "224264690046",
            "revoke_rules_on_delete": false,
            "tags": {
              "Name": "eks-staging-cluster"
            },
            "tags_all": {
              "Name": "eks-staging-cluster"
            },
            "timeouts": null,
            "vpc_id": "vpc-0c18147fe7ff676c9"
          },
          "sensitive_attributes": [],
          "private": "eyJlMmJmYjczMC1lY2FhLTExZTYtOGY4OC0zNDM2M2JjN2M0YzAiOnsiY3JlYXRlIjo2MDAwMDAwMDAwMDAsImRlbGV0ZSI6OTAwMDAwMDAwMDAwfSwic2NoZW1hX3ZlcnNpb24iOiIxIn0=",
          "dependencies": [
            "module.staging_cluster.module.vpc.aws_vpc.this"
          ],
          "create_before_destroy": true
        }
      ]
    },
    {
      "module": "module.staging_cluster.module.eks",
      "mode": "managed",
      "type": "aws_security_group",
      "name": "node",
      "provider": "module.staging_cluster.provider[\"registry.terraform.io/hashicorp/aws\"]",
      "instances": [
        {
          "index_key": 0,
          "schema_version": 1,
          "attributes": {
            "arn": "arn:aws:ec2:ap-south-1:224264690046:security-group/sg-06ae91e4b70ca40f5",
            "description": "EKS node shared security group",
            "egress": [],
            "id": "sg-06ae91e4b70ca40f5",
            "ingress": [],
            "name": "eks-staging-node-2024110916201300440000000b",
            "name_prefix": "eks-staging-node-",
            "owner_id": "224264690046",
            "revoke_rules_on_delete": false,
            "tags": {
              "Name": "eks-staging-node",
              "kubernetes.io/cluster/eks-staging": "owned"
            },
            "tags_all": {
              "Name": "eks-staging-node",
              "kubernetes.io/cluster/eks-staging": "owned"
            },
            "timeouts": null,
            "vpc_id": "vpc-0c18147fe7ff676c9"
          },
          "sensitive_attributes": [],
          "private": "eyJlMmJmYjczMC1lY2FhLTExZTYtOGY4OC0zNDM2M2JjN2M0YzAiOnsiY3JlYXRlIjo2MDAwMDAwMDAwMDAsImRlbGV0ZSI6OTAwMDAwMDAwMDAwfSwic2NoZW1hX3ZlcnNpb24iOiIxIn0=",
          "dependencies": [
            "module.staging_cluster.module.vpc.aws_vpc.this"
          ],
          "create_before_destroy": true
        }
      ]
    },
    {
      "module": "module.staging_cluster.module.eks",
      "mode": "managed",
      "type": "aws_security_group_rule",
      "name": "cluster",
      "provider": "module.staging_cluster.provider[\"registry.terraform.io/hashicorp/aws\"]",
      "instances": [
        {
          "index_key": "ingress_nodes_443",
          "schema_version": 2,
          "attributes": {
            "cidr_blocks": null,
            "description": "Node groups to cluster API",
            "from_port": 443,
            "id": "sgrule-3554297775",
            "ipv6_cidr_blocks": null,
            "prefix_list_ids": null,
            "protocol": "tcp",
            "security_group_id": "sg-05ae5afd2e185c9a5",
            "security_group_rule_id": "sgr-04ce0c07aa69dad05",
            "self": false,
            "source_security_group_id": "sg-06ae91e4b70ca40f5",
            "timeouts": null,
            "to_port": 443,
            "type": "ingress"
          },
          "sensitive_attributes": [],
          "private": "eyJlMmJmYjczMC1lY2FhLTExZTYtOGY4OC0zNDM2M2JjN2M0YzAiOnsiY3JlYXRlIjozMDAwMDAwMDAwMDB9LCJzY2hlbWFfdmVyc2lvbiI6IjIifQ==",
          "dependencies": [
            "module.staging_cluster.module.eks.aws_security_group.cluster",
            "module.staging_cluster.module.eks.aws_security_group.node",
            "module.staging_cluster.module.vpc.aws_vpc.this"
          ],
          "create_before_destroy": true
        }
      ]
    },
    {
      "module": "module.staging_cluster.module.eks",
      "mode": "managed",
      "type": "aws_security_group_rule",
      "name": "node",
      "provider": "module.staging_cluster.provider[\"registry.terraform.io/hashicorp/aws\"]",
      "instances": [
        {
          "index_key": "egress_all",
          "schema_version": 2,
          "attributes": {
            "cidr_blocks": [
              "0.0.0.0/0"
            ],
            "description": "Allow all egress",
            "from_port": 0,
            "id": "sgrule-809438104",
            "ipv6_cidr_blocks": null,
            "prefix_list_ids": [],
            "protocol": "-1",
            "security_group_id": "sg-06ae91e4b70ca40f5",
            "security_group_rule_id": "sgr-0aaf553153bacff9f",
            "self": false,
            "source_security_group_id": null,
            "timeouts": null,
            "to_port": 0,
            "type": "egress"
          },
          "sensitive_attributes": [],
          "private": "eyJlMmJmYjczMC1lY2FhLTExZTYtOGY4OC0zNDM2M2JjN2M0YzAiOnsiY3JlYXRlIjozMDAwMDAwMDAwMDB9LCJzY2hlbWFfdmVyc2lvbiI6IjIifQ==",
          "dependencies": [
            "module.staging_cluster.module.eks.aws_security_group.cluster",
            "module.staging_cluster.module.eks.aws_security_group.node",
            "module.staging_cluster.module.vpc.aws_vpc.this"
          ],
          "create_before_destroy": true
        },
        {
          "index_key": "ingress_cluster_443",
          "schema_version": 2,
          "attributes": {
            "cidr_blocks": null,
            "description": "Cluster API to node groups",
            "from_port": 443,
            "id": "sgrule-866431804",
            "ipv6_cidr_blocks": null,
            "prefix_list_ids": [],
            "protocol": "tcp",
            "security_group_id": "sg-06ae91e4b70ca40f5",
            "security_group_rule_id": "sgr-001ac46c73b2b6a5e",
            "self": false,
            "source_security_group_id": "sg-05ae5afd2e185c9a5",
            "timeouts": null,
            "to_port": 443,
            "type": "ingress"
          },
          "sensitive_attributes": [],
          "private": "eyJlMmJmYjczMC1lY2FhLTExZTYtOGY4OC0zNDM2M2JjN2M0YzAiOnsiY3JlYXRlIjozMDAwMDAwMDAwMDB9LCJzY2hlbWFfdmVyc2lvbiI6IjIifQ==",
          "dependencies": [
            "module.staging_cluster.module.eks.aws_security_group.cluster",
            "module.staging_cluster.module.eks.aws_security_group.node",
            "module.staging_cluster.module.vpc.aws_vpc.this"
          ],
          "create_before_destroy": true
        },
        {
          "index_key": "ingress_cluster_4443_webhook",
          "schema_version": 2,
          "attributes": {
            "cidr_blocks": null,
            "description": "Cluster API to node 4443/tcp webhook",
            "from_port": 4443,
            "id": "sgrule-2095571075",
            "ipv6_cidr_blocks": null,
            "prefix_list_ids": [],
            "protocol": "tcp",
            "security_group_id": "sg-06ae91e4b70ca40f5",
            "security_group_rule_id": "sgr-0537f347cbe9622cb",
            "self": false,
            "source_security_group_id": "sg-05ae5afd2e185c9a5",
            "timeouts": null,
            "to_port": 4443,
            "type": "ingress"
          },
          "sensitive_attributes": [],
          "private": "eyJlMmJmYjczMC1lY2FhLTExZTYtOGY4OC0zNDM2M2JjN2M0YzAiOnsiY3JlYXRlIjozMDAwMDAwMDAwMDB9LCJzY2hlbWFfdmVyc2lvbiI6IjIifQ==",
          "dependencies": [
            "module.staging_cluster.module.eks.aws_security_group.cluster",
            "module.staging_cluster.module.eks.aws_security_group.node",
            "module.staging_cluster.module.vpc.aws_vpc.this"
          ],
          "create_before_destroy": true
        },
        {
          "index_key": "ingress_cluster_6443_webhook",
          "schema_version": 2,
          "attributes": {
            "cidr_blocks": null,
            "description": "Cluster API to node 6443/tcp webhook",
            "from_port": 6443,
            "id": "sgrule-3047524117",
            "ipv6_cidr_blocks": null,
            "prefix_list_ids": [],
            "protocol": "tcp",
            "security_group_id": "sg-06ae91e4b70ca40f5",
            "security_group_rule_id": "sgr-092ad4487d1d097a6",
            "self": false,
            "source_security_group_id": "sg-05ae5afd2e185c9a5",
            "timeouts": null,
            "to_port": 6443,
            "type": "ingress"
          },
          "sensitive_attributes": [],
          "private": "eyJlMmJmYjczMC1lY2FhLTExZTYtOGY4OC0zNDM2M2JjN2M0YzAiOnsiY3JlYXRlIjozMDAwMDAwMDAwMDB9LCJzY2hlbWFfdmVyc2lvbiI6IjIifQ==",
          "dependencies": [
            "module.staging_cluster.module.eks.aws_security_group.cluster",
            "module.staging_cluster.module.eks.aws_security_group.node",
            "module.staging_cluster.module.vpc.aws_vpc.this"
          ],
          "create_before_destroy": true
        },
        {
          "index_key": "ingress_cluster_8443_webhook",
          "schema_version": 2,
          "attributes": {
            "cidr_blocks": null,
            "description": "Cluster API to node 8443/tcp webhook",
            "from_port": 8443,
            "id": "sgrule-2801384244",
            "ipv6_cidr_blocks": null,
            "prefix_list_ids": [],
            "protocol": "tcp",
            "security_group_id": "sg-06ae91e4b70ca40f5",
            "security_group_rule_id": "sgr-09d8f5de0c1f4adc3",
            "self": false,
            "source_security_group_id": "sg-05ae5afd2e185c9a5",
            "timeouts": null,
            "to_port": 8443,
            "type": "ingress"
          },
          "sensitive_attributes": [],
          "private": "eyJlMmJmYjczMC1lY2FhLTExZTYtOGY4OC0zNDM2M2JjN2M0YzAiOnsiY3JlYXRlIjozMDAwMDAwMDAwMDB9LCJzY2hlbWFfdmVyc2lvbiI6IjIifQ==",
          "dependencies": [
            "module.staging_cluster.module.eks.aws_security_group.cluster",
            "module.staging_cluster.module.eks.aws_security_group.node",
            "module.staging_cluster.module.vpc.aws_vpc.this"
          ],
          "create_before_destroy": true
        },
        {
          "index_key": "ingress_cluster_9443_webhook",
          "schema_version": 2,
          "attributes": {
            "cidr_blocks": null,
            "description": "Cluster API to node 9443/tcp webhook",
            "from_port": 9443,
            "id": "sgrule-3260582143",
            "ipv6_cidr_blocks": null,
            "prefix_list_ids": [],
            "protocol": "tcp",
            "security_group_id": "sg-06ae91e4b70ca40f5",
            "security_group_rule_id": "sgr-054e679fff0a0e22a",
            "self": false,
            "source_security_group_id": "sg-05ae5afd2e185c9a5",
            "timeouts": null,
            "to_port": 9443,
            "type": "ingress"
          },
          "sensitive_attributes": [],
          "private": "eyJlMmJmYjczMC1lY2FhLTExZTYtOGY4OC0zNDM2M2JjN2M0YzAiOnsiY3JlYXRlIjozMDAwMDAwMDAwMDB9LCJzY2hlbWFfdmVyc2lvbiI6IjIifQ==",
          "dependencies": [
            "module.staging_cluster.module.eks.aws_security_group.cluster",
            "module.staging_cluster.module.eks.aws_security_group.node",
            "module.staging_cluster.module.vpc.aws_vpc.this"
          ],
          "create_before_destroy": true
        },
        {
          "index_key": "ingress_cluster_kubelet",
          "schema_version": 2,
          "attributes": {
            "cidr_blocks": null,
            "description": "Cluster API to node kubelets",
            "from_port": 10250,
            "id": "sgrule-1455344247",
            "ipv6_cidr_blocks": null,
            "prefix_list_ids": [],
            "protocol": "tcp",
            "security_group_id": "sg-06ae91e4b70ca40f5",
            "security_group_rule_id": "sgr-062f7cd6efa20d6bf",
            "self": false,
            "source_security_group_id": "sg-05ae5afd2e185c9a5",
            "timeouts": null,
            "to_port": 10250,
            "type": "ingress"
          },
          "sensitive_attributes": [],
          "private": "eyJlMmJmYjczMC1lY2FhLTExZTYtOGY4OC0zNDM2M2JjN2M0YzAiOnsiY3JlYXRlIjozMDAwMDAwMDAwMDB9LCJzY2hlbWFfdmVyc2lvbiI6IjIifQ==",
          "dependencies": [
            "module.staging_cluster.module.eks.aws_security_group.cluster",
            "module.staging_cluster.module.eks.aws_security_group.node",
            "module.staging_cluster.module.vpc.aws_vpc.this"
          ],
          "create_before_destroy": true
        },
        {
          "index_key": "ingress_nodes_ephemeral",
          "schema_version": 2,
          "attributes": {
            "cidr_blocks": null,
            "description": "Node to node ingress on ephemeral ports",
            "from_port": 1025,
            "id": "sgrule-1030148593",
            "ipv6_cidr_blocks": null,
            "prefix_list_ids": [],
            "protocol": "tcp",
            "security_group_id": "sg-06ae91e4b70ca40f5",
            "security_group_rule_id": "sgr-07d5beb42814ab68b",
            "self": true,
            "source_security_group_id": null,
            "timeouts": null,
            "to_port": 65535,
            "type": "ingress"
          },
          "sensitive_attributes": [],
          "private": "eyJlMmJmYjczMC1lY2FhLTExZTYtOGY4OC0zNDM2M2JjN2M0YzAiOnsiY3JlYXRlIjozMDAwMDAwMDAwMDB9LCJzY2hlbWFfdmVyc2lvbiI6IjIifQ==",
          "dependencies": [
            "module.staging_cluster.module.eks.aws_security_group.cluster",
            "module.staging_cluster.module.eks.aws_security_group.node",
            "module.staging_cluster.module.vpc.aws_vpc.this"
          ],
          "create_before_destroy": true
        },
        {
          "index_key": "ingress_self_coredns_tcp",
          "schema_version": 2,
          "attributes": {
            "cidr_blocks": null,
            "description": "Node to node CoreDNS",
            "from_port": 53,
            "id": "sgrule-2271703371",
            "ipv6_cidr_blocks": null,
            "prefix_list_ids": [],
            "protocol": "tcp",
            "security_group_id": "sg-06ae91e4b70ca40f5",
            "security_group_rule_id": "sgr-022185861a05413b4",
            "self": true,
            "source_security_group_id": null,
            "timeouts": null,
            "to_port": 53,
            "type": "ingress"
          },
          "sensitive_attributes": [],
          "private": "eyJlMmJmYjczMC1lY2FhLTExZTYtOGY4OC0zNDM2M2JjN2M0YzAiOnsiY3JlYXRlIjozMDAwMDAwMDAwMDB9LCJzY2hlbWFfdmVyc2lvbiI6IjIifQ==",
          "dependencies": [
            "module.staging_cluster.module.eks.aws_security_group.cluster",
            "module.staging_cluster.module.eks.aws_security_group.node",
            "module.staging_cluster.module.vpc.aws_vpc.this"
          ],
          "create_before_destroy": true
        },
        {
          "index_key": "ingress_self_coredns_udp",
          "schema_version": 2,
          "attributes": {
            "cidr_blocks": null,
            "description": "Node to node CoreDNS UDP",
            "from_port": 53,
            "id": "sgrule-590926500",
            "ipv6_cidr_blocks": null,
            "prefix_list_ids": [],
            "protocol": "udp",
            "security_group_id": "sg-06ae91e4b70ca40f5",
            "security_group_rule_id": "sgr-0e4fabb9efb5358df",
            "self": true,
            "source_security_group_id": null,
            "timeouts": null,
            "to_port": 53,
            "type": "ingress"
          },
          "sensitive_attributes": [],
          "private": "eyJlMmJmYjczMC1lY2FhLTExZTYtOGY4OC0zNDM2M2JjN2M0YzAiOnsiY3JlYXRlIjozMDAwMDAwMDAwMDB9LCJzY2hlbWFfdmVyc2lvbiI6IjIifQ==",
          "dependencies": [
            "module.staging_cluster.module.eks.aws_security_group.cluster",
            "module.staging_cluster.module.eks.aws_security_group.node",
            "module.staging_cluster.module.vpc.aws_vpc.this"
          ],
          "create_before_destroy": true
        }
      ]
    },
    {
      "module": "module.staging_cluster.module.eks",
      "mode": "managed",
      "type": "time_sleep",
      "name": "this",
      "provider": "provider[\"registry.terraform.io/hashicorp/time\"]",
      "instances": [
        {
          "index_key": 0,
          "schema_version": 0,
          "attributes": {
            "create_duration": "30s",
            "destroy_duration": null,
            "id": "2024-11-09T16:29:01Z",
            "triggers": {
              "cluster_certificate_authority_data": "LS0tLS1CRUdJTiBDRVJUSUZJQ0FURS0tLS0tCk1JSURCVENDQWUyZ0F3SUJBZ0lJZGtWT1dRUEk0TkF3RFFZSktvWklodmNOQVFFTEJRQXdGVEVUTUJFR0ExVUUKQXhNS2EzVmlaWEp1WlhSbGN6QWVGdzB5TkRFeE1Ea3hOakU1TXpCYUZ3MHpOREV4TURjeE5qSTBNekJhTUJVeApFekFSQmdOVkJBTVRDbXQxWW1WeWJtVjBaWE13Z2dFaU1BMEdDU3FHU0liM0RRRUJBUVVBQTRJQkR3QXdnZ0VLCkFvSUJBUURRTXNMdDRDMUZKUlh0cklsWjl0dWVHVzExQjhLNXBUWEdHRnZ3dTA5c2JJL0xCTzNocGNIazJ4YkEKNHYybzdZS3lyTmxIdkFjNWpydFl4OTZDWnh0UHY5VVU3Skl5OVlMOWhWY1BFRUdiQW0yODczQkdaZjVkSHhSOApBVUFJNE9seTIyaTAyR2k4dDdwTkhFb0pJQ0k2eENlOWhyZ3RVb1JKeUpwdUFSb2dxN1FrWmRQY29LQ01lTmtiClA4djNwalZXNDlUNGlXYjFINTN0b0l1VjVkR3hHM0NEMnV4WWcrcE03dDJtTjFjNUZVcVp4K3J6U1B0WEhWZ2sKalozbXNvM0Y2YUZUb3ZNUTl0R0J0SU5TWWNJdHBvTlBlZTB0REFOU0Zhd3R0YXhxa0Z6dG12S1NOck4ySURIQgovbkgzbXlaWXluVzRHTFh1T0RDNmR2cGg5b0Y5QWdNQkFBR2pXVEJYTUE0R0ExVWREd0VCL3dRRUF3SUNwREFQCkJnTlZIUk1CQWY4RUJUQURBUUgvTUIwR0ExVWREZ1FXQkJUOVJsci9EenZ3Yy9rKzFwS3lMNWF6Ny93OFBEQVYKQmdOVkhSRUVEakFNZ2dwcmRXSmxjbTVsZEdWek1BMEdDU3FHU0liM0RRRUJDd1VBQTRJQkFRQlZ4dnRqOGh2aAp6WXM2a0x4MitZSnExbjN4NDdsV1NXaXJIVDlqT3Z6SWdNN2UwNkc5WnNaNU5sUXl3L1B1Z1krcWRKNi9ZNGJ5Ckh0ZnIwNXA5ZW5zZ3V2SG5jSFpTdUs2eXVOYklLc1lzWHcwMnFLc3JpRjhwNFFyK0VHYk1kN3VSZDBNa3JhTlYKOC9OZ2NzQ2FlbkFuTFVuOVh4bTJWVURiekFvUU1FQU5IQkVFYWZxb0YrdkxlZ2pjdEtySzRwVWhQZG8xNG9pNwowNDZJQTJuUWR5YjZ0djF2RnBhZGo4eUtvcVNsU21vV2VJVUZ0SWF0cTU3L0d0L2ZvOVBKSDJiRkovMXVIZEVyCjNKWEpESndQc29LbVBvNVhOK0tJR3ZjRHJYZndDMVM1a0Z1bTFnM1d2TVh5NHhuQjJXRHBEY3ppM25SNEpLRmIKN0h6Nk5qaFpNNDNTCi0tLS0tRU5EIENFUlRJRklDQVRFLS0tLS0K",
              "cluster_endpoint": "https://966320561DE073CC42036E099F763316.gr7.ap-south-1.eks.amazonaws.com",
              "cluster_name": "eks-staging",
              "cluster_service_cidr": "10.100.0.0/16",
              "cluster_version": "1.31"
            }
          },
          "sensitive_attributes": [],
          "dependencies": [
            "module.staging_cluster.data.aws_availability_zones.available",
            "module.staging_cluster.module.eks.aws_cloudwatch_log_group.this",
            "module.staging_cluster.module.eks.aws_eks_cluster.this",
            "module.staging_cluster.module.eks.aws_iam_policy.cni_ipv6_policy",
            "module.staging_cluster.module.eks.aws_iam_role.this",
            "module.staging_cluster.module.eks.aws_iam_role_policy_attachment.this",
            "module.staging_cluster.module.eks.aws_security_group.cluster",
            "module.staging_cluster.module.eks.aws_security_group.node",
            "module.staging_cluster.module.eks.aws_security_group_rule.cluster",
            "module.staging_cluster.module.eks.aws_security_group_rule.node",
            "module.staging_cluster.module.eks.data.aws_caller_identity.current",
            "module.staging_cluster.module.eks.data.aws_iam_policy_document.assume_role_policy",
            "module.staging_cluster.module.eks.data.aws_iam_policy_document.cni_ipv6_policy",
            "module.staging_cluster.module.eks.data.aws_iam_session_context.current",
            "module.staging_cluster.module.eks.data.aws_partition.current",
            "module.staging_cluster.module.eks.module.kms.aws_kms_external_key.this",
            "module.staging_cluster.module.eks.module.kms.aws_kms_key.this",
            "module.staging_cluster.module.eks.module.kms.aws_kms_replica_external_key.this",
            "module.staging_cluster.module.eks.module.kms.aws_kms_replica_key.this",
            "module.staging_cluster.module.eks.module.kms.data.aws_caller_identity.current",
            "module.staging_cluster.module.eks.module.kms.data.aws_iam_policy_document.this",
            "module.staging_cluster.module.eks.module.kms.data.aws_partition.current",
            "module.staging_cluster.module.vpc.aws_subnet.private",
            "module.staging_cluster.module.vpc.aws_vpc.this",
            "module.staging_cluster.module.vpc.aws_vpc_ipv4_cidr_block_association.this"
          ],
          "create_before_destroy": true
        }
      ]
    },
    {
      "module": "module.staging_cluster.module.eks.module.eks_managed_node_group[\"first\"]",
      "mode": "data",
      "type": "aws_caller_identity",
      "name": "current",
      "provider": "module.staging_cluster.provider[\"registry.terraform.io/hashicorp/aws\"]",
      "instances": [
        {
          "schema_version": 0,
          "attributes": {
            "account_id": "224264690046",
            "arn": "arn:aws:iam::224264690046:user/Litmus",
            "id": "224264690046",
            "user_id": "AIDATINZXTF7DWECQ2SWM"
          },
          "sensitive_attributes": []
        }
      ]
    },
    {
      "module": "module.staging_cluster.module.eks.module.eks_managed_node_group[\"first\"]",
      "mode": "data",
      "type": "aws_ec2_instance_type",
      "name": "this",
      "provider": "module.staging_cluster.provider[\"registry.terraform.io/hashicorp/aws\"]",
      "instances": []
    },
    {
      "module": "module.staging_cluster.module.eks.module.eks_managed_node_group[\"first\"]",
      "mode": "data",
      "type": "aws_ec2_instance_type_offerings",
      "name": "this",
      "provider": "module.staging_cluster.provider[\"registry.terraform.io/hashicorp/aws\"]",
      "instances": []
    },
    {
      "module": "module.staging_cluster.module.eks.module.eks_managed_node_group[\"first\"]",
      "mode": "data",
      "type": "aws_iam_policy_document",
      "name": "assume_role_policy",
      "provider": "module.staging_cluster.provider[\"registry.terraform.io/hashicorp/aws\"]",
      "instances": [
        {
          "index_key": 0,
          "schema_version": 0,
          "attributes": {
            "id": "2560088296",
            "json": "{\n  \"Version\": \"2012-10-17\",\n  \"Statement\": [\n    {\n      \"Sid\": \"EKSNodeAssumeRole\",\n      \"Effect\": \"Allow\",\n      \"Action\": \"sts:AssumeRole\",\n      \"Principal\": {\n        \"Service\": \"ec2.amazonaws.com\"\n      }\n    }\n  ]\n}",
            "minified_json": "{\"Version\":\"2012-10-17\",\"Statement\":[{\"Sid\":\"EKSNodeAssumeRole\",\"Effect\":\"Allow\",\"Action\":\"sts:AssumeRole\",\"Principal\":{\"Service\":\"ec2.amazonaws.com\"}}]}",
            "override_json": null,
            "override_policy_documents": null,
            "policy_id": null,
            "source_json": null,
            "source_policy_documents": null,
            "statement": [
              {
                "actions": [
                  "sts:AssumeRole"
                ],
                "condition": [],
                "effect": "Allow",
                "not_actions": [],
                "not_principals": [],
                "not_resources": [],
                "principals": [
                  {
                    "identifiers": [
                      "ec2.amazonaws.com"
                    ],
                    "type": "Service"
                  }
                ],
                "resources": [],
                "sid": "EKSNodeAssumeRole"
              }
            ],
            "version": "2012-10-17"
          },
          "sensitive_attributes": []
        }
      ]
    },
    {
      "module": "module.staging_cluster.module.eks.module.eks_managed_node_group[\"first\"]",
      "mode": "data",
      "type": "aws_partition",
      "name": "current",
      "provider": "module.staging_cluster.provider[\"registry.terraform.io/hashicorp/aws\"]",
      "instances": [
        {
          "schema_version": 0,
          "attributes": {
            "dns_suffix": "amazonaws.com",
            "id": "aws",
            "partition": "aws",
            "reverse_dns_prefix": "com.amazonaws"
          },
          "sensitive_attributes": []
        }
      ]
    },
    {
      "module": "module.staging_cluster.module.eks.module.eks_managed_node_group[\"first\"]",
      "mode": "data",
      "type": "aws_ssm_parameter",
      "name": "ami",
      "provider": "module.staging_cluster.provider[\"registry.terraform.io/hashicorp/aws\"]",
      "instances": []
    },
    {
      "module": "module.staging_cluster.module.eks.module.eks_managed_node_group[\"first\"]",
      "mode": "data",
      "type": "aws_subnets",
      "name": "placement_group",
      "provider": "module.staging_cluster.provider[\"registry.terraform.io/hashicorp/aws\"]",
      "instances": []
    },
    {
      "module": "module.staging_cluster.module.eks.module.eks_managed_node_group[\"first\"]",
      "mode": "managed",
      "type": "aws_eks_node_group",
      "name": "this",
      "provider": "module.staging_cluster.provider[\"registry.terraform.io/hashicorp/aws\"]",
      "instances": [
        {
          "index_key": 0,
          "status": "tainted",
          "schema_version": 0,
          "attributes": {
            "ami_type": null,
            "arn": null,
            "capacity_type": null,
            "cluster_name": "eks-staging",
            "disk_size": null,
            "force_update_version": null,
            "id": "eks-staging:first-20241109162904235500000011",
            "instance_types": null,
            "labels": null,
            "launch_template": [
              {
                "id": "lt-06fc86f12817de5fc",
                "name": "",
                "version": "1"
              }
            ],
            "node_group_name": null,
            "node_group_name_prefix": "first-",
            "node_role_arn": "arn:aws:iam::224264690046:role/first-eks-node-group-20241109161941955000000001",
            "release_version": null,
            "remote_access": [],
            "resources": null,
            "scaling_config": [
              {
                "desired_size": 1,
                "max_size": 3,
                "min_size": 1
              }
            ],
            "status": null,
            "subnet_ids": [
              "subnet-0281dd1df6004ff41",
              "subnet-0722b34a4aa5ec829",
              "subnet-0aebc5e5e5647b544"
            ],
            "tags": {
              "Name": "first"
            },
            "tags_all": {
              "Name": "first"
            },
            "taint": [],
            "timeouts": {
              "create": null,
              "delete": null,
              "update": null
            },
            "update_config": [
              {
                "max_unavailable": 0,
                "max_unavailable_percentage": 33
              }
            ],
            "version": "1.31"
          },
          "sensitive_attributes": [],
          "private": "eyJlMmJmYjczMC1lY2FhLTExZTYtOGY4OC0zNDM2M2JjN2M0YzAiOnsiY3JlYXRlIjozNjAwMDAwMDAwMDAwLCJkZWxldGUiOjM2MDAwMDAwMDAwMDAsInVwZGF0ZSI6MzYwMDAwMDAwMDAwMH19",
          "dependencies": [
            "module.staging_cluster.data.aws_availability_zones.available",
            "module.staging_cluster.module.eks.aws_cloudwatch_log_group.this",
            "module.staging_cluster.module.eks.aws_eks_cluster.this",
            "module.staging_cluster.module.eks.aws_iam_policy.cni_ipv6_policy",
            "module.staging_cluster.module.eks.aws_iam_role.this",
            "module.staging_cluster.module.eks.aws_iam_role_policy_attachment.this",
            "module.staging_cluster.module.eks.aws_security_group.cluster",
            "module.staging_cluster.module.eks.aws_security_group.node",
            "module.staging_cluster.module.eks.aws_security_group_rule.cluster",
            "module.staging_cluster.module.eks.aws_security_group_rule.node",
            "module.staging_cluster.module.eks.data.aws_caller_identity.current",
            "module.staging_cluster.module.eks.data.aws_iam_policy_document.assume_role_policy",
            "module.staging_cluster.module.eks.data.aws_iam_policy_document.cni_ipv6_policy",
            "module.staging_cluster.module.eks.data.aws_iam_session_context.current",
            "module.staging_cluster.module.eks.data.aws_partition.current",
            "module.staging_cluster.module.eks.module.eks_managed_node_group.aws_iam_role.this",
            "module.staging_cluster.module.eks.module.eks_managed_node_group.aws_iam_role_policy_attachment.additional",
            "module.staging_cluster.module.eks.module.eks_managed_node_group.aws_iam_role_policy_attachment.this",
            "module.staging_cluster.module.eks.module.eks_managed_node_group.aws_launch_template.this",
            "module.staging_cluster.module.eks.module.eks_managed_node_group.aws_placement_group.this",
            "module.staging_cluster.module.eks.module.eks_managed_node_group.data.aws_caller_identity.current",
            "module.staging_cluster.module.eks.module.eks_managed_node_group.data.aws_ec2_instance_type.this",
            "module.staging_cluster.module.eks.module.eks_managed_node_group.data.aws_ec2_instance_type_offerings.this",
            "module.staging_cluster.module.eks.module.eks_managed_node_group.data.aws_iam_policy_document.assume_role_policy",
            "module.staging_cluster.module.eks.module.eks_managed_node_group.data.aws_partition.current",
            "module.staging_cluster.module.eks.module.eks_managed_node_group.data.aws_ssm_parameter.ami",
            "module.staging_cluster.module.eks.module.eks_managed_node_group.data.aws_subnets.placement_group",
            "module.staging_cluster.module.eks.module.eks_managed_node_group.module.user_data.data.cloudinit_config.al2023_eks_managed_node_group",
            "module.staging_cluster.module.eks.module.eks_managed_node_group.module.user_data.data.cloudinit_config.linux_eks_managed_node_group",
            "module.staging_cluster.module.eks.module.kms.aws_kms_external_key.this",
            "module.staging_cluster.module.eks.module.kms.aws_kms_key.this",
            "module.staging_cluster.module.eks.module.kms.aws_kms_replica_external_key.this",
            "module.staging_cluster.module.eks.module.kms.aws_kms_replica_key.this",
            "module.staging_cluster.module.eks.module.kms.data.aws_caller_identity.current",
            "module.staging_cluster.module.eks.module.kms.data.aws_iam_policy_document.this",
            "module.staging_cluster.module.eks.module.kms.data.aws_partition.current",
            "module.staging_cluster.module.eks.time_sleep.this",
            "module.staging_cluster.module.vpc.aws_subnet.private",
            "module.staging_cluster.module.vpc.aws_vpc.this",
            "module.staging_cluster.module.vpc.aws_vpc_ipv4_cidr_block_association.this"
          ],
          "create_before_destroy": true
        }
      ]
    },
    {
      "module": "module.staging_cluster.module.eks.module.eks_managed_node_group[\"first\"]",
      "mode": "managed",
      "type": "aws_iam_role",
      "name": "this",
      "provider": "module.staging_cluster.provider[\"registry.terraform.io/hashicorp/aws\"]",
      "instances": [
        {
          "index_key": 0,
          "schema_version": 0,
          "attributes": {
            "arn": "arn:aws:iam::224264690046:role/first-eks-node-group-20241109161941955000000001",
            "assume_role_policy": "{\"Statement\":[{\"Action\":\"sts:AssumeRole\",\"Effect\":\"Allow\",\"Principal\":{\"Service\":\"ec2.amazonaws.com\"},\"Sid\":\"EKSNodeAssumeRole\"}],\"Version\":\"2012-10-17\"}",
            "create_date": "2024-11-09T16:19:43Z",
            "description": "EKS managed node group IAM role",
            "force_detach_policies": true,
            "id": "first-eks-node-group-20241109161941955000000001",
            "inline_policy": [],
            "managed_policy_arns": [],
            "max_session_duration": 3600,
            "name": "first-eks-node-group-20241109161941955000000001",
            "name_prefix": "first-eks-node-group-",
            "path": "/",
            "permissions_boundary": "",
            "tags": null,
            "tags_all": {},
            "unique_id": "AROATINZXTF7I5R54A2Z7"
          },
          "sensitive_attributes": [],
          "private": "bnVsbA==",
          "dependencies": [
            "module.staging_cluster.module.eks.module.eks_managed_node_group.data.aws_iam_policy_document.assume_role_policy"
          ],
          "create_before_destroy": true
        }
      ]
    },
    {
      "module": "module.staging_cluster.module.eks.module.eks_managed_node_group[\"first\"]",
      "mode": "managed",
      "type": "aws_iam_role_policy_attachment",
      "name": "additional",
      "provider": "module.staging_cluster.provider[\"registry.terraform.io/hashicorp/aws\"]",
      "instances": []
    },
    {
      "module": "module.staging_cluster.module.eks.module.eks_managed_node_group[\"first\"]",
      "mode": "managed",
      "type": "aws_iam_role_policy_attachment",
      "name": "this",
      "provider": "module.staging_cluster.provider[\"registry.terraform.io/hashicorp/aws\"]",
      "instances": [
        {
          "index_key": "AmazonEC2ContainerRegistryReadOnly",
          "schema_version": 0,
          "attributes": {
            "id": "first-eks-node-group-20241109161941955000000001-20241109161945803800000007",
            "policy_arn": "arn:aws:iam::aws:policy/AmazonEC2ContainerRegistryReadOnly",
            "role": "first-eks-node-group-20241109161941955000000001"
          },
          "sensitive_attributes": [],
          "private": "bnVsbA==",
          "dependencies": [
            "module.staging_cluster.module.eks.module.eks_managed_node_group.aws_iam_role.this",
            "module.staging_cluster.module.eks.module.eks_managed_node_group.data.aws_caller_identity.current",
            "module.staging_cluster.module.eks.module.eks_managed_node_group.data.aws_iam_policy_document.assume_role_policy",
            "module.staging_cluster.module.eks.module.eks_managed_node_group.data.aws_partition.current"
          ],
          "create_before_destroy": true
        },
        {
          "index_key": "AmazonEKSWorkerNodePolicy",
          "schema_version": 0,
          "attributes": {
            "id": "first-eks-node-group-20241109161941955000000001-20241109161945096600000005",
            "policy_arn": "arn:aws:iam::aws:policy/AmazonEKSWorkerNodePolicy",
            "role": "first-eks-node-group-20241109161941955000000001"
          },
          "sensitive_attributes": [],
          "private": "bnVsbA==",
          "dependencies": [
            "module.staging_cluster.module.eks.module.eks_managed_node_group.aws_iam_role.this",
            "module.staging_cluster.module.eks.module.eks_managed_node_group.data.aws_caller_identity.current",
            "module.staging_cluster.module.eks.module.eks_managed_node_group.data.aws_iam_policy_document.assume_role_policy",
            "module.staging_cluster.module.eks.module.eks_managed_node_group.data.aws_partition.current"
          ],
          "create_before_destroy": true
        },
        {
          "index_key": "AmazonEKS_CNI_Policy",
          "schema_version": 0,
          "attributes": {
            "id": "first-eks-node-group-20241109161941955000000001-20241109161945115900000006",
            "policy_arn": "arn:aws:iam::aws:policy/AmazonEKS_CNI_Policy",
            "role": "first-eks-node-group-20241109161941955000000001"
          },
          "sensitive_attributes": [],
          "private": "bnVsbA==",
          "dependencies": [
            "module.staging_cluster.module.eks.module.eks_managed_node_group.aws_iam_role.this",
            "module.staging_cluster.module.eks.module.eks_managed_node_group.data.aws_caller_identity.current",
            "module.staging_cluster.module.eks.module.eks_managed_node_group.data.aws_iam_policy_document.assume_role_policy",
            "module.staging_cluster.module.eks.module.eks_managed_node_group.data.aws_partition.current"
          ],
          "create_before_destroy": true
        }
      ]
    },
    {
      "module": "module.staging_cluster.module.eks.module.eks_managed_node_group[\"first\"]",
      "mode": "managed",
      "type": "aws_launch_template",
      "name": "this",
      "provider": "module.staging_cluster.provider[\"registry.terraform.io/hashicorp/aws\"]",
      "instances": [
        {
          "index_key": 0,
          "schema_version": 0,
          "attributes": {
            "arn": "arn:aws:ec2:ap-south-1:224264690046:launch-template/lt-06fc86f12817de5fc",
            "block_device_mappings": [],
            "capacity_reservation_specification": [],
            "cpu_options": [],
            "credit_specification": [],
            "default_version": 1,
            "description": "Custom launch template for first EKS managed node group",
            "disable_api_stop": false,
            "disable_api_termination": false,
            "ebs_optimized": "",
            "elastic_gpu_specifications": [],
            "elastic_inference_accelerator": [],
            "enclave_options": [],
            "hibernation_options": [],
            "iam_instance_profile": [],
            "id": "lt-06fc86f12817de5fc",
            "image_id": "",
            "instance_initiated_shutdown_behavior": "",
            "instance_market_options": [],
            "instance_requirements": [],
            "instance_type": "",
            "kernel_id": "",
            "key_name": "",
            "latest_version": 1,
            "license_specification": [],
            "maintenance_options": [],
            "metadata_options": [
              {
                "http_endpoint": "enabled",
                "http_protocol_ipv6": "",
                "http_put_response_hop_limit": 2,
                "http_tokens": "required",
                "instance_metadata_tags": ""
              }
            ],
            "monitoring": [
              {
                "enabled": true
              }
            ],
            "name": "first-2024110916290190030000000f",
            "name_prefix": "first-",
            "network_interfaces": [],
            "placement": [],
            "private_dns_name_options": [],
            "ram_disk_id": "",
            "security_group_names": null,
            "tag_specifications": [
              {
                "resource_type": "instance",
                "tags": {
                  "Name": "first"
                }
              },
              {
                "resource_type": "network-interface",
                "tags": {
                  "Name": "first"
                }
              },
              {
                "resource_type": "volume",
                "tags": {
                  "Name": "first"
                }
              }
            ],
            "tags": null,
            "tags_all": {},
            "update_default_version": true,
            "user_data": "",
            "vpc_security_group_ids": [
              "sg-06ae91e4b70ca40f5"
            ]
          },
          "sensitive_attributes": [],
          "private": "bnVsbA==",
          "dependencies": [
            "module.staging_cluster.data.aws_availability_zones.available",
            "module.staging_cluster.module.eks.aws_cloudwatch_log_group.this",
            "module.staging_cluster.module.eks.aws_eks_cluster.this",
            "module.staging_cluster.module.eks.aws_iam_policy.cni_ipv6_policy",
            "module.staging_cluster.module.eks.aws_iam_role.this",
            "module.staging_cluster.module.eks.aws_iam_role_policy_attachment.this",
            "module.staging_cluster.module.eks.aws_security_group.cluster",
            "module.staging_cluster.module.eks.aws_security_group.node",
            "module.staging_cluster.module.eks.aws_security_group_rule.cluster",
            "module.staging_cluster.module.eks.aws_security_group_rule.node",
            "module.staging_cluster.module.eks.data.aws_caller_identity.current",
            "module.staging_cluster.module.eks.data.aws_iam_policy_document.assume_role_policy",
            "module.staging_cluster.module.eks.data.aws_iam_policy_document.cni_ipv6_policy",
            "module.staging_cluster.module.eks.data.aws_iam_session_context.current",
            "module.staging_cluster.module.eks.data.aws_partition.current",
            "module.staging_cluster.module.eks.module.eks_managed_node_group.aws_iam_role.this",
            "module.staging_cluster.module.eks.module.eks_managed_node_group.aws_iam_role_policy_attachment.additional",
            "module.staging_cluster.module.eks.module.eks_managed_node_group.aws_iam_role_policy_attachment.this",
            "module.staging_cluster.module.eks.module.eks_managed_node_group.aws_placement_group.this",
            "module.staging_cluster.module.eks.module.eks_managed_node_group.data.aws_caller_identity.current",
            "module.staging_cluster.module.eks.module.eks_managed_node_group.data.aws_ec2_instance_type.this",
            "module.staging_cluster.module.eks.module.eks_managed_node_group.data.aws_iam_policy_document.assume_role_policy",
            "module.staging_cluster.module.eks.module.eks_managed_node_group.data.aws_partition.current",
            "module.staging_cluster.module.eks.module.eks_managed_node_group.module.user_data.data.cloudinit_config.al2023_eks_managed_node_group",
            "module.staging_cluster.module.eks.module.eks_managed_node_group.module.user_data.data.cloudinit_config.linux_eks_managed_node_group",
            "module.staging_cluster.module.eks.module.kms.aws_kms_external_key.this",
            "module.staging_cluster.module.eks.module.kms.aws_kms_key.this",
            "module.staging_cluster.module.eks.module.kms.aws_kms_replica_external_key.this",
            "module.staging_cluster.module.eks.module.kms.aws_kms_replica_key.this",
            "module.staging_cluster.module.eks.module.kms.data.aws_caller_identity.current",
            "module.staging_cluster.module.eks.module.kms.data.aws_iam_policy_document.this",
            "module.staging_cluster.module.eks.module.kms.data.aws_partition.current",
            "module.staging_cluster.module.eks.time_sleep.this",
            "module.staging_cluster.module.vpc.aws_subnet.private",
            "module.staging_cluster.module.vpc.aws_vpc.this",
            "module.staging_cluster.module.vpc.aws_vpc_ipv4_cidr_block_association.this"
          ],
          "create_before_destroy": true
        }
      ]
    },
    {
      "module": "module.staging_cluster.module.eks.module.eks_managed_node_group[\"first\"]",
      "mode": "managed",
      "type": "aws_placement_group",
      "name": "this",
      "provider": "module.staging_cluster.provider[\"registry.terraform.io/hashicorp/aws\"]",
      "instances": []
    },
    {
      "module": "module.staging_cluster.module.eks.module.eks_managed_node_group[\"first\"].module.user_data",
      "mode": "data",
      "type": "cloudinit_config",
      "name": "al2023_eks_managed_node_group",
      "provider": "provider[\"registry.terraform.io/hashicorp/cloudinit\"]",
      "instances": []
    },
    {
      "module": "module.staging_cluster.module.eks.module.eks_managed_node_group[\"first\"].module.user_data",
      "mode": "data",
      "type": "cloudinit_config",
      "name": "linux_eks_managed_node_group",
      "provider": "provider[\"registry.terraform.io/hashicorp/cloudinit\"]",
      "instances": []
    },
    {
      "module": "module.staging_cluster.module.eks.module.eks_managed_node_group[\"first\"].module.user_data",
      "mode": "managed",
      "type": "null_resource",
      "name": "validate_cluster_service_cidr",
      "provider": "provider[\"registry.terraform.io/hashicorp/null\"]",
      "instances": [
        {
          "schema_version": 0,
          "attributes": {
            "id": "3137472902230651224",
            "triggers": null
          },
          "sensitive_attributes": [],
          "dependencies": [
            "module.staging_cluster.data.aws_availability_zones.available",
            "module.staging_cluster.module.eks.aws_cloudwatch_log_group.this",
            "module.staging_cluster.module.eks.aws_eks_cluster.this",
            "module.staging_cluster.module.eks.aws_iam_policy.cni_ipv6_policy",
            "module.staging_cluster.module.eks.aws_iam_role.this",
            "module.staging_cluster.module.eks.aws_iam_role_policy_attachment.this",
            "module.staging_cluster.module.eks.aws_security_group.cluster",
            "module.staging_cluster.module.eks.aws_security_group.node",
            "module.staging_cluster.module.eks.aws_security_group_rule.cluster",
            "module.staging_cluster.module.eks.aws_security_group_rule.node",
            "module.staging_cluster.module.eks.data.aws_caller_identity.current",
            "module.staging_cluster.module.eks.data.aws_iam_policy_document.assume_role_policy",
            "module.staging_cluster.module.eks.data.aws_iam_policy_document.cni_ipv6_policy",
            "module.staging_cluster.module.eks.data.aws_iam_session_context.current",
            "module.staging_cluster.module.eks.data.aws_partition.current",
            "module.staging_cluster.module.eks.module.kms.aws_kms_external_key.this",
            "module.staging_cluster.module.eks.module.kms.aws_kms_key.this",
            "module.staging_cluster.module.eks.module.kms.aws_kms_replica_external_key.this",
            "module.staging_cluster.module.eks.module.kms.aws_kms_replica_key.this",
            "module.staging_cluster.module.eks.module.kms.data.aws_caller_identity.current",
            "module.staging_cluster.module.eks.module.kms.data.aws_iam_policy_document.this",
            "module.staging_cluster.module.eks.module.kms.data.aws_partition.current",
            "module.staging_cluster.module.eks.time_sleep.this",
            "module.staging_cluster.module.vpc.aws_subnet.private",
            "module.staging_cluster.module.vpc.aws_vpc.this",
            "module.staging_cluster.module.vpc.aws_vpc_ipv4_cidr_block_association.this"
          ]
        }
      ]
    },
    {
      "module": "module.staging_cluster.module.eks.module.kms",
      "mode": "data",
      "type": "aws_caller_identity",
      "name": "current",
      "provider": "module.staging_cluster.provider[\"registry.terraform.io/hashicorp/aws\"]",
      "instances": [
        {
          "index_key": 0,
          "schema_version": 0,
          "attributes": {
            "account_id": "224264690046",
            "arn": "arn:aws:iam::224264690046:user/Litmus",
            "id": "224264690046",
            "user_id": "AIDATINZXTF7DWECQ2SWM"
          },
          "sensitive_attributes": []
        }
      ]
    },
    {
      "module": "module.staging_cluster.module.eks.module.kms",
      "mode": "data",
      "type": "aws_iam_policy_document",
      "name": "this",
      "provider": "module.staging_cluster.provider[\"registry.terraform.io/hashicorp/aws\"]",
      "instances": [
        {
          "index_key": 0,
          "schema_version": 0,
          "attributes": {
            "id": "3280173967",
            "json": "{\n  \"Version\": \"2012-10-17\",\n  \"Statement\": [\n    {\n      \"Sid\": \"Default\",\n      \"Effect\": \"Allow\",\n      \"Action\": \"kms:*\",\n      \"Resource\": \"*\",\n      \"Principal\": {\n        \"AWS\": \"arn:aws:iam::224264690046:root\"\n      }\n    },\n    {\n      \"Sid\": \"KeyAdministration\",\n      \"Effect\": \"Allow\",\n      \"Action\": [\n        \"kms:Update*\",\n        \"kms:UntagResource\",\n        \"kms:TagResource\",\n        \"kms:ScheduleKeyDeletion\",\n        \"kms:Revoke*\",\n        \"kms:ReplicateKey\",\n        \"kms:Put*\",\n        \"kms:List*\",\n        \"kms:ImportKeyMaterial\",\n        \"kms:Get*\",\n        \"kms:Enable*\",\n        \"kms:Disable*\",\n        \"kms:Describe*\",\n        \"kms:Delete*\",\n        \"kms:Create*\",\n        \"kms:CancelKeyDeletion\"\n      ],\n      \"Resource\": \"*\",\n      \"Principal\": {\n        \"AWS\": \"arn:aws:iam::224264690046:user/Litmus\"\n      }\n    },\n    {\n      \"Sid\": \"KeyUsage\",\n      \"Effect\": \"Allow\",\n      \"Action\": [\n        \"kms:ReEncrypt*\",\n        \"kms:GenerateDataKey*\",\n        \"kms:Encrypt\",\n        \"kms:DescribeKey\",\n        \"kms:Decrypt\"\n      ],\n      \"Resource\": \"*\",\n      \"Principal\": {\n        \"AWS\": \"arn:aws:iam::224264690046:role/eks-staging-cluster-20241109161941955000000002\"\n      }\n    }\n  ]\n}",
            "minified_json": "{\"Version\":\"2012-10-17\",\"Statement\":[{\"Sid\":\"Default\",\"Effect\":\"Allow\",\"Action\":\"kms:*\",\"Resource\":\"*\",\"Principal\":{\"AWS\":\"arn:aws:iam::224264690046:root\"}},{\"Sid\":\"KeyAdministration\",\"Effect\":\"Allow\",\"Action\":[\"kms:Update*\",\"kms:UntagResource\",\"kms:TagResource\",\"kms:ScheduleKeyDeletion\",\"kms:Revoke*\",\"kms:ReplicateKey\",\"kms:Put*\",\"kms:List*\",\"kms:ImportKeyMaterial\",\"kms:Get*\",\"kms:Enable*\",\"kms:Disable*\",\"kms:Describe*\",\"kms:Delete*\",\"kms:Create*\",\"kms:CancelKeyDeletion\"],\"Resource\":\"*\",\"Principal\":{\"AWS\":\"arn:aws:iam::224264690046:user/Litmus\"}},{\"Sid\":\"KeyUsage\",\"Effect\":\"Allow\",\"Action\":[\"kms:ReEncrypt*\",\"kms:GenerateDataKey*\",\"kms:Encrypt\",\"kms:DescribeKey\",\"kms:Decrypt\"],\"Resource\":\"*\",\"Principal\":{\"AWS\":\"arn:aws:iam::224264690046:role/eks-staging-cluster-20241109161941955000000002\"}}]}",
            "override_json": null,
            "override_policy_documents": null,
            "policy_id": null,
            "source_json": null,
            "source_policy_documents": null,
            "statement": [
              {
                "actions": [
                  "kms:*"
                ],
                "condition": [],
                "effect": "Allow",
                "not_actions": [],
                "not_principals": [],
                "not_resources": [],
                "principals": [
                  {
                    "identifiers": [
                      "arn:aws:iam::224264690046:root"
                    ],
                    "type": "AWS"
                  }
                ],
                "resources": [
                  "*"
                ],
                "sid": "Default"
              },
              {
                "actions": [
                  "kms:CancelKeyDeletion",
                  "kms:Create*",
                  "kms:Delete*",
                  "kms:Describe*",
                  "kms:Disable*",
                  "kms:Enable*",
                  "kms:Get*",
                  "kms:ImportKeyMaterial",
                  "kms:List*",
                  "kms:Put*",
                  "kms:ReplicateKey",
                  "kms:Revoke*",
                  "kms:ScheduleKeyDeletion",
                  "kms:TagResource",
                  "kms:UntagResource",
                  "kms:Update*"
                ],
                "condition": [],
                "effect": "Allow",
                "not_actions": [],
                "not_principals": [],
                "not_resources": [],
                "principals": [
                  {
                    "identifiers": [
                      "arn:aws:iam::224264690046:user/Litmus"
                    ],
                    "type": "AWS"
                  }
                ],
                "resources": [
                  "*"
                ],
                "sid": "KeyAdministration"
              },
              {
                "actions": [
                  "kms:Decrypt",
                  "kms:DescribeKey",
                  "kms:Encrypt",
                  "kms:GenerateDataKey*",
                  "kms:ReEncrypt*"
                ],
                "condition": [],
                "effect": "Allow",
                "not_actions": [],
                "not_principals": [],
                "not_resources": [],
                "principals": [
                  {
                    "identifiers": [
                      "arn:aws:iam::224264690046:role/eks-staging-cluster-20241109161941955000000002"
                    ],
                    "type": "AWS"
                  }
                ],
                "resources": [
                  "*"
                ],
                "sid": "KeyUsage"
              }
            ],
            "version": "2012-10-17"
          },
          "sensitive_attributes": []
        }
      ]
    },
    {
      "module": "module.staging_cluster.module.eks.module.kms",
      "mode": "data",
      "type": "aws_partition",
      "name": "current",
      "provider": "module.staging_cluster.provider[\"registry.terraform.io/hashicorp/aws\"]",
      "instances": [
        {
          "index_key": 0,
          "schema_version": 0,
          "attributes": {
            "dns_suffix": "amazonaws.com",
            "id": "aws",
            "partition": "aws",
            "reverse_dns_prefix": "com.amazonaws"
          },
          "sensitive_attributes": []
        }
      ]
    },
    {
      "module": "module.staging_cluster.module.eks.module.kms",
      "mode": "managed",
      "type": "aws_kms_alias",
      "name": "this",
      "provider": "module.staging_cluster.provider[\"registry.terraform.io/hashicorp/aws\"]",
      "instances": [
        {
          "index_key": "cluster",
          "schema_version": 0,
          "attributes": {
            "arn": "arn:aws:kms:ap-south-1:224264690046:alias/eks/eks-staging",
            "id": "alias/eks/eks-staging",
            "name": "alias/eks/eks-staging",
            "name_prefix": "",
            "target_key_arn": "arn:aws:kms:ap-south-1:224264690046:key/7856f84a-3ee6-490c-9dac-35e744790a16",
            "target_key_id": "7856f84a-3ee6-490c-9dac-35e744790a16"
          },
          "sensitive_attributes": [],
          "private": "bnVsbA==",
          "dependencies": [
            "module.staging_cluster.module.eks.aws_iam_role.this",
            "module.staging_cluster.module.eks.data.aws_caller_identity.current",
            "module.staging_cluster.module.eks.data.aws_iam_policy_document.assume_role_policy",
            "module.staging_cluster.module.eks.data.aws_iam_session_context.current",
            "module.staging_cluster.module.eks.module.kms.aws_kms_external_key.this",
            "module.staging_cluster.module.eks.module.kms.aws_kms_key.this",
            "module.staging_cluster.module.eks.module.kms.aws_kms_replica_external_key.this",
            "module.staging_cluster.module.eks.module.kms.aws_kms_replica_key.this",
            "module.staging_cluster.module.eks.module.kms.data.aws_caller_identity.current",
            "module.staging_cluster.module.eks.module.kms.data.aws_iam_policy_document.this",
            "module.staging_cluster.module.eks.module.kms.data.aws_partition.current"
          ]
        }
      ]
    },
    {
      "module": "module.staging_cluster.module.eks.module.kms",
      "mode": "managed",
      "type": "aws_kms_external_key",
      "name": "this",
      "provider": "module.staging_cluster.provider[\"registry.terraform.io/hashicorp/aws\"]",
      "instances": []
    },
    {
      "module": "module.staging_cluster.module.eks.module.kms",
      "mode": "managed",
      "type": "aws_kms_key",
      "name": "this",
      "provider": "module.staging_cluster.provider[\"registry.terraform.io/hashicorp/aws\"]",
      "instances": [
        {
          "index_key": 0,
          "schema_version": 0,
          "attributes": {
            "arn": "arn:aws:kms:ap-south-1:224264690046:key/7856f84a-3ee6-490c-9dac-35e744790a16",
            "bypass_policy_lockout_safety_check": false,
            "custom_key_store_id": "",
            "customer_master_key_spec": "SYMMETRIC_DEFAULT",
            "deletion_window_in_days": null,
            "description": "eks-staging cluster encryption key",
            "enable_key_rotation": true,
            "id": "7856f84a-3ee6-490c-9dac-35e744790a16",
            "is_enabled": true,
            "key_id": "7856f84a-3ee6-490c-9dac-35e744790a16",
            "key_usage": "ENCRYPT_DECRYPT",
            "multi_region": false,
            "policy": "{\"Statement\":[{\"Action\":\"kms:*\",\"Effect\":\"Allow\",\"Principal\":{\"AWS\":\"arn:aws:iam::224264690046:root\"},\"Resource\":\"*\",\"Sid\":\"Default\"},{\"Action\":[\"kms:Update*\",\"kms:UntagResource\",\"kms:TagResource\",\"kms:ScheduleKeyDeletion\",\"kms:Revoke*\",\"kms:ReplicateKey\",\"kms:Put*\",\"kms:List*\",\"kms:ImportKeyMaterial\",\"kms:Get*\",\"kms:Enable*\",\"kms:Disable*\",\"kms:Describe*\",\"kms:Delete*\",\"kms:Create*\",\"kms:CancelKeyDeletion\"],\"Effect\":\"Allow\",\"Principal\":{\"AWS\":\"arn:aws:iam::224264690046:user/Litmus\"},\"Resource\":\"*\",\"Sid\":\"KeyAdministration\"},{\"Action\":[\"kms:ReEncrypt*\",\"kms:GenerateDataKey*\",\"kms:Encrypt\",\"kms:DescribeKey\",\"kms:Decrypt\"],\"Effect\":\"Allow\",\"Principal\":{\"AWS\":\"arn:aws:iam::224264690046:role/eks-staging-cluster-20241109161941955000000002\"},\"Resource\":\"*\",\"Sid\":\"KeyUsage\"}],\"Version\":\"2012-10-17\"}",
            "rotation_period_in_days": 365,
            "tags": {
              "terraform-aws-modules": "eks"
            },
            "tags_all": {
              "terraform-aws-modules": "eks"
            },
            "timeouts": null,
            "xks_key_id": ""
          },
          "sensitive_attributes": [],
          "private": "eyJlMmJmYjczMC1lY2FhLTExZTYtOGY4OC0zNDM2M2JjN2M0YzAiOnsiY3JlYXRlIjoxMjAwMDAwMDAwMDB9fQ==",
          "dependencies": [
            "module.staging_cluster.module.eks.aws_iam_role.this",
            "module.staging_cluster.module.eks.data.aws_caller_identity.current",
            "module.staging_cluster.module.eks.data.aws_iam_policy_document.assume_role_policy",
            "module.staging_cluster.module.eks.data.aws_iam_session_context.current",
            "module.staging_cluster.module.eks.module.kms.data.aws_caller_identity.current",
            "module.staging_cluster.module.eks.module.kms.data.aws_iam_policy_document.this",
            "module.staging_cluster.module.eks.module.kms.data.aws_partition.current"
          ],
          "create_before_destroy": true
        }
      ]
    },
    {
      "module": "module.staging_cluster.module.eks.module.kms",
      "mode": "managed",
      "type": "aws_kms_replica_external_key",
      "name": "this",
      "provider": "module.staging_cluster.provider[\"registry.terraform.io/hashicorp/aws\"]",
      "instances": []
    },
    {
      "module": "module.staging_cluster.module.eks.module.kms",
      "mode": "managed",
      "type": "aws_kms_replica_key",
      "name": "this",
      "provider": "module.staging_cluster.provider[\"registry.terraform.io/hashicorp/aws\"]",
      "instances": []
    },
    {
      "module": "module.staging_cluster.module.vpc",
      "mode": "managed",
      "type": "aws_default_network_acl",
      "name": "this",
      "provider": "module.staging_cluster.provider[\"registry.terraform.io/hashicorp/aws\"]",
      "instances": [
        {
          "index_key": 0,
          "schema_version": 0,
          "attributes": {
            "arn": "arn:aws:ec2:ap-south-1:224264690046:network-acl/acl-0075c04cb84b63539",
            "default_network_acl_id": "acl-0075c04cb84b63539",
            "egress": [
              {
                "action": "allow",
                "cidr_block": "",
                "from_port": 0,
                "icmp_code": null,
                "icmp_type": null,
                "ipv6_cidr_block": "::/0",
                "protocol": "-1",
                "rule_no": 101,
                "to_port": 0
              },
              {
                "action": "allow",
                "cidr_block": "0.0.0.0/0",
                "from_port": 0,
                "icmp_code": null,
                "icmp_type": null,
                "ipv6_cidr_block": "",
                "protocol": "-1",
                "rule_no": 100,
                "to_port": 0
              }
            ],
            "id": "acl-0075c04cb84b63539",
            "ingress": [
              {
                "action": "allow",
                "cidr_block": "",
                "from_port": 0,
                "icmp_code": null,
                "icmp_type": null,
                "ipv6_cidr_block": "::/0",
                "protocol": "-1",
                "rule_no": 101,
                "to_port": 0
              },
              {
                "action": "allow",
                "cidr_block": "0.0.0.0/0",
                "from_port": 0,
                "icmp_code": null,
                "icmp_type": null,
                "ipv6_cidr_block": "",
                "protocol": "-1",
                "rule_no": 100,
                "to_port": 0
              }
            ],
            "owner_id": "224264690046",
            "subnet_ids": null,
            "tags": {
              "Name": "k8s-staging-vpc-default"
            },
            "tags_all": {
              "Name": "k8s-staging-vpc-default"
            },
            "vpc_id": "vpc-0c18147fe7ff676c9"
          },
          "sensitive_attributes": [],
          "private": "bnVsbA==",
          "dependencies": [
            "module.staging_cluster.module.vpc.aws_vpc.this"
          ]
        }
      ]
    },
    {
      "module": "module.staging_cluster.module.vpc",
      "mode": "managed",
      "type": "aws_default_route_table",
      "name": "default",
      "provider": "module.staging_cluster.provider[\"registry.terraform.io/hashicorp/aws\"]",
      "instances": [
        {
          "index_key": 0,
          "schema_version": 0,
          "attributes": {
            "arn": "arn:aws:ec2:ap-south-1:224264690046:route-table/rtb-027e62162cb71b94c",
            "default_route_table_id": "rtb-027e62162cb71b94c",
            "id": "rtb-027e62162cb71b94c",
            "owner_id": "224264690046",
            "propagating_vgws": null,
            "route": [],
            "tags": {
              "Name": "k8s-staging-vpc-default"
            },
            "tags_all": {
              "Name": "k8s-staging-vpc-default"
            },
            "timeouts": {
              "create": "5m",
              "update": "5m"
            },
            "vpc_id": "vpc-0c18147fe7ff676c9"
          },
          "sensitive_attributes": [],
          "private": "eyJlMmJmYjczMC1lY2FhLTExZTYtOGY4OC0zNDM2M2JjN2M0YzAiOnsiY3JlYXRlIjozMDAwMDAwMDAwMDAsInVwZGF0ZSI6MzAwMDAwMDAwMDAwfX0=",
          "dependencies": [
            "module.staging_cluster.module.vpc.aws_vpc.this"
          ]
        }
      ]
    },
    {
      "module": "module.staging_cluster.module.vpc",
      "mode": "managed",
      "type": "aws_default_security_group",
      "name": "this",
      "provider": "module.staging_cluster.provider[\"registry.terraform.io/hashicorp/aws\"]",
      "instances": [
        {
          "index_key": 0,
          "schema_version": 1,
          "attributes": {
            "arn": "arn:aws:ec2:ap-south-1:224264690046:security-group/sg-0e3acb3ea2c3d0714",
            "description": "default VPC security group",
            "egress": [],
            "id": "sg-0e3acb3ea2c3d0714",
            "ingress": [],
            "name": "default",
            "name_prefix": "",
            "owner_id": "224264690046",
            "revoke_rules_on_delete": false,
            "tags": {
              "Name": "k8s-staging-vpc-default"
            },
            "tags_all": {
              "Name": "k8s-staging-vpc-default"
            },
            "vpc_id": "vpc-0c18147fe7ff676c9"
          },
          "sensitive_attributes": [],
          "private": "eyJzY2hlbWFfdmVyc2lvbiI6IjEifQ==",
          "dependencies": [
            "module.staging_cluster.module.vpc.aws_vpc.this"
          ]
        }
      ]
    },
    {
      "module": "module.staging_cluster.module.vpc",
      "mode": "managed",
      "type": "aws_eip",
      "name": "nat",
      "provider": "module.staging_cluster.provider[\"registry.terraform.io/hashicorp/aws\"]",
      "instances": [
        {
          "index_key": 0,
          "schema_version": 0,
          "attributes": {
            "address": null,
            "allocation_id": "eipalloc-07e96cffec7595a33",
            "arn": "arn:aws:ec2:ap-south-1:224264690046:elastic-ip/eipalloc-07e96cffec7595a33",
            "associate_with_private_ip": null,
            "association_id": "",
            "carrier_ip": "",
            "customer_owned_ip": "",
            "customer_owned_ipv4_pool": "",
            "domain": "vpc",
            "id": "eipalloc-07e96cffec7595a33",
            "instance": "",
            "ipam_pool_id": null,
            "network_border_group": "ap-south-1",
            "network_interface": "",
            "private_dns": null,
            "private_ip": "",
            "ptr_record": "",
            "public_dns": "ec2-15-207-141-53.ap-south-1.compute.amazonaws.com",
            "public_ip": "15.207.141.53",
            "public_ipv4_pool": "amazon",
            "tags": {
              "Name": "k8s-staging-vpc-ap-south-1a"
            },
            "tags_all": {
              "Name": "k8s-staging-vpc-ap-south-1a"
            },
            "timeouts": null,
            "vpc": true
          },
          "sensitive_attributes": [],
          "private": "eyJlMmJmYjczMC1lY2FhLTExZTYtOGY4OC0zNDM2M2JjN2M0YzAiOnsiZGVsZXRlIjoxODAwMDAwMDAwMDAsInJlYWQiOjkwMDAwMDAwMDAwMCwidXBkYXRlIjozMDAwMDAwMDAwMDB9fQ==",
          "dependencies": [
            "module.staging_cluster.data.aws_availability_zones.available",
            "module.staging_cluster.module.vpc.aws_internet_gateway.this",
            "module.staging_cluster.module.vpc.aws_vpc.this",
            "module.staging_cluster.module.vpc.aws_vpc_ipv4_cidr_block_association.this"
          ]
        }
      ]
    },
    {
      "module": "module.staging_cluster.module.vpc",
      "mode": "managed",
      "type": "aws_internet_gateway",
      "name": "this",
      "provider": "module.staging_cluster.provider[\"registry.terraform.io/hashicorp/aws\"]",
      "instances": [
        {
          "index_key": 0,
          "schema_version": 0,
          "attributes": {
            "arn": "arn:aws:ec2:ap-south-1:224264690046:internet-gateway/igw-03612e74e4c8ec2e6",
            "id": "igw-03612e74e4c8ec2e6",
            "owner_id": "224264690046",
            "tags": {
              "Name": "k8s-staging-vpc"
            },
            "tags_all": {
              "Name": "k8s-staging-vpc"
            },
            "timeouts": null,
            "vpc_id": "vpc-0c18147fe7ff676c9"
          },
          "sensitive_attributes": [],
          "private": "eyJlMmJmYjczMC1lY2FhLTExZTYtOGY4OC0zNDM2M2JjN2M0YzAiOnsiY3JlYXRlIjoxMjAwMDAwMDAwMDAwLCJkZWxldGUiOjEyMDAwMDAwMDAwMDAsInVwZGF0ZSI6MTIwMDAwMDAwMDAwMH19",
          "dependencies": [
            "module.staging_cluster.module.vpc.aws_vpc.this",
            "module.staging_cluster.module.vpc.aws_vpc_ipv4_cidr_block_association.this"
          ]
        }
      ]
    },
    {
      "module": "module.staging_cluster.module.vpc",
      "mode": "managed",
      "type": "aws_nat_gateway",
      "name": "this",
      "provider": "module.staging_cluster.provider[\"registry.terraform.io/hashicorp/aws\"]",
      "instances": [
        {
          "index_key": 0,
          "schema_version": 0,
          "attributes": {
            "allocation_id": "eipalloc-07e96cffec7595a33",
            "association_id": "eipassoc-0fdb808d47319413f",
            "connectivity_type": "public",
            "id": "nat-035fbe9c1fdc895d1",
            "network_interface_id": "eni-00274c9b04a3e2173",
            "private_ip": "172.16.4.7",
            "public_ip": "15.207.141.53",
            "secondary_allocation_ids": null,
            "secondary_private_ip_address_count": 0,
            "secondary_private_ip_addresses": [],
            "subnet_id": "subnet-04494c51dfcabc83a",
            "tags": {
              "Name": "k8s-staging-vpc-ap-south-1a"
            },
            "tags_all": {
              "Name": "k8s-staging-vpc-ap-south-1a"
            },
            "timeouts": null
          },
          "sensitive_attributes": [],
          "private": "eyJlMmJmYjczMC1lY2FhLTExZTYtOGY4OC0zNDM2M2JjN2M0YzAiOnsiY3JlYXRlIjo2MDAwMDAwMDAwMDAsImRlbGV0ZSI6MTgwMDAwMDAwMDAwMCwidXBkYXRlIjo2MDAwMDAwMDAwMDB9fQ==",
          "dependencies": [
            "module.staging_cluster.data.aws_availability_zones.available",
            "module.staging_cluster.module.vpc.aws_eip.nat",
            "module.staging_cluster.module.vpc.aws_internet_gateway.this",
            "module.staging_cluster.module.vpc.aws_subnet.public",
            "module.staging_cluster.module.vpc.aws_vpc.this",
            "module.staging_cluster.module.vpc.aws_vpc_ipv4_cidr_block_association.this"
          ]
        }
      ]
    },
    {
      "module": "module.staging_cluster.module.vpc",
      "mode": "managed",
      "type": "aws_route",
      "name": "private_nat_gateway",
      "provider": "module.staging_cluster.provider[\"registry.terraform.io/hashicorp/aws\"]",
      "instances": [
        {
          "index_key": 0,
          "schema_version": 0,
          "attributes": {
            "carrier_gateway_id": "",
            "core_network_arn": "",
            "destination_cidr_block": "0.0.0.0/0",
            "destination_ipv6_cidr_block": "",
            "destination_prefix_list_id": "",
            "egress_only_gateway_id": "",
            "gateway_id": "",
            "id": "r-rtb-04bcf5975b7c2fa611080289494",
            "instance_id": "",
            "instance_owner_id": "",
            "local_gateway_id": "",
            "nat_gateway_id": "nat-035fbe9c1fdc895d1",
            "network_interface_id": "",
            "origin": "CreateRoute",
            "route_table_id": "rtb-04bcf5975b7c2fa61",
            "state": "active",
            "timeouts": {
              "create": "5m",
              "delete": null,
              "update": null
            },
            "transit_gateway_id": "",
            "vpc_endpoint_id": "",
            "vpc_peering_connection_id": ""
          },
          "sensitive_attributes": [],
          "private": "eyJlMmJmYjczMC1lY2FhLTExZTYtOGY4OC0zNDM2M2JjN2M0YzAiOnsiY3JlYXRlIjozMDAwMDAwMDAwMDAsImRlbGV0ZSI6MzAwMDAwMDAwMDAwLCJ1cGRhdGUiOjEyMDAwMDAwMDAwMH19",
          "dependencies": [
            "module.staging_cluster.data.aws_availability_zones.available",
            "module.staging_cluster.module.vpc.aws_eip.nat",
            "module.staging_cluster.module.vpc.aws_internet_gateway.this",
            "module.staging_cluster.module.vpc.aws_nat_gateway.this",
            "module.staging_cluster.module.vpc.aws_route_table.private",
            "module.staging_cluster.module.vpc.aws_subnet.public",
            "module.staging_cluster.module.vpc.aws_vpc.this",
            "module.staging_cluster.module.vpc.aws_vpc_ipv4_cidr_block_association.this"
          ]
        }
      ]
    },
    {
      "module": "module.staging_cluster.module.vpc",
      "mode": "managed",
      "type": "aws_route",
      "name": "public_internet_gateway",
      "provider": "module.staging_cluster.provider[\"registry.terraform.io/hashicorp/aws\"]",
      "instances": [
        {
          "index_key": 0,
          "schema_version": 0,
          "attributes": {
            "carrier_gateway_id": "",
            "core_network_arn": "",
            "destination_cidr_block": "0.0.0.0/0",
            "destination_ipv6_cidr_block": "",
            "destination_prefix_list_id": "",
            "egress_only_gateway_id": "",
            "gateway_id": "igw-03612e74e4c8ec2e6",
            "id": "r-rtb-0f7a15d8b90d735921080289494",
            "instance_id": "",
            "instance_owner_id": "",
            "local_gateway_id": "",
            "nat_gateway_id": "",
            "network_interface_id": "",
            "origin": "CreateRoute",
            "route_table_id": "rtb-0f7a15d8b90d73592",
            "state": "active",
            "timeouts": {
              "create": "5m",
              "delete": null,
              "update": null
            },
            "transit_gateway_id": "",
            "vpc_endpoint_id": "",
            "vpc_peering_connection_id": ""
          },
          "sensitive_attributes": [],
          "private": "eyJlMmJmYjczMC1lY2FhLTExZTYtOGY4OC0zNDM2M2JjN2M0YzAiOnsiY3JlYXRlIjozMDAwMDAwMDAwMDAsImRlbGV0ZSI6MzAwMDAwMDAwMDAwLCJ1cGRhdGUiOjEyMDAwMDAwMDAwMH19",
          "dependencies": [
            "module.staging_cluster.data.aws_availability_zones.available",
            "module.staging_cluster.module.vpc.aws_internet_gateway.this",
            "module.staging_cluster.module.vpc.aws_route_table.public",
            "module.staging_cluster.module.vpc.aws_vpc.this",
            "module.staging_cluster.module.vpc.aws_vpc_ipv4_cidr_block_association.this"
          ]
        }
      ]
    },
    {
      "module": "module.staging_cluster.module.vpc",
      "mode": "managed",
      "type": "aws_route_table",
      "name": "private",
      "provider": "module.staging_cluster.provider[\"registry.terraform.io/hashicorp/aws\"]",
      "instances": [
        {
          "index_key": 0,
          "schema_version": 0,
          "attributes": {
            "arn": "arn:aws:ec2:ap-south-1:224264690046:route-table/rtb-04bcf5975b7c2fa61",
            "id": "rtb-04bcf5975b7c2fa61",
            "owner_id": "224264690046",
            "propagating_vgws": [],
            "route": [],
            "tags": {
              "Name": "k8s-staging-vpc-private"
            },
            "tags_all": {
              "Name": "k8s-staging-vpc-private"
            },
            "timeouts": null,
            "vpc_id": "vpc-0c18147fe7ff676c9"
          },
          "sensitive_attributes": [],
          "private": "eyJlMmJmYjczMC1lY2FhLTExZTYtOGY4OC0zNDM2M2JjN2M0YzAiOnsiY3JlYXRlIjozMDAwMDAwMDAwMDAsImRlbGV0ZSI6MzAwMDAwMDAwMDAwLCJ1cGRhdGUiOjEyMDAwMDAwMDAwMH19",
          "dependencies": [
            "module.staging_cluster.data.aws_availability_zones.available",
            "module.staging_cluster.module.vpc.aws_vpc.this",
            "module.staging_cluster.module.vpc.aws_vpc_ipv4_cidr_block_association.this"
          ]
        }
      ]
    },
    {
      "module": "module.staging_cluster.module.vpc",
      "mode": "managed",
      "type": "aws_route_table",
      "name": "public",
      "provider": "module.staging_cluster.provider[\"registry.terraform.io/hashicorp/aws\"]",
      "instances": [
        {
          "index_key": 0,
          "schema_version": 0,
          "attributes": {
            "arn": "arn:aws:ec2:ap-south-1:224264690046:route-table/rtb-0f7a15d8b90d73592",
            "id": "rtb-0f7a15d8b90d73592",
            "owner_id": "224264690046",
            "propagating_vgws": [],
            "route": [],
            "tags": {
              "Name": "k8s-staging-vpc-public"
            },
            "tags_all": {
              "Name": "k8s-staging-vpc-public"
            },
            "timeouts": null,
            "vpc_id": "vpc-0c18147fe7ff676c9"
          },
          "sensitive_attributes": [],
          "private": "eyJlMmJmYjczMC1lY2FhLTExZTYtOGY4OC0zNDM2M2JjN2M0YzAiOnsiY3JlYXRlIjozMDAwMDAwMDAwMDAsImRlbGV0ZSI6MzAwMDAwMDAwMDAwLCJ1cGRhdGUiOjEyMDAwMDAwMDAwMH19",
          "dependencies": [
            "module.staging_cluster.data.aws_availability_zones.available",
            "module.staging_cluster.module.vpc.aws_vpc.this",
            "module.staging_cluster.module.vpc.aws_vpc_ipv4_cidr_block_association.this"
          ]
        }
      ]
    },
    {
      "module": "module.staging_cluster.module.vpc",
      "mode": "managed",
      "type": "aws_route_table_association",
      "name": "private",
      "provider": "module.staging_cluster.provider[\"registry.terraform.io/hashicorp/aws\"]",
      "instances": [
        {
          "index_key": 0,
          "schema_version": 0,
          "attributes": {
            "gateway_id": "",
            "id": "rtbassoc-0a59cf07b50c6527d",
            "route_table_id": "rtb-04bcf5975b7c2fa61",
            "subnet_id": "subnet-0281dd1df6004ff41",
            "timeouts": null
          },
          "sensitive_attributes": [],
          "private": "eyJlMmJmYjczMC1lY2FhLTExZTYtOGY4OC0zNDM2M2JjN2M0YzAiOnsiY3JlYXRlIjozMDAwMDAwMDAwMDAsImRlbGV0ZSI6MzAwMDAwMDAwMDAwLCJ1cGRhdGUiOjEyMDAwMDAwMDAwMH19",
          "dependencies": [
            "module.staging_cluster.data.aws_availability_zones.available",
            "module.staging_cluster.module.vpc.aws_route_table.private",
            "module.staging_cluster.module.vpc.aws_subnet.private",
            "module.staging_cluster.module.vpc.aws_vpc.this",
            "module.staging_cluster.module.vpc.aws_vpc_ipv4_cidr_block_association.this"
          ]
        },
        {
          "index_key": 1,
          "schema_version": 0,
          "attributes": {
            "gateway_id": "",
            "id": "rtbassoc-0805f641ea662b8f5",
            "route_table_id": "rtb-04bcf5975b7c2fa61",
            "subnet_id": "subnet-0aebc5e5e5647b544",
            "timeouts": null
          },
          "sensitive_attributes": [],
          "private": "eyJlMmJmYjczMC1lY2FhLTExZTYtOGY4OC0zNDM2M2JjN2M0YzAiOnsiY3JlYXRlIjozMDAwMDAwMDAwMDAsImRlbGV0ZSI6MzAwMDAwMDAwMDAwLCJ1cGRhdGUiOjEyMDAwMDAwMDAwMH19",
          "dependencies": [
            "module.staging_cluster.data.aws_availability_zones.available",
            "module.staging_cluster.module.vpc.aws_route_table.private",
            "module.staging_cluster.module.vpc.aws_subnet.private",
            "module.staging_cluster.module.vpc.aws_vpc.this",
            "module.staging_cluster.module.vpc.aws_vpc_ipv4_cidr_block_association.this"
          ]
        },
        {
          "index_key": 2,
          "schema_version": 0,
          "attributes": {
            "gateway_id": "",
            "id": "rtbassoc-02c923d11c209b521",
            "route_table_id": "rtb-04bcf5975b7c2fa61",
            "subnet_id": "subnet-0722b34a4aa5ec829",
            "timeouts": null
          },
          "sensitive_attributes": [],
          "private": "eyJlMmJmYjczMC1lY2FhLTExZTYtOGY4OC0zNDM2M2JjN2M0YzAiOnsiY3JlYXRlIjozMDAwMDAwMDAwMDAsImRlbGV0ZSI6MzAwMDAwMDAwMDAwLCJ1cGRhdGUiOjEyMDAwMDAwMDAwMH19",
          "dependencies": [
            "module.staging_cluster.data.aws_availability_zones.available",
            "module.staging_cluster.module.vpc.aws_route_table.private",
            "module.staging_cluster.module.vpc.aws_subnet.private",
            "module.staging_cluster.module.vpc.aws_vpc.this",
            "module.staging_cluster.module.vpc.aws_vpc_ipv4_cidr_block_association.this"
          ]
        }
      ]
    },
    {
      "module": "module.staging_cluster.module.vpc",
      "mode": "managed",
      "type": "aws_route_table_association",
      "name": "public",
      "provider": "module.staging_cluster.provider[\"registry.terraform.io/hashicorp/aws\"]",
      "instances": [
        {
          "index_key": 0,
          "schema_version": 0,
          "attributes": {
            "gateway_id": "",
            "id": "rtbassoc-017e85efe6518ffc4",
            "route_table_id": "rtb-0f7a15d8b90d73592",
            "subnet_id": "subnet-04494c51dfcabc83a",
            "timeouts": null
          },
          "sensitive_attributes": [],
          "private": "eyJlMmJmYjczMC1lY2FhLTExZTYtOGY4OC0zNDM2M2JjN2M0YzAiOnsiY3JlYXRlIjozMDAwMDAwMDAwMDAsImRlbGV0ZSI6MzAwMDAwMDAwMDAwLCJ1cGRhdGUiOjEyMDAwMDAwMDAwMH19",
          "dependencies": [
            "module.staging_cluster.data.aws_availability_zones.available",
            "module.staging_cluster.module.vpc.aws_route_table.public",
            "module.staging_cluster.module.vpc.aws_subnet.public",
            "module.staging_cluster.module.vpc.aws_vpc.this",
            "module.staging_cluster.module.vpc.aws_vpc_ipv4_cidr_block_association.this"
          ]
        },
        {
          "index_key": 1,
          "schema_version": 0,
          "attributes": {
            "gateway_id": "",
            "id": "rtbassoc-022515ab7e7f55c29",
            "route_table_id": "rtb-0f7a15d8b90d73592",
            "subnet_id": "subnet-0fa571b531711b734",
            "timeouts": null
          },
          "sensitive_attributes": [],
          "private": "eyJlMmJmYjczMC1lY2FhLTExZTYtOGY4OC0zNDM2M2JjN2M0YzAiOnsiY3JlYXRlIjozMDAwMDAwMDAwMDAsImRlbGV0ZSI6MzAwMDAwMDAwMDAwLCJ1cGRhdGUiOjEyMDAwMDAwMDAwMH19",
          "dependencies": [
            "module.staging_cluster.data.aws_availability_zones.available",
            "module.staging_cluster.module.vpc.aws_route_table.public",
            "module.staging_cluster.module.vpc.aws_subnet.public",
            "module.staging_cluster.module.vpc.aws_vpc.this",
            "module.staging_cluster.module.vpc.aws_vpc_ipv4_cidr_block_association.this"
          ]
        },
        {
          "index_key": 2,
          "schema_version": 0,
          "attributes": {
            "gateway_id": "",
            "id": "rtbassoc-0c3faa0ebb51d7513",
            "route_table_id": "rtb-0f7a15d8b90d73592",
            "subnet_id": "subnet-0b18a055a852706e0",
            "timeouts": null
          },
          "sensitive_attributes": [],
          "private": "eyJlMmJmYjczMC1lY2FhLTExZTYtOGY4OC0zNDM2M2JjN2M0YzAiOnsiY3JlYXRlIjozMDAwMDAwMDAwMDAsImRlbGV0ZSI6MzAwMDAwMDAwMDAwLCJ1cGRhdGUiOjEyMDAwMDAwMDAwMH19",
          "dependencies": [
            "module.staging_cluster.data.aws_availability_zones.available",
            "module.staging_cluster.module.vpc.aws_route_table.public",
            "module.staging_cluster.module.vpc.aws_subnet.public",
            "module.staging_cluster.module.vpc.aws_vpc.this",
            "module.staging_cluster.module.vpc.aws_vpc_ipv4_cidr_block_association.this"
          ]
        }
      ]
    },
    {
      "module": "module.staging_cluster.module.vpc",
      "mode": "managed",
      "type": "aws_subnet",
      "name": "private",
      "provider": "module.staging_cluster.provider[\"registry.terraform.io/hashicorp/aws\"]",
      "instances": [
        {
          "index_key": 0,
          "schema_version": 1,
          "attributes": {
            "arn": "arn:aws:ec2:ap-south-1:224264690046:subnet/subnet-0281dd1df6004ff41",
            "assign_ipv6_address_on_creation": false,
            "availability_zone": "ap-south-1a",
            "availability_zone_id": "aps1-az1",
            "cidr_block": "172.16.1.0/24",
            "customer_owned_ipv4_pool": "",
            "enable_dns64": false,
            "enable_lni_at_device_index": 0,
            "enable_resource_name_dns_a_record_on_launch": false,
            "enable_resource_name_dns_aaaa_record_on_launch": false,
            "id": "subnet-0281dd1df6004ff41",
            "ipv6_cidr_block": "",
            "ipv6_cidr_block_association_id": "",
            "ipv6_native": false,
            "map_customer_owned_ip_on_launch": false,
            "map_public_ip_on_launch": false,
            "outpost_arn": "",
            "owner_id": "224264690046",
            "private_dns_hostname_type_on_launch": "ip-name",
            "tags": {
              "Name": "k8s-staging-vpc-private-ap-south-1a"
            },
            "tags_all": {
              "Name": "k8s-staging-vpc-private-ap-south-1a"
            },
            "timeouts": null,
            "vpc_id": "vpc-0c18147fe7ff676c9"
          },
          "sensitive_attributes": [],
          "private": "eyJlMmJmYjczMC1lY2FhLTExZTYtOGY4OC0zNDM2M2JjN2M0YzAiOnsiY3JlYXRlIjo2MDAwMDAwMDAwMDAsImRlbGV0ZSI6MTIwMDAwMDAwMDAwMH0sInNjaGVtYV92ZXJzaW9uIjoiMSJ9",
          "dependencies": [
            "module.staging_cluster.data.aws_availability_zones.available",
            "module.staging_cluster.module.vpc.aws_vpc.this",
            "module.staging_cluster.module.vpc.aws_vpc_ipv4_cidr_block_association.this"
          ],
          "create_before_destroy": true
        },
        {
          "index_key": 1,
          "schema_version": 1,
          "attributes": {
            "arn": "arn:aws:ec2:ap-south-1:224264690046:subnet/subnet-0aebc5e5e5647b544",
            "assign_ipv6_address_on_creation": false,
            "availability_zone": "ap-south-1b",
            "availability_zone_id": "aps1-az3",
            "cidr_block": "172.16.2.0/24",
            "customer_owned_ipv4_pool": "",
            "enable_dns64": false,
            "enable_lni_at_device_index": 0,
            "enable_resource_name_dns_a_record_on_launch": false,
            "enable_resource_name_dns_aaaa_record_on_launch": false,
            "id": "subnet-0aebc5e5e5647b544",
            "ipv6_cidr_block": "",
            "ipv6_cidr_block_association_id": "",
            "ipv6_native": false,
            "map_customer_owned_ip_on_launch": false,
            "map_public_ip_on_launch": false,
            "outpost_arn": "",
            "owner_id": "224264690046",
            "private_dns_hostname_type_on_launch": "ip-name",
            "tags": {
              "Name": "k8s-staging-vpc-private-ap-south-1b"
            },
            "tags_all": {
              "Name": "k8s-staging-vpc-private-ap-south-1b"
            },
            "timeouts": null,
            "vpc_id": "vpc-0c18147fe7ff676c9"
          },
          "sensitive_attributes": [],
          "private": "eyJlMmJmYjczMC1lY2FhLTExZTYtOGY4OC0zNDM2M2JjN2M0YzAiOnsiY3JlYXRlIjo2MDAwMDAwMDAwMDAsImRlbGV0ZSI6MTIwMDAwMDAwMDAwMH0sInNjaGVtYV92ZXJzaW9uIjoiMSJ9",
          "dependencies": [
            "module.staging_cluster.data.aws_availability_zones.available",
            "module.staging_cluster.module.vpc.aws_vpc.this",
            "module.staging_cluster.module.vpc.aws_vpc_ipv4_cidr_block_association.this"
          ],
          "create_before_destroy": true
        },
        {
          "index_key": 2,
          "schema_version": 1,
          "attributes": {
            "arn": "arn:aws:ec2:ap-south-1:224264690046:subnet/subnet-0722b34a4aa5ec829",
            "assign_ipv6_address_on_creation": false,
            "availability_zone": "ap-south-1c",
            "availability_zone_id": "aps1-az2",
            "cidr_block": "172.16.3.0/24",
            "customer_owned_ipv4_pool": "",
            "enable_dns64": false,
            "enable_lni_at_device_index": 0,
            "enable_resource_name_dns_a_record_on_launch": false,
            "enable_resource_name_dns_aaaa_record_on_launch": false,
            "id": "subnet-0722b34a4aa5ec829",
            "ipv6_cidr_block": "",
            "ipv6_cidr_block_association_id": "",
            "ipv6_native": false,
            "map_customer_owned_ip_on_launch": false,
            "map_public_ip_on_launch": false,
            "outpost_arn": "",
            "owner_id": "224264690046",
            "private_dns_hostname_type_on_launch": "ip-name",
            "tags": {
              "Name": "k8s-staging-vpc-private-ap-south-1c"
            },
            "tags_all": {
              "Name": "k8s-staging-vpc-private-ap-south-1c"
            },
            "timeouts": null,
            "vpc_id": "vpc-0c18147fe7ff676c9"
          },
          "sensitive_attributes": [],
          "private": "eyJlMmJmYjczMC1lY2FhLTExZTYtOGY4OC0zNDM2M2JjN2M0YzAiOnsiY3JlYXRlIjo2MDAwMDAwMDAwMDAsImRlbGV0ZSI6MTIwMDAwMDAwMDAwMH0sInNjaGVtYV92ZXJzaW9uIjoiMSJ9",
          "dependencies": [
            "module.staging_cluster.data.aws_availability_zones.available",
            "module.staging_cluster.module.vpc.aws_vpc.this",
            "module.staging_cluster.module.vpc.aws_vpc_ipv4_cidr_block_association.this"
          ],
          "create_before_destroy": true
        }
      ]
    },
    {
      "module": "module.staging_cluster.module.vpc",
      "mode": "managed",
      "type": "aws_subnet",
      "name": "public",
      "provider": "module.staging_cluster.provider[\"registry.terraform.io/hashicorp/aws\"]",
      "instances": [
        {
          "index_key": 0,
          "schema_version": 1,
          "attributes": {
            "arn": "arn:aws:ec2:ap-south-1:224264690046:subnet/subnet-04494c51dfcabc83a",
            "assign_ipv6_address_on_creation": false,
            "availability_zone": "ap-south-1a",
            "availability_zone_id": "aps1-az1",
            "cidr_block": "172.16.4.0/24",
            "customer_owned_ipv4_pool": "",
            "enable_dns64": false,
            "enable_lni_at_device_index": 0,
            "enable_resource_name_dns_a_record_on_launch": false,
            "enable_resource_name_dns_aaaa_record_on_launch": false,
            "id": "subnet-04494c51dfcabc83a",
            "ipv6_cidr_block": "",
            "ipv6_cidr_block_association_id": "",
            "ipv6_native": false,
            "map_customer_owned_ip_on_launch": false,
            "map_public_ip_on_launch": false,
            "outpost_arn": "",
            "owner_id": "224264690046",
            "private_dns_hostname_type_on_launch": "ip-name",
            "tags": {
              "Name": "k8s-staging-vpc-public-ap-south-1a",
              "kubernetes.io/cluster/learnk8s": "shared",
              "kuebernetes.io/role/elb": "1"
            },
            "tags_all": {
              "Name": "k8s-staging-vpc-public-ap-south-1a",
              "kubernetes.io/cluster/learnk8s": "shared",
              "kuebernetes.io/role/elb": "1"
            },
            "timeouts": null,
            "vpc_id": "vpc-0c18147fe7ff676c9"
          },
          "sensitive_attributes": [],
          "private": "eyJlMmJmYjczMC1lY2FhLTExZTYtOGY4OC0zNDM2M2JjN2M0YzAiOnsiY3JlYXRlIjo2MDAwMDAwMDAwMDAsImRlbGV0ZSI6MTIwMDAwMDAwMDAwMH0sInNjaGVtYV92ZXJzaW9uIjoiMSJ9",
          "dependencies": [
            "module.staging_cluster.data.aws_availability_zones.available",
            "module.staging_cluster.module.vpc.aws_vpc.this",
            "module.staging_cluster.module.vpc.aws_vpc_ipv4_cidr_block_association.this"
          ]
        },
        {
          "index_key": 1,
          "schema_version": 1,
          "attributes": {
            "arn": "arn:aws:ec2:ap-south-1:224264690046:subnet/subnet-0fa571b531711b734",
            "assign_ipv6_address_on_creation": false,
            "availability_zone": "ap-south-1b",
            "availability_zone_id": "aps1-az3",
            "cidr_block": "172.16.5.0/24",
            "customer_owned_ipv4_pool": "",
            "enable_dns64": false,
            "enable_lni_at_device_index": 0,
            "enable_resource_name_dns_a_record_on_launch": false,
            "enable_resource_name_dns_aaaa_record_on_launch": false,
            "id": "subnet-0fa571b531711b734",
            "ipv6_cidr_block": "",
            "ipv6_cidr_block_association_id": "",
            "ipv6_native": false,
            "map_customer_owned_ip_on_launch": false,
            "map_public_ip_on_launch": false,
            "outpost_arn": "",
            "owner_id": "224264690046",
            "private_dns_hostname_type_on_launch": "ip-name",
            "tags": {
              "Name": "k8s-staging-vpc-public-ap-south-1b",
              "kubernetes.io/cluster/learnk8s": "shared",
              "kuebernetes.io/role/elb": "1"
            },
            "tags_all": {
              "Name": "k8s-staging-vpc-public-ap-south-1b",
              "kubernetes.io/cluster/learnk8s": "shared",
              "kuebernetes.io/role/elb": "1"
            },
            "timeouts": null,
            "vpc_id": "vpc-0c18147fe7ff676c9"
          },
          "sensitive_attributes": [],
          "private": "eyJlMmJmYjczMC1lY2FhLTExZTYtOGY4OC0zNDM2M2JjN2M0YzAiOnsiY3JlYXRlIjo2MDAwMDAwMDAwMDAsImRlbGV0ZSI6MTIwMDAwMDAwMDAwMH0sInNjaGVtYV92ZXJzaW9uIjoiMSJ9",
          "dependencies": [
            "module.staging_cluster.data.aws_availability_zones.available",
            "module.staging_cluster.module.vpc.aws_vpc.this",
            "module.staging_cluster.module.vpc.aws_vpc_ipv4_cidr_block_association.this"
          ]
        },
        {
          "index_key": 2,
          "schema_version": 1,
          "attributes": {
            "arn": "arn:aws:ec2:ap-south-1:224264690046:subnet/subnet-0b18a055a852706e0",
            "assign_ipv6_address_on_creation": false,
            "availability_zone": "ap-south-1c",
            "availability_zone_id": "aps1-az2",
            "cidr_block": "172.16.6.0/24",
            "customer_owned_ipv4_pool": "",
            "enable_dns64": false,
            "enable_lni_at_device_index": 0,
            "enable_resource_name_dns_a_record_on_launch": false,
            "enable_resource_name_dns_aaaa_record_on_launch": false,
            "id": "subnet-0b18a055a852706e0",
            "ipv6_cidr_block": "",
            "ipv6_cidr_block_association_id": "",
            "ipv6_native": false,
            "map_customer_owned_ip_on_launch": false,
            "map_public_ip_on_launch": false,
            "outpost_arn": "",
            "owner_id": "224264690046",
            "private_dns_hostname_type_on_launch": "ip-name",
            "tags": {
              "Name": "k8s-staging-vpc-public-ap-south-1c",
              "kubernetes.io/cluster/learnk8s": "shared",
              "kuebernetes.io/role/elb": "1"
            },
            "tags_all": {
              "Name": "k8s-staging-vpc-public-ap-south-1c",
              "kubernetes.io/cluster/learnk8s": "shared",
              "kuebernetes.io/role/elb": "1"
            },
            "timeouts": null,
            "vpc_id": "vpc-0c18147fe7ff676c9"
          },
          "sensitive_attributes": [],
          "private": "eyJlMmJmYjczMC1lY2FhLTExZTYtOGY4OC0zNDM2M2JjN2M0YzAiOnsiY3JlYXRlIjo2MDAwMDAwMDAwMDAsImRlbGV0ZSI6MTIwMDAwMDAwMDAwMH0sInNjaGVtYV92ZXJzaW9uIjoiMSJ9",
          "dependencies": [
            "module.staging_cluster.data.aws_availability_zones.available",
            "module.staging_cluster.module.vpc.aws_vpc.this",
            "module.staging_cluster.module.vpc.aws_vpc_ipv4_cidr_block_association.this"
          ]
        }
      ]
    },
    {
      "module": "module.staging_cluster.module.vpc",
      "mode": "managed",
      "type": "aws_vpc",
      "name": "this",
      "provider": "module.staging_cluster.provider[\"registry.terraform.io/hashicorp/aws\"]",
      "instances": [
        {
          "index_key": 0,
          "schema_version": 1,
          "attributes": {
            "arn": "arn:aws:ec2:ap-south-1:224264690046:vpc/vpc-0c18147fe7ff676c9",
            "assign_generated_ipv6_cidr_block": false,
            "cidr_block": "172.16.0.0/16",
            "default_network_acl_id": "acl-0075c04cb84b63539",
            "default_route_table_id": "rtb-027e62162cb71b94c",
            "default_security_group_id": "sg-0e3acb3ea2c3d0714",
            "dhcp_options_id": "dopt-00633f2212ba0ab88",
            "enable_dns_hostnames": true,
            "enable_dns_support": true,
            "enable_network_address_usage_metrics": false,
            "id": "vpc-0c18147fe7ff676c9",
            "instance_tenancy": "default",
            "ipv4_ipam_pool_id": null,
            "ipv4_netmask_length": null,
            "ipv6_association_id": "",
            "ipv6_cidr_block": "",
            "ipv6_cidr_block_network_border_group": "",
            "ipv6_ipam_pool_id": "",
            "ipv6_netmask_length": 0,
            "main_route_table_id": "rtb-027e62162cb71b94c",
            "owner_id": "224264690046",
            "tags": {
              "Name": "k8s-staging-vpc"
            },
            "tags_all": {
              "Name": "k8s-staging-vpc"
            }
          },
          "sensitive_attributes": [],
          "private": "eyJzY2hlbWFfdmVyc2lvbiI6IjEifQ==",
          "create_before_destroy": true
        }
      ]
    },
    {
      "module": "module.staging_cluster.module.vpc",
      "mode": "managed",
      "type": "aws_vpc_ipv4_cidr_block_association",
      "name": "this",
      "provider": "module.staging_cluster.provider[\"registry.terraform.io/hashicorp/aws\"]",
      "instances": []
    }
  ],
  "check_results": [
    {
      "object_kind": "resource",
      "config_addr": "module.staging_cluster.module.eks.module.eks_managed_node_group.module.user_data.null_resource.validate_cluster_service_cidr",
      "status": "pass",
      "objects": [
        {
          "object_addr": "module.staging_cluster.module.eks.module.eks_managed_node_group[\"first\"].module.user_data.null_resource.validate_cluster_service_cidr",
          "status": "pass"
        }
      ]
    },
    {
      "object_kind": "resource",
      "config_addr": "module.staging_cluster.module.eks.module.self_managed_node_group.module.user_data.null_resource.validate_cluster_service_cidr",
      "status": "pass",
      "objects": null
    },
    {
      "object_kind": "resource",
      "config_addr": "module.prod_cluster.module.eks.module.self_managed_node_group.module.user_data.null_resource.validate_cluster_service_cidr",
      "status": "pass",
      "objects": null
    },
    {
      "object_kind": "var",
      "config_addr": "module.dev_cluster.module.eks.module.self_managed_node_group.var.platform",
      "status": "pass",
      "objects": null
    },
    {
      "object_kind": "resource",
      "config_addr": "module.prod_cluster.module.eks.module.eks_managed_node_group.module.user_data.null_resource.validate_cluster_service_cidr",
      "status": "pass",
      "objects": [
        {
          "object_addr": "module.prod_cluster.module.eks.module.eks_managed_node_group[\"first\"].module.user_data.null_resource.validate_cluster_service_cidr",
          "status": "pass"
        }
      ]
    },
    {
      "object_kind": "var",
      "config_addr": "module.staging_cluster.module.eks.module.self_managed_node_group.var.platform",
      "status": "pass",
      "objects": null
    },
    {
      "object_kind": "var",
      "config_addr": "module.prod_cluster.module.eks.module.self_managed_node_group.var.platform",
      "status": "pass",
      "objects": null
    },
    {
      "object_kind": "resource",
      "config_addr": "module.dev_cluster.module.eks.module.eks_managed_node_group.module.user_data.null_resource.validate_cluster_service_cidr",
      "status": "pass",
      "objects": [
        {
          "object_addr": "module.dev_cluster.module.eks.module.eks_managed_node_group[\"first\"].module.user_data.null_resource.validate_cluster_service_cidr",
          "status": "pass"
        }
      ]
    },
    {
      "object_kind": "resource",
      "config_addr": "module.dev_cluster.module.eks.module.self_managed_node_group.module.user_data.null_resource.validate_cluster_service_cidr",
      "status": "pass",
      "objects": null
    }
  ]
}
